{
  "version": 4,
  "terraform_version": "1.5.4",
  "serial": 1869,
  "lineage": "544b6bc7-e0ad-4389-6d72-f53f5d835bd2",
  "outputs": {
    "key_pair": {
      "value": "jsp-key",
      "type": "string"
    },
    "lb_dns_name": {
      "value": "jsp-default-web-lb-1457842208.ap-northeast-2.elb.amazonaws.com",
      "type": "string"
    },
    "lb_zone_id": {
      "value": "ZWKZPGTI48KDX",
      "type": "string"
    },
    "nat_eip": {
      "value": "3.38.5.136",
      "type": "string"
    },
    "private_subnet_ids": {
      "value": [
        "subnet-01c055dc3fc2181df",
        "subnet-03dc2276587706c1c"
      ],
      "type": [
        "tuple",
        [
          "string",
          "string"
        ]
      ]
    },
    "public_eip": {
      "value": "15.165.30.33",
      "type": "string"
    },
    "public_subnet_ids": {
      "value": [
        "subnet-060ac060b57c88b0d",
        "subnet-05b4dbb5637929047"
      ],
      "type": [
        "tuple",
        [
          "string",
          "string"
        ]
      ]
    },
    "vpc_id": {
      "value": "vpc-053046716bf6195bc",
      "type": "string"
    },
    "web_lb_subnet_ids": {
      "value": [
        "subnet-024b866b424b1d48d",
        "subnet-0b77c0c40a77fedd9"
      ],
      "type": [
        "tuple",
        [
          "string",
          "string"
        ]
      ]
    }
  },
  "resources": [
    {
      "module": "module.ec2",
      "mode": "data",
      "type": "aws_ami",
      "name": "amazon_linux-2",
      "provider": "provider[\"registry.terraform.io/hashicorp/aws\"]",
      "instances": [
        {
          "schema_version": 0,
          "attributes": {
            "architecture": "x86_64",
            "arn": "arn:aws:ec2:ap-northeast-2::image/ami-022db573829bf517a",
            "block_device_mappings": [
              {
                "device_name": "/dev/xvda",
                "ebs": {
                  "delete_on_termination": "true",
                  "encrypted": "false",
                  "iops": "0",
                  "snapshot_id": "snap-0eebc63c0624a3d5b",
                  "throughput": "0",
                  "volume_size": "8",
                  "volume_type": "gp2"
                },
                "no_device": "",
                "virtual_name": ""
              }
            ],
            "boot_mode": "",
            "creation_date": "2024-01-26T19:11:44.000Z",
            "deprecation_time": "2025-07-01T00:00:00.000Z",
            "description": "Amazon Linux 2 AMI 2.0.20240131.0 x86_64 HVM gp2",
            "ena_support": true,
            "executable_users": null,
            "filter": [
              {
                "name": "architecture",
                "values": [
                  "x86_64"
                ]
              },
              {
                "name": "name",
                "values": [
                  "amzn2-ami-hvm-*-gp2"
                ]
              },
              {
                "name": "root-device-type",
                "values": [
                  "ebs"
                ]
              },
              {
                "name": "virtualization-type",
                "values": [
                  "hvm"
                ]
              }
            ],
            "hypervisor": "xen",
            "id": "ami-022db573829bf517a",
            "image_id": "ami-022db573829bf517a",
            "image_location": "amazon/amzn2-ami-hvm-2.0.20240131.0-x86_64-gp2",
            "image_owner_alias": "amazon",
            "image_type": "machine",
            "imds_support": "",
            "include_deprecated": false,
            "kernel_id": "",
            "most_recent": true,
            "name": "amzn2-ami-hvm-2.0.20240131.0-x86_64-gp2",
            "name_regex": null,
            "owner_id": "137112412989",
            "owners": [
              "amazon"
            ],
            "platform": "",
            "platform_details": "Linux/UNIX",
            "product_codes": [],
            "public": true,
            "ramdisk_id": "",
            "root_device_name": "/dev/xvda",
            "root_device_type": "ebs",
            "root_snapshot_id": "snap-0eebc63c0624a3d5b",
            "sriov_net_support": "simple",
            "state": "available",
            "state_reason": {
              "code": "UNSET",
              "message": "UNSET"
            },
            "tags": {},
            "timeouts": null,
            "tpm_support": "",
            "usage_operation": "RunInstances",
            "virtualization_type": "hvm"
          },
          "sensitive_attributes": []
        }
      ]
    },
    {
      "module": "module.ec2",
      "mode": "data",
      "type": "aws_ami",
      "name": "amazon_linux2_kernel_5",
      "provider": "provider[\"registry.terraform.io/hashicorp/aws\"]",
      "instances": [
        {
          "schema_version": 0,
          "attributes": {
            "architecture": "x86_64",
            "arn": "arn:aws:ec2:ap-northeast-2::image/ami-09296805c0d8f0af5",
            "block_device_mappings": [
              {
                "device_name": "/dev/xvda",
                "ebs": {
                  "delete_on_termination": "true",
                  "encrypted": "false",
                  "iops": "0",
                  "snapshot_id": "snap-028088d134f70248f",
                  "throughput": "0",
                  "volume_size": "8",
                  "volume_type": "gp2"
                },
                "no_device": "",
                "virtual_name": ""
              }
            ],
            "boot_mode": "",
            "creation_date": "2024-01-26T19:22:35.000Z",
            "deprecation_time": "2025-07-01T00:00:00.000Z",
            "description": "Amazon Linux 2 Kernel 5.10 AMI 2.0.20240131.0 x86_64 HVM gp2",
            "ena_support": true,
            "executable_users": null,
            "filter": [
              {
                "name": "name",
                "values": [
                  "amzn2-ami-kernel-5*"
                ]
              }
            ],
            "hypervisor": "xen",
            "id": "ami-09296805c0d8f0af5",
            "image_id": "ami-09296805c0d8f0af5",
            "image_location": "amazon/amzn2-ami-kernel-5.10-hvm-2.0.20240131.0-x86_64-gp2",
            "image_owner_alias": "amazon",
            "image_type": "machine",
            "imds_support": "",
            "include_deprecated": false,
            "kernel_id": "",
            "most_recent": true,
            "name": "amzn2-ami-kernel-5.10-hvm-2.0.20240131.0-x86_64-gp2",
            "name_regex": null,
            "owner_id": "137112412989",
            "owners": [
              "amazon"
            ],
            "platform": "",
            "platform_details": "Linux/UNIX",
            "product_codes": [],
            "public": true,
            "ramdisk_id": "",
            "root_device_name": "/dev/xvda",
            "root_device_type": "ebs",
            "root_snapshot_id": "snap-028088d134f70248f",
            "sriov_net_support": "simple",
            "state": "available",
            "state_reason": {
              "code": "UNSET",
              "message": "UNSET"
            },
            "tags": {},
            "timeouts": null,
            "tpm_support": "",
            "usage_operation": "RunInstances",
            "virtualization_type": "hvm"
          },
          "sensitive_attributes": []
        }
      ]
    },
    {
      "module": "module.ec2",
      "mode": "data",
      "type": "aws_ami",
      "name": "ubuntu",
      "provider": "provider[\"registry.terraform.io/hashicorp/aws\"]",
      "instances": [
        {
          "schema_version": 0,
          "attributes": {
            "architecture": "x86_64",
            "arn": "arn:aws:ec2:ap-northeast-2::image/ami-0382ac14e5f06eb95",
            "block_device_mappings": [
              {
                "device_name": "/dev/sda1",
                "ebs": {
                  "delete_on_termination": "true",
                  "encrypted": "false",
                  "iops": "0",
                  "snapshot_id": "snap-0f80f12179c3f0d2e",
                  "throughput": "0",
                  "volume_size": "8",
                  "volume_type": "gp2"
                },
                "no_device": "",
                "virtual_name": ""
              },
              {
                "device_name": "/dev/sdb",
                "ebs": {},
                "no_device": "",
                "virtual_name": "ephemeral0"
              },
              {
                "device_name": "/dev/sdc",
                "ebs": {},
                "no_device": "",
                "virtual_name": "ephemeral1"
              }
            ],
            "boot_mode": "legacy-bios",
            "creation_date": "2024-02-07T18:55:08.000Z",
            "deprecation_time": "2026-02-07T18:55:08.000Z",
            "description": "Canonical, Ubuntu, 22.04 LTS, amd64 jammy image build on 2024-02-07",
            "ena_support": true,
            "executable_users": null,
            "filter": [
              {
                "name": "name",
                "values": [
                  "ubuntu/images/hvm-ssd/ubuntu-jammy-22.04-amd64-server-*"
                ]
              },
              {
                "name": "virtualization-type",
                "values": [
                  "hvm"
                ]
              }
            ],
            "hypervisor": "xen",
            "id": "ami-0382ac14e5f06eb95",
            "image_id": "ami-0382ac14e5f06eb95",
            "image_location": "amazon/ubuntu/images/hvm-ssd/ubuntu-jammy-22.04-amd64-server-20240207.1",
            "image_owner_alias": "amazon",
            "image_type": "machine",
            "imds_support": "",
            "include_deprecated": false,
            "kernel_id": "",
            "most_recent": true,
            "name": "ubuntu/images/hvm-ssd/ubuntu-jammy-22.04-amd64-server-20240207.1",
            "name_regex": null,
            "owner_id": "099720109477",
            "owners": [
              "099720109477"
            ],
            "platform": "",
            "platform_details": "Linux/UNIX",
            "product_codes": [],
            "public": true,
            "ramdisk_id": "",
            "root_device_name": "/dev/sda1",
            "root_device_type": "ebs",
            "root_snapshot_id": "snap-0f80f12179c3f0d2e",
            "sriov_net_support": "simple",
            "state": "available",
            "state_reason": {
              "code": "UNSET",
              "message": "UNSET"
            },
            "tags": {},
            "timeouts": null,
            "tpm_support": "",
            "usage_operation": "RunInstances",
            "virtualization_type": "hvm"
          },
          "sensitive_attributes": []
        }
      ]
    },
    {
      "module": "module.ec2",
      "mode": "managed",
      "type": "aws_autoscaling_group",
      "name": "jsp_alb",
      "provider": "provider[\"registry.terraform.io/hashicorp/aws\"]",
      "instances": [
        {
          "schema_version": 1,
          "attributes": {
            "arn": "arn:aws:autoscaling:ap-northeast-2:057845469470:autoScalingGroup:66aad6ca-768d-4091-9ea9-d039775edfe9:autoScalingGroupName/jsp-default-asg",
            "availability_zones": [
              "ap-northeast-2a",
              "ap-northeast-2c"
            ],
            "capacity_rebalance": false,
            "context": "",
            "default_cooldown": 300,
            "default_instance_warmup": 0,
            "desired_capacity": 2,
            "desired_capacity_type": "",
            "enabled_metrics": [],
            "force_delete": false,
            "force_delete_warm_pool": false,
            "health_check_grace_period": 1800,
            "health_check_type": "ELB",
            "id": "jsp-default-asg",
            "ignore_failed_scaling_activities": false,
            "initial_lifecycle_hook": [],
            "instance_maintenance_policy": [],
            "instance_refresh": [],
            "launch_configuration": "jsp-lauchconfig-20240219034013528700000007",
            "launch_template": [],
            "load_balancers": [],
            "max_instance_lifetime": 0,
            "max_size": 2,
            "metrics_granularity": "1Minute",
            "min_elb_capacity": null,
            "min_size": 2,
            "mixed_instances_policy": [],
            "name": "jsp-default-asg",
            "name_prefix": "",
            "placement_group": "",
            "predicted_capacity": 0,
            "protect_from_scale_in": false,
            "service_linked_role_arn": "arn:aws:iam::057845469470:role/aws-service-role/autoscaling.amazonaws.com/AWSServiceRoleForAutoScaling",
            "suspended_processes": [],
            "tag": [
              {
                "key": "Name",
                "propagate_at_launch": true,
                "value": "jsp-default-alb"
              }
            ],
            "target_group_arns": [
              "arn:aws:elasticloadbalancing:ap-northeast-2:057845469470:targetgroup/jsp-default-web-lb-tg/e317add42a970d14"
            ],
            "termination_policies": [],
            "timeouts": null,
            "traffic_source": [
              {
                "identifier": "arn:aws:elasticloadbalancing:ap-northeast-2:057845469470:targetgroup/jsp-default-web-lb-tg/e317add42a970d14",
                "type": "elbv2"
              }
            ],
            "vpc_zone_identifier": [
              "subnet-01c055dc3fc2181df",
              "subnet-03dc2276587706c1c"
            ],
            "wait_for_capacity_timeout": "10m",
            "wait_for_elb_capacity": null,
            "warm_pool": [],
            "warm_pool_size": 0
          },
          "sensitive_attributes": [],
          "private": "eyJlMmJmYjczMC1lY2FhLTExZTYtOGY4OC0zNDM2M2JjN2M0YzAiOnsiZGVsZXRlIjo2MDAwMDAwMDAwMDAsInVwZGF0ZSI6NjAwMDAwMDAwMDAwfSwic2NoZW1hX3ZlcnNpb24iOiIxIn0=",
          "dependencies": [
            "module.ec2.aws_launch_configuration.jsp_config",
            "module.ec2.data.aws_ami.ubuntu",
            "module.iam.aws_iam_instance_profile.private",
            "module.iam.aws_iam_role.jsp_private",
            "module.lb.aws_lb_target_group.web_lb_tg",
            "module.sg.aws_security_group.private",
            "module.vpc.aws_subnet.private",
            "module.vpc.aws_vpc.vpc"
          ]
        }
      ]
    },
    {
      "module": "module.ec2",
      "mode": "managed",
      "type": "aws_autoscaling_policy",
      "name": "target-tracking-policy",
      "provider": "provider[\"registry.terraform.io/hashicorp/aws\"]",
      "instances": [
        {
          "schema_version": 0,
          "attributes": {
            "adjustment_type": "",
            "arn": "arn:aws:autoscaling:ap-northeast-2:057845469470:scalingPolicy:e9b1e188-0724-4d38-b1e9-a47b9cc4be6e:autoScalingGroupName/jsp-default-asg:policyName/jsp-default-asg-policy",
            "autoscaling_group_name": "jsp-default-asg",
            "cooldown": 0,
            "enabled": true,
            "estimated_instance_warmup": 60,
            "id": "jsp-default-asg-policy",
            "metric_aggregation_type": "",
            "min_adjustment_magnitude": 0,
            "name": "jsp-default-asg-policy",
            "policy_type": "TargetTrackingScaling",
            "predictive_scaling_configuration": [],
            "scaling_adjustment": 0,
            "step_adjustment": [],
            "target_tracking_configuration": [
              {
                "customized_metric_specification": [],
                "disable_scale_in": false,
                "predefined_metric_specification": [
                  {
                    "predefined_metric_type": "ASGAverageCPUUtilization",
                    "resource_label": ""
                  }
                ],
                "target_value": 80
              }
            ]
          },
          "sensitive_attributes": [],
          "private": "bnVsbA==",
          "dependencies": [
            "module.ec2.aws_autoscaling_group.jsp_alb",
            "module.ec2.aws_launch_configuration.jsp_config",
            "module.ec2.data.aws_ami.ubuntu",
            "module.iam.aws_iam_instance_profile.private",
            "module.iam.aws_iam_role.jsp_private",
            "module.lb.aws_lb_target_group.web_lb_tg",
            "module.sg.aws_security_group.private",
            "module.vpc.aws_subnet.private",
            "module.vpc.aws_vpc.vpc"
          ]
        }
      ]
    },
    {
      "module": "module.ec2",
      "mode": "managed",
      "type": "aws_eip",
      "name": "public",
      "provider": "provider[\"registry.terraform.io/hashicorp/aws\"]",
      "instances": [
        {
          "schema_version": 0,
          "attributes": {
            "address": null,
            "allocation_id": "eipalloc-01a679dd4e83f5b48",
            "associate_with_private_ip": null,
            "association_id": "eipassoc-05aa4ba63830b3970",
            "carrier_ip": "",
            "customer_owned_ip": "",
            "customer_owned_ipv4_pool": "",
            "domain": "vpc",
            "id": "eipalloc-01a679dd4e83f5b48",
            "instance": "i-038d393d594b13ebf",
            "network_border_group": "ap-northeast-2",
            "network_interface": "eni-0d883c074aad42400",
            "private_dns": "ip-10-10-0-169.ap-northeast-2.compute.internal",
            "private_ip": "10.10.0.169",
            "public_dns": "ec2-15-165-30-33.ap-northeast-2.compute.amazonaws.com",
            "public_ip": "15.165.30.33",
            "public_ipv4_pool": "amazon",
            "tags": {
              "MadeBy": "jsp",
              "Name": "jsp-public-eip-2a"
            },
            "tags_all": {
              "MadeBy": "jsp",
              "Name": "jsp-public-eip-2a"
            },
            "timeouts": null,
            "vpc": true
          },
          "sensitive_attributes": [],
          "private": "eyJlMmJmYjczMC1lY2FhLTExZTYtOGY4OC0zNDM2M2JjN2M0YzAiOnsiZGVsZXRlIjoxODAwMDAwMDAwMDAsInJlYWQiOjkwMDAwMDAwMDAwMCwidXBkYXRlIjozMDAwMDAwMDAwMDB9fQ==",
          "dependencies": [
            "module.ec2.aws_instance.public",
            "module.ec2.data.aws_ami.amazon_linux-2",
            "module.sg.aws_security_group.public",
            "module.vpc.aws_subnet.public",
            "module.vpc.aws_vpc.vpc"
          ]
        }
      ]
    },
    {
      "module": "module.ec2",
      "mode": "managed",
      "type": "aws_instance",
      "name": "public",
      "provider": "provider[\"registry.terraform.io/hashicorp/aws\"]",
      "instances": [
        {
          "schema_version": 1,
          "attributes": {
            "ami": "ami-022db573829bf517a",
            "arn": "arn:aws:ec2:ap-northeast-2:057845469470:instance/i-038d393d594b13ebf",
            "associate_public_ip_address": true,
            "availability_zone": "ap-northeast-2a",
            "capacity_reservation_specification": [
              {
                "capacity_reservation_preference": "open",
                "capacity_reservation_target": []
              }
            ],
            "cpu_core_count": 1,
            "cpu_options": [
              {
                "amd_sev_snp": "",
                "core_count": 1,
                "threads_per_core": 2
              }
            ],
            "cpu_threads_per_core": 2,
            "credit_specification": [
              {
                "cpu_credits": "unlimited"
              }
            ],
            "disable_api_stop": false,
            "disable_api_termination": true,
            "ebs_block_device": [],
            "ebs_optimized": false,
            "enclave_options": [
              {
                "enabled": false
              }
            ],
            "ephemeral_block_device": [],
            "get_password_data": false,
            "hibernation": false,
            "host_id": "",
            "host_resource_group_arn": null,
            "iam_instance_profile": "",
            "id": "i-038d393d594b13ebf",
            "instance_initiated_shutdown_behavior": "stop",
            "instance_lifecycle": "",
            "instance_market_options": [],
            "instance_state": "running",
            "instance_type": "t3.small",
            "ipv6_address_count": 0,
            "ipv6_addresses": [],
            "key_name": "jsp-key",
            "launch_template": [],
            "maintenance_options": [
              {
                "auto_recovery": "default"
              }
            ],
            "metadata_options": [
              {
                "http_endpoint": "enabled",
                "http_protocol_ipv6": "disabled",
                "http_put_response_hop_limit": 1,
                "http_tokens": "optional",
                "instance_metadata_tags": "disabled"
              }
            ],
            "monitoring": false,
            "network_interface": [],
            "outpost_arn": "",
            "password_data": "",
            "placement_group": "",
            "placement_partition_number": 0,
            "primary_network_interface_id": "eni-0d883c074aad42400",
            "private_dns": "ip-10-10-0-169.ap-northeast-2.compute.internal",
            "private_dns_name_options": [
              {
                "enable_resource_name_dns_a_record": false,
                "enable_resource_name_dns_aaaa_record": false,
                "hostname_type": "ip-name"
              }
            ],
            "private_ip": "10.10.0.169",
            "public_dns": "ec2-15-165-30-33.ap-northeast-2.compute.amazonaws.com",
            "public_ip": "15.165.30.33",
            "root_block_device": [
              {
                "delete_on_termination": true,
                "device_name": "/dev/xvda",
                "encrypted": false,
                "iops": 3000,
                "kms_key_id": "",
                "tags": {},
                "throughput": 125,
                "volume_id": "vol-08c77f8e159bef80d",
                "volume_size": 8,
                "volume_type": "gp3"
              }
            ],
            "secondary_private_ips": [],
            "security_groups": [],
            "source_dest_check": true,
            "spot_instance_request_id": "",
            "subnet_id": "subnet-060ac060b57c88b0d",
            "tags": {
              "MadeBy": "jsp",
              "Name": "jsp-public-bastion"
            },
            "tags_all": {
              "MadeBy": "jsp",
              "Name": "jsp-public-bastion"
            },
            "tenancy": "default",
            "timeouts": null,
            "user_data": "5960c92fff5c39f0f5f4dd07eb433c41a928422f",
            "user_data_base64": null,
            "user_data_replace_on_change": false,
            "volume_tags": null,
            "vpc_security_group_ids": [
              "sg-0237e3e245b54dbed"
            ]
          },
          "sensitive_attributes": [],
          "private": "eyJlMmJmYjczMC1lY2FhLTExZTYtOGY4OC0zNDM2M2JjN2M0YzAiOnsiY3JlYXRlIjo2MDAwMDAwMDAwMDAsImRlbGV0ZSI6MTIwMDAwMDAwMDAwMCwidXBkYXRlIjo2MDAwMDAwMDAwMDB9LCJzY2hlbWFfdmVyc2lvbiI6IjEifQ==",
          "dependencies": [
            "module.ec2.data.aws_ami.amazon_linux-2",
            "module.sg.aws_security_group.public",
            "module.vpc.aws_subnet.public",
            "module.vpc.aws_vpc.vpc"
          ]
        }
      ]
    },
    {
      "module": "module.ec2",
      "mode": "managed",
      "type": "aws_key_pair",
      "name": "key_pair",
      "provider": "provider[\"registry.terraform.io/hashicorp/aws\"]",
      "instances": [
        {
          "schema_version": 1,
          "attributes": {
            "arn": "arn:aws:ec2:ap-northeast-2:057845469470:key-pair/jsp-key",
            "fingerprint": "01:87:f4:6a:c3:ea:fc:f9:3a:1d:3b:db:31:9f:18:ba",
            "id": "jsp-key",
            "key_name": "jsp-key",
            "key_name_prefix": "",
            "key_pair_id": "key-0281305b2fb3de9fd",
            "key_type": "rsa",
            "public_key": "ssh-rsa AAAAB3NzaC1yc2EAAAADAQABAAACAQDV98p4vU4MKB28k/1rRag02YO0sK8ZsaozG7GB2ITKMO6AA1LlgvnF6YG8Nb7xp1eQ46LhbwOqspwokVE5IpBI9qEYKSd+eXKdR1oW/QaQbliDlgCWzkkK1uOW4+yd9OoxL7laR5u9RR31FWO1UbfXpyDaBdFoEEKIKciOy2HnFxkKhITB19cEe4P4/uEiy45ZyQ81aRFzdG8mIIYvWC0mdCyAlik2BrK0IFZm5jau4EzIYiLHZKVuBZgBFWxU1DyWDvGQAMrfaOBky1L07FdLdnieVds7LTNO9SPsXbEZYSABECk9Ovy1b9RhsRaQb9Bdt8ekABxSxtD5z4zDmv87glCF1+5d16LSVSrTFxubF6w6+fPDhRvV8LLir1lqPcKey2D7P1MoUt9yDDOivDkIa/jQQeK1rdzX8nas9ZuFo6MRn/3yvXDzkmnEjXy25jfBiCLtNLbvjZ56LGB0nrnJrY83D+LDUtbw5krmqSmNY/GFSU6t4vT+QdxiHF3XX+A6mAGZxhN/wrEPUakXftPvYBjVZIqcn7kqaSIvoYPpzflr+LZEnmcSGd6m5FCdm0px0jefcS81YeEYmDQuyegP2CirrGLaGuZSbkwKDt1tXCGAGTuvNmDq6YcJAJLm5aNOi5T9s/viT8jRWtZcIS3AA3xQvPZlgV2/obZ9lP2DbQ==",
            "tags": {},
            "tags_all": {}
          },
          "sensitive_attributes": [],
          "private": "eyJzY2hlbWFfdmVyc2lvbiI6IjEifQ==",
          "dependencies": [
            "module.ec2.tls_private_key.key_pair"
          ]
        }
      ]
    },
    {
      "module": "module.ec2",
      "mode": "managed",
      "type": "aws_launch_configuration",
      "name": "jsp_config",
      "provider": "provider[\"registry.terraform.io/hashicorp/aws\"]",
      "instances": [
        {
          "schema_version": 0,
          "attributes": {
            "arn": "arn:aws:autoscaling:ap-northeast-2:057845469470:launchConfiguration:4f13fe63-6e58-4def-8d18-2a72a0c43d6e:launchConfigurationName/jsp-lauchconfig-20240219034013528700000007",
            "associate_public_ip_address": false,
            "ebs_block_device": [],
            "ebs_optimized": false,
            "enable_monitoring": true,
            "ephemeral_block_device": [],
            "iam_instance_profile": "jsp-private",
            "id": "jsp-lauchconfig-20240219034013528700000007",
            "image_id": "ami-0382ac14e5f06eb95",
            "instance_type": "t3.medium",
            "key_name": "jsp-key",
            "metadata_options": [],
            "name": "jsp-lauchconfig-20240219034013528700000007",
            "name_prefix": "jsp-lauchconfig-",
            "placement_tenancy": "",
            "root_block_device": [
              {
                "delete_on_termination": true,
                "encrypted": false,
                "iops": 0,
                "throughput": 0,
                "volume_size": 30,
                "volume_type": "gp3"
              }
            ],
            "security_groups": [
              "sg-09ef05976f9803905"
            ],
            "spot_price": "",
            "user_data": "985a0952d489e9a924ed0dea3514c095d9a03e97",
            "user_data_base64": null
          },
          "sensitive_attributes": [],
          "private": "bnVsbA==",
          "dependencies": [
            "module.ec2.data.aws_ami.ubuntu",
            "module.iam.aws_iam_instance_profile.private",
            "module.iam.aws_iam_role.jsp_private",
            "module.sg.aws_security_group.private",
            "module.vpc.aws_vpc.vpc"
          ],
          "create_before_destroy": true
        }
      ]
    },
    {
      "module": "module.ec2",
      "mode": "managed",
      "type": "local_file",
      "name": "ssh_key",
      "provider": "provider[\"registry.terraform.io/hashicorp/local\"]",
      "instances": [
        {
          "schema_version": 0,
          "attributes": {
            "content": "-----BEGIN RSA PRIVATE KEY-----\nMIIJKAIBAAKCAgEA1ffKeL1ODCgdvJP9a0WoNNmDtLCvGbGqMxuxgdiEyjDugANS\n5YL5xemBvDW+8adXkOOi4W8DqrKcKJFROSKQSPahGCknfnlynUdaFv0GkG5Yg5YA\nls5JCtbjluPsnfTqMS+5WkebvUUd9RVjtVG316cg2gXRaBBCiCnIjsth5xcZCoSE\nwdfXBHuD+P7hIsuOWckPNWkRc3RvJiCGL1gtJnQsgJYpNgaytCBWZuY2ruBMyGIi\nx2SlbgWYARVsVNQ8lg7xkADK32jgZMtS9OxXS3Z4nlXbOy0zTvUj7F2xGWEgARAp\nPTr8tW/UYbEWkG/QXbfHpAAcUsbQ+c+Mw5r/O4JQhdfuXdei0lUq0xcbmxesOvnz\nw4Ub1fCy4q9Zaj3Cnstg+z9TKFLfcgwzorw5CGv40EHita3c1/J2rPWbhaOjEZ/9\n8r1w85JpxI18tuY3wYgi7TS2742eeixgdJ65ya2PNw/iw1LW8OZK5qkpjWPxhUlO\nreL0/kHcYhxd11/gOpgBmcYTf8KxD1GpF37T72AY1WSKnJ+5KmkiL6GD6c35a/i2\nRJ5nEhnepuRQnZtKcdI3n3EvNWHhGJg0LsnoD9goq6xi2hrmUm5MCg7dbVwhgBk7\nrzZg6umHCQCS5uWjTouU/bP74k/I0VrWXCEtwAN8ULz2ZYFdv6G2fZT9g20CAwEA\nAQKCAgAzo9co5r9UbcYngiwSXMBo6OpBjLbl45wpM5DWvrPlvIODP8oc/Exd+KpI\nC0ynM/UNUfM4pztiUjMgE1pgCLh785ITq7MNcjA4R0U18SFJcGhKccR4oRa91/kb\nrKypvrda4aLBaDDtMCY3xU7ILw3IrVxfYjIVBH+aL0NpOyrIxClWAX+s7PPG8Cx8\nxr79T9VuU/kosc/1Zm+A6y6XdJeJBVbMPfF6SYmNsZRIx10BPb8qSY0NRHwsnor+\nD/aSTprEuJySXa6Y1s35ZZ0C4Zt76f7Yb+42TQVqE/30iPQ6JNe9ifH6BieBfpjq\nbvv8JhBK3hT/vssXK0a6U94sQ1c/yzhDoMk1MCipIvxDyWgiy9aOCnkgjALNsKjI\nXUZpv2gsiwL/CxkYb/UIJ2WesVWDCVj5GePWRhsivx0ULsRJAN1JNWv5gDf4tnlY\ntNAvMw6l4/OjAcmJKQbaVJAoWMk8kFwMEprJnfqmUap2Oz6qV7MXquD04ZqfrAtW\nZLZoh7zlQoySaUfEA4SL3Orc8guT4WJRaEYgj/OqLERzBPK48zK6HB+NMqBffaxv\nKfAhd6BHSq2HtczP6vFURom9DbUJvzi2y9oqGMYlK8OO5xQ5spO8KXyAtgzgeWeS\nRgB4fVVu1iXe9/50iGMxPlXlBETN88eiZo1zKNPtJ3f2fhXgIQKCAQEA/MZA4miJ\nyCGgZfHgRDN3bIHTefiLv+XuDpoO5z2/+86jA/IpKKEOB24a04wRlA9AB9/2JV1R\n93GCbGMS6AvgfNX+Pf5d34MipF10v1j+NCzf7qt6hUtR4wGAyy3Ab0g1Kr46Jc0x\nKCKFZrO4NbnctE4oeRZNwMIjCUWlE3lCpAaFix31pwsTiRFKoQrrn7JsG2wFxygP\nReMSKC6A1sjjxqOBfD/qdErae+jW9YzofdCr7S8syai9rpi7auIvjLXQAbC4eFyP\npi1P496VKdT4MadZ6iq92u2rMB7PeOrL5DoxLrbuKj+CjO/j/u8Ue1OzAwB+tKUd\nP4smLCfAIFvfhQKCAQEA2LLEWfAZqrTJ1md33u7/n/GUjxApO9/KJMWiqK4fsyMI\n0jxe6fEN3RnoKxQzOB5RVecPL0OxA3x112S3fwcDmwFqzainCie+aCnxmvKhvbbl\nw/nzAppkR/b1Jgy8Kl5II9ULHUexU7KFfJFGigQlkbBJ3G4Mm/vGHvvbHz9sk354\nxQ/5B95/oF/UuMu38Gh8V3Z2+bqFWqycOm92QDj2KyRu3d6tIGPRfPnkvZ8nqUEk\ng3jUvz6DW4oGAZJbDM0iMtiCmB0ta7xtBirLpxtRJBwBKjdQhEq6pUnNSm64ptcG\na0bjyrZUGB1x26Z8MsMlMG5BH8WskWdK2554/eQ0yQKCAQEA8bR1WMnTbi5RXQoD\ng9Oez3/5AvmaUB4CG65Or+mJCbSWhnBp0PLoIkyzlDOsn2JRvPX4PdRVS4Ibz56Q\n9phcyaIqYYc4pkCTwI2o1Eu5j5SVcHhCSPEz1Rib2izehMqMJFoP6hOifJk97G3P\nqHgYRcUyyE5+fOJmdDhHWC6sfYHK8rLsMhXSUU/ah9GUa3lGDJank7+HkzFFLG0D\nP96Kh2fTqkbH3vmwn6mO2vApZB1EOSHR9ubGsgxTsimkhC1aQDOGwXjo12MesGsn\nQP/ncDtxLAxAzPZUqkfb5ejGnG7UlrHPXVCrei7tWdmtQRxQ4X74qa31IMzi7Hf6\nLDcNrQKCAQBr6hLIaz6M+X1ubZaPidv5TfhaioTOUXM8fsOzVwtoTXEuKWxm+mma\nCzXIhkW/k7GTov633fEAOHIC8yBCfT65aapDgtK0xvgWrZSpQl1zueqQfyAa0sJP\n6FdLPJpUSyGH3qerTDGt6cB6OWq0fr4q4GzX/mH/KBIRCgGkfRRYG2qPUJYG6jIK\nrs6jvKf8bDxH3jH/yXhxoHYoz6tG7lcBQyKHEUaMU8lWgKf+Go1Ix60kX/8qwjnu\nUz0MeVMoe9ulEJdwo08kUPDGWneS35K39c5KtMM/Lmvmtmsqvxrr0zdaIzJ7l/Mn\nEzrJVQ6SxQX3KWD7LpjyzErGNhQw8/2pAoIBAA8kqxPiMP+gtgrWNedi/ShtnYRj\nY9ms/UhFrQGkMQ1IufPsf353tGjfQWVrV1ZkfQHebd1zwDU3R+I/2sm1Rg3zPXCt\nOVlVws76xOdoE0SonnAk0RJ9ljO8TTfDBPwB/KtZNfWXc9ISUhAmnKEotabTgjIy\n9EJg6RCLC+Fiapx5/s8jW7mstYO0qX3sD9h2E4zO/HXADTJPA78ubG/LLx8TdqMG\nUBCMWlaGcDbpf/fHcRV+wmL53Cw64A0yFO5phVHbpEpFDGE9Dsz7X929etwes66z\nkYU1ayFyIVQn0tVtpDKZGK+Bcf1jE5k2rcn4+OkbYnLgbVaOcYLcbrZMXkU=\n-----END RSA PRIVATE KEY-----\n",
            "content_base64": null,
            "content_base64sha256": "V/oxwHyCQmsEfi4x/RhwTOQaOiVBATtdKMXdwnYVKPU=",
            "content_base64sha512": "K2kjr3BuLRYMrCw+VlUKjnYgdBv+Tn6zBvU1RR09wJCkPs8+1iqrOVdX6I9IB9vB8/wB+7Se8122fY6cTjj8Sg==",
            "content_md5": "db8c3450bcb86ff7371c8196eced0afe",
            "content_sha1": "7cabb6e8df94834b37d26790c563ed00f30758e0",
            "content_sha256": "57fa31c07c82426b047e2e31fd18704ce41a3a2541013b5d28c5ddc2761528f5",
            "content_sha512": "2b6923af706e2d160cac2c3e56550a8e7620741bfe4e7eb306f535451d3dc090a43ecf3ed62aab395757e88f4807dbc1f3fc01fbb49ef35db67d8e9c4e38fc4a",
            "directory_permission": "0777",
            "file_permission": "0777",
            "filename": "ec2/jsp-key.pem",
            "id": "7cabb6e8df94834b37d26790c563ed00f30758e0",
            "sensitive_content": null,
            "source": null
          },
          "sensitive_attributes": [
            [
              {
                "type": "get_attr",
                "value": "content"
              }
            ]
          ],
          "dependencies": [
            "module.ec2.aws_key_pair.key_pair",
            "module.ec2.tls_private_key.key_pair"
          ]
        }
      ]
    },
    {
      "module": "module.ec2",
      "mode": "managed",
      "type": "tls_private_key",
      "name": "key_pair",
      "provider": "provider[\"registry.terraform.io/hashicorp/tls\"]",
      "instances": [
        {
          "schema_version": 1,
          "attributes": {
            "algorithm": "RSA",
            "ecdsa_curve": "P224",
            "id": "c0b31f35c46f58ed16c14287185f27e225b5d3e5",
            "private_key_openssh": "-----BEGIN OPENSSH PRIVATE KEY-----\nb3BlbnNzaC1rZXktdjEAAAAABG5vbmUAAAAEbm9uZQAAAAAAAAABAAACFwAAAAdz\nc2gtcnNhAAAAAwEAAQAAAgEA1ffKeL1ODCgdvJP9a0WoNNmDtLCvGbGqMxuxgdiE\nyjDugANS5YL5xemBvDW+8adXkOOi4W8DqrKcKJFROSKQSPahGCknfnlynUdaFv0G\nkG5Yg5YAls5JCtbjluPsnfTqMS+5WkebvUUd9RVjtVG316cg2gXRaBBCiCnIjsth\n5xcZCoSEwdfXBHuD+P7hIsuOWckPNWkRc3RvJiCGL1gtJnQsgJYpNgaytCBWZuY2\nruBMyGIix2SlbgWYARVsVNQ8lg7xkADK32jgZMtS9OxXS3Z4nlXbOy0zTvUj7F2x\nGWEgARApPTr8tW/UYbEWkG/QXbfHpAAcUsbQ+c+Mw5r/O4JQhdfuXdei0lUq0xcb\nmxesOvnzw4Ub1fCy4q9Zaj3Cnstg+z9TKFLfcgwzorw5CGv40EHita3c1/J2rPWb\nhaOjEZ/98r1w85JpxI18tuY3wYgi7TS2742eeixgdJ65ya2PNw/iw1LW8OZK5qkp\njWPxhUlOreL0/kHcYhxd11/gOpgBmcYTf8KxD1GpF37T72AY1WSKnJ+5KmkiL6GD\n6c35a/i2RJ5nEhnepuRQnZtKcdI3n3EvNWHhGJg0LsnoD9goq6xi2hrmUm5MCg7d\nbVwhgBk7rzZg6umHCQCS5uWjTouU/bP74k/I0VrWXCEtwAN8ULz2ZYFdv6G2fZT9\ng20AAAc4uxD5krsQ+ZIAAAAHc3NoLXJzYQAAAgEA1ffKeL1ODCgdvJP9a0WoNNmD\ntLCvGbGqMxuxgdiEyjDugANS5YL5xemBvDW+8adXkOOi4W8DqrKcKJFROSKQSPah\nGCknfnlynUdaFv0GkG5Yg5YAls5JCtbjluPsnfTqMS+5WkebvUUd9RVjtVG316cg\n2gXRaBBCiCnIjsth5xcZCoSEwdfXBHuD+P7hIsuOWckPNWkRc3RvJiCGL1gtJnQs\ngJYpNgaytCBWZuY2ruBMyGIix2SlbgWYARVsVNQ8lg7xkADK32jgZMtS9OxXS3Z4\nnlXbOy0zTvUj7F2xGWEgARApPTr8tW/UYbEWkG/QXbfHpAAcUsbQ+c+Mw5r/O4JQ\nhdfuXdei0lUq0xcbmxesOvnzw4Ub1fCy4q9Zaj3Cnstg+z9TKFLfcgwzorw5CGv4\n0EHita3c1/J2rPWbhaOjEZ/98r1w85JpxI18tuY3wYgi7TS2742eeixgdJ65ya2P\nNw/iw1LW8OZK5qkpjWPxhUlOreL0/kHcYhxd11/gOpgBmcYTf8KxD1GpF37T72AY\n1WSKnJ+5KmkiL6GD6c35a/i2RJ5nEhnepuRQnZtKcdI3n3EvNWHhGJg0LsnoD9go\nq6xi2hrmUm5MCg7dbVwhgBk7rzZg6umHCQCS5uWjTouU/bP74k/I0VrWXCEtwAN8\nULz2ZYFdv6G2fZT9g20AAAADAQABAAACADOj1yjmv1RtxieCLBJcwGjo6kGMtuXj\nnCkzkNa+s+W8g4M/yhz8TF34qkgLTKcz9Q1R8zinO2JSMyATWmAIuHvzkhOrsw1y\nMDhHRTXxIUlwaEpxxHihFr3X+RusrKm+t1rhosFoMO0wJjfFTsgvDcitXF9iMhUE\nf5ovQ2k7KsjEKVYBf6zs88bwLHzGvv1P1W5T+Sixz/Vmb4DrLpd0l4kFVsw98XpJ\niY2xlEjHXQE9vypJjQ1EfCyeiv4P9pJOmsS4nJJdrpjWzfllnQLhm3vp/thv7jZN\nBWoT/fSI9Dok172J8foGJ4F+mOpu+/wmEEreFP++yxcrRrpT3ixDVz/LOEOgyTUw\nKKki/EPJaCLL1o4KeSCMAs2wqMhdRmm/aCyLAv8LGRhv9QgnZZ6xVYMJWPkZ49ZG\nGyK/HRQuxEkA3Uk1a/mAN/i2eVi00C8zDqXj86MByYkpBtpUkChYyTyQXAwSmsmd\n+qZRqnY7PqpXsxeq4PThmp+sC1ZktmiHvOVCjJJpR8QDhIvc6tzyC5PhYlFoRiCP\n86osRHME8rjzMrocH40yoF99rG8p8CF3oEdKrYe1zM/q8VRGib0NtQm/OLbL2ioY\nxiUrw47nFDmyk7wpfIC2DOB5Z5JGAHh9VW7WJd73/nSIYzE+VeUERM3zx6JmjXMo\n0+0nd/Z+FeAhAAABAA8kqxPiMP+gtgrWNedi/ShtnYRjY9ms/UhFrQGkMQ1IufPs\nf353tGjfQWVrV1ZkfQHebd1zwDU3R+I/2sm1Rg3zPXCtOVlVws76xOdoE0SonnAk\n0RJ9ljO8TTfDBPwB/KtZNfWXc9ISUhAmnKEotabTgjIy9EJg6RCLC+Fiapx5/s8j\nW7mstYO0qX3sD9h2E4zO/HXADTJPA78ubG/LLx8TdqMGUBCMWlaGcDbpf/fHcRV+\nwmL53Cw64A0yFO5phVHbpEpFDGE9Dsz7X929etwes66zkYU1ayFyIVQn0tVtpDKZ\nGK+Bcf1jE5k2rcn4+OkbYnLgbVaOcYLcbrZMXkUAAAEBAPzGQOJoicghoGXx4EQz\nd2yB03n4i7/l7g6aDuc9v/vOowPyKSihDgduGtOMEZQPQAff9iVdUfdxgmxjEugL\n4HzV/j3+Xd+DIqRddL9Y/jQs3+6reoVLUeMBgMstwG9INSq+OiXNMSgihWazuDW5\n3LROKHkWTcDCIwlFpRN5QqQGhYsd9acLE4kRSqEK65+ybBtsBccoD0XjEigugNbI\n48ajgXw/6nRK2nvo1vWM6H3Qq+0vLMmova6Yu2riL4y10AGwuHhcj6YtT+PelSnU\n+DGnWeoqvdrtqzAez3jqy+Q6MS627io/gozv4/7vFHtTswMAfrSlHT+LJiwnwCBb\n34UAAAEBANiyxFnwGaq0ydZnd97u/5/xlI8QKTvfyiTFoqiuH7MjCNI8XunxDd0Z\n6CsUMzgeUVXnDy9DsQN8dddkt38HA5sBas2opwonvmgp8Zryob225cP58wKaZEf2\n9SYMvCpeSCPVCx1HsVOyhXyRRooEJZGwSdxuDJv7xh772x8/bJN+eMUP+Qfef6Bf\n1LjLt/BofFd2dvm6hVqsnDpvdkA49iskbt3erSBj0Xz55L2fJ6lBJIN41L8+g1uK\nBgGSWwzNIjLYgpgdLWu8bQYqy6cbUSQcASo3UIRKuqVJzUpuuKbXBmtG48q2VBgd\ncdumfDLDJTBuQR/FrJFnStueeP3kNMkAAAAAAQID\n-----END OPENSSH PRIVATE KEY-----\n",
            "private_key_pem": "-----BEGIN RSA PRIVATE KEY-----\nMIIJKAIBAAKCAgEA1ffKeL1ODCgdvJP9a0WoNNmDtLCvGbGqMxuxgdiEyjDugANS\n5YL5xemBvDW+8adXkOOi4W8DqrKcKJFROSKQSPahGCknfnlynUdaFv0GkG5Yg5YA\nls5JCtbjluPsnfTqMS+5WkebvUUd9RVjtVG316cg2gXRaBBCiCnIjsth5xcZCoSE\nwdfXBHuD+P7hIsuOWckPNWkRc3RvJiCGL1gtJnQsgJYpNgaytCBWZuY2ruBMyGIi\nx2SlbgWYARVsVNQ8lg7xkADK32jgZMtS9OxXS3Z4nlXbOy0zTvUj7F2xGWEgARAp\nPTr8tW/UYbEWkG/QXbfHpAAcUsbQ+c+Mw5r/O4JQhdfuXdei0lUq0xcbmxesOvnz\nw4Ub1fCy4q9Zaj3Cnstg+z9TKFLfcgwzorw5CGv40EHita3c1/J2rPWbhaOjEZ/9\n8r1w85JpxI18tuY3wYgi7TS2742eeixgdJ65ya2PNw/iw1LW8OZK5qkpjWPxhUlO\nreL0/kHcYhxd11/gOpgBmcYTf8KxD1GpF37T72AY1WSKnJ+5KmkiL6GD6c35a/i2\nRJ5nEhnepuRQnZtKcdI3n3EvNWHhGJg0LsnoD9goq6xi2hrmUm5MCg7dbVwhgBk7\nrzZg6umHCQCS5uWjTouU/bP74k/I0VrWXCEtwAN8ULz2ZYFdv6G2fZT9g20CAwEA\nAQKCAgAzo9co5r9UbcYngiwSXMBo6OpBjLbl45wpM5DWvrPlvIODP8oc/Exd+KpI\nC0ynM/UNUfM4pztiUjMgE1pgCLh785ITq7MNcjA4R0U18SFJcGhKccR4oRa91/kb\nrKypvrda4aLBaDDtMCY3xU7ILw3IrVxfYjIVBH+aL0NpOyrIxClWAX+s7PPG8Cx8\nxr79T9VuU/kosc/1Zm+A6y6XdJeJBVbMPfF6SYmNsZRIx10BPb8qSY0NRHwsnor+\nD/aSTprEuJySXa6Y1s35ZZ0C4Zt76f7Yb+42TQVqE/30iPQ6JNe9ifH6BieBfpjq\nbvv8JhBK3hT/vssXK0a6U94sQ1c/yzhDoMk1MCipIvxDyWgiy9aOCnkgjALNsKjI\nXUZpv2gsiwL/CxkYb/UIJ2WesVWDCVj5GePWRhsivx0ULsRJAN1JNWv5gDf4tnlY\ntNAvMw6l4/OjAcmJKQbaVJAoWMk8kFwMEprJnfqmUap2Oz6qV7MXquD04ZqfrAtW\nZLZoh7zlQoySaUfEA4SL3Orc8guT4WJRaEYgj/OqLERzBPK48zK6HB+NMqBffaxv\nKfAhd6BHSq2HtczP6vFURom9DbUJvzi2y9oqGMYlK8OO5xQ5spO8KXyAtgzgeWeS\nRgB4fVVu1iXe9/50iGMxPlXlBETN88eiZo1zKNPtJ3f2fhXgIQKCAQEA/MZA4miJ\nyCGgZfHgRDN3bIHTefiLv+XuDpoO5z2/+86jA/IpKKEOB24a04wRlA9AB9/2JV1R\n93GCbGMS6AvgfNX+Pf5d34MipF10v1j+NCzf7qt6hUtR4wGAyy3Ab0g1Kr46Jc0x\nKCKFZrO4NbnctE4oeRZNwMIjCUWlE3lCpAaFix31pwsTiRFKoQrrn7JsG2wFxygP\nReMSKC6A1sjjxqOBfD/qdErae+jW9YzofdCr7S8syai9rpi7auIvjLXQAbC4eFyP\npi1P496VKdT4MadZ6iq92u2rMB7PeOrL5DoxLrbuKj+CjO/j/u8Ue1OzAwB+tKUd\nP4smLCfAIFvfhQKCAQEA2LLEWfAZqrTJ1md33u7/n/GUjxApO9/KJMWiqK4fsyMI\n0jxe6fEN3RnoKxQzOB5RVecPL0OxA3x112S3fwcDmwFqzainCie+aCnxmvKhvbbl\nw/nzAppkR/b1Jgy8Kl5II9ULHUexU7KFfJFGigQlkbBJ3G4Mm/vGHvvbHz9sk354\nxQ/5B95/oF/UuMu38Gh8V3Z2+bqFWqycOm92QDj2KyRu3d6tIGPRfPnkvZ8nqUEk\ng3jUvz6DW4oGAZJbDM0iMtiCmB0ta7xtBirLpxtRJBwBKjdQhEq6pUnNSm64ptcG\na0bjyrZUGB1x26Z8MsMlMG5BH8WskWdK2554/eQ0yQKCAQEA8bR1WMnTbi5RXQoD\ng9Oez3/5AvmaUB4CG65Or+mJCbSWhnBp0PLoIkyzlDOsn2JRvPX4PdRVS4Ibz56Q\n9phcyaIqYYc4pkCTwI2o1Eu5j5SVcHhCSPEz1Rib2izehMqMJFoP6hOifJk97G3P\nqHgYRcUyyE5+fOJmdDhHWC6sfYHK8rLsMhXSUU/ah9GUa3lGDJank7+HkzFFLG0D\nP96Kh2fTqkbH3vmwn6mO2vApZB1EOSHR9ubGsgxTsimkhC1aQDOGwXjo12MesGsn\nQP/ncDtxLAxAzPZUqkfb5ejGnG7UlrHPXVCrei7tWdmtQRxQ4X74qa31IMzi7Hf6\nLDcNrQKCAQBr6hLIaz6M+X1ubZaPidv5TfhaioTOUXM8fsOzVwtoTXEuKWxm+mma\nCzXIhkW/k7GTov633fEAOHIC8yBCfT65aapDgtK0xvgWrZSpQl1zueqQfyAa0sJP\n6FdLPJpUSyGH3qerTDGt6cB6OWq0fr4q4GzX/mH/KBIRCgGkfRRYG2qPUJYG6jIK\nrs6jvKf8bDxH3jH/yXhxoHYoz6tG7lcBQyKHEUaMU8lWgKf+Go1Ix60kX/8qwjnu\nUz0MeVMoe9ulEJdwo08kUPDGWneS35K39c5KtMM/Lmvmtmsqvxrr0zdaIzJ7l/Mn\nEzrJVQ6SxQX3KWD7LpjyzErGNhQw8/2pAoIBAA8kqxPiMP+gtgrWNedi/ShtnYRj\nY9ms/UhFrQGkMQ1IufPsf353tGjfQWVrV1ZkfQHebd1zwDU3R+I/2sm1Rg3zPXCt\nOVlVws76xOdoE0SonnAk0RJ9ljO8TTfDBPwB/KtZNfWXc9ISUhAmnKEotabTgjIy\n9EJg6RCLC+Fiapx5/s8jW7mstYO0qX3sD9h2E4zO/HXADTJPA78ubG/LLx8TdqMG\nUBCMWlaGcDbpf/fHcRV+wmL53Cw64A0yFO5phVHbpEpFDGE9Dsz7X929etwes66z\nkYU1ayFyIVQn0tVtpDKZGK+Bcf1jE5k2rcn4+OkbYnLgbVaOcYLcbrZMXkU=\n-----END RSA PRIVATE KEY-----\n",
            "private_key_pem_pkcs8": "-----BEGIN PRIVATE KEY-----\nMIIJQgIBADANBgkqhkiG9w0BAQEFAASCCSwwggkoAgEAAoICAQDV98p4vU4MKB28\nk/1rRag02YO0sK8ZsaozG7GB2ITKMO6AA1LlgvnF6YG8Nb7xp1eQ46LhbwOqspwo\nkVE5IpBI9qEYKSd+eXKdR1oW/QaQbliDlgCWzkkK1uOW4+yd9OoxL7laR5u9RR31\nFWO1UbfXpyDaBdFoEEKIKciOy2HnFxkKhITB19cEe4P4/uEiy45ZyQ81aRFzdG8m\nIIYvWC0mdCyAlik2BrK0IFZm5jau4EzIYiLHZKVuBZgBFWxU1DyWDvGQAMrfaOBk\ny1L07FdLdnieVds7LTNO9SPsXbEZYSABECk9Ovy1b9RhsRaQb9Bdt8ekABxSxtD5\nz4zDmv87glCF1+5d16LSVSrTFxubF6w6+fPDhRvV8LLir1lqPcKey2D7P1MoUt9y\nDDOivDkIa/jQQeK1rdzX8nas9ZuFo6MRn/3yvXDzkmnEjXy25jfBiCLtNLbvjZ56\nLGB0nrnJrY83D+LDUtbw5krmqSmNY/GFSU6t4vT+QdxiHF3XX+A6mAGZxhN/wrEP\nUakXftPvYBjVZIqcn7kqaSIvoYPpzflr+LZEnmcSGd6m5FCdm0px0jefcS81YeEY\nmDQuyegP2CirrGLaGuZSbkwKDt1tXCGAGTuvNmDq6YcJAJLm5aNOi5T9s/viT8jR\nWtZcIS3AA3xQvPZlgV2/obZ9lP2DbQIDAQABAoICADOj1yjmv1RtxieCLBJcwGjo\n6kGMtuXjnCkzkNa+s+W8g4M/yhz8TF34qkgLTKcz9Q1R8zinO2JSMyATWmAIuHvz\nkhOrsw1yMDhHRTXxIUlwaEpxxHihFr3X+RusrKm+t1rhosFoMO0wJjfFTsgvDcit\nXF9iMhUEf5ovQ2k7KsjEKVYBf6zs88bwLHzGvv1P1W5T+Sixz/Vmb4DrLpd0l4kF\nVsw98XpJiY2xlEjHXQE9vypJjQ1EfCyeiv4P9pJOmsS4nJJdrpjWzfllnQLhm3vp\n/thv7jZNBWoT/fSI9Dok172J8foGJ4F+mOpu+/wmEEreFP++yxcrRrpT3ixDVz/L\nOEOgyTUwKKki/EPJaCLL1o4KeSCMAs2wqMhdRmm/aCyLAv8LGRhv9QgnZZ6xVYMJ\nWPkZ49ZGGyK/HRQuxEkA3Uk1a/mAN/i2eVi00C8zDqXj86MByYkpBtpUkChYyTyQ\nXAwSmsmd+qZRqnY7PqpXsxeq4PThmp+sC1ZktmiHvOVCjJJpR8QDhIvc6tzyC5Ph\nYlFoRiCP86osRHME8rjzMrocH40yoF99rG8p8CF3oEdKrYe1zM/q8VRGib0NtQm/\nOLbL2ioYxiUrw47nFDmyk7wpfIC2DOB5Z5JGAHh9VW7WJd73/nSIYzE+VeUERM3z\nx6JmjXMo0+0nd/Z+FeAhAoIBAQD8xkDiaInIIaBl8eBEM3dsgdN5+Iu/5e4Omg7n\nPb/7zqMD8ikooQ4HbhrTjBGUD0AH3/YlXVH3cYJsYxLoC+B81f49/l3fgyKkXXS/\nWP40LN/uq3qFS1HjAYDLLcBvSDUqvjolzTEoIoVms7g1udy0Tih5Fk3AwiMJRaUT\neUKkBoWLHfWnCxOJEUqhCuufsmwbbAXHKA9F4xIoLoDWyOPGo4F8P+p0Stp76Nb1\njOh90KvtLyzJqL2umLtq4i+MtdABsLh4XI+mLU/j3pUp1Pgxp1nqKr3a7aswHs94\n6svkOjEutu4qP4KM7+P+7xR7U7MDAH60pR0/iyYsJ8AgW9+FAoIBAQDYssRZ8Bmq\ntMnWZ3fe7v+f8ZSPECk738okxaKorh+zIwjSPF7p8Q3dGegrFDM4HlFV5w8vQ7ED\nfHXXZLd/BwObAWrNqKcKJ75oKfGa8qG9tuXD+fMCmmRH9vUmDLwqXkgj1QsdR7FT\nsoV8kUaKBCWRsEncbgyb+8Ye+9sfP2yTfnjFD/kH3n+gX9S4y7fwaHxXdnb5uoVa\nrJw6b3ZAOPYrJG7d3q0gY9F8+eS9nyepQSSDeNS/PoNbigYBklsMzSIy2IKYHS1r\nvG0GKsunG1EkHAEqN1CESrqlSc1Kbrim1wZrRuPKtlQYHXHbpnwywyUwbkEfxayR\nZ0rbnnj95DTJAoIBAQDxtHVYydNuLlFdCgOD057Pf/kC+ZpQHgIbrk6v6YkJtJaG\ncGnQ8ugiTLOUM6yfYlG89fg91FVLghvPnpD2mFzJoiphhzimQJPAjajUS7mPlJVw\neEJI8TPVGJvaLN6EyowkWg/qE6J8mT3sbc+oeBhFxTLITn584mZ0OEdYLqx9gcry\nsuwyFdJRT9qH0ZRreUYMlqeTv4eTMUUsbQM/3oqHZ9OqRsfe+bCfqY7a8ClkHUQ5\nIdH25sayDFOyKaSELVpAM4bBeOjXYx6waydA/+dwO3EsDEDM9lSqR9vl6MacbtSW\nsc9dUKt6Lu1Z2a1BHFDhfviprfUgzOLsd/osNw2tAoIBAGvqEshrPoz5fW5tlo+J\n2/lN+FqKhM5Rczx+w7NXC2hNcS4pbGb6aZoLNciGRb+TsZOi/rfd8QA4cgLzIEJ9\nPrlpqkOC0rTG+BatlKlCXXO56pB/IBrSwk/oV0s8mlRLIYfep6tMMa3pwHo5arR+\nvirgbNf+Yf8oEhEKAaR9FFgbao9QlgbqMgquzqO8p/xsPEfeMf/JeHGgdijPq0bu\nVwFDIocRRoxTyVaAp/4ajUjHrSRf/yrCOe5TPQx5Uyh726UQl3CjTyRQ8MZad5Lf\nkrf1zkq0wz8ua+a2ayq/GuvTN1ojMnuX8ycTOslVDpLFBfcpYPsumPLMSsY2FDDz\n/akCggEADySrE+Iw/6C2CtY152L9KG2dhGNj2az9SEWtAaQxDUi58+x/fne0aN9B\nZWtXVmR9Ad5t3XPANTdH4j/aybVGDfM9cK05WVXCzvrE52gTRKiecCTREn2WM7xN\nN8ME/AH8q1k19Zdz0hJSECacoSi1ptOCMjL0QmDpEIsL4WJqnHn+zyNbuay1g7Sp\nfewP2HYTjM78dcANMk8Dvy5sb8svHxN2owZQEIxaVoZwNul/98dxFX7CYvncLDrg\nDTIU7mmFUdukSkUMYT0OzPtf3b163B6zrrORhTVrIXIhVCfS1W2kMpkYr4Fx/WMT\nmTatyfj46RticuBtVo5xgtxutkxeRQ==\n-----END PRIVATE KEY-----\n",
            "public_key_fingerprint_md5": "25:c0:8a:0a:fe:6c:0f:e5:dc:4e:7b:4a:1b:0b:3b:7f",
            "public_key_fingerprint_sha256": "SHA256:XB7zGs2o+d8JXcHkDJXd1vLr2nWPG6anoskrKopo6xg",
            "public_key_openssh": "ssh-rsa AAAAB3NzaC1yc2EAAAADAQABAAACAQDV98p4vU4MKB28k/1rRag02YO0sK8ZsaozG7GB2ITKMO6AA1LlgvnF6YG8Nb7xp1eQ46LhbwOqspwokVE5IpBI9qEYKSd+eXKdR1oW/QaQbliDlgCWzkkK1uOW4+yd9OoxL7laR5u9RR31FWO1UbfXpyDaBdFoEEKIKciOy2HnFxkKhITB19cEe4P4/uEiy45ZyQ81aRFzdG8mIIYvWC0mdCyAlik2BrK0IFZm5jau4EzIYiLHZKVuBZgBFWxU1DyWDvGQAMrfaOBky1L07FdLdnieVds7LTNO9SPsXbEZYSABECk9Ovy1b9RhsRaQb9Bdt8ekABxSxtD5z4zDmv87glCF1+5d16LSVSrTFxubF6w6+fPDhRvV8LLir1lqPcKey2D7P1MoUt9yDDOivDkIa/jQQeK1rdzX8nas9ZuFo6MRn/3yvXDzkmnEjXy25jfBiCLtNLbvjZ56LGB0nrnJrY83D+LDUtbw5krmqSmNY/GFSU6t4vT+QdxiHF3XX+A6mAGZxhN/wrEPUakXftPvYBjVZIqcn7kqaSIvoYPpzflr+LZEnmcSGd6m5FCdm0px0jefcS81YeEYmDQuyegP2CirrGLaGuZSbkwKDt1tXCGAGTuvNmDq6YcJAJLm5aNOi5T9s/viT8jRWtZcIS3AA3xQvPZlgV2/obZ9lP2DbQ==\n",
            "public_key_pem": "-----BEGIN PUBLIC KEY-----\nMIICIjANBgkqhkiG9w0BAQEFAAOCAg8AMIICCgKCAgEA1ffKeL1ODCgdvJP9a0Wo\nNNmDtLCvGbGqMxuxgdiEyjDugANS5YL5xemBvDW+8adXkOOi4W8DqrKcKJFROSKQ\nSPahGCknfnlynUdaFv0GkG5Yg5YAls5JCtbjluPsnfTqMS+5WkebvUUd9RVjtVG3\n16cg2gXRaBBCiCnIjsth5xcZCoSEwdfXBHuD+P7hIsuOWckPNWkRc3RvJiCGL1gt\nJnQsgJYpNgaytCBWZuY2ruBMyGIix2SlbgWYARVsVNQ8lg7xkADK32jgZMtS9OxX\nS3Z4nlXbOy0zTvUj7F2xGWEgARApPTr8tW/UYbEWkG/QXbfHpAAcUsbQ+c+Mw5r/\nO4JQhdfuXdei0lUq0xcbmxesOvnzw4Ub1fCy4q9Zaj3Cnstg+z9TKFLfcgwzorw5\nCGv40EHita3c1/J2rPWbhaOjEZ/98r1w85JpxI18tuY3wYgi7TS2742eeixgdJ65\nya2PNw/iw1LW8OZK5qkpjWPxhUlOreL0/kHcYhxd11/gOpgBmcYTf8KxD1GpF37T\n72AY1WSKnJ+5KmkiL6GD6c35a/i2RJ5nEhnepuRQnZtKcdI3n3EvNWHhGJg0Lsno\nD9goq6xi2hrmUm5MCg7dbVwhgBk7rzZg6umHCQCS5uWjTouU/bP74k/I0VrWXCEt\nwAN8ULz2ZYFdv6G2fZT9g20CAwEAAQ==\n-----END PUBLIC KEY-----\n",
            "rsa_bits": 4096
          },
          "sensitive_attributes": []
        }
      ]
    },
    {
      "module": "module.iam",
      "mode": "managed",
      "type": "aws_iam_instance_profile",
      "name": "private",
      "provider": "provider[\"registry.terraform.io/hashicorp/aws\"]",
      "instances": [
        {
          "schema_version": 0,
          "attributes": {
            "arn": "arn:aws:iam::057845469470:instance-profile/jsp-private",
            "create_date": "2024-02-19T03:40:03Z",
            "id": "jsp-private",
            "name": "jsp-private",
            "name_prefix": "",
            "path": "/",
            "role": "jsp-private-role",
            "tags": {},
            "tags_all": {},
            "unique_id": "AIPAQ25632EPAD6XGQB3M"
          },
          "sensitive_attributes": [],
          "private": "bnVsbA==",
          "dependencies": [
            "module.iam.aws_iam_role.jsp_private"
          ],
          "create_before_destroy": true
        }
      ]
    },
    {
      "module": "module.iam",
      "mode": "managed",
      "type": "aws_iam_role",
      "name": "jsp_private",
      "provider": "provider[\"registry.terraform.io/hashicorp/aws\"]",
      "instances": [
        {
          "schema_version": 0,
          "attributes": {
            "arn": "arn:aws:iam::057845469470:role/jsp-private-role",
            "assume_role_policy": "{\"Statement\":[{\"Action\":\"sts:AssumeRole\",\"Effect\":\"Allow\",\"Principal\":{\"Service\":\"ec2.amazonaws.com\"},\"Sid\":\"\"}],\"Version\":\"2012-10-17\"}",
            "create_date": "2024-02-19T03:40:01Z",
            "description": "",
            "force_detach_policies": false,
            "id": "jsp-private-role",
            "inline_policy": [],
            "managed_policy_arns": [
              "arn:aws:iam::aws:policy/AmazonS3FullAccess",
              "arn:aws:iam::aws:policy/AmazonSSMManagedInstanceCore"
            ],
            "max_session_duration": 3600,
            "name": "jsp-private-role",
            "name_prefix": "",
            "path": "/",
            "permissions_boundary": "",
            "tags": {},
            "tags_all": {},
            "unique_id": "AROAQ25632EPHANSLFKZQ"
          },
          "sensitive_attributes": [],
          "private": "bnVsbA==",
          "create_before_destroy": true
        }
      ]
    },
    {
      "module": "module.iam",
      "mode": "managed",
      "type": "aws_iam_role_policy_attachment",
      "name": "jsp_private_for_s3",
      "provider": "provider[\"registry.terraform.io/hashicorp/aws\"]",
      "instances": [
        {
          "schema_version": 0,
          "attributes": {
            "id": "jsp-private-role-20240219034002930200000003",
            "policy_arn": "arn:aws:iam::aws:policy/AmazonS3FullAccess",
            "role": "jsp-private-role"
          },
          "sensitive_attributes": [],
          "private": "bnVsbA==",
          "dependencies": [
            "module.iam.aws_iam_role.jsp_private"
          ]
        }
      ]
    },
    {
      "module": "module.iam",
      "mode": "managed",
      "type": "aws_iam_role_policy_attachment",
      "name": "jsp_private_for_ssm",
      "provider": "provider[\"registry.terraform.io/hashicorp/aws\"]",
      "instances": [
        {
          "schema_version": 0,
          "attributes": {
            "id": "jsp-private-role-20240219034003447800000004",
            "policy_arn": "arn:aws:iam::aws:policy/AmazonSSMManagedInstanceCore",
            "role": "jsp-private-role"
          },
          "sensitive_attributes": [],
          "private": "bnVsbA==",
          "dependencies": [
            "module.iam.aws_iam_role.jsp_private"
          ]
        }
      ]
    },
    {
      "module": "module.lb",
      "mode": "managed",
      "type": "aws_lb",
      "name": "web_lb",
      "provider": "provider[\"registry.terraform.io/hashicorp/aws\"]",
      "instances": [
        {
          "schema_version": 0,
          "attributes": {
            "access_logs": [
              {
                "bucket": "",
                "enabled": false,
                "prefix": ""
              }
            ],
            "arn": "arn:aws:elasticloadbalancing:ap-northeast-2:057845469470:loadbalancer/app/jsp-default-web-lb/3b8591b252fdd407",
            "arn_suffix": "app/jsp-default-web-lb/3b8591b252fdd407",
            "connection_logs": [
              {
                "bucket": "",
                "enabled": false,
                "prefix": ""
              }
            ],
            "customer_owned_ipv4_pool": "",
            "desync_mitigation_mode": "defensive",
            "dns_name": "jsp-default-web-lb-1457842208.ap-northeast-2.elb.amazonaws.com",
            "dns_record_client_routing_policy": null,
            "drop_invalid_header_fields": false,
            "enable_cross_zone_load_balancing": true,
            "enable_deletion_protection": false,
            "enable_http2": true,
            "enable_tls_version_and_cipher_suite_headers": false,
            "enable_waf_fail_open": false,
            "enable_xff_client_port": false,
            "enforce_security_group_inbound_rules_on_private_link_traffic": "",
            "id": "arn:aws:elasticloadbalancing:ap-northeast-2:057845469470:loadbalancer/app/jsp-default-web-lb/3b8591b252fdd407",
            "idle_timeout": 60,
            "internal": false,
            "ip_address_type": "ipv4",
            "load_balancer_type": "application",
            "name": "jsp-default-web-lb",
            "name_prefix": "",
            "preserve_host_header": false,
            "security_groups": [
              "sg-06ab93a60f8dea989"
            ],
            "subnet_mapping": [
              {
                "allocation_id": "",
                "ipv6_address": "",
                "outpost_id": "",
                "private_ipv4_address": "",
                "subnet_id": "subnet-024b866b424b1d48d"
              },
              {
                "allocation_id": "",
                "ipv6_address": "",
                "outpost_id": "",
                "private_ipv4_address": "",
                "subnet_id": "subnet-0b77c0c40a77fedd9"
              }
            ],
            "subnets": [
              "subnet-024b866b424b1d48d",
              "subnet-0b77c0c40a77fedd9"
            ],
            "tags": {
              "MadeBy": "jsp",
              "Name": "jsp-default-web-lb"
            },
            "tags_all": {
              "MadeBy": "jsp",
              "Name": "jsp-default-web-lb"
            },
            "timeouts": null,
            "vpc_id": "vpc-053046716bf6195bc",
            "xff_header_processing_mode": "append",
            "zone_id": "ZWKZPGTI48KDX"
          },
          "sensitive_attributes": [],
          "private": "eyJlMmJmYjczMC1lY2FhLTExZTYtOGY4OC0zNDM2M2JjN2M0YzAiOnsiY3JlYXRlIjo2MDAwMDAwMDAwMDAsImRlbGV0ZSI6NjAwMDAwMDAwMDAwLCJ1cGRhdGUiOjYwMDAwMDAwMDAwMH19",
          "dependencies": [
            "module.sg.aws_security_group.web_lb_sg",
            "module.vpc.aws_subnet.web_lb",
            "module.vpc.aws_vpc.vpc"
          ]
        }
      ]
    },
    {
      "module": "module.lb",
      "mode": "managed",
      "type": "aws_lb_listener",
      "name": "web_http",
      "provider": "provider[\"registry.terraform.io/hashicorp/aws\"]",
      "instances": [
        {
          "schema_version": 0,
          "attributes": {
            "alpn_policy": null,
            "arn": "arn:aws:elasticloadbalancing:ap-northeast-2:057845469470:listener/app/jsp-default-web-lb/3b8591b252fdd407/3cf0637e0f5cdf81",
            "certificate_arn": null,
            "default_action": [
              {
                "authenticate_cognito": [],
                "authenticate_oidc": [],
                "fixed_response": [],
                "forward": [],
                "order": 1,
                "redirect": [],
                "target_group_arn": "arn:aws:elasticloadbalancing:ap-northeast-2:057845469470:targetgroup/jsp-default-web-lb-tg/e317add42a970d14",
                "type": "forward"
              }
            ],
            "id": "arn:aws:elasticloadbalancing:ap-northeast-2:057845469470:listener/app/jsp-default-web-lb/3b8591b252fdd407/3cf0637e0f5cdf81",
            "load_balancer_arn": "arn:aws:elasticloadbalancing:ap-northeast-2:057845469470:loadbalancer/app/jsp-default-web-lb/3b8591b252fdd407",
            "mutual_authentication": [],
            "port": 80,
            "protocol": "HTTP",
            "ssl_policy": "",
            "tags": {},
            "tags_all": {},
            "timeouts": null
          },
          "sensitive_attributes": [],
          "private": "eyJlMmJmYjczMC1lY2FhLTExZTYtOGY4OC0zNDM2M2JjN2M0YzAiOnsiY3JlYXRlIjozMDAwMDAwMDAwMDAsInVwZGF0ZSI6MzAwMDAwMDAwMDAwfX0=",
          "dependencies": [
            "module.lb.aws_lb.web_lb",
            "module.lb.aws_lb_target_group.web_lb_tg",
            "module.sg.aws_security_group.web_lb_sg",
            "module.vpc.aws_subnet.web_lb",
            "module.vpc.aws_vpc.vpc"
          ]
        }
      ]
    },
    {
      "module": "module.lb",
      "mode": "managed",
      "type": "aws_lb_listener_rule",
      "name": "web_lb_rule",
      "provider": "provider[\"registry.terraform.io/hashicorp/aws\"]",
      "instances": [
        {
          "schema_version": 0,
          "attributes": {
            "action": [
              {
                "authenticate_cognito": [],
                "authenticate_oidc": [],
                "fixed_response": [],
                "forward": [],
                "order": 1,
                "redirect": [],
                "target_group_arn": "arn:aws:elasticloadbalancing:ap-northeast-2:057845469470:targetgroup/jsp-default-web-lb-tg/e317add42a970d14",
                "type": "forward"
              }
            ],
            "arn": "arn:aws:elasticloadbalancing:ap-northeast-2:057845469470:listener-rule/app/jsp-default-web-lb/3b8591b252fdd407/3cf0637e0f5cdf81/f8f25b85a4db2a28",
            "condition": [
              {
                "host_header": [],
                "http_header": [],
                "http_request_method": [],
                "path_pattern": [
                  {
                    "values": [
                      "*"
                    ]
                  }
                ],
                "query_string": [],
                "source_ip": []
              }
            ],
            "id": "arn:aws:elasticloadbalancing:ap-northeast-2:057845469470:listener-rule/app/jsp-default-web-lb/3b8591b252fdd407/3cf0637e0f5cdf81/f8f25b85a4db2a28",
            "listener_arn": "arn:aws:elasticloadbalancing:ap-northeast-2:057845469470:listener/app/jsp-default-web-lb/3b8591b252fdd407/3cf0637e0f5cdf81",
            "priority": 100,
            "tags": {},
            "tags_all": {}
          },
          "sensitive_attributes": [],
          "private": "bnVsbA==",
          "dependencies": [
            "module.lb.aws_lb.web_lb",
            "module.lb.aws_lb_listener.web_http",
            "module.lb.aws_lb_target_group.web_lb_tg",
            "module.sg.aws_security_group.web_lb_sg",
            "module.vpc.aws_subnet.web_lb",
            "module.vpc.aws_vpc.vpc"
          ]
        }
      ]
    },
    {
      "module": "module.lb",
      "mode": "managed",
      "type": "aws_lb_target_group",
      "name": "web_lb_tg",
      "provider": "provider[\"registry.terraform.io/hashicorp/aws\"]",
      "instances": [
        {
          "schema_version": 0,
          "attributes": {
            "arn": "arn:aws:elasticloadbalancing:ap-northeast-2:057845469470:targetgroup/jsp-default-web-lb-tg/e317add42a970d14",
            "arn_suffix": "targetgroup/jsp-default-web-lb-tg/e317add42a970d14",
            "connection_termination": null,
            "deregistration_delay": "300",
            "health_check": [
              {
                "enabled": true,
                "healthy_threshold": 2,
                "interval": 30,
                "matcher": "200",
                "path": "/health",
                "port": "traffic-port",
                "protocol": "HTTP",
                "timeout": 5,
                "unhealthy_threshold": 2
              }
            ],
            "id": "arn:aws:elasticloadbalancing:ap-northeast-2:057845469470:targetgroup/jsp-default-web-lb-tg/e317add42a970d14",
            "ip_address_type": "ipv4",
            "lambda_multi_value_headers_enabled": false,
            "load_balancing_algorithm_type": "round_robin",
            "load_balancing_anomaly_mitigation": "off",
            "load_balancing_cross_zone_enabled": "use_load_balancer_configuration",
            "name": "jsp-default-web-lb-tg",
            "name_prefix": "",
            "port": 80,
            "preserve_client_ip": null,
            "protocol": "HTTP",
            "protocol_version": "HTTP1",
            "proxy_protocol_v2": false,
            "slow_start": 0,
            "stickiness": [
              {
                "cookie_duration": 86400,
                "cookie_name": "",
                "enabled": false,
                "type": "lb_cookie"
              }
            ],
            "tags": {},
            "tags_all": {},
            "target_failover": [
              {
                "on_deregistration": null,
                "on_unhealthy": null
              }
            ],
            "target_health_state": [
              {
                "enable_unhealthy_connection_termination": null
              }
            ],
            "target_type": "instance",
            "vpc_id": "vpc-053046716bf6195bc"
          },
          "sensitive_attributes": [],
          "private": "bnVsbA==",
          "dependencies": [
            "module.vpc.aws_vpc.vpc"
          ]
        }
      ]
    },
    {
      "module": "module.route53",
      "mode": "managed",
      "type": "aws_acm_certificate",
      "name": "jsp_tech_acm",
      "provider": "provider[\"registry.terraform.io/hashicorp/aws\"]",
      "instances": [
        {
          "schema_version": 0,
          "attributes": {
            "arn": "arn:aws:acm:ap-northeast-2:057845469470:certificate/044dc0d7-9684-4794-8873-3fd713176d04",
            "certificate_authority_arn": "",
            "certificate_body": null,
            "certificate_chain": null,
            "domain_name": "jsp-tech.store",
            "domain_validation_options": [
              {
                "domain_name": "*.jsp-tech.store",
                "resource_record_name": "_5fbba7b16075fe62b443cc19c69fba26.jsp-tech.store.",
                "resource_record_type": "CNAME",
                "resource_record_value": "_4d802abf3d572570c844067c0cb06bce.mhbtsbpdnt.acm-validations.aws."
              },
              {
                "domain_name": "jsp-tech.store",
                "resource_record_name": "_5fbba7b16075fe62b443cc19c69fba26.jsp-tech.store.",
                "resource_record_type": "CNAME",
                "resource_record_value": "_4d802abf3d572570c844067c0cb06bce.mhbtsbpdnt.acm-validations.aws."
              }
            ],
            "early_renewal_duration": "",
            "id": "arn:aws:acm:ap-northeast-2:057845469470:certificate/044dc0d7-9684-4794-8873-3fd713176d04",
            "key_algorithm": "RSA_2048",
            "not_after": "",
            "not_before": "",
            "options": [
              {
                "certificate_transparency_logging_preference": "ENABLED"
              }
            ],
            "pending_renewal": false,
            "private_key": null,
            "renewal_eligibility": "INELIGIBLE",
            "renewal_summary": [],
            "status": "PENDING_VALIDATION",
            "subject_alternative_names": [
              "*.jsp-tech.store",
              "jsp-tech.store"
            ],
            "tags": {
              "Name": "jsp-default-acm"
            },
            "tags_all": {
              "Name": "jsp-default-acm"
            },
            "type": "AMAZON_ISSUED",
            "validation_emails": [],
            "validation_method": "DNS",
            "validation_option": []
          },
          "sensitive_attributes": [],
          "private": "bnVsbA==",
          "create_before_destroy": true
        }
      ]
    },
    {
      "module": "module.route53",
      "mode": "managed",
      "type": "aws_route53_record",
      "name": "acm_record",
      "provider": "provider[\"registry.terraform.io/hashicorp/aws\"]",
      "instances": [
        {
          "index_key": "*.jsp-tech.store",
          "schema_version": 2,
          "attributes": {
            "alias": [],
            "allow_overwrite": true,
            "cidr_routing_policy": [],
            "failover_routing_policy": [],
            "fqdn": "_5fbba7b16075fe62b443cc19c69fba26.jsp-tech.store",
            "geolocation_routing_policy": [],
            "health_check_id": "",
            "id": "Z07263542W929PGS1WDNT__5fbba7b16075fe62b443cc19c69fba26.jsp-tech.store._CNAME",
            "latency_routing_policy": [],
            "multivalue_answer_routing_policy": false,
            "name": "_5fbba7b16075fe62b443cc19c69fba26.jsp-tech.store",
            "records": [
              "_4d802abf3d572570c844067c0cb06bce.mhbtsbpdnt.acm-validations.aws."
            ],
            "set_identifier": "",
            "ttl": 60,
            "type": "CNAME",
            "weighted_routing_policy": [],
            "zone_id": "Z07263542W929PGS1WDNT"
          },
          "sensitive_attributes": [],
          "private": "eyJzY2hlbWFfdmVyc2lvbiI6IjIifQ==",
          "dependencies": [
            "module.route53.aws_acm_certificate.jsp_tech_acm",
            "module.route53.aws_route53_zone.jsp_route53"
          ]
        },
        {
          "index_key": "jsp-tech.store",
          "schema_version": 2,
          "attributes": {
            "alias": [],
            "allow_overwrite": true,
            "cidr_routing_policy": [],
            "failover_routing_policy": [],
            "fqdn": "_5fbba7b16075fe62b443cc19c69fba26.jsp-tech.store",
            "geolocation_routing_policy": [],
            "health_check_id": "",
            "id": "Z07263542W929PGS1WDNT__5fbba7b16075fe62b443cc19c69fba26.jsp-tech.store._CNAME",
            "latency_routing_policy": [],
            "multivalue_answer_routing_policy": false,
            "name": "_5fbba7b16075fe62b443cc19c69fba26.jsp-tech.store",
            "records": [
              "_4d802abf3d572570c844067c0cb06bce.mhbtsbpdnt.acm-validations.aws."
            ],
            "set_identifier": "",
            "ttl": 60,
            "type": "CNAME",
            "weighted_routing_policy": [],
            "zone_id": "Z07263542W929PGS1WDNT"
          },
          "sensitive_attributes": [],
          "private": "eyJzY2hlbWFfdmVyc2lvbiI6IjIifQ==",
          "dependencies": [
            "module.route53.aws_acm_certificate.jsp_tech_acm",
            "module.route53.aws_route53_zone.jsp_route53"
          ]
        }
      ]
    },
    {
      "module": "module.route53",
      "mode": "managed",
      "type": "aws_route53_record",
      "name": "www",
      "provider": "provider[\"registry.terraform.io/hashicorp/aws\"]",
      "instances": [
        {
          "schema_version": 2,
          "attributes": {
            "alias": [
              {
                "evaluate_target_health": true,
                "name": "jsp-default-web-lb-1457842208.ap-northeast-2.elb.amazonaws.com",
                "zone_id": "ZWKZPGTI48KDX"
              }
            ],
            "allow_overwrite": null,
            "cidr_routing_policy": [],
            "failover_routing_policy": [],
            "fqdn": "www.jsp-tech.store",
            "geolocation_routing_policy": [],
            "health_check_id": "",
            "id": "Z07263542W929PGS1WDNT_www_A",
            "latency_routing_policy": [],
            "multivalue_answer_routing_policy": false,
            "name": "www",
            "records": [],
            "set_identifier": "",
            "ttl": 0,
            "type": "A",
            "weighted_routing_policy": [],
            "zone_id": "Z07263542W929PGS1WDNT"
          },
          "sensitive_attributes": [],
          "private": "eyJzY2hlbWFfdmVyc2lvbiI6IjIifQ==",
          "dependencies": [
            "module.lb.aws_lb.web_lb",
            "module.route53.aws_route53_zone.jsp_route53",
            "module.sg.aws_security_group.web_lb_sg",
            "module.vpc.aws_subnet.web_lb",
            "module.vpc.aws_vpc.vpc"
          ]
        }
      ]
    },
    {
      "module": "module.route53",
      "mode": "managed",
      "type": "aws_route53_zone",
      "name": "jsp_route53",
      "provider": "provider[\"registry.terraform.io/hashicorp/aws\"]",
      "instances": [
        {
          "schema_version": 0,
          "attributes": {
            "arn": "arn:aws:route53:::hostedzone/Z07263542W929PGS1WDNT",
            "comment": "Managed by Terraform",
            "delegation_set_id": "",
            "force_destroy": false,
            "id": "Z07263542W929PGS1WDNT",
            "name": "jsp-tech.store",
            "name_servers": [
              "ns-1084.awsdns-07.org",
              "ns-1903.awsdns-45.co.uk",
              "ns-437.awsdns-54.com",
              "ns-935.awsdns-52.net"
            ],
            "primary_name_server": "ns-1903.awsdns-45.co.uk",
            "tags": {},
            "tags_all": {},
            "vpc": [],
            "zone_id": "Z07263542W929PGS1WDNT"
          },
          "sensitive_attributes": [],
          "private": "bnVsbA=="
        }
      ]
    },
    {
      "module": "module.sg",
      "mode": "managed",
      "type": "aws_security_group",
      "name": "private",
      "provider": "provider[\"registry.terraform.io/hashicorp/aws\"]",
      "instances": [
        {
          "schema_version": 1,
          "attributes": {
            "arn": "arn:aws:ec2:ap-northeast-2:057845469470:security-group/sg-09ef05976f9803905",
            "description": "private security group for jsp",
            "egress": [
              {
                "cidr_blocks": [
                  "0.0.0.0/0"
                ],
                "description": "",
                "from_port": 0,
                "ipv6_cidr_blocks": [],
                "prefix_list_ids": [],
                "protocol": "-1",
                "security_groups": [],
                "self": false,
                "to_port": 0
              }
            ],
            "id": "sg-09ef05976f9803905",
            "ingress": [
              {
                "cidr_blocks": [],
                "description": "",
                "from_port": 22,
                "ipv6_cidr_blocks": [],
                "prefix_list_ids": [],
                "protocol": "tcp",
                "security_groups": [
                  "sg-0237e3e245b54dbed"
                ],
                "self": false,
                "to_port": 22
              },
              {
                "cidr_blocks": [],
                "description": "",
                "from_port": 443,
                "ipv6_cidr_blocks": [],
                "prefix_list_ids": [],
                "protocol": "tcp",
                "security_groups": [
                  "sg-06ab93a60f8dea989"
                ],
                "self": false,
                "to_port": 443
              },
              {
                "cidr_blocks": [],
                "description": "",
                "from_port": 80,
                "ipv6_cidr_blocks": [],
                "prefix_list_ids": [],
                "protocol": "tcp",
                "security_groups": [
                  "sg-06ab93a60f8dea989"
                ],
                "self": false,
                "to_port": 80
              }
            ],
            "name": "jsp-private-sg",
            "name_prefix": "",
            "owner_id": "057845469470",
            "revoke_rules_on_delete": false,
            "tags": {
              "MadeBy": "jsp",
              "Name": "jsp-private-sg"
            },
            "tags_all": {
              "MadeBy": "jsp",
              "Name": "jsp-private-sg"
            },
            "timeouts": null,
            "vpc_id": "vpc-053046716bf6195bc"
          },
          "sensitive_attributes": [],
          "private": "eyJlMmJmYjczMC1lY2FhLTExZTYtOGY4OC0zNDM2M2JjN2M0YzAiOnsiY3JlYXRlIjo2MDAwMDAwMDAwMDAsImRlbGV0ZSI6OTAwMDAwMDAwMDAwfSwic2NoZW1hX3ZlcnNpb24iOiIxIn0=",
          "dependencies": [
            "module.vpc.aws_vpc.vpc"
          ],
          "create_before_destroy": true
        }
      ]
    },
    {
      "module": "module.sg",
      "mode": "managed",
      "type": "aws_security_group",
      "name": "public",
      "provider": "provider[\"registry.terraform.io/hashicorp/aws\"]",
      "instances": [
        {
          "schema_version": 1,
          "attributes": {
            "arn": "arn:aws:ec2:ap-northeast-2:057845469470:security-group/sg-0237e3e245b54dbed",
            "description": "public security group for jsp",
            "egress": [
              {
                "cidr_blocks": [
                  "0.0.0.0/0"
                ],
                "description": "",
                "from_port": 0,
                "ipv6_cidr_blocks": [],
                "prefix_list_ids": [],
                "protocol": "-1",
                "security_groups": [],
                "self": false,
                "to_port": 0
              }
            ],
            "id": "sg-0237e3e245b54dbed",
            "ingress": [
              {
                "cidr_blocks": [
                  "211.115.223.215/32"
                ],
                "description": "From jsp RDP(random test ip)",
                "from_port": 3389,
                "ipv6_cidr_blocks": [],
                "prefix_list_ids": [],
                "protocol": "tcp",
                "security_groups": [],
                "self": false,
                "to_port": 3389
              },
              {
                "cidr_blocks": [
                  "211.115.223.215/32"
                ],
                "description": "From jsp SSH(random test ip)",
                "from_port": 22,
                "ipv6_cidr_blocks": [],
                "prefix_list_ids": [],
                "protocol": "tcp",
                "security_groups": [],
                "self": false,
                "to_port": 22
              }
            ],
            "name": "jsp-public-sg",
            "name_prefix": "",
            "owner_id": "057845469470",
            "revoke_rules_on_delete": false,
            "tags": {
              "MadeBy": "jsp",
              "Name": "jsp-public-sg"
            },
            "tags_all": {
              "MadeBy": "jsp",
              "Name": "jsp-public-sg"
            },
            "timeouts": null,
            "vpc_id": "vpc-053046716bf6195bc"
          },
          "sensitive_attributes": [],
          "private": "eyJlMmJmYjczMC1lY2FhLTExZTYtOGY4OC0zNDM2M2JjN2M0YzAiOnsiY3JlYXRlIjo2MDAwMDAwMDAwMDAsImRlbGV0ZSI6OTAwMDAwMDAwMDAwfSwic2NoZW1hX3ZlcnNpb24iOiIxIn0=",
          "dependencies": [
            "module.vpc.aws_vpc.vpc"
          ]
        }
      ]
    },
    {
      "module": "module.sg",
      "mode": "managed",
      "type": "aws_security_group",
      "name": "web_lb_sg",
      "provider": "provider[\"registry.terraform.io/hashicorp/aws\"]",
      "instances": [
        {
          "schema_version": 1,
          "attributes": {
            "arn": "arn:aws:ec2:ap-northeast-2:057845469470:security-group/sg-06ab93a60f8dea989",
            "description": "WEB LB security group for jsp",
            "egress": [
              {
                "cidr_blocks": [
                  "0.0.0.0/0"
                ],
                "description": "",
                "from_port": 0,
                "ipv6_cidr_blocks": [],
                "prefix_list_ids": [],
                "protocol": "-1",
                "security_groups": [],
                "self": false,
                "to_port": 0
              }
            ],
            "id": "sg-06ab93a60f8dea989",
            "ingress": [
              {
                "cidr_blocks": [
                  "0.0.0.0/0"
                ],
                "description": "From lb http",
                "from_port": 80,
                "ipv6_cidr_blocks": [],
                "prefix_list_ids": [],
                "protocol": "tcp",
                "security_groups": [],
                "self": false,
                "to_port": 80
              },
              {
                "cidr_blocks": [
                  "0.0.0.0/0"
                ],
                "description": "From lb httpd",
                "from_port": 443,
                "ipv6_cidr_blocks": [],
                "prefix_list_ids": [],
                "protocol": "tcp",
                "security_groups": [],
                "self": false,
                "to_port": 443
              },
              {
                "cidr_blocks": [],
                "description": "Self Refer",
                "from_port": 0,
                "ipv6_cidr_blocks": [],
                "prefix_list_ids": [],
                "protocol": "-1",
                "security_groups": [],
                "self": true,
                "to_port": 0
              }
            ],
            "name": "jsp-web-lb-sg",
            "name_prefix": "",
            "owner_id": "057845469470",
            "revoke_rules_on_delete": false,
            "tags": {
              "MadeBy": "jsp",
              "Name": "jsp-web-lb-sg"
            },
            "tags_all": {
              "MadeBy": "jsp",
              "Name": "jsp-web-lb-sg"
            },
            "timeouts": null,
            "vpc_id": "vpc-053046716bf6195bc"
          },
          "sensitive_attributes": [],
          "private": "eyJlMmJmYjczMC1lY2FhLTExZTYtOGY4OC0zNDM2M2JjN2M0YzAiOnsiY3JlYXRlIjo2MDAwMDAwMDAwMDAsImRlbGV0ZSI6OTAwMDAwMDAwMDAwfSwic2NoZW1hX3ZlcnNpb24iOiIxIn0=",
          "dependencies": [
            "module.vpc.aws_vpc.vpc"
          ]
        }
      ]
    },
    {
      "module": "module.sg",
      "mode": "managed",
      "type": "aws_security_group_rule",
      "name": "private_bastion_ingress",
      "provider": "provider[\"registry.terraform.io/hashicorp/aws\"]",
      "instances": [
        {
          "schema_version": 2,
          "attributes": {
            "cidr_blocks": null,
            "description": "",
            "from_port": 22,
            "id": "sgrule-563182501",
            "ipv6_cidr_blocks": null,
            "prefix_list_ids": null,
            "protocol": "tcp",
            "security_group_id": "sg-09ef05976f9803905",
            "security_group_rule_id": "sgr-058234e04db2b6ef1",
            "self": false,
            "source_security_group_id": "sg-0237e3e245b54dbed",
            "timeouts": null,
            "to_port": 22,
            "type": "ingress"
          },
          "sensitive_attributes": [],
          "private": "eyJlMmJmYjczMC1lY2FhLTExZTYtOGY4OC0zNDM2M2JjN2M0YzAiOnsiY3JlYXRlIjozMDAwMDAwMDAwMDB9LCJzY2hlbWFfdmVyc2lvbiI6IjIifQ==",
          "dependencies": [
            "module.sg.aws_security_group.private",
            "module.sg.aws_security_group.public",
            "module.vpc.aws_vpc.vpc"
          ]
        }
      ]
    },
    {
      "module": "module.sg",
      "mode": "managed",
      "type": "aws_security_group_rule",
      "name": "private_http_lb_ingress",
      "provider": "provider[\"registry.terraform.io/hashicorp/aws\"]",
      "instances": [
        {
          "schema_version": 2,
          "attributes": {
            "cidr_blocks": null,
            "description": "",
            "from_port": 80,
            "id": "sgrule-3227174439",
            "ipv6_cidr_blocks": null,
            "prefix_list_ids": null,
            "protocol": "tcp",
            "security_group_id": "sg-09ef05976f9803905",
            "security_group_rule_id": "sgr-0ccc4a9dd7c5f9325",
            "self": false,
            "source_security_group_id": "sg-06ab93a60f8dea989",
            "timeouts": null,
            "to_port": 80,
            "type": "ingress"
          },
          "sensitive_attributes": [],
          "private": "eyJlMmJmYjczMC1lY2FhLTExZTYtOGY4OC0zNDM2M2JjN2M0YzAiOnsiY3JlYXRlIjozMDAwMDAwMDAwMDB9LCJzY2hlbWFfdmVyc2lvbiI6IjIifQ==",
          "dependencies": [
            "module.sg.aws_security_group.private",
            "module.sg.aws_security_group.web_lb_sg",
            "module.vpc.aws_vpc.vpc"
          ]
        }
      ]
    },
    {
      "module": "module.sg",
      "mode": "managed",
      "type": "aws_security_group_rule",
      "name": "private_https_lb_ingress",
      "provider": "provider[\"registry.terraform.io/hashicorp/aws\"]",
      "instances": [
        {
          "schema_version": 2,
          "attributes": {
            "cidr_blocks": null,
            "description": "",
            "from_port": 443,
            "id": "sgrule-3195728666",
            "ipv6_cidr_blocks": null,
            "prefix_list_ids": null,
            "protocol": "tcp",
            "security_group_id": "sg-09ef05976f9803905",
            "security_group_rule_id": "sgr-00470f212ad1bc83d",
            "self": false,
            "source_security_group_id": "sg-06ab93a60f8dea989",
            "timeouts": null,
            "to_port": 443,
            "type": "ingress"
          },
          "sensitive_attributes": [],
          "private": "eyJlMmJmYjczMC1lY2FhLTExZTYtOGY4OC0zNDM2M2JjN2M0YzAiOnsiY3JlYXRlIjozMDAwMDAwMDAwMDB9LCJzY2hlbWFfdmVyc2lvbiI6IjIifQ==",
          "dependencies": [
            "module.sg.aws_security_group.private",
            "module.sg.aws_security_group.web_lb_sg",
            "module.vpc.aws_vpc.vpc"
          ]
        }
      ]
    },
    {
      "module": "module.vpc",
      "mode": "managed",
      "type": "aws_eip",
      "name": "nat",
      "provider": "provider[\"registry.terraform.io/hashicorp/aws\"]",
      "instances": [
        {
          "schema_version": 0,
          "attributes": {
            "address": null,
            "allocation_id": "eipalloc-02c98c4c3a25acf89",
            "associate_with_private_ip": null,
            "association_id": "eipassoc-000b453fadc8d971a",
            "carrier_ip": "",
            "customer_owned_ip": "",
            "customer_owned_ipv4_pool": "",
            "domain": "vpc",
            "id": "eipalloc-02c98c4c3a25acf89",
            "instance": "",
            "network_border_group": "ap-northeast-2",
            "network_interface": "eni-017a60bd0cbd3cbf1",
            "private_dns": "ip-10-10-0-251.ap-northeast-2.compute.internal",
            "private_ip": "10.10.0.251",
            "public_dns": "ec2-3-38-5-136.ap-northeast-2.compute.amazonaws.com",
            "public_ip": "3.38.5.136",
            "public_ipv4_pool": "amazon",
            "tags": {
              "MadeBy": "jsp",
              "Name": "jsp-nat-eip-2a"
            },
            "tags_all": {
              "MadeBy": "jsp",
              "Name": "jsp-nat-eip-2a"
            },
            "timeouts": null,
            "vpc": true
          },
          "sensitive_attributes": [],
          "private": "eyJlMmJmYjczMC1lY2FhLTExZTYtOGY4OC0zNDM2M2JjN2M0YzAiOnsiZGVsZXRlIjoxODAwMDAwMDAwMDAsInJlYWQiOjkwMDAwMDAwMDAwMCwidXBkYXRlIjozMDAwMDAwMDAwMDB9fQ=="
        }
      ]
    },
    {
      "module": "module.vpc",
      "mode": "managed",
      "type": "aws_internet_gateway",
      "name": "this",
      "provider": "provider[\"registry.terraform.io/hashicorp/aws\"]",
      "instances": [
        {
          "schema_version": 0,
          "attributes": {
            "arn": "arn:aws:ec2:ap-northeast-2:057845469470:internet-gateway/igw-0f5fb5ac58e4321a8",
            "id": "igw-0f5fb5ac58e4321a8",
            "owner_id": "057845469470",
            "tags": {
              "MadeBy": "jsp",
              "Name": "jsp-default-igw"
            },
            "tags_all": {
              "MadeBy": "jsp",
              "Name": "jsp-default-igw"
            },
            "timeouts": null,
            "vpc_id": "vpc-053046716bf6195bc"
          },
          "sensitive_attributes": [],
          "private": "eyJlMmJmYjczMC1lY2FhLTExZTYtOGY4OC0zNDM2M2JjN2M0YzAiOnsiY3JlYXRlIjoxMjAwMDAwMDAwMDAwLCJkZWxldGUiOjEyMDAwMDAwMDAwMDAsInVwZGF0ZSI6MTIwMDAwMDAwMDAwMH19",
          "dependencies": [
            "module.vpc.aws_vpc.vpc"
          ]
        }
      ]
    },
    {
      "module": "module.vpc",
      "mode": "managed",
      "type": "aws_nat_gateway",
      "name": "nat_gw",
      "provider": "provider[\"registry.terraform.io/hashicorp/aws\"]",
      "instances": [
        {
          "schema_version": 0,
          "attributes": {
            "allocation_id": "eipalloc-02c98c4c3a25acf89",
            "association_id": "eipassoc-000b453fadc8d971a",
            "connectivity_type": "public",
            "id": "nat-0e2dcf2312af1c933",
            "network_interface_id": "eni-017a60bd0cbd3cbf1",
            "private_ip": "10.10.0.251",
            "public_ip": "3.38.5.136",
            "secondary_allocation_ids": [],
            "secondary_private_ip_address_count": 0,
            "secondary_private_ip_addresses": [],
            "subnet_id": "subnet-060ac060b57c88b0d",
            "tags": {
              "MadeBy": "jsp",
              "Name": "jsp-nat-2a"
            },
            "tags_all": {
              "MadeBy": "jsp",
              "Name": "jsp-nat-2a"
            },
            "timeouts": null
          },
          "sensitive_attributes": [],
          "private": "eyJlMmJmYjczMC1lY2FhLTExZTYtOGY4OC0zNDM2M2JjN2M0YzAiOnsiY3JlYXRlIjo2MDAwMDAwMDAwMDAsImRlbGV0ZSI6MTgwMDAwMDAwMDAwMCwidXBkYXRlIjo2MDAwMDAwMDAwMDB9fQ==",
          "dependencies": [
            "module.vpc.aws_eip.nat",
            "module.vpc.aws_subnet.public",
            "module.vpc.aws_vpc.vpc"
          ]
        }
      ]
    },
    {
      "module": "module.vpc",
      "mode": "managed",
      "type": "aws_route_table",
      "name": "private",
      "provider": "provider[\"registry.terraform.io/hashicorp/aws\"]",
      "instances": [
        {
          "schema_version": 0,
          "attributes": {
            "arn": "arn:aws:ec2:ap-northeast-2:057845469470:route-table/rtb-01e1fa2c4de2d70ca",
            "id": "rtb-01e1fa2c4de2d70ca",
            "owner_id": "057845469470",
            "propagating_vgws": [],
            "route": [
              {
                "carrier_gateway_id": "",
                "cidr_block": "0.0.0.0/0",
                "core_network_arn": "",
                "destination_prefix_list_id": "",
                "egress_only_gateway_id": "",
                "gateway_id": "",
                "ipv6_cidr_block": "",
                "local_gateway_id": "",
                "nat_gateway_id": "nat-0e2dcf2312af1c933",
                "network_interface_id": "",
                "transit_gateway_id": "",
                "vpc_endpoint_id": "",
                "vpc_peering_connection_id": ""
              }
            ],
            "tags": {
              "MadeBy": "jsp",
              "Name": "jsp-pri-rt"
            },
            "tags_all": {
              "MadeBy": "jsp",
              "Name": "jsp-pri-rt"
            },
            "timeouts": null,
            "vpc_id": "vpc-053046716bf6195bc"
          },
          "sensitive_attributes": [],
          "private": "eyJlMmJmYjczMC1lY2FhLTExZTYtOGY4OC0zNDM2M2JjN2M0YzAiOnsiY3JlYXRlIjozMDAwMDAwMDAwMDAsImRlbGV0ZSI6MzAwMDAwMDAwMDAwLCJ1cGRhdGUiOjEyMDAwMDAwMDAwMH19",
          "dependencies": [
            "module.vpc.aws_eip.nat",
            "module.vpc.aws_nat_gateway.nat_gw",
            "module.vpc.aws_subnet.public",
            "module.vpc.aws_vpc.vpc"
          ]
        }
      ]
    },
    {
      "module": "module.vpc",
      "mode": "managed",
      "type": "aws_route_table",
      "name": "public",
      "provider": "provider[\"registry.terraform.io/hashicorp/aws\"]",
      "instances": [
        {
          "schema_version": 0,
          "attributes": {
            "arn": "arn:aws:ec2:ap-northeast-2:057845469470:route-table/rtb-0f4b564a8805c08dd",
            "id": "rtb-0f4b564a8805c08dd",
            "owner_id": "057845469470",
            "propagating_vgws": [],
            "route": [
              {
                "carrier_gateway_id": "",
                "cidr_block": "0.0.0.0/0",
                "core_network_arn": "",
                "destination_prefix_list_id": "",
                "egress_only_gateway_id": "",
                "gateway_id": "igw-0f5fb5ac58e4321a8",
                "ipv6_cidr_block": "",
                "local_gateway_id": "",
                "nat_gateway_id": "",
                "network_interface_id": "",
                "transit_gateway_id": "",
                "vpc_endpoint_id": "",
                "vpc_peering_connection_id": ""
              }
            ],
            "tags": {
              "MadeBy": "jsp",
              "Name": "jsp-pub-rt"
            },
            "tags_all": {
              "MadeBy": "jsp",
              "Name": "jsp-pub-rt"
            },
            "timeouts": null,
            "vpc_id": "vpc-053046716bf6195bc"
          },
          "sensitive_attributes": [],
          "private": "eyJlMmJmYjczMC1lY2FhLTExZTYtOGY4OC0zNDM2M2JjN2M0YzAiOnsiY3JlYXRlIjozMDAwMDAwMDAwMDAsImRlbGV0ZSI6MzAwMDAwMDAwMDAwLCJ1cGRhdGUiOjEyMDAwMDAwMDAwMH19",
          "dependencies": [
            "module.vpc.aws_internet_gateway.this",
            "module.vpc.aws_vpc.vpc"
          ]
        }
      ]
    },
    {
      "module": "module.vpc",
      "mode": "managed",
      "type": "aws_route_table",
      "name": "web_lb_rt",
      "provider": "provider[\"registry.terraform.io/hashicorp/aws\"]",
      "instances": [
        {
          "schema_version": 0,
          "attributes": {
            "arn": "arn:aws:ec2:ap-northeast-2:057845469470:route-table/rtb-0040cba424503be8a",
            "id": "rtb-0040cba424503be8a",
            "owner_id": "057845469470",
            "propagating_vgws": [],
            "route": [
              {
                "carrier_gateway_id": "",
                "cidr_block": "0.0.0.0/0",
                "core_network_arn": "",
                "destination_prefix_list_id": "",
                "egress_only_gateway_id": "",
                "gateway_id": "igw-0f5fb5ac58e4321a8",
                "ipv6_cidr_block": "",
                "local_gateway_id": "",
                "nat_gateway_id": "",
                "network_interface_id": "",
                "transit_gateway_id": "",
                "vpc_endpoint_id": "",
                "vpc_peering_connection_id": ""
              }
            ],
            "tags": {
              "MadeBy": "jsp",
              "Name": "jsp-web-lb-rt"
            },
            "tags_all": {
              "MadeBy": "jsp",
              "Name": "jsp-web-lb-rt"
            },
            "timeouts": null,
            "vpc_id": "vpc-053046716bf6195bc"
          },
          "sensitive_attributes": [],
          "private": "eyJlMmJmYjczMC1lY2FhLTExZTYtOGY4OC0zNDM2M2JjN2M0YzAiOnsiY3JlYXRlIjozMDAwMDAwMDAwMDAsImRlbGV0ZSI6MzAwMDAwMDAwMDAwLCJ1cGRhdGUiOjEyMDAwMDAwMDAwMH19",
          "dependencies": [
            "module.vpc.aws_internet_gateway.this",
            "module.vpc.aws_vpc.vpc"
          ]
        }
      ]
    },
    {
      "module": "module.vpc",
      "mode": "managed",
      "type": "aws_route_table_association",
      "name": "private",
      "provider": "provider[\"registry.terraform.io/hashicorp/aws\"]",
      "instances": [
        {
          "index_key": "pri_sub_2a",
          "schema_version": 0,
          "attributes": {
            "gateway_id": "",
            "id": "rtbassoc-078707f567ec75e8e",
            "route_table_id": "rtb-01e1fa2c4de2d70ca",
            "subnet_id": "subnet-01c055dc3fc2181df",
            "timeouts": null
          },
          "sensitive_attributes": [],
          "private": "eyJlMmJmYjczMC1lY2FhLTExZTYtOGY4OC0zNDM2M2JjN2M0YzAiOnsiY3JlYXRlIjozMDAwMDAwMDAwMDAsImRlbGV0ZSI6MzAwMDAwMDAwMDAwLCJ1cGRhdGUiOjEyMDAwMDAwMDAwMH19",
          "dependencies": [
            "module.vpc.aws_eip.nat",
            "module.vpc.aws_nat_gateway.nat_gw",
            "module.vpc.aws_route_table.private",
            "module.vpc.aws_subnet.private",
            "module.vpc.aws_subnet.public",
            "module.vpc.aws_vpc.vpc"
          ]
        },
        {
          "index_key": "pri_sub_2c",
          "schema_version": 0,
          "attributes": {
            "gateway_id": "",
            "id": "rtbassoc-04a4b6e95cda1c613",
            "route_table_id": "rtb-01e1fa2c4de2d70ca",
            "subnet_id": "subnet-03dc2276587706c1c",
            "timeouts": null
          },
          "sensitive_attributes": [],
          "private": "eyJlMmJmYjczMC1lY2FhLTExZTYtOGY4OC0zNDM2M2JjN2M0YzAiOnsiY3JlYXRlIjozMDAwMDAwMDAwMDAsImRlbGV0ZSI6MzAwMDAwMDAwMDAwLCJ1cGRhdGUiOjEyMDAwMDAwMDAwMH19",
          "dependencies": [
            "module.vpc.aws_eip.nat",
            "module.vpc.aws_nat_gateway.nat_gw",
            "module.vpc.aws_route_table.private",
            "module.vpc.aws_subnet.private",
            "module.vpc.aws_subnet.public",
            "module.vpc.aws_vpc.vpc"
          ]
        }
      ]
    },
    {
      "module": "module.vpc",
      "mode": "managed",
      "type": "aws_route_table_association",
      "name": "public",
      "provider": "provider[\"registry.terraform.io/hashicorp/aws\"]",
      "instances": [
        {
          "index_key": "pub_sub_2a",
          "schema_version": 0,
          "attributes": {
            "gateway_id": "",
            "id": "rtbassoc-0592a68686b3cbe09",
            "route_table_id": "rtb-0f4b564a8805c08dd",
            "subnet_id": "subnet-060ac060b57c88b0d",
            "timeouts": null
          },
          "sensitive_attributes": [],
          "private": "eyJlMmJmYjczMC1lY2FhLTExZTYtOGY4OC0zNDM2M2JjN2M0YzAiOnsiY3JlYXRlIjozMDAwMDAwMDAwMDAsImRlbGV0ZSI6MzAwMDAwMDAwMDAwLCJ1cGRhdGUiOjEyMDAwMDAwMDAwMH19",
          "dependencies": [
            "module.vpc.aws_internet_gateway.this",
            "module.vpc.aws_route_table.public",
            "module.vpc.aws_subnet.public",
            "module.vpc.aws_vpc.vpc"
          ]
        },
        {
          "index_key": "pub_sub_2c",
          "schema_version": 0,
          "attributes": {
            "gateway_id": "",
            "id": "rtbassoc-0e0019efda1335a3c",
            "route_table_id": "rtb-0f4b564a8805c08dd",
            "subnet_id": "subnet-05b4dbb5637929047",
            "timeouts": null
          },
          "sensitive_attributes": [],
          "private": "eyJlMmJmYjczMC1lY2FhLTExZTYtOGY4OC0zNDM2M2JjN2M0YzAiOnsiY3JlYXRlIjozMDAwMDAwMDAwMDAsImRlbGV0ZSI6MzAwMDAwMDAwMDAwLCJ1cGRhdGUiOjEyMDAwMDAwMDAwMH19",
          "dependencies": [
            "module.vpc.aws_internet_gateway.this",
            "module.vpc.aws_route_table.public",
            "module.vpc.aws_subnet.public",
            "module.vpc.aws_vpc.vpc"
          ]
        }
      ]
    },
    {
      "module": "module.vpc",
      "mode": "managed",
      "type": "aws_route_table_association",
      "name": "web_lb_rt_association",
      "provider": "provider[\"registry.terraform.io/hashicorp/aws\"]",
      "instances": [
        {
          "index_key": "0",
          "schema_version": 0,
          "attributes": {
            "gateway_id": "",
            "id": "rtbassoc-0d6d25f1a1d06ed64",
            "route_table_id": "rtb-0040cba424503be8a",
            "subnet_id": "subnet-024b866b424b1d48d",
            "timeouts": null
          },
          "sensitive_attributes": [],
          "private": "eyJlMmJmYjczMC1lY2FhLTExZTYtOGY4OC0zNDM2M2JjN2M0YzAiOnsiY3JlYXRlIjozMDAwMDAwMDAwMDAsImRlbGV0ZSI6MzAwMDAwMDAwMDAwLCJ1cGRhdGUiOjEyMDAwMDAwMDAwMH19",
          "dependencies": [
            "module.vpc.aws_internet_gateway.this",
            "module.vpc.aws_route_table.web_lb_rt",
            "module.vpc.aws_subnet.web_lb",
            "module.vpc.aws_vpc.vpc"
          ]
        },
        {
          "index_key": "1",
          "schema_version": 0,
          "attributes": {
            "gateway_id": "",
            "id": "rtbassoc-0a4342c3229a26288",
            "route_table_id": "rtb-0040cba424503be8a",
            "subnet_id": "subnet-0b77c0c40a77fedd9",
            "timeouts": null
          },
          "sensitive_attributes": [],
          "private": "eyJlMmJmYjczMC1lY2FhLTExZTYtOGY4OC0zNDM2M2JjN2M0YzAiOnsiY3JlYXRlIjozMDAwMDAwMDAwMDAsImRlbGV0ZSI6MzAwMDAwMDAwMDAwLCJ1cGRhdGUiOjEyMDAwMDAwMDAwMH19",
          "dependencies": [
            "module.vpc.aws_internet_gateway.this",
            "module.vpc.aws_route_table.web_lb_rt",
            "module.vpc.aws_subnet.web_lb",
            "module.vpc.aws_vpc.vpc"
          ]
        }
      ]
    },
    {
      "module": "module.vpc",
      "mode": "managed",
      "type": "aws_subnet",
      "name": "private",
      "provider": "provider[\"registry.terraform.io/hashicorp/aws\"]",
      "instances": [
        {
          "index_key": "pri_sub_2a",
          "schema_version": 1,
          "attributes": {
            "arn": "arn:aws:ec2:ap-northeast-2:057845469470:subnet/subnet-01c055dc3fc2181df",
            "assign_ipv6_address_on_creation": false,
            "availability_zone": "ap-northeast-2a",
            "availability_zone_id": "apne2-az1",
            "cidr_block": "10.10.10.0/24",
            "customer_owned_ipv4_pool": "",
            "enable_dns64": false,
            "enable_lni_at_device_index": 0,
            "enable_resource_name_dns_a_record_on_launch": false,
            "enable_resource_name_dns_aaaa_record_on_launch": false,
            "id": "subnet-01c055dc3fc2181df",
            "ipv6_cidr_block": "",
            "ipv6_cidr_block_association_id": "",
            "ipv6_native": false,
            "map_customer_owned_ip_on_launch": false,
            "map_public_ip_on_launch": false,
            "outpost_arn": "",
            "owner_id": "057845469470",
            "private_dns_hostname_type_on_launch": "ip-name",
            "tags": {
              "MadeBy": "jsp",
              "Name": "jsp-pri-sub-2a"
            },
            "tags_all": {
              "MadeBy": "jsp",
              "Name": "jsp-pri-sub-2a"
            },
            "timeouts": null,
            "vpc_id": "vpc-053046716bf6195bc"
          },
          "sensitive_attributes": [],
          "private": "eyJlMmJmYjczMC1lY2FhLTExZTYtOGY4OC0zNDM2M2JjN2M0YzAiOnsiY3JlYXRlIjo2MDAwMDAwMDAwMDAsImRlbGV0ZSI6MTIwMDAwMDAwMDAwMH0sInNjaGVtYV92ZXJzaW9uIjoiMSJ9",
          "dependencies": [
            "module.vpc.aws_vpc.vpc"
          ]
        },
        {
          "index_key": "pri_sub_2c",
          "schema_version": 1,
          "attributes": {
            "arn": "arn:aws:ec2:ap-northeast-2:057845469470:subnet/subnet-03dc2276587706c1c",
            "assign_ipv6_address_on_creation": false,
            "availability_zone": "ap-northeast-2c",
            "availability_zone_id": "apne2-az3",
            "cidr_block": "10.10.11.0/24",
            "customer_owned_ipv4_pool": "",
            "enable_dns64": false,
            "enable_lni_at_device_index": 0,
            "enable_resource_name_dns_a_record_on_launch": false,
            "enable_resource_name_dns_aaaa_record_on_launch": false,
            "id": "subnet-03dc2276587706c1c",
            "ipv6_cidr_block": "",
            "ipv6_cidr_block_association_id": "",
            "ipv6_native": false,
            "map_customer_owned_ip_on_launch": false,
            "map_public_ip_on_launch": false,
            "outpost_arn": "",
            "owner_id": "057845469470",
            "private_dns_hostname_type_on_launch": "ip-name",
            "tags": {
              "MadeBy": "jsp",
              "Name": "jsp-pri-sub-2c"
            },
            "tags_all": {
              "MadeBy": "jsp",
              "Name": "jsp-pri-sub-2c"
            },
            "timeouts": null,
            "vpc_id": "vpc-053046716bf6195bc"
          },
          "sensitive_attributes": [],
          "private": "eyJlMmJmYjczMC1lY2FhLTExZTYtOGY4OC0zNDM2M2JjN2M0YzAiOnsiY3JlYXRlIjo2MDAwMDAwMDAwMDAsImRlbGV0ZSI6MTIwMDAwMDAwMDAwMH0sInNjaGVtYV92ZXJzaW9uIjoiMSJ9",
          "dependencies": [
            "module.vpc.aws_vpc.vpc"
          ]
        }
      ]
    },
    {
      "module": "module.vpc",
      "mode": "managed",
      "type": "aws_subnet",
      "name": "public",
      "provider": "provider[\"registry.terraform.io/hashicorp/aws\"]",
      "instances": [
        {
          "index_key": "pub_sub_2a",
          "schema_version": 1,
          "attributes": {
            "arn": "arn:aws:ec2:ap-northeast-2:057845469470:subnet/subnet-060ac060b57c88b0d",
            "assign_ipv6_address_on_creation": false,
            "availability_zone": "ap-northeast-2a",
            "availability_zone_id": "apne2-az1",
            "cidr_block": "10.10.0.0/24",
            "customer_owned_ipv4_pool": "",
            "enable_dns64": false,
            "enable_lni_at_device_index": 0,
            "enable_resource_name_dns_a_record_on_launch": false,
            "enable_resource_name_dns_aaaa_record_on_launch": false,
            "id": "subnet-060ac060b57c88b0d",
            "ipv6_cidr_block": "",
            "ipv6_cidr_block_association_id": "",
            "ipv6_native": false,
            "map_customer_owned_ip_on_launch": false,
            "map_public_ip_on_launch": true,
            "outpost_arn": "",
            "owner_id": "057845469470",
            "private_dns_hostname_type_on_launch": "ip-name",
            "tags": {
              "MadeBy": "jsp",
              "Name": "jsp-pub-sub-2a"
            },
            "tags_all": {
              "MadeBy": "jsp",
              "Name": "jsp-pub-sub-2a"
            },
            "timeouts": null,
            "vpc_id": "vpc-053046716bf6195bc"
          },
          "sensitive_attributes": [],
          "private": "eyJlMmJmYjczMC1lY2FhLTExZTYtOGY4OC0zNDM2M2JjN2M0YzAiOnsiY3JlYXRlIjo2MDAwMDAwMDAwMDAsImRlbGV0ZSI6MTIwMDAwMDAwMDAwMH0sInNjaGVtYV92ZXJzaW9uIjoiMSJ9",
          "dependencies": [
            "module.vpc.aws_vpc.vpc"
          ]
        },
        {
          "index_key": "pub_sub_2c",
          "schema_version": 1,
          "attributes": {
            "arn": "arn:aws:ec2:ap-northeast-2:057845469470:subnet/subnet-05b4dbb5637929047",
            "assign_ipv6_address_on_creation": false,
            "availability_zone": "ap-northeast-2c",
            "availability_zone_id": "apne2-az3",
            "cidr_block": "10.10.1.0/24",
            "customer_owned_ipv4_pool": "",
            "enable_dns64": false,
            "enable_lni_at_device_index": 0,
            "enable_resource_name_dns_a_record_on_launch": false,
            "enable_resource_name_dns_aaaa_record_on_launch": false,
            "id": "subnet-05b4dbb5637929047",
            "ipv6_cidr_block": "",
            "ipv6_cidr_block_association_id": "",
            "ipv6_native": false,
            "map_customer_owned_ip_on_launch": false,
            "map_public_ip_on_launch": true,
            "outpost_arn": "",
            "owner_id": "057845469470",
            "private_dns_hostname_type_on_launch": "ip-name",
            "tags": {
              "MadeBy": "jsp",
              "Name": "jsp-pub-sub-2c"
            },
            "tags_all": {
              "MadeBy": "jsp",
              "Name": "jsp-pub-sub-2c"
            },
            "timeouts": null,
            "vpc_id": "vpc-053046716bf6195bc"
          },
          "sensitive_attributes": [],
          "private": "eyJlMmJmYjczMC1lY2FhLTExZTYtOGY4OC0zNDM2M2JjN2M0YzAiOnsiY3JlYXRlIjo2MDAwMDAwMDAwMDAsImRlbGV0ZSI6MTIwMDAwMDAwMDAwMH0sInNjaGVtYV92ZXJzaW9uIjoiMSJ9",
          "dependencies": [
            "module.vpc.aws_vpc.vpc"
          ]
        }
      ]
    },
    {
      "module": "module.vpc",
      "mode": "managed",
      "type": "aws_subnet",
      "name": "web_lb",
      "provider": "provider[\"registry.terraform.io/hashicorp/aws\"]",
      "instances": [
        {
          "index_key": "0",
          "schema_version": 1,
          "attributes": {
            "arn": "arn:aws:ec2:ap-northeast-2:057845469470:subnet/subnet-024b866b424b1d48d",
            "assign_ipv6_address_on_creation": false,
            "availability_zone": "ap-northeast-2a",
            "availability_zone_id": "apne2-az1",
            "cidr_block": "10.10.100.0/24",
            "customer_owned_ipv4_pool": "",
            "enable_dns64": false,
            "enable_lni_at_device_index": 0,
            "enable_resource_name_dns_a_record_on_launch": false,
            "enable_resource_name_dns_aaaa_record_on_launch": false,
            "id": "subnet-024b866b424b1d48d",
            "ipv6_cidr_block": "",
            "ipv6_cidr_block_association_id": "",
            "ipv6_native": false,
            "map_customer_owned_ip_on_launch": false,
            "map_public_ip_on_launch": false,
            "outpost_arn": "",
            "owner_id": "057845469470",
            "private_dns_hostname_type_on_launch": "ip-name",
            "tags": {
              "MadeBy": "jsp",
              "Name": "jsp-web-lb-sub-0"
            },
            "tags_all": {
              "MadeBy": "jsp",
              "Name": "jsp-web-lb-sub-0"
            },
            "timeouts": null,
            "vpc_id": "vpc-053046716bf6195bc"
          },
          "sensitive_attributes": [],
          "private": "eyJlMmJmYjczMC1lY2FhLTExZTYtOGY4OC0zNDM2M2JjN2M0YzAiOnsiY3JlYXRlIjo2MDAwMDAwMDAwMDAsImRlbGV0ZSI6MTIwMDAwMDAwMDAwMH0sInNjaGVtYV92ZXJzaW9uIjoiMSJ9",
          "dependencies": [
            "module.vpc.aws_vpc.vpc"
          ]
        },
        {
          "index_key": "1",
          "schema_version": 1,
          "attributes": {
            "arn": "arn:aws:ec2:ap-northeast-2:057845469470:subnet/subnet-0b77c0c40a77fedd9",
            "assign_ipv6_address_on_creation": false,
            "availability_zone": "ap-northeast-2c",
            "availability_zone_id": "apne2-az3",
            "cidr_block": "10.10.110.0/24",
            "customer_owned_ipv4_pool": "",
            "enable_dns64": false,
            "enable_lni_at_device_index": 0,
            "enable_resource_name_dns_a_record_on_launch": false,
            "enable_resource_name_dns_aaaa_record_on_launch": false,
            "id": "subnet-0b77c0c40a77fedd9",
            "ipv6_cidr_block": "",
            "ipv6_cidr_block_association_id": "",
            "ipv6_native": false,
            "map_customer_owned_ip_on_launch": false,
            "map_public_ip_on_launch": false,
            "outpost_arn": "",
            "owner_id": "057845469470",
            "private_dns_hostname_type_on_launch": "ip-name",
            "tags": {
              "MadeBy": "jsp",
              "Name": "jsp-web-lb-sub-1"
            },
            "tags_all": {
              "MadeBy": "jsp",
              "Name": "jsp-web-lb-sub-1"
            },
            "timeouts": null,
            "vpc_id": "vpc-053046716bf6195bc"
          },
          "sensitive_attributes": [],
          "private": "eyJlMmJmYjczMC1lY2FhLTExZTYtOGY4OC0zNDM2M2JjN2M0YzAiOnsiY3JlYXRlIjo2MDAwMDAwMDAwMDAsImRlbGV0ZSI6MTIwMDAwMDAwMDAwMH0sInNjaGVtYV92ZXJzaW9uIjoiMSJ9",
          "dependencies": [
            "module.vpc.aws_vpc.vpc"
          ]
        }
      ]
    },
    {
      "module": "module.vpc",
      "mode": "managed",
      "type": "aws_vpc",
      "name": "vpc",
      "provider": "provider[\"registry.terraform.io/hashicorp/aws\"]",
      "instances": [
        {
          "schema_version": 1,
          "attributes": {
            "arn": "arn:aws:ec2:ap-northeast-2:057845469470:vpc/vpc-053046716bf6195bc",
            "assign_generated_ipv6_cidr_block": false,
            "cidr_block": "10.10.0.0/16",
            "default_network_acl_id": "acl-0d67693023f31652e",
            "default_route_table_id": "rtb-05803f4ae63e2e219",
            "default_security_group_id": "sg-08bc91b60a5d9eeb3",
            "dhcp_options_id": "dopt-2cbef647",
            "enable_dns_hostnames": true,
            "enable_dns_support": true,
            "enable_network_address_usage_metrics": false,
            "id": "vpc-053046716bf6195bc",
            "instance_tenancy": "default",
            "ipv4_ipam_pool_id": null,
            "ipv4_netmask_length": null,
            "ipv6_association_id": "",
            "ipv6_cidr_block": "",
            "ipv6_cidr_block_network_border_group": "",
            "ipv6_ipam_pool_id": "",
            "ipv6_netmask_length": 0,
            "main_route_table_id": "rtb-05803f4ae63e2e219",
            "owner_id": "057845469470",
            "tags": {
              "MadeBy": "jsp",
              "Name": "jsp-vpc"
            },
            "tags_all": {
              "MadeBy": "jsp",
              "Name": "jsp-vpc"
            }
          },
          "sensitive_attributes": [],
          "private": "eyJzY2hlbWFfdmVyc2lvbiI6IjEifQ==",
          "create_before_destroy": true
        }
      ]
    }
  ],
  "check_results": null
}
