{
  "version": 4,
  "terraform_version": "1.5.4",
  "serial": 624,
  "lineage": "544b6bc7-e0ad-4389-6d72-f53f5d835bd2",
  "outputs": {
    "key_pair": {
      "value": "jsp-key",
      "type": "string"
    },
    "nat_eip": {
      "value": "13.209.146.171",
      "type": "string"
    },
    "private_subnet_ids": {
      "value": [
        "subnet-047891f39f927a8d8",
        "subnet-079b4361fd31caea6"
      ],
      "type": [
        "tuple",
        [
          "string",
          "string"
        ]
      ]
    },
    "public_eip": {
      "value": "52.78.55.211",
      "type": "string"
    },
    "public_subnet_ids": {
      "value": [
        "subnet-0e56c4c835b444bce",
        "subnet-09c6b6e17a9aceed1"
      ],
      "type": [
        "tuple",
        [
          "string",
          "string"
        ]
      ]
    },
    "vpc_id": {
      "value": "vpc-0408dcd48d10b61d7",
      "type": "string"
    },
    "web_lb_subnet_ids": {
      "value": [
        "subnet-0fccf2c535207f111",
        "subnet-08f0b59ff3bca5129"
      ],
      "type": [
        "tuple",
        [
          "string",
          "string"
        ]
      ]
    }
  },
  "resources": [
    {
      "module": "module.ec2",
      "mode": "data",
      "type": "aws_ami",
      "name": "amazon_linux-2",
      "provider": "provider[\"registry.terraform.io/hashicorp/aws\"]",
      "instances": [
        {
          "schema_version": 0,
          "attributes": {
            "architecture": "x86_64",
            "arn": "arn:aws:ec2:ap-northeast-2::image/ami-022db573829bf517a",
            "block_device_mappings": [
              {
                "device_name": "/dev/xvda",
                "ebs": {
                  "delete_on_termination": "true",
                  "encrypted": "false",
                  "iops": "0",
                  "snapshot_id": "snap-0eebc63c0624a3d5b",
                  "throughput": "0",
                  "volume_size": "8",
                  "volume_type": "gp2"
                },
                "no_device": "",
                "virtual_name": ""
              }
            ],
            "boot_mode": "",
            "creation_date": "2024-01-26T19:11:44.000Z",
            "deprecation_time": "2025-07-01T00:00:00.000Z",
            "description": "Amazon Linux 2 AMI 2.0.20240131.0 x86_64 HVM gp2",
            "ena_support": true,
            "executable_users": null,
            "filter": [
              {
                "name": "architecture",
                "values": [
                  "x86_64"
                ]
              },
              {
                "name": "name",
                "values": [
                  "amzn2-ami-hvm-*-gp2"
                ]
              },
              {
                "name": "root-device-type",
                "values": [
                  "ebs"
                ]
              },
              {
                "name": "virtualization-type",
                "values": [
                  "hvm"
                ]
              }
            ],
            "hypervisor": "xen",
            "id": "ami-022db573829bf517a",
            "image_id": "ami-022db573829bf517a",
            "image_location": "amazon/amzn2-ami-hvm-2.0.20240131.0-x86_64-gp2",
            "image_owner_alias": "amazon",
            "image_type": "machine",
            "imds_support": "",
            "include_deprecated": false,
            "kernel_id": "",
            "most_recent": true,
            "name": "amzn2-ami-hvm-2.0.20240131.0-x86_64-gp2",
            "name_regex": null,
            "owner_id": "137112412989",
            "owners": [
              "amazon"
            ],
            "platform": "",
            "platform_details": "Linux/UNIX",
            "product_codes": [],
            "public": true,
            "ramdisk_id": "",
            "root_device_name": "/dev/xvda",
            "root_device_type": "ebs",
            "root_snapshot_id": "snap-0eebc63c0624a3d5b",
            "sriov_net_support": "simple",
            "state": "available",
            "state_reason": {
              "code": "UNSET",
              "message": "UNSET"
            },
            "tags": {},
            "timeouts": null,
            "tpm_support": "",
            "usage_operation": "RunInstances",
            "virtualization_type": "hvm"
          },
          "sensitive_attributes": []
        }
      ]
    },
    {
      "module": "module.ec2",
      "mode": "data",
      "type": "aws_ami",
      "name": "amazon_linux2_kernel_5",
      "provider": "provider[\"registry.terraform.io/hashicorp/aws\"]",
      "instances": [
        {
          "schema_version": 0,
          "attributes": {
            "architecture": "x86_64",
            "arn": "arn:aws:ec2:ap-northeast-2::image/ami-09296805c0d8f0af5",
            "block_device_mappings": [
              {
                "device_name": "/dev/xvda",
                "ebs": {
                  "delete_on_termination": "true",
                  "encrypted": "false",
                  "iops": "0",
                  "snapshot_id": "snap-028088d134f70248f",
                  "throughput": "0",
                  "volume_size": "8",
                  "volume_type": "gp2"
                },
                "no_device": "",
                "virtual_name": ""
              }
            ],
            "boot_mode": "",
            "creation_date": "2024-01-26T19:22:35.000Z",
            "deprecation_time": "2025-07-01T00:00:00.000Z",
            "description": "Amazon Linux 2 Kernel 5.10 AMI 2.0.20240131.0 x86_64 HVM gp2",
            "ena_support": true,
            "executable_users": null,
            "filter": [
              {
                "name": "name",
                "values": [
                  "amzn2-ami-kernel-5*"
                ]
              }
            ],
            "hypervisor": "xen",
            "id": "ami-09296805c0d8f0af5",
            "image_id": "ami-09296805c0d8f0af5",
            "image_location": "amazon/amzn2-ami-kernel-5.10-hvm-2.0.20240131.0-x86_64-gp2",
            "image_owner_alias": "amazon",
            "image_type": "machine",
            "imds_support": "",
            "include_deprecated": false,
            "kernel_id": "",
            "most_recent": true,
            "name": "amzn2-ami-kernel-5.10-hvm-2.0.20240131.0-x86_64-gp2",
            "name_regex": null,
            "owner_id": "137112412989",
            "owners": [
              "amazon"
            ],
            "platform": "",
            "platform_details": "Linux/UNIX",
            "product_codes": [],
            "public": true,
            "ramdisk_id": "",
            "root_device_name": "/dev/xvda",
            "root_device_type": "ebs",
            "root_snapshot_id": "snap-028088d134f70248f",
            "sriov_net_support": "simple",
            "state": "available",
            "state_reason": {
              "code": "UNSET",
              "message": "UNSET"
            },
            "tags": {},
            "timeouts": null,
            "tpm_support": "",
            "usage_operation": "RunInstances",
            "virtualization_type": "hvm"
          },
          "sensitive_attributes": []
        }
      ]
    },
    {
      "module": "module.ec2",
      "mode": "data",
      "type": "aws_ami",
      "name": "ubuntu",
      "provider": "provider[\"registry.terraform.io/hashicorp/aws\"]",
      "instances": [
        {
          "schema_version": 0,
          "attributes": {
            "architecture": "x86_64",
            "arn": "arn:aws:ec2:ap-northeast-2::image/ami-0382ac14e5f06eb95",
            "block_device_mappings": [
              {
                "device_name": "/dev/sda1",
                "ebs": {
                  "delete_on_termination": "true",
                  "encrypted": "false",
                  "iops": "0",
                  "snapshot_id": "snap-0f80f12179c3f0d2e",
                  "throughput": "0",
                  "volume_size": "8",
                  "volume_type": "gp2"
                },
                "no_device": "",
                "virtual_name": ""
              },
              {
                "device_name": "/dev/sdb",
                "ebs": {},
                "no_device": "",
                "virtual_name": "ephemeral0"
              },
              {
                "device_name": "/dev/sdc",
                "ebs": {},
                "no_device": "",
                "virtual_name": "ephemeral1"
              }
            ],
            "boot_mode": "legacy-bios",
            "creation_date": "2024-02-07T18:55:08.000Z",
            "deprecation_time": "2026-02-07T18:55:08.000Z",
            "description": "Canonical, Ubuntu, 22.04 LTS, amd64 jammy image build on 2024-02-07",
            "ena_support": true,
            "executable_users": null,
            "filter": [
              {
                "name": "name",
                "values": [
                  "ubuntu/images/hvm-ssd/ubuntu-jammy-22.04-amd64-server-*"
                ]
              },
              {
                "name": "virtualization-type",
                "values": [
                  "hvm"
                ]
              }
            ],
            "hypervisor": "xen",
            "id": "ami-0382ac14e5f06eb95",
            "image_id": "ami-0382ac14e5f06eb95",
            "image_location": "amazon/ubuntu/images/hvm-ssd/ubuntu-jammy-22.04-amd64-server-20240207.1",
            "image_owner_alias": "amazon",
            "image_type": "machine",
            "imds_support": "",
            "include_deprecated": false,
            "kernel_id": "",
            "most_recent": true,
            "name": "ubuntu/images/hvm-ssd/ubuntu-jammy-22.04-amd64-server-20240207.1",
            "name_regex": null,
            "owner_id": "099720109477",
            "owners": [
              "099720109477"
            ],
            "platform": "",
            "platform_details": "Linux/UNIX",
            "product_codes": [],
            "public": true,
            "ramdisk_id": "",
            "root_device_name": "/dev/sda1",
            "root_device_type": "ebs",
            "root_snapshot_id": "snap-0f80f12179c3f0d2e",
            "sriov_net_support": "simple",
            "state": "available",
            "state_reason": {
              "code": "UNSET",
              "message": "UNSET"
            },
            "tags": {},
            "timeouts": null,
            "tpm_support": "",
            "usage_operation": "RunInstances",
            "virtualization_type": "hvm"
          },
          "sensitive_attributes": []
        }
      ]
    },
    {
      "module": "module.ec2",
      "mode": "managed",
      "type": "aws_autoscaling_group",
      "name": "jsp_alb",
      "provider": "provider[\"registry.terraform.io/hashicorp/aws\"]",
      "instances": [
        {
          "schema_version": 1,
          "attributes": {
            "arn": "arn:aws:autoscaling:ap-northeast-2:057845469470:autoScalingGroup:00f54e0e-a8e9-46a0-8e2e-f6844f343853:autoScalingGroupName/jsp-default-asg",
            "availability_zones": [
              "ap-northeast-2a",
              "ap-northeast-2c"
            ],
            "capacity_rebalance": false,
            "context": "",
            "default_cooldown": 300,
            "default_instance_warmup": 0,
            "desired_capacity": 2,
            "desired_capacity_type": "",
            "enabled_metrics": null,
            "force_delete": false,
            "force_delete_warm_pool": false,
            "health_check_grace_period": 1800,
            "health_check_type": "ELB",
            "id": "jsp-default-asg",
            "ignore_failed_scaling_activities": false,
            "initial_lifecycle_hook": [],
            "instance_maintenance_policy": [],
            "instance_refresh": [],
            "launch_configuration": "jsp-lauchconfig-20240215071949835300000006",
            "launch_template": [],
            "load_balancers": [],
            "max_instance_lifetime": 0,
            "max_size": 2,
            "metrics_granularity": "1Minute",
            "min_elb_capacity": null,
            "min_size": 2,
            "mixed_instances_policy": [],
            "name": "jsp-default-asg",
            "name_prefix": "",
            "placement_group": "",
            "predicted_capacity": 0,
            "protect_from_scale_in": false,
            "service_linked_role_arn": "arn:aws:iam::057845469470:role/aws-service-role/autoscaling.amazonaws.com/AWSServiceRoleForAutoScaling",
            "suspended_processes": null,
            "tag": [
              {
                "key": "Name",
                "propagate_at_launch": true,
                "value": "jsp-default-alb"
              }
            ],
            "target_group_arns": [
              "arn:aws:elasticloadbalancing:ap-northeast-2:057845469470:targetgroup/jsp-default-web-lb-tg/60767adaf00e47d3"
            ],
            "termination_policies": null,
            "timeouts": null,
            "traffic_source": [
              {
                "identifier": "arn:aws:elasticloadbalancing:ap-northeast-2:057845469470:targetgroup/jsp-default-web-lb-tg/60767adaf00e47d3",
                "type": "elbv2"
              }
            ],
            "vpc_zone_identifier": [
              "subnet-08f0b59ff3bca5129",
              "subnet-0fccf2c535207f111"
            ],
            "wait_for_capacity_timeout": "10m",
            "wait_for_elb_capacity": null,
            "warm_pool": [],
            "warm_pool_size": 0
          },
          "sensitive_attributes": [],
          "private": "eyJlMmJmYjczMC1lY2FhLTExZTYtOGY4OC0zNDM2M2JjN2M0YzAiOnsiZGVsZXRlIjo2MDAwMDAwMDAwMDAsInVwZGF0ZSI6NjAwMDAwMDAwMDAwfSwic2NoZW1hX3ZlcnNpb24iOiIxIn0=",
          "dependencies": [
            "module.ec2.aws_launch_configuration.jsp_config",
            "module.ec2.data.aws_ami.ubuntu",
            "module.iam.aws_iam_instance_profile.private",
            "module.iam.aws_iam_role.jsp_private",
            "module.lb.aws_lb_target_group.web_lb_tg",
            "module.sg.aws_security_group.private",
            "module.vpc.aws_subnet.web_lb",
            "module.vpc.aws_vpc.vpc"
          ]
        }
      ]
    },
    {
      "module": "module.ec2",
      "mode": "managed",
      "type": "aws_autoscaling_policy",
      "name": "target-tracking-policy",
      "provider": "provider[\"registry.terraform.io/hashicorp/aws\"]",
      "instances": [
        {
          "schema_version": 0,
          "attributes": {
            "adjustment_type": "",
            "arn": "arn:aws:autoscaling:ap-northeast-2:057845469470:scalingPolicy:99e7199f-06ba-4724-a963-1ffe3a3d018f:autoScalingGroupName/jsp-default-asg:policyName/jsp-default-asg-policy",
            "autoscaling_group_name": "jsp-default-asg",
            "cooldown": 0,
            "enabled": true,
            "estimated_instance_warmup": 60,
            "id": "jsp-default-asg-policy",
            "metric_aggregation_type": "",
            "min_adjustment_magnitude": 0,
            "name": "jsp-default-asg-policy",
            "policy_type": "TargetTrackingScaling",
            "predictive_scaling_configuration": [],
            "scaling_adjustment": 0,
            "step_adjustment": [],
            "target_tracking_configuration": [
              {
                "customized_metric_specification": [],
                "disable_scale_in": false,
                "predefined_metric_specification": [
                  {
                    "predefined_metric_type": "ASGAverageCPUUtilization",
                    "resource_label": ""
                  }
                ],
                "target_value": 80
              }
            ]
          },
          "sensitive_attributes": [],
          "private": "bnVsbA==",
          "dependencies": [
            "module.ec2.aws_autoscaling_group.jsp_alb",
            "module.ec2.aws_launch_configuration.jsp_config",
            "module.ec2.data.aws_ami.ubuntu",
            "module.iam.aws_iam_instance_profile.private",
            "module.iam.aws_iam_role.jsp_private",
            "module.lb.aws_lb_target_group.web_lb_tg",
            "module.sg.aws_security_group.private",
            "module.vpc.aws_subnet.web_lb",
            "module.vpc.aws_vpc.vpc"
          ]
        }
      ]
    },
    {
      "module": "module.ec2",
      "mode": "managed",
      "type": "aws_eip",
      "name": "public",
      "provider": "provider[\"registry.terraform.io/hashicorp/aws\"]",
      "instances": [
        {
          "schema_version": 0,
          "attributes": {
            "address": null,
            "allocation_id": "eipalloc-00bec21841bafbede",
            "associate_with_private_ip": null,
            "association_id": "eipassoc-0bf2072935c0f37ed",
            "carrier_ip": "",
            "customer_owned_ip": "",
            "customer_owned_ipv4_pool": "",
            "domain": "vpc",
            "id": "eipalloc-00bec21841bafbede",
            "instance": "i-0f744ba8c4fc4646f",
            "network_border_group": "ap-northeast-2",
            "network_interface": "eni-08ffb39983d74222d",
            "private_dns": "ip-10-10-0-201.ap-northeast-2.compute.internal",
            "private_ip": "10.10.0.201",
            "public_dns": "ec2-52-78-55-211.ap-northeast-2.compute.amazonaws.com",
            "public_ip": "52.78.55.211",
            "public_ipv4_pool": "amazon",
            "tags": {
              "MadeBy": "jsp",
              "Name": "jsp-public-eip-2a"
            },
            "tags_all": {
              "MadeBy": "jsp",
              "Name": "jsp-public-eip-2a"
            },
            "timeouts": null,
            "vpc": true
          },
          "sensitive_attributes": [],
          "private": "eyJlMmJmYjczMC1lY2FhLTExZTYtOGY4OC0zNDM2M2JjN2M0YzAiOnsiZGVsZXRlIjoxODAwMDAwMDAwMDAsInJlYWQiOjkwMDAwMDAwMDAwMCwidXBkYXRlIjozMDAwMDAwMDAwMDB9fQ==",
          "dependencies": [
            "module.ec2.aws_instance.public",
            "module.ec2.data.aws_ami.amazon_linux-2",
            "module.sg.aws_security_group.public",
            "module.vpc.aws_subnet.public",
            "module.vpc.aws_vpc.vpc"
          ]
        }
      ]
    },
    {
      "module": "module.ec2",
      "mode": "managed",
      "type": "aws_instance",
      "name": "public",
      "provider": "provider[\"registry.terraform.io/hashicorp/aws\"]",
      "instances": [
        {
          "schema_version": 1,
          "attributes": {
            "ami": "ami-022db573829bf517a",
            "arn": "arn:aws:ec2:ap-northeast-2:057845469470:instance/i-0f744ba8c4fc4646f",
            "associate_public_ip_address": true,
            "availability_zone": "ap-northeast-2a",
            "capacity_reservation_specification": [
              {
                "capacity_reservation_preference": "open",
                "capacity_reservation_target": []
              }
            ],
            "cpu_core_count": 1,
            "cpu_options": [
              {
                "amd_sev_snp": "",
                "core_count": 1,
                "threads_per_core": 2
              }
            ],
            "cpu_threads_per_core": 2,
            "credit_specification": [
              {
                "cpu_credits": "unlimited"
              }
            ],
            "disable_api_stop": false,
            "disable_api_termination": true,
            "ebs_block_device": [],
            "ebs_optimized": false,
            "enclave_options": [
              {
                "enabled": false
              }
            ],
            "ephemeral_block_device": [],
            "get_password_data": false,
            "hibernation": false,
            "host_id": "",
            "host_resource_group_arn": null,
            "iam_instance_profile": "",
            "id": "i-0f744ba8c4fc4646f",
            "instance_initiated_shutdown_behavior": "stop",
            "instance_lifecycle": "",
            "instance_market_options": [],
            "instance_state": "running",
            "instance_type": "t3.small",
            "ipv6_address_count": 0,
            "ipv6_addresses": [],
            "key_name": "jsp-key",
            "launch_template": [],
            "maintenance_options": [
              {
                "auto_recovery": "default"
              }
            ],
            "metadata_options": [
              {
                "http_endpoint": "enabled",
                "http_protocol_ipv6": "disabled",
                "http_put_response_hop_limit": 1,
                "http_tokens": "optional",
                "instance_metadata_tags": "disabled"
              }
            ],
            "monitoring": false,
            "network_interface": [],
            "outpost_arn": "",
            "password_data": "",
            "placement_group": "",
            "placement_partition_number": 0,
            "primary_network_interface_id": "eni-08ffb39983d74222d",
            "private_dns": "ip-10-10-0-201.ap-northeast-2.compute.internal",
            "private_dns_name_options": [
              {
                "enable_resource_name_dns_a_record": false,
                "enable_resource_name_dns_aaaa_record": false,
                "hostname_type": "ip-name"
              }
            ],
            "private_ip": "10.10.0.201",
            "public_dns": "ec2-54-180-160-229.ap-northeast-2.compute.amazonaws.com",
            "public_ip": "54.180.160.229",
            "root_block_device": [
              {
                "delete_on_termination": true,
                "device_name": "/dev/xvda",
                "encrypted": false,
                "iops": 3000,
                "kms_key_id": "",
                "tags": null,
                "throughput": 125,
                "volume_id": "vol-09a8b2801cb9c4add",
                "volume_size": 8,
                "volume_type": "gp3"
              }
            ],
            "secondary_private_ips": [],
            "security_groups": [],
            "source_dest_check": true,
            "spot_instance_request_id": "",
            "subnet_id": "subnet-0e56c4c835b444bce",
            "tags": {
              "MadeBy": "jsp",
              "Name": "jsp-public-bastion"
            },
            "tags_all": {
              "MadeBy": "jsp",
              "Name": "jsp-public-bastion"
            },
            "tenancy": "default",
            "timeouts": null,
            "user_data": "5960c92fff5c39f0f5f4dd07eb433c41a928422f",
            "user_data_base64": null,
            "user_data_replace_on_change": false,
            "volume_tags": null,
            "vpc_security_group_ids": [
              "sg-02e0efa7e397b3bc1"
            ]
          },
          "sensitive_attributes": [],
          "private": "eyJlMmJmYjczMC1lY2FhLTExZTYtOGY4OC0zNDM2M2JjN2M0YzAiOnsiY3JlYXRlIjo2MDAwMDAwMDAwMDAsImRlbGV0ZSI6MTIwMDAwMDAwMDAwMCwidXBkYXRlIjo2MDAwMDAwMDAwMDB9LCJzY2hlbWFfdmVyc2lvbiI6IjEifQ==",
          "dependencies": [
            "module.ec2.data.aws_ami.amazon_linux-2",
            "module.sg.aws_security_group.public",
            "module.vpc.aws_subnet.public",
            "module.vpc.aws_vpc.vpc"
          ]
        }
      ]
    },
    {
      "module": "module.ec2",
      "mode": "managed",
      "type": "aws_key_pair",
      "name": "key_pair",
      "provider": "provider[\"registry.terraform.io/hashicorp/aws\"]",
      "instances": [
        {
          "schema_version": 1,
          "attributes": {
            "arn": "arn:aws:ec2:ap-northeast-2:057845469470:key-pair/jsp-key",
            "fingerprint": "a3:0a:78:83:9a:da:51:87:04:5a:c0:b1:98:42:85:d7",
            "id": "jsp-key",
            "key_name": "jsp-key",
            "key_name_prefix": "",
            "key_pair_id": "key-01887b186d71ba556",
            "key_type": "rsa",
            "public_key": "ssh-rsa AAAAB3NzaC1yc2EAAAADAQABAAACAQDLJGq7XH9s8Ap51ar7Xwy4giPxjwMy2och0ppZBexbwLu+5w0/bHIfGo6znfg4BFo3k3PUN7byQCOCz1pbzvQCvZ5Kh7ZOmn+7kYXad7Y9DE4ASxY5lRLUsKbC2yYsMik+vPGoVZ9KXKjwotum18DcrG7bB0u4+pK240CdLfJJImEmZWZFOA/WIHS+8fNddRFM33DJE/LakRkf4tQg1ucBdjzPni6Fu/HeSDzF+fCH/Zmhg39Sk8jdpt2+k+R26p4PtAUZi3wP4H9QMr2lw/hqovKgiF4RugHRnnj8UiySHWo/j10tCJp/Ip7IzUcM4LDSzLNudfcpJzGDPW60FuYPgFoyHX05bDxKlyL9Kw/YhVbzqWXKzJPyjnBNgLEPz+mO15qb68hBRdFQwBHbBuIUz0cSVJUOCoJXm0jJtdH5Hq7xI3NgekBhoEyKjHzfrzvylgdx1BgBNO3ZnCHanIds6h/GzDpupaHFGtS7+vfAoFZr6VMBa9qqkvnz+C7DyLtkrDWh8ImFgr4mbpltTGr2oGFNM022W3QOAsoYjs0Muz3mNvDt1/5Nx3XK8Ry3o6bVzI3hO37xJO98phyObm97azbOo7pLjHTqU01wD8qNyfs0MW2vDVGxlTke7CrrjzEWQVpAkIsHLKwfRZdept0I+r2F7x5CnST46P8k0+gWcw==",
            "tags": null,
            "tags_all": {}
          },
          "sensitive_attributes": [],
          "private": "eyJzY2hlbWFfdmVyc2lvbiI6IjEifQ==",
          "dependencies": [
            "module.ec2.tls_private_key.key_pair"
          ]
        }
      ]
    },
    {
      "module": "module.ec2",
      "mode": "managed",
      "type": "aws_launch_configuration",
      "name": "jsp_config",
      "provider": "provider[\"registry.terraform.io/hashicorp/aws\"]",
      "instances": [
        {
          "schema_version": 0,
          "attributes": {
            "arn": "arn:aws:autoscaling:ap-northeast-2:057845469470:launchConfiguration:43350e8c-2cff-4550-b147-e3ed333e7a3b:launchConfigurationName/jsp-lauchconfig-20240215071949835300000006",
            "associate_public_ip_address": false,
            "ebs_block_device": [],
            "ebs_optimized": false,
            "enable_monitoring": true,
            "ephemeral_block_device": [],
            "iam_instance_profile": "jsp-private",
            "id": "jsp-lauchconfig-20240215071949835300000006",
            "image_id": "ami-0382ac14e5f06eb95",
            "instance_type": "t3.medium",
            "key_name": "jsp-key",
            "metadata_options": [],
            "name": "jsp-lauchconfig-20240215071949835300000006",
            "name_prefix": "jsp-lauchconfig-",
            "placement_tenancy": "",
            "root_block_device": [
              {
                "delete_on_termination": true,
                "encrypted": false,
                "iops": 0,
                "throughput": 0,
                "volume_size": 30,
                "volume_type": "gp3"
              }
            ],
            "security_groups": [
              "sg-0387b02ba59985650"
            ],
            "spot_price": "",
            "user_data": "947094f4ccf26b269efa593372bdb3ddc3f8440f",
            "user_data_base64": null
          },
          "sensitive_attributes": [],
          "private": "bnVsbA==",
          "dependencies": [
            "module.ec2.data.aws_ami.ubuntu",
            "module.iam.aws_iam_instance_profile.private",
            "module.iam.aws_iam_role.jsp_private",
            "module.sg.aws_security_group.private",
            "module.vpc.aws_vpc.vpc"
          ],
          "create_before_destroy": true
        }
      ]
    },
    {
      "module": "module.ec2",
      "mode": "managed",
      "type": "local_file",
      "name": "ssh_key",
      "provider": "provider[\"registry.terraform.io/hashicorp/local\"]",
      "instances": [
        {
          "schema_version": 0,
          "attributes": {
            "content": "-----BEGIN RSA PRIVATE KEY-----\nMIIJKQIBAAKCAgEAyyRqu1x/bPAKedWq+18MuIIj8Y8DMtqHIdKaWQXsW8C7vucN\nP2xyHxqOs534OARaN5Nz1De28kAjgs9aW870Ar2eSoe2Tpp/u5GF2ne2PQxOAEsW\nOZUS1LCmwtsmLDIpPrzxqFWfSlyo8KLbptfA3Kxu2wdLuPqStuNAnS3ySSJhJmVm\nRTgP1iB0vvHzXXURTN9wyRPy2pEZH+LUINbnAXY8z54uhbvx3kg8xfnwh/2ZoYN/\nUpPI3abdvpPkduqeD7QFGYt8D+B/UDK9pcP4aqLyoIheEboB0Z54/FIskh1qP49d\nLQiafyKeyM1HDOCw0syzbnX3KScxgz1utBbmD4BaMh19OWw8Spci/SsP2IVW86ll\nysyT8o5wTYCxD8/pjteam+vIQUXRUMAR2wbiFM9HElSVDgqCV5tIybXR+R6u8SNz\nYHpAYaBMiox836878pYHcdQYATTt2Zwh2pyHbOofxsw6bqWhxRrUu/r3wKBWa+lT\nAWvaqpL58/guw8i7ZKw1ofCJhYK+Jm6ZbUxq9qBhTTNNtlt0DgLKGI7NDLs95jbw\n7df+Tcd1yvEct6Om1cyN4Tt+8STvfKYcjm5ve2s2zqO6S4x06lNNcA/Kjcn7NDFt\nrw1RsZU5Huwq648xFkFaQJCLByysH0WXXqbdCPq9he8eQp0k+Oj/JNPoFnMCAwEA\nAQKCAgBJEXdGn1XCRHEwM5fFxQGZWE4/c/Ztk0bp9ovIG6ZRtniRiSAtwP8nivDr\nUJXY6E/fD62pFsU6S7G6OoVA4qbIWZYXLst3aIErYYOo+khVmxhvaJK88Y8Na+D/\n073eRciqJWIy72FVaRDnRV0GnTJk7a0OIYiuJ4sgN4ulPcKZZcFWA0EPAsRHe/Mi\nP3sPEa3AXdp+qStATNKhsoAks8fxsarb7wTC28B6+LbLa0SGVcSt4NOqSzgD6iJ2\ni1GxKGDkOxdegdqFB3YjzayDdILlMGlfLs3PSH2g/YR9Fb2sbOIrrJCSQzb3JefB\nSH0W97cCi9i6kbnuVoersiwgoN/s7VEqaOV7erqbShaJpPJjx4XMu5X1mEBO9L2l\nmBVLGywpCqQtRbnYr6Re2zFkY8vFd/53VzawexGXR2eHwsjjyId7m0gVSa9B2+NL\n+EactZ3EOYfdRMbAD4Jxj4hrF8QNNtWRCUKlrIOb38RpJ8cD74ZsVfRqQvNkNn+X\nN84Oaxjr4ADFAHEI55lRrzt2zxBDrbZQ/it/2X5KENQ/8NmDxWpwcz318t0HU5j/\noR5xkgEq8qbA4670XVkdcANCHzdIA+dkewB/LP0Qt9rB4OSzjczjXumA8vBtHay7\nq2XZI9zFbYNuN6D8+TIE8cdvdCLpMFPf3c8SyHRG7wGtwhgqiQKCAQEA3CF5whD4\nw+2JnK/QXsqj2u9VyVsTHqkWX4R5UD1cl7vbFwmaT1KB2WB6eW6sar/g6aQcRvaa\nyLDX7ytITKUROuF6M6cVQqrBxRnB6BlBE5eEm/zyri7vauAcptL3T+ibLa2BOsXE\ntgw8oa0ZbDQbRMuK04esQ6lVBng4y/kSQK4dn8Wz9aYpd+1qj1XYJItfDD535lGi\nx3aD2Dd/EAWVWzC8mPJD5omQa8E5MUSz8iKLEcLR2gLHLFOIHh4FMzl7TLTGBRXl\nZB770oC0IoUhyFudF9sGqfwm5IYTser96JRwHdzsBaSbDfTMl+PMS6cbguCnhHaI\n1VrIf49kyl/kvwKCAQEA7D5IiwikQxIlBdrKwrEJVe4oMXvEVC7qrkH0d7+QrhIM\n8lL0MH1d7dt8i6Nvtn0hMCANcCDslhnjDRiYVSdRUusDStnDxnN/LWJfkQqXJQ7e\neJRSVVBImKWGoyoLXAHck1VPUn5Z/pmqn54QFqFgEM/O9LT4RLmzLxeZwKaGdaE7\nnSu1MQClFvyjJifbXrnTARJUUs+jO5FWLcMUomUGjXncTyL/ujC44Iz+U0FLIr6n\nR4/u2cgYgVGtCgtvpq/S+P5U6rzU9Kafrtcpl/47AxAeVE3y5JLSz0K/umxcck0C\no9gUDlL7Zz0MzugnGQ8kuIAGjB15FRb8aWLtW6T3TQKCAQBMVlOKCCask0hgjNu+\ns5klCFCAllPIEy0ODLuhJtZgTCYLFCpuDZe4EWwHhmjGUCon++BOf6BnrmQDrcfR\nxIB4Ic8l8HBAAUVXG7qRyYg2yhmTmqFx5BbkwjlNZOWc0XZW3c9t2T2BQDcafhPN\n4Tf/oHJRLsB/ak5xAun3WjWJNphRWtcwfeHtk+ibMlLVQXvBnDwqI+9GKoRIS96F\naNpFmF4e0AzZ+qSZqZUyz7dzZaVCkIQDjWkSpxkSEKkO/YUTsbDl/JTjJpd/hWBy\nhCaV+6c7qZnjAu1d3F0iGvLYX/mNcZprzoxyx4zXs4iaR6YTueJ93jlPe78B9XEn\neR+zAoIBAQCnb6lYqSJKyyRkVuKYRIN6XNYt5CuNAsegA+zxplszlGWKphKd/2zA\nNWy7R3XY4CzSgBUmIJ+t7uEGmiT1TW2NGDX4KglgsOE1WGClWt0vDa/NxEnqX4Fk\ndwTKxfTRHByqa69Rp22/Tkgo4w1CDNQadj6XH2BKzVbbDJ4TdbMc0c5/ocfE2FEp\nzpsPYvZO1+NeAhCztKhbgrGSs43/XxzazsC/ce3Pl9KgjC2A8mj/UiMbTD8cKX58\nwVekI+DZQgqEITYsPPOuBh5s++Bl8nD+xcDJPYnmSM2Syhs7VKvc8wno+C+Wy2eV\njyZxywZS83GyNkLtscHsmaMCSnQyHOSNAoIBAQCwSnoUgJXxbC+s2Vu8clyHADlM\n2B7PMS9PVchs+atYdE/Qnrv2rmtElKjzqWCJbulfaMuBTOjbC5tLsI+OvvZIZTW+\nNnq2jfHjifpXZnKvSxU9OVK4hnicoXWdx7ga6AtIPIiKopqLpus+k6V7dqgtMoAx\nyNMxo0tD/7bnnKCtpTsArjz+n7Y38+NVGq6gjx95DGX7J4org5Yn9B/kXLOqYtZx\nCMEGQ1GOH0nqrVcSkGxkoqARGdDXXbowWs+nLTEK/vWGvd0kXsd68Kz6QS2lJh9l\nJafTbcMIyzJGmjrg+U4szubUB7ededlE4zP4BIjXISRvDvDw2eNwhRQQdcZP\n-----END RSA PRIVATE KEY-----\n",
            "content_base64": null,
            "content_base64sha256": "QlaMv5VIvepoz9Dd9/CNFzBSvMzSYRBbRLvhF7VJHlU=",
            "content_base64sha512": "Eoj1yZuFXbQXnvG647qr64+yEH2nkl84EN+qa1gu7AZoVC6yMFHm5VxASAMwZBoMpNjKsJe/ViTx44gQslZC/w==",
            "content_md5": "069e7b02bede5623387fbe7934ca8acc",
            "content_sha1": "785a996b749afc2b2ae4b8a7b3b0aaeb784a6679",
            "content_sha256": "42568cbf9548bdea68cfd0ddf7f08d173052bcccd261105b44bbe117b5491e55",
            "content_sha512": "1288f5c99b855db4179ef1bae3baabeb8fb2107da7925f3810dfaa6b582eec0668542eb23051e6e55c40480330641a0ca4d8cab097bf5624f1e38810b25642ff",
            "directory_permission": "0777",
            "file_permission": "0777",
            "filename": "ec2/jsp-key.pem",
            "id": "785a996b749afc2b2ae4b8a7b3b0aaeb784a6679",
            "sensitive_content": null,
            "source": null
          },
          "sensitive_attributes": [
            [
              {
                "type": "get_attr",
                "value": "content"
              }
            ]
          ],
          "dependencies": [
            "module.ec2.aws_key_pair.key_pair",
            "module.ec2.tls_private_key.key_pair"
          ]
        }
      ]
    },
    {
      "module": "module.ec2",
      "mode": "managed",
      "type": "tls_private_key",
      "name": "key_pair",
      "provider": "provider[\"registry.terraform.io/hashicorp/tls\"]",
      "instances": [
        {
          "schema_version": 1,
          "attributes": {
            "algorithm": "RSA",
            "ecdsa_curve": "P224",
            "id": "d4f62b7a627cee1dc18b30826753a31ce8491c61",
            "private_key_openssh": "-----BEGIN OPENSSH PRIVATE KEY-----\nb3BlbnNzaC1rZXktdjEAAAAABG5vbmUAAAAEbm9uZQAAAAAAAAABAAACFwAAAAdz\nc2gtcnNhAAAAAwEAAQAAAgEAyyRqu1x/bPAKedWq+18MuIIj8Y8DMtqHIdKaWQXs\nW8C7vucNP2xyHxqOs534OARaN5Nz1De28kAjgs9aW870Ar2eSoe2Tpp/u5GF2ne2\nPQxOAEsWOZUS1LCmwtsmLDIpPrzxqFWfSlyo8KLbptfA3Kxu2wdLuPqStuNAnS3y\nSSJhJmVmRTgP1iB0vvHzXXURTN9wyRPy2pEZH+LUINbnAXY8z54uhbvx3kg8xfnw\nh/2ZoYN/UpPI3abdvpPkduqeD7QFGYt8D+B/UDK9pcP4aqLyoIheEboB0Z54/FIs\nkh1qP49dLQiafyKeyM1HDOCw0syzbnX3KScxgz1utBbmD4BaMh19OWw8Spci/SsP\n2IVW86llysyT8o5wTYCxD8/pjteam+vIQUXRUMAR2wbiFM9HElSVDgqCV5tIybXR\n+R6u8SNzYHpAYaBMiox836878pYHcdQYATTt2Zwh2pyHbOofxsw6bqWhxRrUu/r3\nwKBWa+lTAWvaqpL58/guw8i7ZKw1ofCJhYK+Jm6ZbUxq9qBhTTNNtlt0DgLKGI7N\nDLs95jbw7df+Tcd1yvEct6Om1cyN4Tt+8STvfKYcjm5ve2s2zqO6S4x06lNNcA/K\njcn7NDFtrw1RsZU5Huwq648xFkFaQJCLByysH0WXXqbdCPq9he8eQp0k+Oj/JNPo\nFnMAAAc4ZKYh02SmIdMAAAAHc3NoLXJzYQAAAgEAyyRqu1x/bPAKedWq+18MuIIj\n8Y8DMtqHIdKaWQXsW8C7vucNP2xyHxqOs534OARaN5Nz1De28kAjgs9aW870Ar2e\nSoe2Tpp/u5GF2ne2PQxOAEsWOZUS1LCmwtsmLDIpPrzxqFWfSlyo8KLbptfA3Kxu\n2wdLuPqStuNAnS3ySSJhJmVmRTgP1iB0vvHzXXURTN9wyRPy2pEZH+LUINbnAXY8\nz54uhbvx3kg8xfnwh/2ZoYN/UpPI3abdvpPkduqeD7QFGYt8D+B/UDK9pcP4aqLy\noIheEboB0Z54/FIskh1qP49dLQiafyKeyM1HDOCw0syzbnX3KScxgz1utBbmD4Ba\nMh19OWw8Spci/SsP2IVW86llysyT8o5wTYCxD8/pjteam+vIQUXRUMAR2wbiFM9H\nElSVDgqCV5tIybXR+R6u8SNzYHpAYaBMiox836878pYHcdQYATTt2Zwh2pyHbOof\nxsw6bqWhxRrUu/r3wKBWa+lTAWvaqpL58/guw8i7ZKw1ofCJhYK+Jm6ZbUxq9qBh\nTTNNtlt0DgLKGI7NDLs95jbw7df+Tcd1yvEct6Om1cyN4Tt+8STvfKYcjm5ve2s2\nzqO6S4x06lNNcA/Kjcn7NDFtrw1RsZU5Huwq648xFkFaQJCLByysH0WXXqbdCPq9\nhe8eQp0k+Oj/JNPoFnMAAAADAQABAAACAEkRd0afVcJEcTAzl8XFAZlYTj9z9m2T\nRun2i8gbplG2eJGJIC3A/yeK8OtQldjoT98PrakWxTpLsbo6hUDipshZlhcuy3do\ngSthg6j6SFWbGG9okrzxjw1r4P/Tvd5FyKolYjLvYVVpEOdFXQadMmTtrQ4hiK4n\niyA3i6U9wpllwVYDQQ8CxEd78yI/ew8RrcBd2n6pK0BM0qGygCSzx/GxqtvvBMLb\nwHr4tstrRIZVxK3g06pLOAPqInaLUbEoYOQ7F16B2oUHdiPNrIN0guUwaV8uzc9I\nfaD9hH0Vvaxs4iuskJJDNvcl58FIfRb3twKL2LqRue5Wh6uyLCCg3+ztUSpo5Xt6\nuptKFomk8mPHhcy7lfWYQE70vaWYFUsbLCkKpC1FudivpF7bMWRjy8V3/ndXNrB7\nEZdHZ4fCyOPIh3ubSBVJr0Hb40v4Rpy1ncQ5h91ExsAPgnGPiGsXxA021ZEJQqWs\ng5vfxGknxwPvhmxV9GpC82Q2f5c3zg5rGOvgAMUAcQjnmVGvO3bPEEOttlD+K3/Z\nfkoQ1D/w2YPFanBzPfXy3QdTmP+hHnGSASrypsDjrvRdWR1wA0IfN0gD52R7AH8s\n/RC32sHg5LONzONe6YDy8G0drLurZdkj3MVtg243oPz5MgTxx290IukwU9/dzxLI\ndEbvAa3CGCqJAAABAQCwSnoUgJXxbC+s2Vu8clyHADlM2B7PMS9PVchs+atYdE/Q\nnrv2rmtElKjzqWCJbulfaMuBTOjbC5tLsI+OvvZIZTW+Nnq2jfHjifpXZnKvSxU9\nOVK4hnicoXWdx7ga6AtIPIiKopqLpus+k6V7dqgtMoAxyNMxo0tD/7bnnKCtpTsA\nrjz+n7Y38+NVGq6gjx95DGX7J4org5Yn9B/kXLOqYtZxCMEGQ1GOH0nqrVcSkGxk\noqARGdDXXbowWs+nLTEK/vWGvd0kXsd68Kz6QS2lJh9lJafTbcMIyzJGmjrg+U4s\nzubUB7ededlE4zP4BIjXISRvDvDw2eNwhRQQdcZPAAABAQDcIXnCEPjD7Ymcr9Be\nyqPa71XJWxMeqRZfhHlQPVyXu9sXCZpPUoHZYHp5bqxqv+DppBxG9prIsNfvK0hM\npRE64XozpxVCqsHFGcHoGUETl4Sb/PKuLu9q4Bym0vdP6JstrYE6xcS2DDyhrRls\nNBtEy4rTh6xDqVUGeDjL+RJArh2fxbP1pil37WqPVdgki18MPnfmUaLHdoPYN38Q\nBZVbMLyY8kPmiZBrwTkxRLPyIosRwtHaAscsU4geHgUzOXtMtMYFFeVkHvvSgLQi\nhSHIW50X2wap/CbkhhOx6v3olHAd3OwFpJsN9MyX48xLpxuC4KeEdojVWsh/j2TK\nX+S/AAABAQDsPkiLCKRDEiUF2srCsQlV7igxe8RULuquQfR3v5CuEgzyUvQwfV3t\n23yLo2+2fSEwIA1wIOyWGeMNGJhVJ1FS6wNK2cPGc38tYl+RCpclDt54lFJVUEiY\npYajKgtcAdyTVU9Sfln+maqfnhAWoWAQz870tPhEubMvF5nApoZ1oTudK7UxAKUW\n/KMmJ9teudMBElRSz6M7kVYtwxSiZQaNedxPIv+6MLjgjP5TQUsivqdHj+7ZyBiB\nUa0KC2+mr9L4/lTqvNT0pp+u1ymX/jsDEB5UTfLkktLPQr+6bFxyTQKj2BQOUvtn\nPQzO6CcZDyS4gAaMHXkVFvxpYu1bpPdNAAAAAAEC\n-----END OPENSSH PRIVATE KEY-----\n",
            "private_key_pem": "-----BEGIN RSA PRIVATE KEY-----\nMIIJKQIBAAKCAgEAyyRqu1x/bPAKedWq+18MuIIj8Y8DMtqHIdKaWQXsW8C7vucN\nP2xyHxqOs534OARaN5Nz1De28kAjgs9aW870Ar2eSoe2Tpp/u5GF2ne2PQxOAEsW\nOZUS1LCmwtsmLDIpPrzxqFWfSlyo8KLbptfA3Kxu2wdLuPqStuNAnS3ySSJhJmVm\nRTgP1iB0vvHzXXURTN9wyRPy2pEZH+LUINbnAXY8z54uhbvx3kg8xfnwh/2ZoYN/\nUpPI3abdvpPkduqeD7QFGYt8D+B/UDK9pcP4aqLyoIheEboB0Z54/FIskh1qP49d\nLQiafyKeyM1HDOCw0syzbnX3KScxgz1utBbmD4BaMh19OWw8Spci/SsP2IVW86ll\nysyT8o5wTYCxD8/pjteam+vIQUXRUMAR2wbiFM9HElSVDgqCV5tIybXR+R6u8SNz\nYHpAYaBMiox836878pYHcdQYATTt2Zwh2pyHbOofxsw6bqWhxRrUu/r3wKBWa+lT\nAWvaqpL58/guw8i7ZKw1ofCJhYK+Jm6ZbUxq9qBhTTNNtlt0DgLKGI7NDLs95jbw\n7df+Tcd1yvEct6Om1cyN4Tt+8STvfKYcjm5ve2s2zqO6S4x06lNNcA/Kjcn7NDFt\nrw1RsZU5Huwq648xFkFaQJCLByysH0WXXqbdCPq9he8eQp0k+Oj/JNPoFnMCAwEA\nAQKCAgBJEXdGn1XCRHEwM5fFxQGZWE4/c/Ztk0bp9ovIG6ZRtniRiSAtwP8nivDr\nUJXY6E/fD62pFsU6S7G6OoVA4qbIWZYXLst3aIErYYOo+khVmxhvaJK88Y8Na+D/\n073eRciqJWIy72FVaRDnRV0GnTJk7a0OIYiuJ4sgN4ulPcKZZcFWA0EPAsRHe/Mi\nP3sPEa3AXdp+qStATNKhsoAks8fxsarb7wTC28B6+LbLa0SGVcSt4NOqSzgD6iJ2\ni1GxKGDkOxdegdqFB3YjzayDdILlMGlfLs3PSH2g/YR9Fb2sbOIrrJCSQzb3JefB\nSH0W97cCi9i6kbnuVoersiwgoN/s7VEqaOV7erqbShaJpPJjx4XMu5X1mEBO9L2l\nmBVLGywpCqQtRbnYr6Re2zFkY8vFd/53VzawexGXR2eHwsjjyId7m0gVSa9B2+NL\n+EactZ3EOYfdRMbAD4Jxj4hrF8QNNtWRCUKlrIOb38RpJ8cD74ZsVfRqQvNkNn+X\nN84Oaxjr4ADFAHEI55lRrzt2zxBDrbZQ/it/2X5KENQ/8NmDxWpwcz318t0HU5j/\noR5xkgEq8qbA4670XVkdcANCHzdIA+dkewB/LP0Qt9rB4OSzjczjXumA8vBtHay7\nq2XZI9zFbYNuN6D8+TIE8cdvdCLpMFPf3c8SyHRG7wGtwhgqiQKCAQEA3CF5whD4\nw+2JnK/QXsqj2u9VyVsTHqkWX4R5UD1cl7vbFwmaT1KB2WB6eW6sar/g6aQcRvaa\nyLDX7ytITKUROuF6M6cVQqrBxRnB6BlBE5eEm/zyri7vauAcptL3T+ibLa2BOsXE\ntgw8oa0ZbDQbRMuK04esQ6lVBng4y/kSQK4dn8Wz9aYpd+1qj1XYJItfDD535lGi\nx3aD2Dd/EAWVWzC8mPJD5omQa8E5MUSz8iKLEcLR2gLHLFOIHh4FMzl7TLTGBRXl\nZB770oC0IoUhyFudF9sGqfwm5IYTser96JRwHdzsBaSbDfTMl+PMS6cbguCnhHaI\n1VrIf49kyl/kvwKCAQEA7D5IiwikQxIlBdrKwrEJVe4oMXvEVC7qrkH0d7+QrhIM\n8lL0MH1d7dt8i6Nvtn0hMCANcCDslhnjDRiYVSdRUusDStnDxnN/LWJfkQqXJQ7e\neJRSVVBImKWGoyoLXAHck1VPUn5Z/pmqn54QFqFgEM/O9LT4RLmzLxeZwKaGdaE7\nnSu1MQClFvyjJifbXrnTARJUUs+jO5FWLcMUomUGjXncTyL/ujC44Iz+U0FLIr6n\nR4/u2cgYgVGtCgtvpq/S+P5U6rzU9Kafrtcpl/47AxAeVE3y5JLSz0K/umxcck0C\no9gUDlL7Zz0MzugnGQ8kuIAGjB15FRb8aWLtW6T3TQKCAQBMVlOKCCask0hgjNu+\ns5klCFCAllPIEy0ODLuhJtZgTCYLFCpuDZe4EWwHhmjGUCon++BOf6BnrmQDrcfR\nxIB4Ic8l8HBAAUVXG7qRyYg2yhmTmqFx5BbkwjlNZOWc0XZW3c9t2T2BQDcafhPN\n4Tf/oHJRLsB/ak5xAun3WjWJNphRWtcwfeHtk+ibMlLVQXvBnDwqI+9GKoRIS96F\naNpFmF4e0AzZ+qSZqZUyz7dzZaVCkIQDjWkSpxkSEKkO/YUTsbDl/JTjJpd/hWBy\nhCaV+6c7qZnjAu1d3F0iGvLYX/mNcZprzoxyx4zXs4iaR6YTueJ93jlPe78B9XEn\neR+zAoIBAQCnb6lYqSJKyyRkVuKYRIN6XNYt5CuNAsegA+zxplszlGWKphKd/2zA\nNWy7R3XY4CzSgBUmIJ+t7uEGmiT1TW2NGDX4KglgsOE1WGClWt0vDa/NxEnqX4Fk\ndwTKxfTRHByqa69Rp22/Tkgo4w1CDNQadj6XH2BKzVbbDJ4TdbMc0c5/ocfE2FEp\nzpsPYvZO1+NeAhCztKhbgrGSs43/XxzazsC/ce3Pl9KgjC2A8mj/UiMbTD8cKX58\nwVekI+DZQgqEITYsPPOuBh5s++Bl8nD+xcDJPYnmSM2Syhs7VKvc8wno+C+Wy2eV\njyZxywZS83GyNkLtscHsmaMCSnQyHOSNAoIBAQCwSnoUgJXxbC+s2Vu8clyHADlM\n2B7PMS9PVchs+atYdE/Qnrv2rmtElKjzqWCJbulfaMuBTOjbC5tLsI+OvvZIZTW+\nNnq2jfHjifpXZnKvSxU9OVK4hnicoXWdx7ga6AtIPIiKopqLpus+k6V7dqgtMoAx\nyNMxo0tD/7bnnKCtpTsArjz+n7Y38+NVGq6gjx95DGX7J4org5Yn9B/kXLOqYtZx\nCMEGQ1GOH0nqrVcSkGxkoqARGdDXXbowWs+nLTEK/vWGvd0kXsd68Kz6QS2lJh9l\nJafTbcMIyzJGmjrg+U4szubUB7ededlE4zP4BIjXISRvDvDw2eNwhRQQdcZP\n-----END RSA PRIVATE KEY-----\n",
            "private_key_pem_pkcs8": "-----BEGIN PRIVATE KEY-----\nMIIJQwIBADANBgkqhkiG9w0BAQEFAASCCS0wggkpAgEAAoICAQDLJGq7XH9s8Ap5\n1ar7Xwy4giPxjwMy2och0ppZBexbwLu+5w0/bHIfGo6znfg4BFo3k3PUN7byQCOC\nz1pbzvQCvZ5Kh7ZOmn+7kYXad7Y9DE4ASxY5lRLUsKbC2yYsMik+vPGoVZ9KXKjw\notum18DcrG7bB0u4+pK240CdLfJJImEmZWZFOA/WIHS+8fNddRFM33DJE/LakRkf\n4tQg1ucBdjzPni6Fu/HeSDzF+fCH/Zmhg39Sk8jdpt2+k+R26p4PtAUZi3wP4H9Q\nMr2lw/hqovKgiF4RugHRnnj8UiySHWo/j10tCJp/Ip7IzUcM4LDSzLNudfcpJzGD\nPW60FuYPgFoyHX05bDxKlyL9Kw/YhVbzqWXKzJPyjnBNgLEPz+mO15qb68hBRdFQ\nwBHbBuIUz0cSVJUOCoJXm0jJtdH5Hq7xI3NgekBhoEyKjHzfrzvylgdx1BgBNO3Z\nnCHanIds6h/GzDpupaHFGtS7+vfAoFZr6VMBa9qqkvnz+C7DyLtkrDWh8ImFgr4m\nbpltTGr2oGFNM022W3QOAsoYjs0Muz3mNvDt1/5Nx3XK8Ry3o6bVzI3hO37xJO98\nphyObm97azbOo7pLjHTqU01wD8qNyfs0MW2vDVGxlTke7CrrjzEWQVpAkIsHLKwf\nRZdept0I+r2F7x5CnST46P8k0+gWcwIDAQABAoICAEkRd0afVcJEcTAzl8XFAZlY\nTj9z9m2TRun2i8gbplG2eJGJIC3A/yeK8OtQldjoT98PrakWxTpLsbo6hUDipshZ\nlhcuy3dogSthg6j6SFWbGG9okrzxjw1r4P/Tvd5FyKolYjLvYVVpEOdFXQadMmTt\nrQ4hiK4niyA3i6U9wpllwVYDQQ8CxEd78yI/ew8RrcBd2n6pK0BM0qGygCSzx/Gx\nqtvvBMLbwHr4tstrRIZVxK3g06pLOAPqInaLUbEoYOQ7F16B2oUHdiPNrIN0guUw\naV8uzc9IfaD9hH0Vvaxs4iuskJJDNvcl58FIfRb3twKL2LqRue5Wh6uyLCCg3+zt\nUSpo5Xt6uptKFomk8mPHhcy7lfWYQE70vaWYFUsbLCkKpC1FudivpF7bMWRjy8V3\n/ndXNrB7EZdHZ4fCyOPIh3ubSBVJr0Hb40v4Rpy1ncQ5h91ExsAPgnGPiGsXxA02\n1ZEJQqWsg5vfxGknxwPvhmxV9GpC82Q2f5c3zg5rGOvgAMUAcQjnmVGvO3bPEEOt\ntlD+K3/ZfkoQ1D/w2YPFanBzPfXy3QdTmP+hHnGSASrypsDjrvRdWR1wA0IfN0gD\n52R7AH8s/RC32sHg5LONzONe6YDy8G0drLurZdkj3MVtg243oPz5MgTxx290Iukw\nU9/dzxLIdEbvAa3CGCqJAoIBAQDcIXnCEPjD7Ymcr9BeyqPa71XJWxMeqRZfhHlQ\nPVyXu9sXCZpPUoHZYHp5bqxqv+DppBxG9prIsNfvK0hMpRE64XozpxVCqsHFGcHo\nGUETl4Sb/PKuLu9q4Bym0vdP6JstrYE6xcS2DDyhrRlsNBtEy4rTh6xDqVUGeDjL\n+RJArh2fxbP1pil37WqPVdgki18MPnfmUaLHdoPYN38QBZVbMLyY8kPmiZBrwTkx\nRLPyIosRwtHaAscsU4geHgUzOXtMtMYFFeVkHvvSgLQihSHIW50X2wap/CbkhhOx\n6v3olHAd3OwFpJsN9MyX48xLpxuC4KeEdojVWsh/j2TKX+S/AoIBAQDsPkiLCKRD\nEiUF2srCsQlV7igxe8RULuquQfR3v5CuEgzyUvQwfV3t23yLo2+2fSEwIA1wIOyW\nGeMNGJhVJ1FS6wNK2cPGc38tYl+RCpclDt54lFJVUEiYpYajKgtcAdyTVU9Sfln+\nmaqfnhAWoWAQz870tPhEubMvF5nApoZ1oTudK7UxAKUW/KMmJ9teudMBElRSz6M7\nkVYtwxSiZQaNedxPIv+6MLjgjP5TQUsivqdHj+7ZyBiBUa0KC2+mr9L4/lTqvNT0\npp+u1ymX/jsDEB5UTfLkktLPQr+6bFxyTQKj2BQOUvtnPQzO6CcZDyS4gAaMHXkV\nFvxpYu1bpPdNAoIBAExWU4oIJqyTSGCM276zmSUIUICWU8gTLQ4Mu6Em1mBMJgsU\nKm4Nl7gRbAeGaMZQKif74E5/oGeuZAOtx9HEgHghzyXwcEABRVcbupHJiDbKGZOa\noXHkFuTCOU1k5ZzRdlbdz23ZPYFANxp+E83hN/+gclEuwH9qTnEC6fdaNYk2mFFa\n1zB94e2T6JsyUtVBe8GcPCoj70YqhEhL3oVo2kWYXh7QDNn6pJmplTLPt3NlpUKQ\nhAONaRKnGRIQqQ79hROxsOX8lOMml3+FYHKEJpX7pzupmeMC7V3cXSIa8thf+Y1x\nmmvOjHLHjNeziJpHphO54n3eOU97vwH1cSd5H7MCggEBAKdvqVipIkrLJGRW4phE\ng3pc1i3kK40Cx6AD7PGmWzOUZYqmEp3/bMA1bLtHddjgLNKAFSYgn63u4QaaJPVN\nbY0YNfgqCWCw4TVYYKVa3S8Nr83ESepfgWR3BMrF9NEcHKprr1Gnbb9OSCjjDUIM\n1Bp2PpcfYErNVtsMnhN1sxzRzn+hx8TYUSnOmw9i9k7X414CELO0qFuCsZKzjf9f\nHNrOwL9x7c+X0qCMLYDyaP9SIxtMPxwpfnzBV6Qj4NlCCoQhNiw8864GHmz74GXy\ncP7FwMk9ieZIzZLKGztUq9zzCej4L5bLZ5WPJnHLBlLzcbI2Qu2xweyZowJKdDIc\n5I0CggEBALBKehSAlfFsL6zZW7xyXIcAOUzYHs8xL09VyGz5q1h0T9Ceu/aua0SU\nqPOpYIlu6V9oy4FM6NsLm0uwj46+9khlNb42eraN8eOJ+ldmcq9LFT05UriGeJyh\ndZ3HuBroC0g8iIqimoum6z6TpXt2qC0ygDHI0zGjS0P/tuecoK2lOwCuPP6ftjfz\n41UarqCPH3kMZfsniiuDlif0H+Rcs6pi1nEIwQZDUY4fSeqtVxKQbGSioBEZ0Ndd\nujBaz6ctMQr+9Ya93SRex3rwrPpBLaUmH2Ulp9NtwwjLMkaaOuD5TizO5tQHt515\n2UTjM/gEiNchJG8O8PDZ43CFFBB1xk8=\n-----END PRIVATE KEY-----\n",
            "public_key_fingerprint_md5": "d0:eb:42:fc:3e:e7:07:56:51:75:81:0c:42:23:04:f1",
            "public_key_fingerprint_sha256": "SHA256:LPum8JKzSu+n2WK8xxRlKHKaHOXH1aooA3ACJeA54Fw",
            "public_key_openssh": "ssh-rsa AAAAB3NzaC1yc2EAAAADAQABAAACAQDLJGq7XH9s8Ap51ar7Xwy4giPxjwMy2och0ppZBexbwLu+5w0/bHIfGo6znfg4BFo3k3PUN7byQCOCz1pbzvQCvZ5Kh7ZOmn+7kYXad7Y9DE4ASxY5lRLUsKbC2yYsMik+vPGoVZ9KXKjwotum18DcrG7bB0u4+pK240CdLfJJImEmZWZFOA/WIHS+8fNddRFM33DJE/LakRkf4tQg1ucBdjzPni6Fu/HeSDzF+fCH/Zmhg39Sk8jdpt2+k+R26p4PtAUZi3wP4H9QMr2lw/hqovKgiF4RugHRnnj8UiySHWo/j10tCJp/Ip7IzUcM4LDSzLNudfcpJzGDPW60FuYPgFoyHX05bDxKlyL9Kw/YhVbzqWXKzJPyjnBNgLEPz+mO15qb68hBRdFQwBHbBuIUz0cSVJUOCoJXm0jJtdH5Hq7xI3NgekBhoEyKjHzfrzvylgdx1BgBNO3ZnCHanIds6h/GzDpupaHFGtS7+vfAoFZr6VMBa9qqkvnz+C7DyLtkrDWh8ImFgr4mbpltTGr2oGFNM022W3QOAsoYjs0Muz3mNvDt1/5Nx3XK8Ry3o6bVzI3hO37xJO98phyObm97azbOo7pLjHTqU01wD8qNyfs0MW2vDVGxlTke7CrrjzEWQVpAkIsHLKwfRZdept0I+r2F7x5CnST46P8k0+gWcw==\n",
            "public_key_pem": "-----BEGIN PUBLIC KEY-----\nMIICIjANBgkqhkiG9w0BAQEFAAOCAg8AMIICCgKCAgEAyyRqu1x/bPAKedWq+18M\nuIIj8Y8DMtqHIdKaWQXsW8C7vucNP2xyHxqOs534OARaN5Nz1De28kAjgs9aW870\nAr2eSoe2Tpp/u5GF2ne2PQxOAEsWOZUS1LCmwtsmLDIpPrzxqFWfSlyo8KLbptfA\n3Kxu2wdLuPqStuNAnS3ySSJhJmVmRTgP1iB0vvHzXXURTN9wyRPy2pEZH+LUINbn\nAXY8z54uhbvx3kg8xfnwh/2ZoYN/UpPI3abdvpPkduqeD7QFGYt8D+B/UDK9pcP4\naqLyoIheEboB0Z54/FIskh1qP49dLQiafyKeyM1HDOCw0syzbnX3KScxgz1utBbm\nD4BaMh19OWw8Spci/SsP2IVW86llysyT8o5wTYCxD8/pjteam+vIQUXRUMAR2wbi\nFM9HElSVDgqCV5tIybXR+R6u8SNzYHpAYaBMiox836878pYHcdQYATTt2Zwh2pyH\nbOofxsw6bqWhxRrUu/r3wKBWa+lTAWvaqpL58/guw8i7ZKw1ofCJhYK+Jm6ZbUxq\n9qBhTTNNtlt0DgLKGI7NDLs95jbw7df+Tcd1yvEct6Om1cyN4Tt+8STvfKYcjm5v\ne2s2zqO6S4x06lNNcA/Kjcn7NDFtrw1RsZU5Huwq648xFkFaQJCLByysH0WXXqbd\nCPq9he8eQp0k+Oj/JNPoFnMCAwEAAQ==\n-----END PUBLIC KEY-----\n",
            "rsa_bits": 4096
          },
          "sensitive_attributes": []
        }
      ]
    },
    {
      "module": "module.iam",
      "mode": "managed",
      "type": "aws_iam_instance_profile",
      "name": "private",
      "provider": "provider[\"registry.terraform.io/hashicorp/aws\"]",
      "instances": [
        {
          "schema_version": 0,
          "attributes": {
            "arn": "arn:aws:iam::057845469470:instance-profile/jsp-private",
            "create_date": "2024-02-15T07:19:38Z",
            "id": "jsp-private",
            "name": "jsp-private",
            "name_prefix": "",
            "path": "/",
            "role": "jsp-private-role",
            "tags": null,
            "tags_all": {},
            "unique_id": "AIPAQ25632EPAYY453KFO"
          },
          "sensitive_attributes": [],
          "private": "bnVsbA==",
          "dependencies": [
            "module.iam.aws_iam_role.jsp_private"
          ],
          "create_before_destroy": true
        }
      ]
    },
    {
      "module": "module.iam",
      "mode": "managed",
      "type": "aws_iam_role",
      "name": "jsp_private",
      "provider": "provider[\"registry.terraform.io/hashicorp/aws\"]",
      "instances": [
        {
          "schema_version": 0,
          "attributes": {
            "arn": "arn:aws:iam::057845469470:role/jsp-private-role",
            "assume_role_policy": "{\"Statement\":[{\"Action\":\"sts:AssumeRole\",\"Effect\":\"Allow\",\"Principal\":{\"Service\":\"ec2.amazonaws.com\"},\"Sid\":\"\"}],\"Version\":\"2012-10-17\"}",
            "create_date": "2024-02-15T07:19:37Z",
            "description": "",
            "force_detach_policies": false,
            "id": "jsp-private-role",
            "inline_policy": [],
            "managed_policy_arns": [],
            "max_session_duration": 3600,
            "name": "jsp-private-role",
            "name_prefix": "",
            "path": "/",
            "permissions_boundary": "",
            "tags": null,
            "tags_all": {},
            "unique_id": "AROAQ25632EPCPQSHAKIV"
          },
          "sensitive_attributes": [],
          "private": "bnVsbA==",
          "create_before_destroy": true
        }
      ]
    },
    {
      "module": "module.iam",
      "mode": "managed",
      "type": "aws_iam_role_policy_attachment",
      "name": "jsp_private_for_s3",
      "provider": "provider[\"registry.terraform.io/hashicorp/aws\"]",
      "instances": [
        {
          "schema_version": 0,
          "attributes": {
            "id": "jsp-private-role-20240215071939164400000002",
            "policy_arn": "arn:aws:iam::aws:policy/AmazonS3FullAccess",
            "role": "jsp-private-role"
          },
          "sensitive_attributes": [],
          "private": "bnVsbA==",
          "dependencies": [
            "module.iam.aws_iam_role.jsp_private"
          ]
        }
      ]
    },
    {
      "module": "module.iam",
      "mode": "managed",
      "type": "aws_iam_role_policy_attachment",
      "name": "jsp_private_for_ssm",
      "provider": "provider[\"registry.terraform.io/hashicorp/aws\"]",
      "instances": [
        {
          "schema_version": 0,
          "attributes": {
            "id": "jsp-private-role-20240215071938694500000001",
            "policy_arn": "arn:aws:iam::aws:policy/AmazonSSMManagedInstanceCore",
            "role": "jsp-private-role"
          },
          "sensitive_attributes": [],
          "private": "bnVsbA==",
          "dependencies": [
            "module.iam.aws_iam_role.jsp_private"
          ]
        }
      ]
    },
    {
      "module": "module.lb",
      "mode": "managed",
      "type": "aws_lb",
      "name": "was_lb",
      "provider": "provider[\"registry.terraform.io/hashicorp/aws\"]",
      "instances": [
        {
          "schema_version": 0,
          "attributes": {
            "access_logs": [
              {
                "bucket": "",
                "enabled": false,
                "prefix": ""
              }
            ],
            "arn": "arn:aws:elasticloadbalancing:ap-northeast-2:057845469470:loadbalancer/app/jsp-default-was-lb/f2482e3a38d40aef",
            "arn_suffix": "app/jsp-default-was-lb/f2482e3a38d40aef",
            "connection_logs": [
              {
                "bucket": "",
                "enabled": false,
                "prefix": ""
              }
            ],
            "customer_owned_ipv4_pool": "",
            "desync_mitigation_mode": "defensive",
            "dns_name": "internal-jsp-default-was-lb-289956062.ap-northeast-2.elb.amazonaws.com",
            "dns_record_client_routing_policy": null,
            "drop_invalid_header_fields": false,
            "enable_cross_zone_load_balancing": true,
            "enable_deletion_protection": false,
            "enable_http2": true,
            "enable_tls_version_and_cipher_suite_headers": false,
            "enable_waf_fail_open": false,
            "enable_xff_client_port": false,
            "enforce_security_group_inbound_rules_on_private_link_traffic": "",
            "id": "arn:aws:elasticloadbalancing:ap-northeast-2:057845469470:loadbalancer/app/jsp-default-was-lb/f2482e3a38d40aef",
            "idle_timeout": 60,
            "internal": true,
            "ip_address_type": "ipv4",
            "load_balancer_type": "application",
            "name": "jsp-default-was-lb",
            "name_prefix": "",
            "preserve_host_header": false,
            "security_groups": [
              "sg-0c9e672e491a694e9"
            ],
            "subnet_mapping": [
              {
                "allocation_id": "",
                "ipv6_address": "",
                "outpost_id": "",
                "private_ipv4_address": "",
                "subnet_id": "subnet-045fd5b8746d77cf7"
              },
              {
                "allocation_id": "",
                "ipv6_address": "",
                "outpost_id": "",
                "private_ipv4_address": "",
                "subnet_id": "subnet-07e6cced33dfda4b8"
              }
            ],
            "subnets": [
              "subnet-045fd5b8746d77cf7",
              "subnet-07e6cced33dfda4b8"
            ],
            "tags": {
              "MadeBy": "jsp",
              "Name": "jsp-default-was-lb"
            },
            "tags_all": {
              "MadeBy": "jsp",
              "Name": "jsp-default-was-lb"
            },
            "timeouts": null,
            "vpc_id": "vpc-0408dcd48d10b61d7",
            "xff_header_processing_mode": "append",
            "zone_id": "ZWKZPGTI48KDX"
          },
          "sensitive_attributes": [],
          "private": "eyJlMmJmYjczMC1lY2FhLTExZTYtOGY4OC0zNDM2M2JjN2M0YzAiOnsiY3JlYXRlIjo2MDAwMDAwMDAwMDAsImRlbGV0ZSI6NjAwMDAwMDAwMDAwLCJ1cGRhdGUiOjYwMDAwMDAwMDAwMH19",
          "dependencies": [
            "module.sg.aws_security_group.was_lb_sg",
            "module.vpc.aws_subnet.was_lb",
            "module.vpc.aws_vpc.vpc"
          ]
        }
      ]
    },
    {
      "module": "module.lb",
      "mode": "managed",
      "type": "aws_lb",
      "name": "web_lb",
      "provider": "provider[\"registry.terraform.io/hashicorp/aws\"]",
      "instances": [
        {
          "schema_version": 0,
          "attributes": {
            "access_logs": [
              {
                "bucket": "",
                "enabled": false,
                "prefix": ""
              }
            ],
            "arn": "arn:aws:elasticloadbalancing:ap-northeast-2:057845469470:loadbalancer/app/jsp-default-web-lb/7e5a96ab8207e7d9",
            "arn_suffix": "app/jsp-default-web-lb/7e5a96ab8207e7d9",
            "connection_logs": [
              {
                "bucket": "",
                "enabled": false,
                "prefix": ""
              }
            ],
            "customer_owned_ipv4_pool": "",
            "desync_mitigation_mode": "defensive",
            "dns_name": "jsp-default-web-lb-986291472.ap-northeast-2.elb.amazonaws.com",
            "dns_record_client_routing_policy": null,
            "drop_invalid_header_fields": false,
            "enable_cross_zone_load_balancing": true,
            "enable_deletion_protection": false,
            "enable_http2": true,
            "enable_tls_version_and_cipher_suite_headers": false,
            "enable_waf_fail_open": false,
            "enable_xff_client_port": false,
            "enforce_security_group_inbound_rules_on_private_link_traffic": "",
            "id": "arn:aws:elasticloadbalancing:ap-northeast-2:057845469470:loadbalancer/app/jsp-default-web-lb/7e5a96ab8207e7d9",
            "idle_timeout": 60,
            "internal": false,
            "ip_address_type": "ipv4",
            "load_balancer_type": "application",
            "name": "jsp-default-web-lb",
            "name_prefix": "",
            "preserve_host_header": false,
            "security_groups": [
              "sg-02f500e8ba3019801"
            ],
            "subnet_mapping": [
              {
                "allocation_id": "",
                "ipv6_address": "",
                "outpost_id": "",
                "private_ipv4_address": "",
                "subnet_id": "subnet-08f0b59ff3bca5129"
              },
              {
                "allocation_id": "",
                "ipv6_address": "",
                "outpost_id": "",
                "private_ipv4_address": "",
                "subnet_id": "subnet-0fccf2c535207f111"
              }
            ],
            "subnets": [
              "subnet-08f0b59ff3bca5129",
              "subnet-0fccf2c535207f111"
            ],
            "tags": {
              "MadeBy": "jsp",
              "Name": "jsp-default-web-lb"
            },
            "tags_all": {
              "MadeBy": "jsp",
              "Name": "jsp-default-web-lb"
            },
            "timeouts": null,
            "vpc_id": "vpc-0408dcd48d10b61d7",
            "xff_header_processing_mode": "append",
            "zone_id": "ZWKZPGTI48KDX"
          },
          "sensitive_attributes": [],
          "private": "eyJlMmJmYjczMC1lY2FhLTExZTYtOGY4OC0zNDM2M2JjN2M0YzAiOnsiY3JlYXRlIjo2MDAwMDAwMDAwMDAsImRlbGV0ZSI6NjAwMDAwMDAwMDAwLCJ1cGRhdGUiOjYwMDAwMDAwMDAwMH19",
          "dependencies": [
            "module.sg.aws_security_group.web_lb_sg",
            "module.vpc.aws_subnet.web_lb",
            "module.vpc.aws_vpc.vpc"
          ]
        }
      ]
    },
    {
      "module": "module.lb",
      "mode": "managed",
      "type": "aws_lb_listener",
      "name": "was_http",
      "provider": "provider[\"registry.terraform.io/hashicorp/aws\"]",
      "instances": [
        {
          "schema_version": 0,
          "attributes": {
            "alpn_policy": null,
            "arn": "arn:aws:elasticloadbalancing:ap-northeast-2:057845469470:listener/app/jsp-default-was-lb/f2482e3a38d40aef/c963f2c8212eb0e4",
            "certificate_arn": null,
            "default_action": [
              {
                "authenticate_cognito": [],
                "authenticate_oidc": [],
                "fixed_response": [],
                "forward": [],
                "order": 1,
                "redirect": [],
                "target_group_arn": "arn:aws:elasticloadbalancing:ap-northeast-2:057845469470:targetgroup/jsp-default-was-lb-tg/ac693832029f028a",
                "type": "forward"
              }
            ],
            "id": "arn:aws:elasticloadbalancing:ap-northeast-2:057845469470:listener/app/jsp-default-was-lb/f2482e3a38d40aef/c963f2c8212eb0e4",
            "load_balancer_arn": "arn:aws:elasticloadbalancing:ap-northeast-2:057845469470:loadbalancer/app/jsp-default-was-lb/f2482e3a38d40aef",
            "mutual_authentication": [],
            "port": 80,
            "protocol": "HTTP",
            "ssl_policy": "",
            "tags": null,
            "tags_all": {},
            "timeouts": null
          },
          "sensitive_attributes": [],
          "private": "eyJlMmJmYjczMC1lY2FhLTExZTYtOGY4OC0zNDM2M2JjN2M0YzAiOnsiY3JlYXRlIjozMDAwMDAwMDAwMDAsInVwZGF0ZSI6MzAwMDAwMDAwMDAwfX0=",
          "dependencies": [
            "module.lb.aws_lb.was_lb",
            "module.lb.aws_lb_target_group.was_lb_tg",
            "module.sg.aws_security_group.was_lb_sg",
            "module.vpc.aws_subnet.was_lb",
            "module.vpc.aws_vpc.vpc"
          ]
        }
      ]
    },
    {
      "module": "module.lb",
      "mode": "managed",
      "type": "aws_lb_listener",
      "name": "web_http",
      "provider": "provider[\"registry.terraform.io/hashicorp/aws\"]",
      "instances": [
        {
          "schema_version": 0,
          "attributes": {
            "alpn_policy": null,
            "arn": "arn:aws:elasticloadbalancing:ap-northeast-2:057845469470:listener/app/jsp-default-web-lb/7e5a96ab8207e7d9/ed227c9af7767a27",
            "certificate_arn": null,
            "default_action": [
              {
                "authenticate_cognito": [],
                "authenticate_oidc": [],
                "fixed_response": [],
                "forward": [],
                "order": 1,
                "redirect": [],
                "target_group_arn": "arn:aws:elasticloadbalancing:ap-northeast-2:057845469470:targetgroup/jsp-default-web-lb-tg/60767adaf00e47d3",
                "type": "forward"
              }
            ],
            "id": "arn:aws:elasticloadbalancing:ap-northeast-2:057845469470:listener/app/jsp-default-web-lb/7e5a96ab8207e7d9/ed227c9af7767a27",
            "load_balancer_arn": "arn:aws:elasticloadbalancing:ap-northeast-2:057845469470:loadbalancer/app/jsp-default-web-lb/7e5a96ab8207e7d9",
            "mutual_authentication": [],
            "port": 80,
            "protocol": "HTTP",
            "ssl_policy": "",
            "tags": null,
            "tags_all": {},
            "timeouts": null
          },
          "sensitive_attributes": [],
          "private": "eyJlMmJmYjczMC1lY2FhLTExZTYtOGY4OC0zNDM2M2JjN2M0YzAiOnsiY3JlYXRlIjozMDAwMDAwMDAwMDAsInVwZGF0ZSI6MzAwMDAwMDAwMDAwfX0=",
          "dependencies": [
            "module.lb.aws_lb.web_lb",
            "module.lb.aws_lb_target_group.web_lb_tg",
            "module.sg.aws_security_group.web_lb_sg",
            "module.vpc.aws_subnet.web_lb",
            "module.vpc.aws_vpc.vpc"
          ]
        }
      ]
    },
    {
      "module": "module.lb",
      "mode": "managed",
      "type": "aws_lb_listener_rule",
      "name": "was_lb_rule",
      "provider": "provider[\"registry.terraform.io/hashicorp/aws\"]",
      "instances": [
        {
          "schema_version": 0,
          "attributes": {
            "action": [
              {
                "authenticate_cognito": [],
                "authenticate_oidc": [],
                "fixed_response": [],
                "forward": [],
                "order": 1,
                "redirect": [],
                "target_group_arn": "arn:aws:elasticloadbalancing:ap-northeast-2:057845469470:targetgroup/jsp-default-was-lb-tg/ac693832029f028a",
                "type": "forward"
              }
            ],
            "arn": "arn:aws:elasticloadbalancing:ap-northeast-2:057845469470:listener-rule/app/jsp-default-was-lb/f2482e3a38d40aef/c963f2c8212eb0e4/2cf7ac8a2dd57eea",
            "condition": [
              {
                "host_header": [],
                "http_header": [],
                "http_request_method": [],
                "path_pattern": [
                  {
                    "values": [
                      "*"
                    ]
                  }
                ],
                "query_string": [],
                "source_ip": []
              }
            ],
            "id": "arn:aws:elasticloadbalancing:ap-northeast-2:057845469470:listener-rule/app/jsp-default-was-lb/f2482e3a38d40aef/c963f2c8212eb0e4/2cf7ac8a2dd57eea",
            "listener_arn": "arn:aws:elasticloadbalancing:ap-northeast-2:057845469470:listener/app/jsp-default-was-lb/f2482e3a38d40aef/c963f2c8212eb0e4",
            "priority": 100,
            "tags": null,
            "tags_all": {}
          },
          "sensitive_attributes": [],
          "private": "bnVsbA==",
          "dependencies": [
            "module.lb.aws_lb.was_lb",
            "module.lb.aws_lb_listener.was_http",
            "module.lb.aws_lb_target_group.was_lb_tg",
            "module.sg.aws_security_group.was_lb_sg",
            "module.vpc.aws_subnet.was_lb",
            "module.vpc.aws_vpc.vpc"
          ]
        }
      ]
    },
    {
      "module": "module.lb",
      "mode": "managed",
      "type": "aws_lb_listener_rule",
      "name": "web_lb_rule",
      "provider": "provider[\"registry.terraform.io/hashicorp/aws\"]",
      "instances": [
        {
          "schema_version": 0,
          "attributes": {
            "action": [
              {
                "authenticate_cognito": [],
                "authenticate_oidc": [],
                "fixed_response": [],
                "forward": [],
                "order": 1,
                "redirect": [],
                "target_group_arn": "arn:aws:elasticloadbalancing:ap-northeast-2:057845469470:targetgroup/jsp-default-web-lb-tg/60767adaf00e47d3",
                "type": "forward"
              }
            ],
            "arn": "arn:aws:elasticloadbalancing:ap-northeast-2:057845469470:listener-rule/app/jsp-default-web-lb/7e5a96ab8207e7d9/ed227c9af7767a27/0dd77f198bd22645",
            "condition": [
              {
                "host_header": [],
                "http_header": [],
                "http_request_method": [],
                "path_pattern": [
                  {
                    "values": [
                      "*"
                    ]
                  }
                ],
                "query_string": [],
                "source_ip": []
              }
            ],
            "id": "arn:aws:elasticloadbalancing:ap-northeast-2:057845469470:listener-rule/app/jsp-default-web-lb/7e5a96ab8207e7d9/ed227c9af7767a27/0dd77f198bd22645",
            "listener_arn": "arn:aws:elasticloadbalancing:ap-northeast-2:057845469470:listener/app/jsp-default-web-lb/7e5a96ab8207e7d9/ed227c9af7767a27",
            "priority": 100,
            "tags": null,
            "tags_all": {}
          },
          "sensitive_attributes": [],
          "private": "bnVsbA==",
          "dependencies": [
            "module.lb.aws_lb.web_lb",
            "module.lb.aws_lb_listener.web_http",
            "module.lb.aws_lb_target_group.web_lb_tg",
            "module.sg.aws_security_group.web_lb_sg",
            "module.vpc.aws_subnet.web_lb",
            "module.vpc.aws_vpc.vpc"
          ]
        }
      ]
    },
    {
      "module": "module.lb",
      "mode": "managed",
      "type": "aws_lb_target_group",
      "name": "was_lb_tg",
      "provider": "provider[\"registry.terraform.io/hashicorp/aws\"]",
      "instances": [
        {
          "schema_version": 0,
          "attributes": {
            "arn": "arn:aws:elasticloadbalancing:ap-northeast-2:057845469470:targetgroup/jsp-default-was-lb-tg/ac693832029f028a",
            "arn_suffix": "targetgroup/jsp-default-was-lb-tg/ac693832029f028a",
            "connection_termination": null,
            "deregistration_delay": "300",
            "health_check": [
              {
                "enabled": true,
                "healthy_threshold": 2,
                "interval": 30,
                "matcher": "200",
                "path": "/health",
                "port": "traffic-port",
                "protocol": "HTTP",
                "timeout": 5,
                "unhealthy_threshold": 2
              }
            ],
            "id": "arn:aws:elasticloadbalancing:ap-northeast-2:057845469470:targetgroup/jsp-default-was-lb-tg/ac693832029f028a",
            "ip_address_type": "ipv4",
            "lambda_multi_value_headers_enabled": false,
            "load_balancing_algorithm_type": "round_robin",
            "load_balancing_anomaly_mitigation": "off",
            "load_balancing_cross_zone_enabled": "use_load_balancer_configuration",
            "name": "jsp-default-was-lb-tg",
            "name_prefix": "",
            "port": 8080,
            "preserve_client_ip": null,
            "protocol": "HTTP",
            "protocol_version": "HTTP1",
            "proxy_protocol_v2": false,
            "slow_start": 0,
            "stickiness": [
              {
                "cookie_duration": 86400,
                "cookie_name": "",
                "enabled": false,
                "type": "lb_cookie"
              }
            ],
            "tags": null,
            "tags_all": {},
            "target_failover": [
              {
                "on_deregistration": null,
                "on_unhealthy": null
              }
            ],
            "target_health_state": [
              {
                "enable_unhealthy_connection_termination": null
              }
            ],
            "target_type": "instance",
            "vpc_id": "vpc-0408dcd48d10b61d7"
          },
          "sensitive_attributes": [],
          "private": "bnVsbA==",
          "dependencies": [
            "module.vpc.aws_vpc.vpc"
          ]
        }
      ]
    },
    {
      "module": "module.lb",
      "mode": "managed",
      "type": "aws_lb_target_group",
      "name": "web_lb_tg",
      "provider": "provider[\"registry.terraform.io/hashicorp/aws\"]",
      "instances": [
        {
          "schema_version": 0,
          "attributes": {
            "arn": "arn:aws:elasticloadbalancing:ap-northeast-2:057845469470:targetgroup/jsp-default-web-lb-tg/60767adaf00e47d3",
            "arn_suffix": "targetgroup/jsp-default-web-lb-tg/60767adaf00e47d3",
            "connection_termination": null,
            "deregistration_delay": "300",
            "health_check": [
              {
                "enabled": true,
                "healthy_threshold": 2,
                "interval": 30,
                "matcher": "200",
                "path": "/health",
                "port": "traffic-port",
                "protocol": "HTTP",
                "timeout": 5,
                "unhealthy_threshold": 2
              }
            ],
            "id": "arn:aws:elasticloadbalancing:ap-northeast-2:057845469470:targetgroup/jsp-default-web-lb-tg/60767adaf00e47d3",
            "ip_address_type": "ipv4",
            "lambda_multi_value_headers_enabled": false,
            "load_balancing_algorithm_type": "round_robin",
            "load_balancing_anomaly_mitigation": "off",
            "load_balancing_cross_zone_enabled": "use_load_balancer_configuration",
            "name": "jsp-default-web-lb-tg",
            "name_prefix": "",
            "port": 80,
            "preserve_client_ip": null,
            "protocol": "HTTP",
            "protocol_version": "HTTP1",
            "proxy_protocol_v2": false,
            "slow_start": 0,
            "stickiness": [
              {
                "cookie_duration": 86400,
                "cookie_name": "",
                "enabled": false,
                "type": "lb_cookie"
              }
            ],
            "tags": null,
            "tags_all": {},
            "target_failover": [
              {
                "on_deregistration": null,
                "on_unhealthy": null
              }
            ],
            "target_health_state": [
              {
                "enable_unhealthy_connection_termination": null
              }
            ],
            "target_type": "instance",
            "vpc_id": "vpc-0408dcd48d10b61d7"
          },
          "sensitive_attributes": [],
          "private": "bnVsbA==",
          "dependencies": [
            "module.vpc.aws_vpc.vpc"
          ]
        }
      ]
    },
    {
      "module": "module.sg",
      "mode": "managed",
      "type": "aws_security_group",
      "name": "private",
      "provider": "provider[\"registry.terraform.io/hashicorp/aws\"]",
      "instances": [
        {
          "schema_version": 1,
          "attributes": {
            "arn": "arn:aws:ec2:ap-northeast-2:057845469470:security-group/sg-0387b02ba59985650",
            "description": "private security group for jsp",
            "egress": [
              {
                "cidr_blocks": [
                  "0.0.0.0/0"
                ],
                "description": "to anywhere",
                "from_port": 0,
                "ipv6_cidr_blocks": [],
                "prefix_list_ids": [],
                "protocol": "tcp",
                "security_groups": [],
                "self": false,
                "to_port": 0
              }
            ],
            "id": "sg-0387b02ba59985650",
            "ingress": [
              {
                "cidr_blocks": [
                  "0.0.0.0/0"
                ],
                "description": "From jsp SSH(random test ip)",
                "from_port": 22,
                "ipv6_cidr_blocks": [],
                "prefix_list_ids": [],
                "protocol": "tcp",
                "security_groups": [],
                "self": false,
                "to_port": 22
              },
              {
                "cidr_blocks": [
                  "0.0.0.0/0"
                ],
                "description": "to anywhere HTTP)",
                "from_port": 443,
                "ipv6_cidr_blocks": [],
                "prefix_list_ids": [],
                "protocol": "tcp",
                "security_groups": [],
                "self": false,
                "to_port": 443
              },
              {
                "cidr_blocks": [
                  "0.0.0.0/0"
                ],
                "description": "to anywhere HTTP)",
                "from_port": 80,
                "ipv6_cidr_blocks": [],
                "prefix_list_ids": [],
                "protocol": "tcp",
                "security_groups": [],
                "self": false,
                "to_port": 80
              }
            ],
            "name": "jsp-private-sg",
            "name_prefix": "",
            "owner_id": "057845469470",
            "revoke_rules_on_delete": false,
            "tags": {
              "MadeBy": "jsp",
              "Name": "jsp-private-sg"
            },
            "tags_all": {
              "MadeBy": "jsp",
              "Name": "jsp-private-sg"
            },
            "timeouts": null,
            "vpc_id": "vpc-0408dcd48d10b61d7"
          },
          "sensitive_attributes": [],
          "private": "eyJlMmJmYjczMC1lY2FhLTExZTYtOGY4OC0zNDM2M2JjN2M0YzAiOnsiY3JlYXRlIjo2MDAwMDAwMDAwMDAsImRlbGV0ZSI6OTAwMDAwMDAwMDAwfSwic2NoZW1hX3ZlcnNpb24iOiIxIn0=",
          "dependencies": [
            "module.vpc.aws_vpc.vpc"
          ],
          "create_before_destroy": true
        }
      ]
    },
    {
      "module": "module.sg",
      "mode": "managed",
      "type": "aws_security_group",
      "name": "public",
      "provider": "provider[\"registry.terraform.io/hashicorp/aws\"]",
      "instances": [
        {
          "schema_version": 1,
          "attributes": {
            "arn": "arn:aws:ec2:ap-northeast-2:057845469470:security-group/sg-02e0efa7e397b3bc1",
            "description": "public security group for jsp",
            "egress": [
              {
                "cidr_blocks": [
                  "0.0.0.0/0"
                ],
                "description": "to anywhere",
                "from_port": 0,
                "ipv6_cidr_blocks": [],
                "prefix_list_ids": [],
                "protocol": "tcp",
                "security_groups": [],
                "self": false,
                "to_port": 0
              }
            ],
            "id": "sg-02e0efa7e397b3bc1",
            "ingress": [
              {
                "cidr_blocks": [
                  "211.115.223.215/32"
                ],
                "description": "From jsp RDP(random test ip)",
                "from_port": 3389,
                "ipv6_cidr_blocks": [],
                "prefix_list_ids": [],
                "protocol": "tcp",
                "security_groups": [],
                "self": false,
                "to_port": 3389
              },
              {
                "cidr_blocks": [
                  "211.115.223.215/32"
                ],
                "description": "From jsp SSH(random test ip)",
                "from_port": 22,
                "ipv6_cidr_blocks": [],
                "prefix_list_ids": [],
                "protocol": "tcp",
                "security_groups": [],
                "self": false,
                "to_port": 22
              }
            ],
            "name": "jsp-public-sg",
            "name_prefix": "",
            "owner_id": "057845469470",
            "revoke_rules_on_delete": false,
            "tags": {
              "MadeBy": "jsp",
              "Name": "jsp-public-sg"
            },
            "tags_all": {
              "MadeBy": "jsp",
              "Name": "jsp-public-sg"
            },
            "timeouts": null,
            "vpc_id": "vpc-0408dcd48d10b61d7"
          },
          "sensitive_attributes": [],
          "private": "eyJlMmJmYjczMC1lY2FhLTExZTYtOGY4OC0zNDM2M2JjN2M0YzAiOnsiY3JlYXRlIjo2MDAwMDAwMDAwMDAsImRlbGV0ZSI6OTAwMDAwMDAwMDAwfSwic2NoZW1hX3ZlcnNpb24iOiIxIn0=",
          "dependencies": [
            "module.vpc.aws_vpc.vpc"
          ]
        }
      ]
    },
    {
      "module": "module.sg",
      "mode": "managed",
      "type": "aws_security_group",
      "name": "was_lb_sg",
      "provider": "provider[\"registry.terraform.io/hashicorp/aws\"]",
      "instances": [
        {
          "schema_version": 1,
          "attributes": {
            "arn": "arn:aws:ec2:ap-northeast-2:057845469470:security-group/sg-0c9e672e491a694e9",
            "description": "WAS LB security group for jsp",
            "egress": [
              {
                "cidr_blocks": [
                  "0.0.0.0/0"
                ],
                "description": "to anywhere",
                "from_port": 0,
                "ipv6_cidr_blocks": [],
                "prefix_list_ids": [],
                "protocol": "tcp",
                "security_groups": [],
                "self": false,
                "to_port": 0
              }
            ],
            "id": "sg-0c9e672e491a694e9",
            "ingress": [
              {
                "cidr_blocks": [
                  "0.0.0.0/0"
                ],
                "description": "From bastion",
                "from_port": 22,
                "ipv6_cidr_blocks": [],
                "prefix_list_ids": [],
                "protocol": "tcp",
                "security_groups": [],
                "self": false,
                "to_port": 22
              },
              {
                "cidr_blocks": [
                  "0.0.0.0/0"
                ],
                "description": "From lb http",
                "from_port": 80,
                "ipv6_cidr_blocks": [],
                "prefix_list_ids": [],
                "protocol": "tcp",
                "security_groups": [],
                "self": false,
                "to_port": 80
              },
              {
                "cidr_blocks": [],
                "description": "Self Refer",
                "from_port": 0,
                "ipv6_cidr_blocks": [],
                "prefix_list_ids": [],
                "protocol": "-1",
                "security_groups": [],
                "self": true,
                "to_port": 0
              }
            ],
            "name": "jsp-was-lb-sg",
            "name_prefix": "",
            "owner_id": "057845469470",
            "revoke_rules_on_delete": false,
            "tags": {
              "MadeBy": "jsp",
              "Name": "jsp-was-lb-sg"
            },
            "tags_all": {
              "MadeBy": "jsp",
              "Name": "jsp-was-lb-sg"
            },
            "timeouts": null,
            "vpc_id": "vpc-0408dcd48d10b61d7"
          },
          "sensitive_attributes": [],
          "private": "eyJlMmJmYjczMC1lY2FhLTExZTYtOGY4OC0zNDM2M2JjN2M0YzAiOnsiY3JlYXRlIjo2MDAwMDAwMDAwMDAsImRlbGV0ZSI6OTAwMDAwMDAwMDAwfSwic2NoZW1hX3ZlcnNpb24iOiIxIn0=",
          "dependencies": [
            "module.vpc.aws_vpc.vpc"
          ]
        }
      ]
    },
    {
      "module": "module.sg",
      "mode": "managed",
      "type": "aws_security_group",
      "name": "web_lb_sg",
      "provider": "provider[\"registry.terraform.io/hashicorp/aws\"]",
      "instances": [
        {
          "schema_version": 1,
          "attributes": {
            "arn": "arn:aws:ec2:ap-northeast-2:057845469470:security-group/sg-02f500e8ba3019801",
            "description": "WEB LB security group for jsp",
            "egress": [
              {
                "cidr_blocks": [
                  "0.0.0.0/0"
                ],
                "description": "to anywhere",
                "from_port": 0,
                "ipv6_cidr_blocks": [],
                "prefix_list_ids": [],
                "protocol": "tcp",
                "security_groups": [],
                "self": false,
                "to_port": 0
              }
            ],
            "id": "sg-02f500e8ba3019801",
            "ingress": [
              {
                "cidr_blocks": [
                  "0.0.0.0/0"
                ],
                "description": "From bastion",
                "from_port": 22,
                "ipv6_cidr_blocks": [],
                "prefix_list_ids": [],
                "protocol": "tcp",
                "security_groups": [],
                "self": false,
                "to_port": 22
              },
              {
                "cidr_blocks": [
                  "0.0.0.0/0"
                ],
                "description": "From lb http",
                "from_port": 80,
                "ipv6_cidr_blocks": [],
                "prefix_list_ids": [],
                "protocol": "tcp",
                "security_groups": [],
                "self": false,
                "to_port": 80
              },
              {
                "cidr_blocks": [
                  "0.0.0.0/0"
                ],
                "description": "From lb httpd",
                "from_port": 443,
                "ipv6_cidr_blocks": [],
                "prefix_list_ids": [],
                "protocol": "tcp",
                "security_groups": [],
                "self": false,
                "to_port": 443
              },
              {
                "cidr_blocks": [],
                "description": "Self Refer",
                "from_port": 0,
                "ipv6_cidr_blocks": [],
                "prefix_list_ids": [],
                "protocol": "-1",
                "security_groups": [],
                "self": true,
                "to_port": 0
              }
            ],
            "name": "jsp-web-lb-sg",
            "name_prefix": "",
            "owner_id": "057845469470",
            "revoke_rules_on_delete": false,
            "tags": {
              "MadeBy": "jsp",
              "Name": "jsp-web-lb-sg"
            },
            "tags_all": {
              "MadeBy": "jsp",
              "Name": "jsp-web-lb-sg"
            },
            "timeouts": null,
            "vpc_id": "vpc-0408dcd48d10b61d7"
          },
          "sensitive_attributes": [],
          "private": "eyJlMmJmYjczMC1lY2FhLTExZTYtOGY4OC0zNDM2M2JjN2M0YzAiOnsiY3JlYXRlIjo2MDAwMDAwMDAwMDAsImRlbGV0ZSI6OTAwMDAwMDAwMDAwfSwic2NoZW1hX3ZlcnNpb24iOiIxIn0=",
          "dependencies": [
            "module.vpc.aws_vpc.vpc"
          ]
        }
      ]
    },
    {
      "module": "module.vpc",
      "mode": "managed",
      "type": "aws_eip",
      "name": "nat",
      "provider": "provider[\"registry.terraform.io/hashicorp/aws\"]",
      "instances": [
        {
          "schema_version": 0,
          "attributes": {
            "address": null,
            "allocation_id": "eipalloc-0936ff020be410413",
            "associate_with_private_ip": null,
            "association_id": "",
            "carrier_ip": "",
            "customer_owned_ip": "",
            "customer_owned_ipv4_pool": "",
            "domain": "vpc",
            "id": "eipalloc-0936ff020be410413",
            "instance": "",
            "network_border_group": "ap-northeast-2",
            "network_interface": "",
            "private_dns": null,
            "private_ip": "",
            "public_dns": "ec2-13-209-146-171.ap-northeast-2.compute.amazonaws.com",
            "public_ip": "13.209.146.171",
            "public_ipv4_pool": "amazon",
            "tags": {
              "MadeBy": "jsp",
              "Name": "jsp-nat-eip-2a"
            },
            "tags_all": {
              "MadeBy": "jsp",
              "Name": "jsp-nat-eip-2a"
            },
            "timeouts": null,
            "vpc": true
          },
          "sensitive_attributes": [],
          "private": "eyJlMmJmYjczMC1lY2FhLTExZTYtOGY4OC0zNDM2M2JjN2M0YzAiOnsiZGVsZXRlIjoxODAwMDAwMDAwMDAsInJlYWQiOjkwMDAwMDAwMDAwMCwidXBkYXRlIjozMDAwMDAwMDAwMDB9fQ=="
        }
      ]
    },
    {
      "module": "module.vpc",
      "mode": "managed",
      "type": "aws_internet_gateway",
      "name": "this",
      "provider": "provider[\"registry.terraform.io/hashicorp/aws\"]",
      "instances": [
        {
          "schema_version": 0,
          "attributes": {
            "arn": "arn:aws:ec2:ap-northeast-2:057845469470:internet-gateway/igw-088ba9ab56fe62f87",
            "id": "igw-088ba9ab56fe62f87",
            "owner_id": "057845469470",
            "tags": {
              "MadeBy": "jsp",
              "Name": "jsp-default-igw"
            },
            "tags_all": {
              "MadeBy": "jsp",
              "Name": "jsp-default-igw"
            },
            "timeouts": null,
            "vpc_id": "vpc-0408dcd48d10b61d7"
          },
          "sensitive_attributes": [],
          "private": "eyJlMmJmYjczMC1lY2FhLTExZTYtOGY4OC0zNDM2M2JjN2M0YzAiOnsiY3JlYXRlIjoxMjAwMDAwMDAwMDAwLCJkZWxldGUiOjEyMDAwMDAwMDAwMDAsInVwZGF0ZSI6MTIwMDAwMDAwMDAwMH19",
          "dependencies": [
            "module.vpc.aws_vpc.vpc"
          ]
        }
      ]
    },
    {
      "module": "module.vpc",
      "mode": "managed",
      "type": "aws_nat_gateway",
      "name": "nat_gw",
      "provider": "provider[\"registry.terraform.io/hashicorp/aws\"]",
      "instances": [
        {
          "schema_version": 0,
          "attributes": {
            "allocation_id": "eipalloc-0936ff020be410413",
            "association_id": "eipassoc-00aa0d8ec2a06e2de",
            "connectivity_type": "public",
            "id": "nat-0da298034d1d215a0",
            "network_interface_id": "eni-0461b9dc77bfca9c6",
            "private_ip": "10.10.0.25",
            "public_ip": "13.209.146.171",
            "secondary_allocation_ids": null,
            "secondary_private_ip_address_count": 0,
            "secondary_private_ip_addresses": [],
            "subnet_id": "subnet-0e56c4c835b444bce",
            "tags": {
              "MadeBy": "jsp",
              "Name": "jsp-nat-2a"
            },
            "tags_all": {
              "MadeBy": "jsp",
              "Name": "jsp-nat-2a"
            },
            "timeouts": null
          },
          "sensitive_attributes": [],
          "private": "eyJlMmJmYjczMC1lY2FhLTExZTYtOGY4OC0zNDM2M2JjN2M0YzAiOnsiY3JlYXRlIjo2MDAwMDAwMDAwMDAsImRlbGV0ZSI6MTgwMDAwMDAwMDAwMCwidXBkYXRlIjo2MDAwMDAwMDAwMDB9fQ==",
          "dependencies": [
            "module.vpc.aws_eip.nat",
            "module.vpc.aws_subnet.public",
            "module.vpc.aws_vpc.vpc"
          ]
        }
      ]
    },
    {
      "module": "module.vpc",
      "mode": "managed",
      "type": "aws_route",
      "name": "was_route",
      "provider": "provider[\"registry.terraform.io/hashicorp/aws\"]",
      "instances": [
        {
          "schema_version": 0,
          "attributes": {
            "carrier_gateway_id": "",
            "core_network_arn": "",
            "destination_cidr_block": "0.0.0.0/0",
            "destination_ipv6_cidr_block": "",
            "destination_prefix_list_id": "",
            "egress_only_gateway_id": "",
            "gateway_id": "",
            "id": "r-rtb-0b27259b410b1d4051080289494",
            "instance_id": "",
            "instance_owner_id": "",
            "local_gateway_id": "",
            "nat_gateway_id": "nat-0da298034d1d215a0",
            "network_interface_id": "",
            "origin": "CreateRoute",
            "route_table_id": "rtb-0b27259b410b1d405",
            "state": "active",
            "timeouts": null,
            "transit_gateway_id": "",
            "vpc_endpoint_id": "",
            "vpc_peering_connection_id": ""
          },
          "sensitive_attributes": [],
          "private": "eyJlMmJmYjczMC1lY2FhLTExZTYtOGY4OC0zNDM2M2JjN2M0YzAiOnsiY3JlYXRlIjozMDAwMDAwMDAwMDAsImRlbGV0ZSI6MzAwMDAwMDAwMDAwLCJ1cGRhdGUiOjEyMDAwMDAwMDAwMH19",
          "dependencies": [
            "module.vpc.aws_eip.nat",
            "module.vpc.aws_nat_gateway.nat_gw",
            "module.vpc.aws_route_table.was_lb_rt",
            "module.vpc.aws_subnet.public",
            "module.vpc.aws_vpc.vpc"
          ]
        }
      ]
    },
    {
      "module": "module.vpc",
      "mode": "managed",
      "type": "aws_route_table",
      "name": "private",
      "provider": "provider[\"registry.terraform.io/hashicorp/aws\"]",
      "instances": [
        {
          "schema_version": 0,
          "attributes": {
            "arn": "arn:aws:ec2:ap-northeast-2:057845469470:route-table/rtb-006070f5ca8c50dd8",
            "id": "rtb-006070f5ca8c50dd8",
            "owner_id": "057845469470",
            "propagating_vgws": [],
            "route": [
              {
                "carrier_gateway_id": "",
                "cidr_block": "0.0.0.0/0",
                "core_network_arn": "",
                "destination_prefix_list_id": "",
                "egress_only_gateway_id": "",
                "gateway_id": "",
                "ipv6_cidr_block": "",
                "local_gateway_id": "",
                "nat_gateway_id": "nat-0da298034d1d215a0",
                "network_interface_id": "",
                "transit_gateway_id": "",
                "vpc_endpoint_id": "",
                "vpc_peering_connection_id": ""
              }
            ],
            "tags": {
              "MadeBy": "jsp",
              "Name": "jsp-pri-rt"
            },
            "tags_all": {
              "MadeBy": "jsp",
              "Name": "jsp-pri-rt"
            },
            "timeouts": null,
            "vpc_id": "vpc-0408dcd48d10b61d7"
          },
          "sensitive_attributes": [],
          "private": "eyJlMmJmYjczMC1lY2FhLTExZTYtOGY4OC0zNDM2M2JjN2M0YzAiOnsiY3JlYXRlIjozMDAwMDAwMDAwMDAsImRlbGV0ZSI6MzAwMDAwMDAwMDAwLCJ1cGRhdGUiOjEyMDAwMDAwMDAwMH19",
          "dependencies": [
            "module.vpc.aws_eip.nat",
            "module.vpc.aws_nat_gateway.nat_gw",
            "module.vpc.aws_subnet.public",
            "module.vpc.aws_vpc.vpc"
          ]
        }
      ]
    },
    {
      "module": "module.vpc",
      "mode": "managed",
      "type": "aws_route_table",
      "name": "public",
      "provider": "provider[\"registry.terraform.io/hashicorp/aws\"]",
      "instances": [
        {
          "schema_version": 0,
          "attributes": {
            "arn": "arn:aws:ec2:ap-northeast-2:057845469470:route-table/rtb-0b8984644ec5aa31f",
            "id": "rtb-0b8984644ec5aa31f",
            "owner_id": "057845469470",
            "propagating_vgws": [],
            "route": [
              {
                "carrier_gateway_id": "",
                "cidr_block": "0.0.0.0/0",
                "core_network_arn": "",
                "destination_prefix_list_id": "",
                "egress_only_gateway_id": "",
                "gateway_id": "igw-088ba9ab56fe62f87",
                "ipv6_cidr_block": "",
                "local_gateway_id": "",
                "nat_gateway_id": "",
                "network_interface_id": "",
                "transit_gateway_id": "",
                "vpc_endpoint_id": "",
                "vpc_peering_connection_id": ""
              }
            ],
            "tags": {
              "MadeBy": "jsp",
              "Name": "jsp-pub-rt"
            },
            "tags_all": {
              "MadeBy": "jsp",
              "Name": "jsp-pub-rt"
            },
            "timeouts": null,
            "vpc_id": "vpc-0408dcd48d10b61d7"
          },
          "sensitive_attributes": [],
          "private": "eyJlMmJmYjczMC1lY2FhLTExZTYtOGY4OC0zNDM2M2JjN2M0YzAiOnsiY3JlYXRlIjozMDAwMDAwMDAwMDAsImRlbGV0ZSI6MzAwMDAwMDAwMDAwLCJ1cGRhdGUiOjEyMDAwMDAwMDAwMH19",
          "dependencies": [
            "module.vpc.aws_internet_gateway.this",
            "module.vpc.aws_vpc.vpc"
          ]
        }
      ]
    },
    {
      "module": "module.vpc",
      "mode": "managed",
      "type": "aws_route_table",
      "name": "was_lb_rt",
      "provider": "provider[\"registry.terraform.io/hashicorp/aws\"]",
      "instances": [
        {
          "schema_version": 0,
          "attributes": {
            "arn": "arn:aws:ec2:ap-northeast-2:057845469470:route-table/rtb-0b27259b410b1d405",
            "id": "rtb-0b27259b410b1d405",
            "owner_id": "057845469470",
            "propagating_vgws": [],
            "route": [],
            "tags": {
              "MadeBy": "jsp",
              "Name": "jsp-was-lb-rt"
            },
            "tags_all": {
              "MadeBy": "jsp",
              "Name": "jsp-was-lb-rt"
            },
            "timeouts": null,
            "vpc_id": "vpc-0408dcd48d10b61d7"
          },
          "sensitive_attributes": [],
          "private": "eyJlMmJmYjczMC1lY2FhLTExZTYtOGY4OC0zNDM2M2JjN2M0YzAiOnsiY3JlYXRlIjozMDAwMDAwMDAwMDAsImRlbGV0ZSI6MzAwMDAwMDAwMDAwLCJ1cGRhdGUiOjEyMDAwMDAwMDAwMH19",
          "dependencies": [
            "module.vpc.aws_vpc.vpc"
          ]
        }
      ]
    },
    {
      "module": "module.vpc",
      "mode": "managed",
      "type": "aws_route_table",
      "name": "web_lb_rt",
      "provider": "provider[\"registry.terraform.io/hashicorp/aws\"]",
      "instances": [
        {
          "schema_version": 0,
          "attributes": {
            "arn": "arn:aws:ec2:ap-northeast-2:057845469470:route-table/rtb-0a7fc0ad24bb86fc1",
            "id": "rtb-0a7fc0ad24bb86fc1",
            "owner_id": "057845469470",
            "propagating_vgws": [],
            "route": [
              {
                "carrier_gateway_id": "",
                "cidr_block": "0.0.0.0/0",
                "core_network_arn": "",
                "destination_prefix_list_id": "",
                "egress_only_gateway_id": "",
                "gateway_id": "igw-088ba9ab56fe62f87",
                "ipv6_cidr_block": "",
                "local_gateway_id": "",
                "nat_gateway_id": "",
                "network_interface_id": "",
                "transit_gateway_id": "",
                "vpc_endpoint_id": "",
                "vpc_peering_connection_id": ""
              }
            ],
            "tags": {
              "MadeBy": "jsp",
              "Name": "jsp-web-lb-rt"
            },
            "tags_all": {
              "MadeBy": "jsp",
              "Name": "jsp-web-lb-rt"
            },
            "timeouts": null,
            "vpc_id": "vpc-0408dcd48d10b61d7"
          },
          "sensitive_attributes": [],
          "private": "eyJlMmJmYjczMC1lY2FhLTExZTYtOGY4OC0zNDM2M2JjN2M0YzAiOnsiY3JlYXRlIjozMDAwMDAwMDAwMDAsImRlbGV0ZSI6MzAwMDAwMDAwMDAwLCJ1cGRhdGUiOjEyMDAwMDAwMDAwMH19",
          "dependencies": [
            "module.vpc.aws_internet_gateway.this",
            "module.vpc.aws_vpc.vpc"
          ]
        }
      ]
    },
    {
      "module": "module.vpc",
      "mode": "managed",
      "type": "aws_route_table_association",
      "name": "private",
      "provider": "provider[\"registry.terraform.io/hashicorp/aws\"]",
      "instances": [
        {
          "index_key": "pri_sub_2a",
          "schema_version": 0,
          "attributes": {
            "gateway_id": "",
            "id": "rtbassoc-02042b26d44b2e572",
            "route_table_id": "rtb-006070f5ca8c50dd8",
            "subnet_id": "subnet-047891f39f927a8d8",
            "timeouts": null
          },
          "sensitive_attributes": [],
          "private": "eyJlMmJmYjczMC1lY2FhLTExZTYtOGY4OC0zNDM2M2JjN2M0YzAiOnsiY3JlYXRlIjozMDAwMDAwMDAwMDAsImRlbGV0ZSI6MzAwMDAwMDAwMDAwLCJ1cGRhdGUiOjEyMDAwMDAwMDAwMH19",
          "dependencies": [
            "module.vpc.aws_eip.nat",
            "module.vpc.aws_nat_gateway.nat_gw",
            "module.vpc.aws_route_table.private",
            "module.vpc.aws_subnet.private",
            "module.vpc.aws_subnet.public",
            "module.vpc.aws_vpc.vpc"
          ]
        },
        {
          "index_key": "pri_sub_2c",
          "schema_version": 0,
          "attributes": {
            "gateway_id": "",
            "id": "rtbassoc-0f1172f62f89b3645",
            "route_table_id": "rtb-006070f5ca8c50dd8",
            "subnet_id": "subnet-079b4361fd31caea6",
            "timeouts": null
          },
          "sensitive_attributes": [],
          "private": "eyJlMmJmYjczMC1lY2FhLTExZTYtOGY4OC0zNDM2M2JjN2M0YzAiOnsiY3JlYXRlIjozMDAwMDAwMDAwMDAsImRlbGV0ZSI6MzAwMDAwMDAwMDAwLCJ1cGRhdGUiOjEyMDAwMDAwMDAwMH19",
          "dependencies": [
            "module.vpc.aws_eip.nat",
            "module.vpc.aws_nat_gateway.nat_gw",
            "module.vpc.aws_route_table.private",
            "module.vpc.aws_subnet.private",
            "module.vpc.aws_subnet.public",
            "module.vpc.aws_vpc.vpc"
          ]
        }
      ]
    },
    {
      "module": "module.vpc",
      "mode": "managed",
      "type": "aws_route_table_association",
      "name": "public",
      "provider": "provider[\"registry.terraform.io/hashicorp/aws\"]",
      "instances": [
        {
          "index_key": "pub_sub_2a",
          "schema_version": 0,
          "attributes": {
            "gateway_id": "",
            "id": "rtbassoc-0b8d5329c00d3f60d",
            "route_table_id": "rtb-0b8984644ec5aa31f",
            "subnet_id": "subnet-0e56c4c835b444bce",
            "timeouts": null
          },
          "sensitive_attributes": [],
          "private": "eyJlMmJmYjczMC1lY2FhLTExZTYtOGY4OC0zNDM2M2JjN2M0YzAiOnsiY3JlYXRlIjozMDAwMDAwMDAwMDAsImRlbGV0ZSI6MzAwMDAwMDAwMDAwLCJ1cGRhdGUiOjEyMDAwMDAwMDAwMH19",
          "dependencies": [
            "module.vpc.aws_internet_gateway.this",
            "module.vpc.aws_route_table.public",
            "module.vpc.aws_subnet.public",
            "module.vpc.aws_vpc.vpc"
          ]
        },
        {
          "index_key": "pub_sub_2c",
          "schema_version": 0,
          "attributes": {
            "gateway_id": "",
            "id": "rtbassoc-0b29efe4310fe21f9",
            "route_table_id": "rtb-0b8984644ec5aa31f",
            "subnet_id": "subnet-09c6b6e17a9aceed1",
            "timeouts": null
          },
          "sensitive_attributes": [],
          "private": "eyJlMmJmYjczMC1lY2FhLTExZTYtOGY4OC0zNDM2M2JjN2M0YzAiOnsiY3JlYXRlIjozMDAwMDAwMDAwMDAsImRlbGV0ZSI6MzAwMDAwMDAwMDAwLCJ1cGRhdGUiOjEyMDAwMDAwMDAwMH19",
          "dependencies": [
            "module.vpc.aws_internet_gateway.this",
            "module.vpc.aws_route_table.public",
            "module.vpc.aws_subnet.public",
            "module.vpc.aws_vpc.vpc"
          ]
        }
      ]
    },
    {
      "module": "module.vpc",
      "mode": "managed",
      "type": "aws_route_table_association",
      "name": "was_lb_rt_association",
      "provider": "provider[\"registry.terraform.io/hashicorp/aws\"]",
      "instances": [
        {
          "index_key": "0",
          "schema_version": 0,
          "attributes": {
            "gateway_id": "",
            "id": "rtbassoc-0023fd0311616d128",
            "route_table_id": "rtb-0b27259b410b1d405",
            "subnet_id": "subnet-07e6cced33dfda4b8",
            "timeouts": null
          },
          "sensitive_attributes": [],
          "private": "eyJlMmJmYjczMC1lY2FhLTExZTYtOGY4OC0zNDM2M2JjN2M0YzAiOnsiY3JlYXRlIjozMDAwMDAwMDAwMDAsImRlbGV0ZSI6MzAwMDAwMDAwMDAwLCJ1cGRhdGUiOjEyMDAwMDAwMDAwMH19",
          "dependencies": [
            "module.vpc.aws_route_table.was_lb_rt",
            "module.vpc.aws_subnet.was_lb",
            "module.vpc.aws_vpc.vpc"
          ]
        },
        {
          "index_key": "1",
          "schema_version": 0,
          "attributes": {
            "gateway_id": "",
            "id": "rtbassoc-093e9bdf358b351b5",
            "route_table_id": "rtb-0b27259b410b1d405",
            "subnet_id": "subnet-045fd5b8746d77cf7",
            "timeouts": null
          },
          "sensitive_attributes": [],
          "private": "eyJlMmJmYjczMC1lY2FhLTExZTYtOGY4OC0zNDM2M2JjN2M0YzAiOnsiY3JlYXRlIjozMDAwMDAwMDAwMDAsImRlbGV0ZSI6MzAwMDAwMDAwMDAwLCJ1cGRhdGUiOjEyMDAwMDAwMDAwMH19",
          "dependencies": [
            "module.vpc.aws_route_table.was_lb_rt",
            "module.vpc.aws_subnet.was_lb",
            "module.vpc.aws_vpc.vpc"
          ]
        }
      ]
    },
    {
      "module": "module.vpc",
      "mode": "managed",
      "type": "aws_route_table_association",
      "name": "web_lb_rt_association",
      "provider": "provider[\"registry.terraform.io/hashicorp/aws\"]",
      "instances": [
        {
          "index_key": "0",
          "schema_version": 0,
          "attributes": {
            "gateway_id": "",
            "id": "rtbassoc-0defa20428c91d920",
            "route_table_id": "rtb-0a7fc0ad24bb86fc1",
            "subnet_id": "subnet-0fccf2c535207f111",
            "timeouts": null
          },
          "sensitive_attributes": [],
          "private": "eyJlMmJmYjczMC1lY2FhLTExZTYtOGY4OC0zNDM2M2JjN2M0YzAiOnsiY3JlYXRlIjozMDAwMDAwMDAwMDAsImRlbGV0ZSI6MzAwMDAwMDAwMDAwLCJ1cGRhdGUiOjEyMDAwMDAwMDAwMH19",
          "dependencies": [
            "module.vpc.aws_internet_gateway.this",
            "module.vpc.aws_route_table.web_lb_rt",
            "module.vpc.aws_subnet.web_lb",
            "module.vpc.aws_vpc.vpc"
          ]
        },
        {
          "index_key": "1",
          "schema_version": 0,
          "attributes": {
            "gateway_id": "",
            "id": "rtbassoc-00aa147f2dd7336ba",
            "route_table_id": "rtb-0a7fc0ad24bb86fc1",
            "subnet_id": "subnet-08f0b59ff3bca5129",
            "timeouts": null
          },
          "sensitive_attributes": [],
          "private": "eyJlMmJmYjczMC1lY2FhLTExZTYtOGY4OC0zNDM2M2JjN2M0YzAiOnsiY3JlYXRlIjozMDAwMDAwMDAwMDAsImRlbGV0ZSI6MzAwMDAwMDAwMDAwLCJ1cGRhdGUiOjEyMDAwMDAwMDAwMH19",
          "dependencies": [
            "module.vpc.aws_internet_gateway.this",
            "module.vpc.aws_route_table.web_lb_rt",
            "module.vpc.aws_subnet.web_lb",
            "module.vpc.aws_vpc.vpc"
          ]
        }
      ]
    },
    {
      "module": "module.vpc",
      "mode": "managed",
      "type": "aws_subnet",
      "name": "private",
      "provider": "provider[\"registry.terraform.io/hashicorp/aws\"]",
      "instances": [
        {
          "index_key": "pri_sub_2a",
          "schema_version": 1,
          "attributes": {
            "arn": "arn:aws:ec2:ap-northeast-2:057845469470:subnet/subnet-047891f39f927a8d8",
            "assign_ipv6_address_on_creation": false,
            "availability_zone": "ap-northeast-2a",
            "availability_zone_id": "apne2-az1",
            "cidr_block": "10.10.10.0/24",
            "customer_owned_ipv4_pool": "",
            "enable_dns64": false,
            "enable_lni_at_device_index": 0,
            "enable_resource_name_dns_a_record_on_launch": false,
            "enable_resource_name_dns_aaaa_record_on_launch": false,
            "id": "subnet-047891f39f927a8d8",
            "ipv6_cidr_block": "",
            "ipv6_cidr_block_association_id": "",
            "ipv6_native": false,
            "map_customer_owned_ip_on_launch": false,
            "map_public_ip_on_launch": false,
            "outpost_arn": "",
            "owner_id": "057845469470",
            "private_dns_hostname_type_on_launch": "ip-name",
            "tags": {
              "MadeBy": "jsp",
              "Name": "jsp-pri-sub-2a"
            },
            "tags_all": {
              "MadeBy": "jsp",
              "Name": "jsp-pri-sub-2a"
            },
            "timeouts": null,
            "vpc_id": "vpc-0408dcd48d10b61d7"
          },
          "sensitive_attributes": [],
          "private": "eyJlMmJmYjczMC1lY2FhLTExZTYtOGY4OC0zNDM2M2JjN2M0YzAiOnsiY3JlYXRlIjo2MDAwMDAwMDAwMDAsImRlbGV0ZSI6MTIwMDAwMDAwMDAwMH0sInNjaGVtYV92ZXJzaW9uIjoiMSJ9",
          "dependencies": [
            "module.vpc.aws_vpc.vpc"
          ]
        },
        {
          "index_key": "pri_sub_2c",
          "schema_version": 1,
          "attributes": {
            "arn": "arn:aws:ec2:ap-northeast-2:057845469470:subnet/subnet-079b4361fd31caea6",
            "assign_ipv6_address_on_creation": false,
            "availability_zone": "ap-northeast-2c",
            "availability_zone_id": "apne2-az3",
            "cidr_block": "10.10.11.0/24",
            "customer_owned_ipv4_pool": "",
            "enable_dns64": false,
            "enable_lni_at_device_index": 0,
            "enable_resource_name_dns_a_record_on_launch": false,
            "enable_resource_name_dns_aaaa_record_on_launch": false,
            "id": "subnet-079b4361fd31caea6",
            "ipv6_cidr_block": "",
            "ipv6_cidr_block_association_id": "",
            "ipv6_native": false,
            "map_customer_owned_ip_on_launch": false,
            "map_public_ip_on_launch": false,
            "outpost_arn": "",
            "owner_id": "057845469470",
            "private_dns_hostname_type_on_launch": "ip-name",
            "tags": {
              "MadeBy": "jsp",
              "Name": "jsp-pri-sub-2c"
            },
            "tags_all": {
              "MadeBy": "jsp",
              "Name": "jsp-pri-sub-2c"
            },
            "timeouts": null,
            "vpc_id": "vpc-0408dcd48d10b61d7"
          },
          "sensitive_attributes": [],
          "private": "eyJlMmJmYjczMC1lY2FhLTExZTYtOGY4OC0zNDM2M2JjN2M0YzAiOnsiY3JlYXRlIjo2MDAwMDAwMDAwMDAsImRlbGV0ZSI6MTIwMDAwMDAwMDAwMH0sInNjaGVtYV92ZXJzaW9uIjoiMSJ9",
          "dependencies": [
            "module.vpc.aws_vpc.vpc"
          ]
        }
      ]
    },
    {
      "module": "module.vpc",
      "mode": "managed",
      "type": "aws_subnet",
      "name": "public",
      "provider": "provider[\"registry.terraform.io/hashicorp/aws\"]",
      "instances": [
        {
          "index_key": "pub_sub_2a",
          "schema_version": 1,
          "attributes": {
            "arn": "arn:aws:ec2:ap-northeast-2:057845469470:subnet/subnet-0e56c4c835b444bce",
            "assign_ipv6_address_on_creation": false,
            "availability_zone": "ap-northeast-2a",
            "availability_zone_id": "apne2-az1",
            "cidr_block": "10.10.0.0/24",
            "customer_owned_ipv4_pool": "",
            "enable_dns64": false,
            "enable_lni_at_device_index": 0,
            "enable_resource_name_dns_a_record_on_launch": false,
            "enable_resource_name_dns_aaaa_record_on_launch": false,
            "id": "subnet-0e56c4c835b444bce",
            "ipv6_cidr_block": "",
            "ipv6_cidr_block_association_id": "",
            "ipv6_native": false,
            "map_customer_owned_ip_on_launch": false,
            "map_public_ip_on_launch": true,
            "outpost_arn": "",
            "owner_id": "057845469470",
            "private_dns_hostname_type_on_launch": "ip-name",
            "tags": {
              "MadeBy": "jsp",
              "Name": "jsp-pub-sub-2a"
            },
            "tags_all": {
              "MadeBy": "jsp",
              "Name": "jsp-pub-sub-2a"
            },
            "timeouts": null,
            "vpc_id": "vpc-0408dcd48d10b61d7"
          },
          "sensitive_attributes": [],
          "private": "eyJlMmJmYjczMC1lY2FhLTExZTYtOGY4OC0zNDM2M2JjN2M0YzAiOnsiY3JlYXRlIjo2MDAwMDAwMDAwMDAsImRlbGV0ZSI6MTIwMDAwMDAwMDAwMH0sInNjaGVtYV92ZXJzaW9uIjoiMSJ9",
          "dependencies": [
            "module.vpc.aws_vpc.vpc"
          ]
        },
        {
          "index_key": "pub_sub_2c",
          "schema_version": 1,
          "attributes": {
            "arn": "arn:aws:ec2:ap-northeast-2:057845469470:subnet/subnet-09c6b6e17a9aceed1",
            "assign_ipv6_address_on_creation": false,
            "availability_zone": "ap-northeast-2c",
            "availability_zone_id": "apne2-az3",
            "cidr_block": "10.10.1.0/24",
            "customer_owned_ipv4_pool": "",
            "enable_dns64": false,
            "enable_lni_at_device_index": 0,
            "enable_resource_name_dns_a_record_on_launch": false,
            "enable_resource_name_dns_aaaa_record_on_launch": false,
            "id": "subnet-09c6b6e17a9aceed1",
            "ipv6_cidr_block": "",
            "ipv6_cidr_block_association_id": "",
            "ipv6_native": false,
            "map_customer_owned_ip_on_launch": false,
            "map_public_ip_on_launch": true,
            "outpost_arn": "",
            "owner_id": "057845469470",
            "private_dns_hostname_type_on_launch": "ip-name",
            "tags": {
              "MadeBy": "jsp",
              "Name": "jsp-pub-sub-2c"
            },
            "tags_all": {
              "MadeBy": "jsp",
              "Name": "jsp-pub-sub-2c"
            },
            "timeouts": null,
            "vpc_id": "vpc-0408dcd48d10b61d7"
          },
          "sensitive_attributes": [],
          "private": "eyJlMmJmYjczMC1lY2FhLTExZTYtOGY4OC0zNDM2M2JjN2M0YzAiOnsiY3JlYXRlIjo2MDAwMDAwMDAwMDAsImRlbGV0ZSI6MTIwMDAwMDAwMDAwMH0sInNjaGVtYV92ZXJzaW9uIjoiMSJ9",
          "dependencies": [
            "module.vpc.aws_vpc.vpc"
          ]
        }
      ]
    },
    {
      "module": "module.vpc",
      "mode": "managed",
      "type": "aws_subnet",
      "name": "was_lb",
      "provider": "provider[\"registry.terraform.io/hashicorp/aws\"]",
      "instances": [
        {
          "index_key": "0",
          "schema_version": 1,
          "attributes": {
            "arn": "arn:aws:ec2:ap-northeast-2:057845469470:subnet/subnet-07e6cced33dfda4b8",
            "assign_ipv6_address_on_creation": false,
            "availability_zone": "ap-northeast-2a",
            "availability_zone_id": "apne2-az1",
            "cidr_block": "10.10.200.0/24",
            "customer_owned_ipv4_pool": "",
            "enable_dns64": false,
            "enable_lni_at_device_index": 0,
            "enable_resource_name_dns_a_record_on_launch": false,
            "enable_resource_name_dns_aaaa_record_on_launch": false,
            "id": "subnet-07e6cced33dfda4b8",
            "ipv6_cidr_block": "",
            "ipv6_cidr_block_association_id": "",
            "ipv6_native": false,
            "map_customer_owned_ip_on_launch": false,
            "map_public_ip_on_launch": false,
            "outpost_arn": "",
            "owner_id": "057845469470",
            "private_dns_hostname_type_on_launch": "ip-name",
            "tags": {
              "MadeBy": "jsp",
              "Name": "jsp-was-lb-sub-0"
            },
            "tags_all": {
              "MadeBy": "jsp",
              "Name": "jsp-was-lb-sub-0"
            },
            "timeouts": null,
            "vpc_id": "vpc-0408dcd48d10b61d7"
          },
          "sensitive_attributes": [],
          "private": "eyJlMmJmYjczMC1lY2FhLTExZTYtOGY4OC0zNDM2M2JjN2M0YzAiOnsiY3JlYXRlIjo2MDAwMDAwMDAwMDAsImRlbGV0ZSI6MTIwMDAwMDAwMDAwMH0sInNjaGVtYV92ZXJzaW9uIjoiMSJ9",
          "dependencies": [
            "module.vpc.aws_vpc.vpc"
          ]
        },
        {
          "index_key": "1",
          "schema_version": 1,
          "attributes": {
            "arn": "arn:aws:ec2:ap-northeast-2:057845469470:subnet/subnet-045fd5b8746d77cf7",
            "assign_ipv6_address_on_creation": false,
            "availability_zone": "ap-northeast-2c",
            "availability_zone_id": "apne2-az3",
            "cidr_block": "10.10.210.0/24",
            "customer_owned_ipv4_pool": "",
            "enable_dns64": false,
            "enable_lni_at_device_index": 0,
            "enable_resource_name_dns_a_record_on_launch": false,
            "enable_resource_name_dns_aaaa_record_on_launch": false,
            "id": "subnet-045fd5b8746d77cf7",
            "ipv6_cidr_block": "",
            "ipv6_cidr_block_association_id": "",
            "ipv6_native": false,
            "map_customer_owned_ip_on_launch": false,
            "map_public_ip_on_launch": false,
            "outpost_arn": "",
            "owner_id": "057845469470",
            "private_dns_hostname_type_on_launch": "ip-name",
            "tags": {
              "MadeBy": "jsp",
              "Name": "jsp-was-lb-sub-1"
            },
            "tags_all": {
              "MadeBy": "jsp",
              "Name": "jsp-was-lb-sub-1"
            },
            "timeouts": null,
            "vpc_id": "vpc-0408dcd48d10b61d7"
          },
          "sensitive_attributes": [],
          "private": "eyJlMmJmYjczMC1lY2FhLTExZTYtOGY4OC0zNDM2M2JjN2M0YzAiOnsiY3JlYXRlIjo2MDAwMDAwMDAwMDAsImRlbGV0ZSI6MTIwMDAwMDAwMDAwMH0sInNjaGVtYV92ZXJzaW9uIjoiMSJ9",
          "dependencies": [
            "module.vpc.aws_vpc.vpc"
          ]
        }
      ]
    },
    {
      "module": "module.vpc",
      "mode": "managed",
      "type": "aws_subnet",
      "name": "web_lb",
      "provider": "provider[\"registry.terraform.io/hashicorp/aws\"]",
      "instances": [
        {
          "index_key": "0",
          "schema_version": 1,
          "attributes": {
            "arn": "arn:aws:ec2:ap-northeast-2:057845469470:subnet/subnet-0fccf2c535207f111",
            "assign_ipv6_address_on_creation": false,
            "availability_zone": "ap-northeast-2a",
            "availability_zone_id": "apne2-az1",
            "cidr_block": "10.10.100.0/24",
            "customer_owned_ipv4_pool": "",
            "enable_dns64": false,
            "enable_lni_at_device_index": 0,
            "enable_resource_name_dns_a_record_on_launch": false,
            "enable_resource_name_dns_aaaa_record_on_launch": false,
            "id": "subnet-0fccf2c535207f111",
            "ipv6_cidr_block": "",
            "ipv6_cidr_block_association_id": "",
            "ipv6_native": false,
            "map_customer_owned_ip_on_launch": false,
            "map_public_ip_on_launch": false,
            "outpost_arn": "",
            "owner_id": "057845469470",
            "private_dns_hostname_type_on_launch": "ip-name",
            "tags": {
              "MadeBy": "jsp",
              "Name": "jsp-web-lb-sub-0"
            },
            "tags_all": {
              "MadeBy": "jsp",
              "Name": "jsp-web-lb-sub-0"
            },
            "timeouts": null,
            "vpc_id": "vpc-0408dcd48d10b61d7"
          },
          "sensitive_attributes": [],
          "private": "eyJlMmJmYjczMC1lY2FhLTExZTYtOGY4OC0zNDM2M2JjN2M0YzAiOnsiY3JlYXRlIjo2MDAwMDAwMDAwMDAsImRlbGV0ZSI6MTIwMDAwMDAwMDAwMH0sInNjaGVtYV92ZXJzaW9uIjoiMSJ9",
          "dependencies": [
            "module.vpc.aws_vpc.vpc"
          ]
        },
        {
          "index_key": "1",
          "schema_version": 1,
          "attributes": {
            "arn": "arn:aws:ec2:ap-northeast-2:057845469470:subnet/subnet-08f0b59ff3bca5129",
            "assign_ipv6_address_on_creation": false,
            "availability_zone": "ap-northeast-2c",
            "availability_zone_id": "apne2-az3",
            "cidr_block": "10.10.110.0/24",
            "customer_owned_ipv4_pool": "",
            "enable_dns64": false,
            "enable_lni_at_device_index": 0,
            "enable_resource_name_dns_a_record_on_launch": false,
            "enable_resource_name_dns_aaaa_record_on_launch": false,
            "id": "subnet-08f0b59ff3bca5129",
            "ipv6_cidr_block": "",
            "ipv6_cidr_block_association_id": "",
            "ipv6_native": false,
            "map_customer_owned_ip_on_launch": false,
            "map_public_ip_on_launch": false,
            "outpost_arn": "",
            "owner_id": "057845469470",
            "private_dns_hostname_type_on_launch": "ip-name",
            "tags": {
              "MadeBy": "jsp",
              "Name": "jsp-web-lb-sub-1"
            },
            "tags_all": {
              "MadeBy": "jsp",
              "Name": "jsp-web-lb-sub-1"
            },
            "timeouts": null,
            "vpc_id": "vpc-0408dcd48d10b61d7"
          },
          "sensitive_attributes": [],
          "private": "eyJlMmJmYjczMC1lY2FhLTExZTYtOGY4OC0zNDM2M2JjN2M0YzAiOnsiY3JlYXRlIjo2MDAwMDAwMDAwMDAsImRlbGV0ZSI6MTIwMDAwMDAwMDAwMH0sInNjaGVtYV92ZXJzaW9uIjoiMSJ9",
          "dependencies": [
            "module.vpc.aws_vpc.vpc"
          ]
        }
      ]
    },
    {
      "module": "module.vpc",
      "mode": "managed",
      "type": "aws_vpc",
      "name": "vpc",
      "provider": "provider[\"registry.terraform.io/hashicorp/aws\"]",
      "instances": [
        {
          "schema_version": 1,
          "attributes": {
            "arn": "arn:aws:ec2:ap-northeast-2:057845469470:vpc/vpc-0408dcd48d10b61d7",
            "assign_generated_ipv6_cidr_block": false,
            "cidr_block": "10.10.0.0/16",
            "default_network_acl_id": "acl-0b45e75e3b7beefa1",
            "default_route_table_id": "rtb-0fe1b11a70bf73b4d",
            "default_security_group_id": "sg-0c47d199f2b6e5d07",
            "dhcp_options_id": "dopt-2cbef647",
            "enable_dns_hostnames": true,
            "enable_dns_support": true,
            "enable_network_address_usage_metrics": false,
            "id": "vpc-0408dcd48d10b61d7",
            "instance_tenancy": "default",
            "ipv4_ipam_pool_id": null,
            "ipv4_netmask_length": null,
            "ipv6_association_id": "",
            "ipv6_cidr_block": "",
            "ipv6_cidr_block_network_border_group": "",
            "ipv6_ipam_pool_id": "",
            "ipv6_netmask_length": 0,
            "main_route_table_id": "rtb-0fe1b11a70bf73b4d",
            "owner_id": "057845469470",
            "tags": {
              "MadeBy": "jsp",
              "Name": "jsp-vpc"
            },
            "tags_all": {
              "MadeBy": "jsp",
              "Name": "jsp-vpc"
            }
          },
          "sensitive_attributes": [],
          "private": "eyJzY2hlbWFfdmVyc2lvbiI6IjEifQ==",
          "create_before_destroy": true
        }
      ]
    }
  ],
  "check_results": null
}
