{
  "version": 4,
  "terraform_version": "1.5.4",
  "serial": 2184,
  "lineage": "544b6bc7-e0ad-4389-6d72-f53f5d835bd2",
  "outputs": {
    "key_pair": {
      "value": "jsp-key",
      "type": "string"
    },
    "lb_dns_name": {
      "value": "jsp-default-web-lb-472141560.ap-northeast-2.elb.amazonaws.com",
      "type": "string"
    },
    "lb_zone_id": {
      "value": "ZWKZPGTI48KDX",
      "type": "string"
    },
    "nat_eip": {
      "value": "3.35.111.38",
      "type": "string"
    },
    "private_subnet_ids": {
      "value": [
        "subnet-09287b885c333b7d3",
        "subnet-053d31f65e3e183e7"
      ],
      "type": [
        "tuple",
        [
          "string",
          "string"
        ]
      ]
    },
    "public_eip": {
      "value": "43.202.18.58",
      "type": "string"
    },
    "public_subnet_ids": {
      "value": [
        "subnet-07960d68cc3cd1f5f",
        "subnet-06df12b79ea5ba6d8"
      ],
      "type": [
        "tuple",
        [
          "string",
          "string"
        ]
      ]
    },
    "vpc_id": {
      "value": "vpc-01d2028096a0123f3",
      "type": "string"
    },
    "web_lb_subnet_ids": {
      "value": [
        "subnet-0be8d8a72a6f3adf1",
        "subnet-0fd84aef4529fd5ef"
      ],
      "type": [
        "tuple",
        [
          "string",
          "string"
        ]
      ]
    }
  },
  "resources": [
    {
      "module": "module.ec2",
      "mode": "data",
      "type": "aws_ami",
      "name": "amazon_linux-2",
      "provider": "provider[\"registry.terraform.io/hashicorp/aws\"]",
      "instances": [
        {
          "schema_version": 0,
          "attributes": {
            "architecture": "x86_64",
            "arn": "arn:aws:ec2:ap-northeast-2::image/ami-022db573829bf517a",
            "block_device_mappings": [
              {
                "device_name": "/dev/xvda",
                "ebs": {
                  "delete_on_termination": "true",
                  "encrypted": "false",
                  "iops": "0",
                  "snapshot_id": "snap-0eebc63c0624a3d5b",
                  "throughput": "0",
                  "volume_size": "8",
                  "volume_type": "gp2"
                },
                "no_device": "",
                "virtual_name": ""
              }
            ],
            "boot_mode": "",
            "creation_date": "2024-01-26T19:11:44.000Z",
            "deprecation_time": "2025-07-01T00:00:00.000Z",
            "description": "Amazon Linux 2 AMI 2.0.20240131.0 x86_64 HVM gp2",
            "ena_support": true,
            "executable_users": null,
            "filter": [
              {
                "name": "architecture",
                "values": [
                  "x86_64"
                ]
              },
              {
                "name": "name",
                "values": [
                  "amzn2-ami-hvm-*-gp2"
                ]
              },
              {
                "name": "root-device-type",
                "values": [
                  "ebs"
                ]
              },
              {
                "name": "virtualization-type",
                "values": [
                  "hvm"
                ]
              }
            ],
            "hypervisor": "xen",
            "id": "ami-022db573829bf517a",
            "image_id": "ami-022db573829bf517a",
            "image_location": "amazon/amzn2-ami-hvm-2.0.20240131.0-x86_64-gp2",
            "image_owner_alias": "amazon",
            "image_type": "machine",
            "imds_support": "",
            "include_deprecated": false,
            "kernel_id": "",
            "most_recent": true,
            "name": "amzn2-ami-hvm-2.0.20240131.0-x86_64-gp2",
            "name_regex": null,
            "owner_id": "137112412989",
            "owners": [
              "amazon"
            ],
            "platform": "",
            "platform_details": "Linux/UNIX",
            "product_codes": [],
            "public": true,
            "ramdisk_id": "",
            "root_device_name": "/dev/xvda",
            "root_device_type": "ebs",
            "root_snapshot_id": "snap-0eebc63c0624a3d5b",
            "sriov_net_support": "simple",
            "state": "available",
            "state_reason": {
              "code": "UNSET",
              "message": "UNSET"
            },
            "tags": {},
            "timeouts": null,
            "tpm_support": "",
            "usage_operation": "RunInstances",
            "virtualization_type": "hvm"
          },
          "sensitive_attributes": []
        }
      ]
    },
    {
      "module": "module.ec2",
      "mode": "data",
      "type": "aws_ami",
      "name": "amazon_linux2_kernel_5",
      "provider": "provider[\"registry.terraform.io/hashicorp/aws\"]",
      "instances": [
        {
          "schema_version": 0,
          "attributes": {
            "architecture": "x86_64",
            "arn": "arn:aws:ec2:ap-northeast-2::image/ami-09296805c0d8f0af5",
            "block_device_mappings": [
              {
                "device_name": "/dev/xvda",
                "ebs": {
                  "delete_on_termination": "true",
                  "encrypted": "false",
                  "iops": "0",
                  "snapshot_id": "snap-028088d134f70248f",
                  "throughput": "0",
                  "volume_size": "8",
                  "volume_type": "gp2"
                },
                "no_device": "",
                "virtual_name": ""
              }
            ],
            "boot_mode": "",
            "creation_date": "2024-01-26T19:22:35.000Z",
            "deprecation_time": "2025-07-01T00:00:00.000Z",
            "description": "Amazon Linux 2 Kernel 5.10 AMI 2.0.20240131.0 x86_64 HVM gp2",
            "ena_support": true,
            "executable_users": null,
            "filter": [
              {
                "name": "name",
                "values": [
                  "amzn2-ami-kernel-5*"
                ]
              }
            ],
            "hypervisor": "xen",
            "id": "ami-09296805c0d8f0af5",
            "image_id": "ami-09296805c0d8f0af5",
            "image_location": "amazon/amzn2-ami-kernel-5.10-hvm-2.0.20240131.0-x86_64-gp2",
            "image_owner_alias": "amazon",
            "image_type": "machine",
            "imds_support": "",
            "include_deprecated": false,
            "kernel_id": "",
            "most_recent": true,
            "name": "amzn2-ami-kernel-5.10-hvm-2.0.20240131.0-x86_64-gp2",
            "name_regex": null,
            "owner_id": "137112412989",
            "owners": [
              "amazon"
            ],
            "platform": "",
            "platform_details": "Linux/UNIX",
            "product_codes": [],
            "public": true,
            "ramdisk_id": "",
            "root_device_name": "/dev/xvda",
            "root_device_type": "ebs",
            "root_snapshot_id": "snap-028088d134f70248f",
            "sriov_net_support": "simple",
            "state": "available",
            "state_reason": {
              "code": "UNSET",
              "message": "UNSET"
            },
            "tags": {},
            "timeouts": null,
            "tpm_support": "",
            "usage_operation": "RunInstances",
            "virtualization_type": "hvm"
          },
          "sensitive_attributes": []
        }
      ]
    },
    {
      "module": "module.ec2",
      "mode": "data",
      "type": "aws_ami",
      "name": "ubuntu",
      "provider": "provider[\"registry.terraform.io/hashicorp/aws\"]",
      "instances": [
        {
          "schema_version": 0,
          "attributes": {
            "architecture": "x86_64",
            "arn": "arn:aws:ec2:ap-northeast-2::image/ami-07ca1c1ee97e58cf6",
            "block_device_mappings": [
              {
                "device_name": "/dev/sda1",
                "ebs": {
                  "delete_on_termination": "true",
                  "encrypted": "false",
                  "iops": "0",
                  "snapshot_id": "snap-0c6a094755956a83c",
                  "throughput": "0",
                  "volume_size": "8",
                  "volume_type": "gp2"
                },
                "no_device": "",
                "virtual_name": ""
              },
              {
                "device_name": "/dev/sdb",
                "ebs": {},
                "no_device": "",
                "virtual_name": "ephemeral0"
              },
              {
                "device_name": "/dev/sdc",
                "ebs": {},
                "no_device": "",
                "virtual_name": "ephemeral1"
              }
            ],
            "boot_mode": "uefi-preferred",
            "creation_date": "2024-02-20T20:36:42.000Z",
            "deprecation_time": "2026-02-20T20:36:42.000Z",
            "description": "Canonical, Ubuntu, 22.04 LTS, amd64 jammy image build on 2024-02-20",
            "ena_support": true,
            "executable_users": null,
            "filter": [
              {
                "name": "name",
                "values": [
                  "ubuntu/images/hvm-ssd/ubuntu-jammy-22.04-amd64-server-*"
                ]
              },
              {
                "name": "virtualization-type",
                "values": [
                  "hvm"
                ]
              }
            ],
            "hypervisor": "xen",
            "id": "ami-07ca1c1ee97e58cf6",
            "image_id": "ami-07ca1c1ee97e58cf6",
            "image_location": "amazon/ubuntu/images/hvm-ssd/ubuntu-jammy-22.04-amd64-server-20240220",
            "image_owner_alias": "amazon",
            "image_type": "machine",
            "imds_support": "",
            "include_deprecated": false,
            "kernel_id": "",
            "most_recent": true,
            "name": "ubuntu/images/hvm-ssd/ubuntu-jammy-22.04-amd64-server-20240220",
            "name_regex": null,
            "owner_id": "099720109477",
            "owners": [
              "099720109477"
            ],
            "platform": "",
            "platform_details": "Linux/UNIX",
            "product_codes": [],
            "public": true,
            "ramdisk_id": "",
            "root_device_name": "/dev/sda1",
            "root_device_type": "ebs",
            "root_snapshot_id": "snap-0c6a094755956a83c",
            "sriov_net_support": "simple",
            "state": "available",
            "state_reason": {
              "code": "UNSET",
              "message": "UNSET"
            },
            "tags": {},
            "timeouts": null,
            "tpm_support": "",
            "usage_operation": "RunInstances",
            "virtualization_type": "hvm"
          },
          "sensitive_attributes": []
        }
      ]
    },
    {
      "module": "module.ec2",
      "mode": "managed",
      "type": "aws_autoscaling_group",
      "name": "jsp_alb",
      "provider": "provider[\"registry.terraform.io/hashicorp/aws\"]",
      "instances": [
        {
          "schema_version": 1,
          "attributes": {
            "arn": "arn:aws:autoscaling:ap-northeast-2:057845469470:autoScalingGroup:9bcdf391-67ac-47cc-a8eb-09ce821a84ba:autoScalingGroupName/jsp-default-asg",
            "availability_zones": [
              "ap-northeast-2a",
              "ap-northeast-2c"
            ],
            "capacity_rebalance": false,
            "context": "",
            "default_cooldown": 300,
            "default_instance_warmup": 0,
            "desired_capacity": 2,
            "desired_capacity_type": "",
            "enabled_metrics": [],
            "force_delete": false,
            "force_delete_warm_pool": false,
            "health_check_grace_period": 1800,
            "health_check_type": "ELB",
            "id": "jsp-default-asg",
            "ignore_failed_scaling_activities": false,
            "initial_lifecycle_hook": [],
            "instance_maintenance_policy": [],
            "instance_refresh": [],
            "launch_configuration": "jsp-lauchconfig-20240222025304115000000007",
            "launch_template": [],
            "load_balancers": [],
            "max_instance_lifetime": 0,
            "max_size": 2,
            "metrics_granularity": "1Minute",
            "min_elb_capacity": null,
            "min_size": 2,
            "mixed_instances_policy": [],
            "name": "jsp-default-asg",
            "name_prefix": "",
            "placement_group": "",
            "predicted_capacity": 0,
            "protect_from_scale_in": false,
            "service_linked_role_arn": "arn:aws:iam::057845469470:role/aws-service-role/autoscaling.amazonaws.com/AWSServiceRoleForAutoScaling",
            "suspended_processes": [],
            "tag": [
              {
                "key": "Name",
                "propagate_at_launch": true,
                "value": "jsp-default-alb"
              }
            ],
            "target_group_arns": [
              "arn:aws:elasticloadbalancing:ap-northeast-2:057845469470:targetgroup/jsp-default-web-lb-tg/01717bcb6540d8bb"
            ],
            "termination_policies": [],
            "timeouts": null,
            "traffic_source": [
              {
                "identifier": "arn:aws:elasticloadbalancing:ap-northeast-2:057845469470:targetgroup/jsp-default-web-lb-tg/01717bcb6540d8bb",
                "type": "elbv2"
              }
            ],
            "vpc_zone_identifier": [
              "subnet-053d31f65e3e183e7",
              "subnet-09287b885c333b7d3"
            ],
            "wait_for_capacity_timeout": "10m",
            "wait_for_elb_capacity": null,
            "warm_pool": [],
            "warm_pool_size": 0
          },
          "sensitive_attributes": [],
          "private": "eyJlMmJmYjczMC1lY2FhLTExZTYtOGY4OC0zNDM2M2JjN2M0YzAiOnsiZGVsZXRlIjo2MDAwMDAwMDAwMDAsInVwZGF0ZSI6NjAwMDAwMDAwMDAwfSwic2NoZW1hX3ZlcnNpb24iOiIxIn0=",
          "dependencies": [
            "module.ec2.aws_launch_configuration.jsp_config",
            "module.ec2.data.aws_ami.ubuntu",
            "module.iam.aws_iam_instance_profile.private",
            "module.iam.aws_iam_role.jsp_private",
            "module.lb.aws_lb_target_group.web_lb_tg",
            "module.sg.aws_security_group.private",
            "module.vpc.aws_subnet.private",
            "module.vpc.aws_vpc.vpc"
          ]
        }
      ]
    },
    {
      "module": "module.ec2",
      "mode": "managed",
      "type": "aws_autoscaling_policy",
      "name": "target-tracking-policy",
      "provider": "provider[\"registry.terraform.io/hashicorp/aws\"]",
      "instances": [
        {
          "schema_version": 0,
          "attributes": {
            "adjustment_type": "",
            "arn": "arn:aws:autoscaling:ap-northeast-2:057845469470:scalingPolicy:c4774d83-a208-4a46-953e-8546a460d86b:autoScalingGroupName/jsp-default-asg:policyName/jsp-default-asg-policy",
            "autoscaling_group_name": "jsp-default-asg",
            "cooldown": 0,
            "enabled": true,
            "estimated_instance_warmup": 60,
            "id": "jsp-default-asg-policy",
            "metric_aggregation_type": "",
            "min_adjustment_magnitude": 0,
            "name": "jsp-default-asg-policy",
            "policy_type": "TargetTrackingScaling",
            "predictive_scaling_configuration": [],
            "scaling_adjustment": 0,
            "step_adjustment": [],
            "target_tracking_configuration": [
              {
                "customized_metric_specification": [],
                "disable_scale_in": false,
                "predefined_metric_specification": [
                  {
                    "predefined_metric_type": "ASGAverageCPUUtilization",
                    "resource_label": ""
                  }
                ],
                "target_value": 80
              }
            ]
          },
          "sensitive_attributes": [],
          "private": "bnVsbA==",
          "dependencies": [
            "module.ec2.aws_autoscaling_group.jsp_alb",
            "module.ec2.aws_launch_configuration.jsp_config",
            "module.ec2.data.aws_ami.ubuntu",
            "module.iam.aws_iam_instance_profile.private",
            "module.iam.aws_iam_role.jsp_private",
            "module.lb.aws_lb_target_group.web_lb_tg",
            "module.sg.aws_security_group.private",
            "module.vpc.aws_subnet.private",
            "module.vpc.aws_vpc.vpc"
          ]
        }
      ]
    },
    {
      "module": "module.ec2",
      "mode": "managed",
      "type": "aws_eip",
      "name": "public",
      "provider": "provider[\"registry.terraform.io/hashicorp/aws\"]",
      "instances": [
        {
          "schema_version": 0,
          "attributes": {
            "address": null,
            "allocation_id": "eipalloc-0cd0e1bda2fa92dac",
            "associate_with_private_ip": null,
            "association_id": "eipassoc-0b018647a0834e8f1",
            "carrier_ip": "",
            "customer_owned_ip": "",
            "customer_owned_ipv4_pool": "",
            "domain": "vpc",
            "id": "eipalloc-0cd0e1bda2fa92dac",
            "instance": "i-053e8507f64a7782e",
            "network_border_group": "ap-northeast-2",
            "network_interface": "eni-0758290ab718ffcd0",
            "private_dns": "ip-10-10-0-252.ap-northeast-2.compute.internal",
            "private_ip": "10.10.0.252",
            "public_dns": "ec2-43-202-18-58.ap-northeast-2.compute.amazonaws.com",
            "public_ip": "43.202.18.58",
            "public_ipv4_pool": "amazon",
            "tags": {
              "MadeBy": "jsp",
              "Name": "jsp-public-eip-2a"
            },
            "tags_all": {
              "MadeBy": "jsp",
              "Name": "jsp-public-eip-2a"
            },
            "timeouts": null,
            "vpc": true
          },
          "sensitive_attributes": [],
          "private": "eyJlMmJmYjczMC1lY2FhLTExZTYtOGY4OC0zNDM2M2JjN2M0YzAiOnsiZGVsZXRlIjoxODAwMDAwMDAwMDAsInJlYWQiOjkwMDAwMDAwMDAwMCwidXBkYXRlIjozMDAwMDAwMDAwMDB9fQ==",
          "dependencies": [
            "module.ec2.aws_instance.public",
            "module.ec2.data.aws_ami.amazon_linux-2",
            "module.sg.aws_security_group.public",
            "module.vpc.aws_subnet.public",
            "module.vpc.aws_vpc.vpc"
          ]
        }
      ]
    },
    {
      "module": "module.ec2",
      "mode": "managed",
      "type": "aws_instance",
      "name": "public",
      "provider": "provider[\"registry.terraform.io/hashicorp/aws\"]",
      "instances": [
        {
          "schema_version": 1,
          "attributes": {
            "ami": "ami-022db573829bf517a",
            "arn": "arn:aws:ec2:ap-northeast-2:057845469470:instance/i-053e8507f64a7782e",
            "associate_public_ip_address": true,
            "availability_zone": "ap-northeast-2a",
            "capacity_reservation_specification": [
              {
                "capacity_reservation_preference": "open",
                "capacity_reservation_target": []
              }
            ],
            "cpu_core_count": 1,
            "cpu_options": [
              {
                "amd_sev_snp": "",
                "core_count": 1,
                "threads_per_core": 2
              }
            ],
            "cpu_threads_per_core": 2,
            "credit_specification": [
              {
                "cpu_credits": "unlimited"
              }
            ],
            "disable_api_stop": false,
            "disable_api_termination": true,
            "ebs_block_device": [],
            "ebs_optimized": false,
            "enclave_options": [
              {
                "enabled": false
              }
            ],
            "ephemeral_block_device": [],
            "get_password_data": false,
            "hibernation": false,
            "host_id": "",
            "host_resource_group_arn": null,
            "iam_instance_profile": "",
            "id": "i-053e8507f64a7782e",
            "instance_initiated_shutdown_behavior": "stop",
            "instance_lifecycle": "",
            "instance_market_options": [],
            "instance_state": "running",
            "instance_type": "t3.small",
            "ipv6_address_count": 0,
            "ipv6_addresses": [],
            "key_name": "jsp-key",
            "launch_template": [],
            "maintenance_options": [
              {
                "auto_recovery": "default"
              }
            ],
            "metadata_options": [
              {
                "http_endpoint": "enabled",
                "http_protocol_ipv6": "disabled",
                "http_put_response_hop_limit": 1,
                "http_tokens": "optional",
                "instance_metadata_tags": "disabled"
              }
            ],
            "monitoring": false,
            "network_interface": [],
            "outpost_arn": "",
            "password_data": "",
            "placement_group": "",
            "placement_partition_number": 0,
            "primary_network_interface_id": "eni-0758290ab718ffcd0",
            "private_dns": "ip-10-10-0-252.ap-northeast-2.compute.internal",
            "private_dns_name_options": [
              {
                "enable_resource_name_dns_a_record": false,
                "enable_resource_name_dns_aaaa_record": false,
                "hostname_type": "ip-name"
              }
            ],
            "private_ip": "10.10.0.252",
            "public_dns": "ec2-43-202-18-58.ap-northeast-2.compute.amazonaws.com",
            "public_ip": "43.202.18.58",
            "root_block_device": [
              {
                "delete_on_termination": true,
                "device_name": "/dev/xvda",
                "encrypted": false,
                "iops": 3000,
                "kms_key_id": "",
                "tags": {},
                "throughput": 125,
                "volume_id": "vol-080cd2049dd9fcec3",
                "volume_size": 8,
                "volume_type": "gp3"
              }
            ],
            "secondary_private_ips": [],
            "security_groups": [],
            "source_dest_check": true,
            "spot_instance_request_id": "",
            "subnet_id": "subnet-07960d68cc3cd1f5f",
            "tags": {
              "MadeBy": "jsp",
              "Name": "jsp-public-bastion"
            },
            "tags_all": {
              "MadeBy": "jsp",
              "Name": "jsp-public-bastion"
            },
            "tenancy": "default",
            "timeouts": null,
            "user_data": "5960c92fff5c39f0f5f4dd07eb433c41a928422f",
            "user_data_base64": null,
            "user_data_replace_on_change": false,
            "volume_tags": null,
            "vpc_security_group_ids": [
              "sg-02cc5e9cbc6ea793d"
            ]
          },
          "sensitive_attributes": [],
          "private": "eyJlMmJmYjczMC1lY2FhLTExZTYtOGY4OC0zNDM2M2JjN2M0YzAiOnsiY3JlYXRlIjo2MDAwMDAwMDAwMDAsImRlbGV0ZSI6MTIwMDAwMDAwMDAwMCwidXBkYXRlIjo2MDAwMDAwMDAwMDB9LCJzY2hlbWFfdmVyc2lvbiI6IjEifQ==",
          "dependencies": [
            "module.ec2.data.aws_ami.amazon_linux-2",
            "module.sg.aws_security_group.public",
            "module.vpc.aws_subnet.public",
            "module.vpc.aws_vpc.vpc"
          ]
        }
      ]
    },
    {
      "module": "module.ec2",
      "mode": "managed",
      "type": "aws_key_pair",
      "name": "key_pair",
      "provider": "provider[\"registry.terraform.io/hashicorp/aws\"]",
      "instances": [
        {
          "schema_version": 1,
          "attributes": {
            "arn": "arn:aws:ec2:ap-northeast-2:057845469470:key-pair/jsp-key",
            "fingerprint": "5b:eb:de:f0:4f:84:c1:11:fa:b5:b1:55:3e:3f:98:88",
            "id": "jsp-key",
            "key_name": "jsp-key",
            "key_name_prefix": "",
            "key_pair_id": "key-0f7d356950bd84dab",
            "key_type": "rsa",
            "public_key": "ssh-rsa AAAAB3NzaC1yc2EAAAADAQABAAACAQCoSrZb8G2KdEGLifnS0dV7ydkoOSRun5oJ2YhldVVMkDi7JYkQcq0aODotIpK6nwjixNZcgmF8aNQf6OGnyHQOvXIU27KTLiJgLrkA2b5qadFEfN9MC95WgCyJBY4bg+IX9bxFFhg7OZYkDZamiExuBXcb1wpznuxHsSdvky0ONMR/xpIDmW081VdiVQ49qnekZAbdfnOadegiYMrSm2lxrjzp2dvtR93MOSa8VKGNnEl23hNmc9Bc80bFkMK+Cgolb4HV2N8EKCXZn06I3+LygCJtlnL8ImvVH/lVImm4CCpGikkuiVtj5LETQxWgINPvZzh/1D8uR71G/WQX55lgcLTdGi1gxQ7IOFVMgcR6FMG4RBB6VTuyBBGny0DrtCTFG7phvkEl7syMoQvnf+yMhHRYI9R2+oTwurTF1ZX4/mKFhNdbk+VS77W/zBS6Ri4Zv4+x5Ke/ppOYmzgKl9L2lS9TWuSbGsNtBwLTVrreoEhwBUPtuFJCbEBXafSH8W/qXUJmtaRjYo1XNm8ctgt5K8zgh2XH+1Q8d5aiEfN865WCpmF9y0qZ+j3B8U1rGJkHY+AMummLtu1j9AO6dJRfL3CId6PQgrOIW1Bm4se8ziWFuzoH/BT5kKPySM7/o8ggJbfk6EWXmCD18nu7iydgitYdkVpQuh8sg8b8naDxNQ==",
            "tags": {},
            "tags_all": {}
          },
          "sensitive_attributes": [],
          "private": "eyJzY2hlbWFfdmVyc2lvbiI6IjEifQ==",
          "dependencies": [
            "module.ec2.tls_private_key.key_pair"
          ]
        }
      ]
    },
    {
      "module": "module.ec2",
      "mode": "managed",
      "type": "aws_launch_configuration",
      "name": "jsp_config",
      "provider": "provider[\"registry.terraform.io/hashicorp/aws\"]",
      "instances": [
        {
          "schema_version": 0,
          "attributes": {
            "arn": "arn:aws:autoscaling:ap-northeast-2:057845469470:launchConfiguration:935c857c-b96e-437d-869b-fab5906ba4f4:launchConfigurationName/jsp-lauchconfig-20240222025304115000000007",
            "associate_public_ip_address": false,
            "ebs_block_device": [],
            "ebs_optimized": false,
            "enable_monitoring": true,
            "ephemeral_block_device": [],
            "iam_instance_profile": "jsp-private",
            "id": "jsp-lauchconfig-20240222025304115000000007",
            "image_id": "ami-07ca1c1ee97e58cf6",
            "instance_type": "t3.medium",
            "key_name": "jsp-key",
            "metadata_options": [],
            "name": "jsp-lauchconfig-20240222025304115000000007",
            "name_prefix": "jsp-lauchconfig-",
            "placement_tenancy": "",
            "root_block_device": [
              {
                "delete_on_termination": true,
                "encrypted": false,
                "iops": 0,
                "throughput": 0,
                "volume_size": 30,
                "volume_type": "gp3"
              }
            ],
            "security_groups": [
              "sg-0519b832c202c8d09"
            ],
            "spot_price": "",
            "user_data": "37ad9580fda3e14450ffb362fdef886d99ddbcdb",
            "user_data_base64": null
          },
          "sensitive_attributes": [],
          "private": "bnVsbA==",
          "dependencies": [
            "module.ec2.data.aws_ami.ubuntu",
            "module.iam.aws_iam_instance_profile.private",
            "module.iam.aws_iam_role.jsp_private",
            "module.sg.aws_security_group.private",
            "module.vpc.aws_vpc.vpc"
          ],
          "create_before_destroy": true
        }
      ]
    },
    {
      "module": "module.ec2",
      "mode": "managed",
      "type": "local_file",
      "name": "ssh_key",
      "provider": "provider[\"registry.terraform.io/hashicorp/local\"]",
      "instances": [
        {
          "schema_version": 0,
          "attributes": {
            "content": "-----BEGIN RSA PRIVATE KEY-----\nMIIJKAIBAAKCAgEAqEq2W/BtinRBi4n50tHVe8nZKDkkbp+aCdmIZXVVTJA4uyWJ\nEHKtGjg6LSKSup8I4sTWXIJhfGjUH+jhp8h0Dr1yFNuyky4iYC65ANm+amnRRHzf\nTAveVoAsiQWOG4PiF/W8RRYYOzmWJA2WpohMbgV3G9cKc57sR7Enb5MtDjTEf8aS\nA5ltPNVXYlUOPap3pGQG3X5zmnXoImDK0ptpca486dnb7UfdzDkmvFShjZxJdt4T\nZnPQXPNGxZDCvgoKJW+B1djfBCgl2Z9OiN/i8oAibZZy/CJr1R/5VSJpuAgqRopJ\nLolbY+SxE0MVoCDT72c4f9Q/Lke9Rv1kF+eZYHC03RotYMUOyDhVTIHEehTBuEQQ\nelU7sgQRp8tA67QkxRu6Yb5BJe7MjKEL53/sjIR0WCPUdvqE8Lq0xdWV+P5ihYTX\nW5PlUu+1v8wUukYuGb+PseSnv6aTmJs4CpfS9pUvU1rkmxrDbQcC01a63qBIcAVD\n7bhSQmxAV2n0h/Fv6l1CZrWkY2KNVzZvHLYLeSvM4Idlx/tUPHeWohHzfOuVgqZh\nfctKmfo9wfFNaxiZB2PgDLppi7btY/QDunSUXy9wiHej0IKziFtQZuLHvM4lhbs6\nB/wU+ZCj8kjO/6PIICW35OhFl5gg9fJ7u4snYIrWHZFaULofLIPG/J2g8TUCAwEA\nAQKCAgA+RseM5j/jCHpo5LoqJbRWhq9xjxPITA94raMnyG+0UXps5sr95zHfjgcZ\nRL3/iXKEWErrGORyYWh+FnPK3wbznW9mAJbomB3oceHMSseIIXhrW7pWLd4tLGlO\nm1unGvrD2w+8kRyObhT9annhTnbaD/OvvbgEaT8OmKP7Sf9WTniYwCawZkpiRKB9\npvQKJdb4YnuX439sHU21yxPDM/elNdEcyJ32BK4zMMMA1mCiQr982VlchGcKvovl\n+FfYc2aly8nEFOkSZLj8+1LYm+Ej0/7phs8uNp6o05g0xPNSQtNCH1JNgk7rfGl6\ns0yBYSSMZyolQ6nNuoZ0irhLkEzVJZTrqYyZ1/AlOTG5DhBhwb7lY7X2yIt+BOng\n+b84Qf2NZMSHmrQ2vsAlAgBMmEIxQ9xc42AgF6dvsKLXBp0gyhIVjjNri9L1oHQS\n4N/kXwuQFM//gnywA5y/ZI/gghmtykWP9YAhPJi1dE+S9Vd8vyBsTtbTliRqQXRL\nmemgu2Ly2FtDUlThqID2LKybHq24S5FxCaMuEQ46OjpLIQYv9RhOKjHRO+ZQ7w5w\n9XlToeMFZAwzoPptEySwX897SPzmaPdlI+Ujany6SpL4G0ENg99qdo0kXOxb7Mng\nHF2yx93e8DvuEqaolZhLa3SmfWlLmHancqhtqhBu+P/hQChcUQKCAQEA2aYEIaKD\n0ImyGY+S9JkApV8vHY6WxyCRbGBMVCdQwTnmFNfYloPJ2wAGShXV8Z1wldYlNRSn\nhnewA/s/cSDpSO/s9iVkIVr4+4gVoB7i7QuzPjiUzl1WL0r85FB8Y+ONHl9bX0mq\nfwMYvVSPPpgWoCnP73Ym9DhxR2SAnycF9jOqLiVsUbqQOuC7IrXHdyMS19DVQRNu\nFOMdtiHLeXCxrq5ER+mk344/8LFv/QoX8IeUtmuew92+BZxEwb2813o7ZtM5FXrR\nc7tTnlkzTZInfNOxonnLBIgac3zY7MKYr18tIjdEEOTTItZm34nlJ5u1Bu2Zcfxw\nZnsPWa9V5403WwKCAQEAxfI/zQHlpcCb6WnH6N0cGV59zprxdlo5X5Q+135p1JT+\n1rriVsdEUQjSfOf7FlK5Z0ZopLiYherONA8dfoy2dQbYkKCNWSNE2S4Cc194hpwO\nFexeojd4Mt+xnVMr4tflDWM4V1A3ygy7WBw5JhYB/Nsojwk+VQ2x1jZFLtEcbHB/\n6AdylVABX/j2oPlNsf/tzyGzau1QWu7Tl+c0+NnDefSYETMdIrcbcqYIspTje/AZ\nYpN3k9k4Kc26XJ/6ZlYlPeROtyGy7wwVwOvbe0WeuUN9edOWgDg0b2J/bpC9M1Da\nNNTMF82Vwan5DqMc1nrP73gz+AQQWb3GVpDO8x1urwKCAQA6U6ZJyT6f9Ta4aOSO\nDi7BIqgCuMKpbI3sSEZMSxj2H2kMbufJNlozCWemFQH3tSSF0xS3i+h1Pb/64SsY\nSySZekq7kDusQK/24HpDJePUeM05QHqIbzT4iZUKLpOXRVT9LbrT5278iLzpiC63\nLJTrqSjjWHuJ+VJKOqHJhPCxERlrMnY71M5wKOednq9suwaCtaFgxi87A75jn9zi\nl5PWZzc/OlsH2hxCiZqkaj8OI5dz55VtkhAper5mWU2xRT2ECdkDa52T8UCwb+Ey\nyZcxeZ3iF9eTSFImXu/XSzMV1GDJCZyBFoGKlYCOKWsy2SSDTctQY8FPhW0QsM9J\ntWt/AoIBAQCHSeLBQyKp/tKQ3XN8fGLQE/z4UH3n3hKIeNHahtPeL1dde61mkhrn\nJ5h1NjguMav2IfEzY9ca8Diu7AXEkHfD1EH/1zvESI6twPx7ziyaE96srTigtji4\nzJqgZFACYnxygfXn9zOqLLl+pwuINFJ3d3JpEHBBwXJibgUq0lES7HD/LNfrpRrL\ndWVa8AliNwFaKDZwRnI9NC36DFPwISWxHLMyTjUDnRJtcX1QUOKJurge35tCuZvh\nNnLBC7Yga5BYlMoX8DhTmXbkvE7uGc854B7KPQsH52IvHqrp7pLhl8kLgsVbH2/T\nRVCr6F+1V4r2qLkcMera6xG76I0JLHyRAoIBADW2k/tJC5LhTwNskAK0ct6lRuzH\nEHV0r4kJfoVDf5leT+IXcfOINCYu+vOGfVSVkM9DQy2vfYf6bPGuR0Hd1FRACKrY\nAb7uTIcBT3Tkdy+doLSyvaptXuG0ZYvl2GYOrSepMNLg4Dq4l3r2NJyMDYG/xIxV\nt2M36GEOpOJNuhoo6yKun8ZNOCsMo5x81HMvMF4nXHDml1zuqXqd47viuyY65Bro\nHIgS7lrMG067l0TSrJdk1XFDy/nvAzzcUzUwgZ4DRuPCRE17OwpY9ASgqr2+7s1a\nEp6DEClg7x8rl4O8BoIo1ttFcFrp10hcQVEBAlrkjdwXd6dmN9UuEz1/WCw=\n-----END RSA PRIVATE KEY-----\n",
            "content_base64": null,
            "content_base64sha256": "NDgZN2S9iRfisbrYT8nC6L7Q15a9DF3/WnAo++XoEy4=",
            "content_base64sha512": "phWF9u+kkrTvjsLn6MY4sN9RyI7fsugS7w4F6pEsz+bZmIfAibTpsOHEQAFobk0SlV7Kc5oCj6Kzzeavchncbg==",
            "content_md5": "d86d8bf4eb5239d35da080ed1d840674",
            "content_sha1": "7174239e20ed84cddd65bcbb0493bea2d6071b76",
            "content_sha256": "3438193764bd8917e2b1bad84fc9c2e8bed0d796bd0c5dff5a7028fbe5e8132e",
            "content_sha512": "a61585f6efa492b4ef8ec2e7e8c638b0df51c88edfb2e812ef0e05ea912ccfe6d99887c089b4e9b0e1c44001686e4d12955eca739a028fa2b3cde6af7219dc6e",
            "directory_permission": "0777",
            "file_permission": "0777",
            "filename": "ec2/jsp-key.pem",
            "id": "7174239e20ed84cddd65bcbb0493bea2d6071b76",
            "sensitive_content": null,
            "source": null
          },
          "sensitive_attributes": [
            [
              {
                "type": "get_attr",
                "value": "content"
              }
            ]
          ],
          "dependencies": [
            "module.ec2.aws_key_pair.key_pair",
            "module.ec2.tls_private_key.key_pair"
          ]
        }
      ]
    },
    {
      "module": "module.ec2",
      "mode": "managed",
      "type": "tls_private_key",
      "name": "key_pair",
      "provider": "provider[\"registry.terraform.io/hashicorp/tls\"]",
      "instances": [
        {
          "schema_version": 1,
          "attributes": {
            "algorithm": "RSA",
            "ecdsa_curve": "P224",
            "id": "ec2723bdd632d313f90e81125c452e0466c8c325",
            "private_key_openssh": "-----BEGIN OPENSSH PRIVATE KEY-----\nb3BlbnNzaC1rZXktdjEAAAAABG5vbmUAAAAEbm9uZQAAAAAAAAABAAACFwAAAAdz\nc2gtcnNhAAAAAwEAAQAAAgEAqEq2W/BtinRBi4n50tHVe8nZKDkkbp+aCdmIZXVV\nTJA4uyWJEHKtGjg6LSKSup8I4sTWXIJhfGjUH+jhp8h0Dr1yFNuyky4iYC65ANm+\namnRRHzfTAveVoAsiQWOG4PiF/W8RRYYOzmWJA2WpohMbgV3G9cKc57sR7Enb5Mt\nDjTEf8aSA5ltPNVXYlUOPap3pGQG3X5zmnXoImDK0ptpca486dnb7UfdzDkmvFSh\njZxJdt4TZnPQXPNGxZDCvgoKJW+B1djfBCgl2Z9OiN/i8oAibZZy/CJr1R/5VSJp\nuAgqRopJLolbY+SxE0MVoCDT72c4f9Q/Lke9Rv1kF+eZYHC03RotYMUOyDhVTIHE\nehTBuEQQelU7sgQRp8tA67QkxRu6Yb5BJe7MjKEL53/sjIR0WCPUdvqE8Lq0xdWV\n+P5ihYTXW5PlUu+1v8wUukYuGb+PseSnv6aTmJs4CpfS9pUvU1rkmxrDbQcC01a6\n3qBIcAVD7bhSQmxAV2n0h/Fv6l1CZrWkY2KNVzZvHLYLeSvM4Idlx/tUPHeWohHz\nfOuVgqZhfctKmfo9wfFNaxiZB2PgDLppi7btY/QDunSUXy9wiHej0IKziFtQZuLH\nvM4lhbs6B/wU+ZCj8kjO/6PIICW35OhFl5gg9fJ7u4snYIrWHZFaULofLIPG/J2g\n8TUAAAc4Gg6+/BoOvvwAAAAHc3NoLXJzYQAAAgEAqEq2W/BtinRBi4n50tHVe8nZ\nKDkkbp+aCdmIZXVVTJA4uyWJEHKtGjg6LSKSup8I4sTWXIJhfGjUH+jhp8h0Dr1y\nFNuyky4iYC65ANm+amnRRHzfTAveVoAsiQWOG4PiF/W8RRYYOzmWJA2WpohMbgV3\nG9cKc57sR7Enb5MtDjTEf8aSA5ltPNVXYlUOPap3pGQG3X5zmnXoImDK0ptpca48\n6dnb7UfdzDkmvFShjZxJdt4TZnPQXPNGxZDCvgoKJW+B1djfBCgl2Z9OiN/i8oAi\nbZZy/CJr1R/5VSJpuAgqRopJLolbY+SxE0MVoCDT72c4f9Q/Lke9Rv1kF+eZYHC0\n3RotYMUOyDhVTIHEehTBuEQQelU7sgQRp8tA67QkxRu6Yb5BJe7MjKEL53/sjIR0\nWCPUdvqE8Lq0xdWV+P5ihYTXW5PlUu+1v8wUukYuGb+PseSnv6aTmJs4CpfS9pUv\nU1rkmxrDbQcC01a63qBIcAVD7bhSQmxAV2n0h/Fv6l1CZrWkY2KNVzZvHLYLeSvM\n4Idlx/tUPHeWohHzfOuVgqZhfctKmfo9wfFNaxiZB2PgDLppi7btY/QDunSUXy9w\niHej0IKziFtQZuLHvM4lhbs6B/wU+ZCj8kjO/6PIICW35OhFl5gg9fJ7u4snYIrW\nHZFaULofLIPG/J2g8TUAAAADAQABAAACAD5Gx4zmP+MIemjkuioltFaGr3GPE8hM\nD3itoyfIb7RRemzmyv3nMd+OBxlEvf+JcoRYSusY5HJhaH4Wc8rfBvOdb2YAluiY\nHehx4cxKx4gheGtbulYt3i0saU6bW6ca+sPbD7yRHI5uFP1qeeFOdtoP86+9uARp\nPw6Yo/tJ/1ZOeJjAJrBmSmJEoH2m9Aol1vhie5fjf2wdTbXLE8Mz96U10RzInfYE\nrjMwwwDWYKJCv3zZWVyEZwq+i+X4V9hzZqXLycQU6RJkuPz7Utib4SPT/umGzy42\nnqjTmDTE81JC00IfUk2CTut8aXqzTIFhJIxnKiVDqc26hnSKuEuQTNUllOupjJnX\n8CU5MbkOEGHBvuVjtfbIi34E6eD5vzhB/Y1kxIeatDa+wCUCAEyYQjFD3FzjYCAX\np2+wotcGnSDKEhWOM2uL0vWgdBLg3+RfC5AUz/+CfLADnL9kj+CCGa3KRY/1gCE8\nmLV0T5L1V3y/IGxO1tOWJGpBdEuZ6aC7YvLYW0NSVOGogPYsrJserbhLkXEJoy4R\nDjo6OkshBi/1GE4qMdE75lDvDnD1eVOh4wVkDDOg+m0TJLBfz3tI/OZo92Uj5SNq\nfLpKkvgbQQ2D32p2jSRc7FvsyeAcXbLH3d7wO+4SpqiVmEtrdKZ9aUuYdqdyqG2q\nEG74/+FAKFxRAAABADW2k/tJC5LhTwNskAK0ct6lRuzHEHV0r4kJfoVDf5leT+IX\ncfOINCYu+vOGfVSVkM9DQy2vfYf6bPGuR0Hd1FRACKrYAb7uTIcBT3Tkdy+doLSy\nvaptXuG0ZYvl2GYOrSepMNLg4Dq4l3r2NJyMDYG/xIxVt2M36GEOpOJNuhoo6yKu\nn8ZNOCsMo5x81HMvMF4nXHDml1zuqXqd47viuyY65BroHIgS7lrMG067l0TSrJdk\n1XFDy/nvAzzcUzUwgZ4DRuPCRE17OwpY9ASgqr2+7s1aEp6DEClg7x8rl4O8BoIo\n1ttFcFrp10hcQVEBAlrkjdwXd6dmN9UuEz1/WCwAAAEBANmmBCGig9CJshmPkvSZ\nAKVfLx2OlscgkWxgTFQnUME55hTX2JaDydsABkoV1fGdcJXWJTUUp4Z3sAP7P3Eg\n6Ujv7PYlZCFa+PuIFaAe4u0Lsz44lM5dVi9K/ORQfGPjjR5fW19Jqn8DGL1Ujz6Y\nFqApz+92JvQ4cUdkgJ8nBfYzqi4lbFG6kDrguyK1x3cjEtfQ1UETbhTjHbYhy3lw\nsa6uREfppN+OP/Cxb/0KF/CHlLZrnsPdvgWcRMG9vNd6O2bTORV60XO7U55ZM02S\nJ3zTsaJ5ywSIGnN82OzCmK9fLSI3RBDk0yLWZt+J5SebtQbtmXH8cGZ7D1mvVeeN\nN1sAAAEBAMXyP80B5aXAm+lpx+jdHBlefc6a8XZaOV+UPtd+adSU/ta64lbHRFEI\n0nzn+xZSuWdGaKS4mIXqzjQPHX6MtnUG2JCgjVkjRNkuAnNfeIacDhXsXqI3eDLf\nsZ1TK+LX5Q1jOFdQN8oMu1gcOSYWAfzbKI8JPlUNsdY2RS7RHGxwf+gHcpVQAV/4\n9qD5TbH/7c8hs2rtUFru05fnNPjZw3n0mBEzHSK3G3KmCLKU43vwGWKTd5PZOCnN\nulyf+mZWJT3kTrchsu8MFcDr23tFnrlDfXnTloA4NG9if26QvTNQ2jTUzBfNlcGp\n+Q6jHNZ6z+94M/gEEFm9xlaQzvMdbq8AAAAAAQID\n-----END OPENSSH PRIVATE KEY-----\n",
            "private_key_pem": "-----BEGIN RSA PRIVATE KEY-----\nMIIJKAIBAAKCAgEAqEq2W/BtinRBi4n50tHVe8nZKDkkbp+aCdmIZXVVTJA4uyWJ\nEHKtGjg6LSKSup8I4sTWXIJhfGjUH+jhp8h0Dr1yFNuyky4iYC65ANm+amnRRHzf\nTAveVoAsiQWOG4PiF/W8RRYYOzmWJA2WpohMbgV3G9cKc57sR7Enb5MtDjTEf8aS\nA5ltPNVXYlUOPap3pGQG3X5zmnXoImDK0ptpca486dnb7UfdzDkmvFShjZxJdt4T\nZnPQXPNGxZDCvgoKJW+B1djfBCgl2Z9OiN/i8oAibZZy/CJr1R/5VSJpuAgqRopJ\nLolbY+SxE0MVoCDT72c4f9Q/Lke9Rv1kF+eZYHC03RotYMUOyDhVTIHEehTBuEQQ\nelU7sgQRp8tA67QkxRu6Yb5BJe7MjKEL53/sjIR0WCPUdvqE8Lq0xdWV+P5ihYTX\nW5PlUu+1v8wUukYuGb+PseSnv6aTmJs4CpfS9pUvU1rkmxrDbQcC01a63qBIcAVD\n7bhSQmxAV2n0h/Fv6l1CZrWkY2KNVzZvHLYLeSvM4Idlx/tUPHeWohHzfOuVgqZh\nfctKmfo9wfFNaxiZB2PgDLppi7btY/QDunSUXy9wiHej0IKziFtQZuLHvM4lhbs6\nB/wU+ZCj8kjO/6PIICW35OhFl5gg9fJ7u4snYIrWHZFaULofLIPG/J2g8TUCAwEA\nAQKCAgA+RseM5j/jCHpo5LoqJbRWhq9xjxPITA94raMnyG+0UXps5sr95zHfjgcZ\nRL3/iXKEWErrGORyYWh+FnPK3wbznW9mAJbomB3oceHMSseIIXhrW7pWLd4tLGlO\nm1unGvrD2w+8kRyObhT9annhTnbaD/OvvbgEaT8OmKP7Sf9WTniYwCawZkpiRKB9\npvQKJdb4YnuX439sHU21yxPDM/elNdEcyJ32BK4zMMMA1mCiQr982VlchGcKvovl\n+FfYc2aly8nEFOkSZLj8+1LYm+Ej0/7phs8uNp6o05g0xPNSQtNCH1JNgk7rfGl6\ns0yBYSSMZyolQ6nNuoZ0irhLkEzVJZTrqYyZ1/AlOTG5DhBhwb7lY7X2yIt+BOng\n+b84Qf2NZMSHmrQ2vsAlAgBMmEIxQ9xc42AgF6dvsKLXBp0gyhIVjjNri9L1oHQS\n4N/kXwuQFM//gnywA5y/ZI/gghmtykWP9YAhPJi1dE+S9Vd8vyBsTtbTliRqQXRL\nmemgu2Ly2FtDUlThqID2LKybHq24S5FxCaMuEQ46OjpLIQYv9RhOKjHRO+ZQ7w5w\n9XlToeMFZAwzoPptEySwX897SPzmaPdlI+Ujany6SpL4G0ENg99qdo0kXOxb7Mng\nHF2yx93e8DvuEqaolZhLa3SmfWlLmHancqhtqhBu+P/hQChcUQKCAQEA2aYEIaKD\n0ImyGY+S9JkApV8vHY6WxyCRbGBMVCdQwTnmFNfYloPJ2wAGShXV8Z1wldYlNRSn\nhnewA/s/cSDpSO/s9iVkIVr4+4gVoB7i7QuzPjiUzl1WL0r85FB8Y+ONHl9bX0mq\nfwMYvVSPPpgWoCnP73Ym9DhxR2SAnycF9jOqLiVsUbqQOuC7IrXHdyMS19DVQRNu\nFOMdtiHLeXCxrq5ER+mk344/8LFv/QoX8IeUtmuew92+BZxEwb2813o7ZtM5FXrR\nc7tTnlkzTZInfNOxonnLBIgac3zY7MKYr18tIjdEEOTTItZm34nlJ5u1Bu2Zcfxw\nZnsPWa9V5403WwKCAQEAxfI/zQHlpcCb6WnH6N0cGV59zprxdlo5X5Q+135p1JT+\n1rriVsdEUQjSfOf7FlK5Z0ZopLiYherONA8dfoy2dQbYkKCNWSNE2S4Cc194hpwO\nFexeojd4Mt+xnVMr4tflDWM4V1A3ygy7WBw5JhYB/Nsojwk+VQ2x1jZFLtEcbHB/\n6AdylVABX/j2oPlNsf/tzyGzau1QWu7Tl+c0+NnDefSYETMdIrcbcqYIspTje/AZ\nYpN3k9k4Kc26XJ/6ZlYlPeROtyGy7wwVwOvbe0WeuUN9edOWgDg0b2J/bpC9M1Da\nNNTMF82Vwan5DqMc1nrP73gz+AQQWb3GVpDO8x1urwKCAQA6U6ZJyT6f9Ta4aOSO\nDi7BIqgCuMKpbI3sSEZMSxj2H2kMbufJNlozCWemFQH3tSSF0xS3i+h1Pb/64SsY\nSySZekq7kDusQK/24HpDJePUeM05QHqIbzT4iZUKLpOXRVT9LbrT5278iLzpiC63\nLJTrqSjjWHuJ+VJKOqHJhPCxERlrMnY71M5wKOednq9suwaCtaFgxi87A75jn9zi\nl5PWZzc/OlsH2hxCiZqkaj8OI5dz55VtkhAper5mWU2xRT2ECdkDa52T8UCwb+Ey\nyZcxeZ3iF9eTSFImXu/XSzMV1GDJCZyBFoGKlYCOKWsy2SSDTctQY8FPhW0QsM9J\ntWt/AoIBAQCHSeLBQyKp/tKQ3XN8fGLQE/z4UH3n3hKIeNHahtPeL1dde61mkhrn\nJ5h1NjguMav2IfEzY9ca8Diu7AXEkHfD1EH/1zvESI6twPx7ziyaE96srTigtji4\nzJqgZFACYnxygfXn9zOqLLl+pwuINFJ3d3JpEHBBwXJibgUq0lES7HD/LNfrpRrL\ndWVa8AliNwFaKDZwRnI9NC36DFPwISWxHLMyTjUDnRJtcX1QUOKJurge35tCuZvh\nNnLBC7Yga5BYlMoX8DhTmXbkvE7uGc854B7KPQsH52IvHqrp7pLhl8kLgsVbH2/T\nRVCr6F+1V4r2qLkcMera6xG76I0JLHyRAoIBADW2k/tJC5LhTwNskAK0ct6lRuzH\nEHV0r4kJfoVDf5leT+IXcfOINCYu+vOGfVSVkM9DQy2vfYf6bPGuR0Hd1FRACKrY\nAb7uTIcBT3Tkdy+doLSyvaptXuG0ZYvl2GYOrSepMNLg4Dq4l3r2NJyMDYG/xIxV\nt2M36GEOpOJNuhoo6yKun8ZNOCsMo5x81HMvMF4nXHDml1zuqXqd47viuyY65Bro\nHIgS7lrMG067l0TSrJdk1XFDy/nvAzzcUzUwgZ4DRuPCRE17OwpY9ASgqr2+7s1a\nEp6DEClg7x8rl4O8BoIo1ttFcFrp10hcQVEBAlrkjdwXd6dmN9UuEz1/WCw=\n-----END RSA PRIVATE KEY-----\n",
            "private_key_pem_pkcs8": "-----BEGIN PRIVATE KEY-----\nMIIJQgIBADANBgkqhkiG9w0BAQEFAASCCSwwggkoAgEAAoICAQCoSrZb8G2KdEGL\nifnS0dV7ydkoOSRun5oJ2YhldVVMkDi7JYkQcq0aODotIpK6nwjixNZcgmF8aNQf\n6OGnyHQOvXIU27KTLiJgLrkA2b5qadFEfN9MC95WgCyJBY4bg+IX9bxFFhg7OZYk\nDZamiExuBXcb1wpznuxHsSdvky0ONMR/xpIDmW081VdiVQ49qnekZAbdfnOadegi\nYMrSm2lxrjzp2dvtR93MOSa8VKGNnEl23hNmc9Bc80bFkMK+Cgolb4HV2N8EKCXZ\nn06I3+LygCJtlnL8ImvVH/lVImm4CCpGikkuiVtj5LETQxWgINPvZzh/1D8uR71G\n/WQX55lgcLTdGi1gxQ7IOFVMgcR6FMG4RBB6VTuyBBGny0DrtCTFG7phvkEl7syM\noQvnf+yMhHRYI9R2+oTwurTF1ZX4/mKFhNdbk+VS77W/zBS6Ri4Zv4+x5Ke/ppOY\nmzgKl9L2lS9TWuSbGsNtBwLTVrreoEhwBUPtuFJCbEBXafSH8W/qXUJmtaRjYo1X\nNm8ctgt5K8zgh2XH+1Q8d5aiEfN865WCpmF9y0qZ+j3B8U1rGJkHY+AMummLtu1j\n9AO6dJRfL3CId6PQgrOIW1Bm4se8ziWFuzoH/BT5kKPySM7/o8ggJbfk6EWXmCD1\n8nu7iydgitYdkVpQuh8sg8b8naDxNQIDAQABAoICAD5Gx4zmP+MIemjkuioltFaG\nr3GPE8hMD3itoyfIb7RRemzmyv3nMd+OBxlEvf+JcoRYSusY5HJhaH4Wc8rfBvOd\nb2YAluiYHehx4cxKx4gheGtbulYt3i0saU6bW6ca+sPbD7yRHI5uFP1qeeFOdtoP\n86+9uARpPw6Yo/tJ/1ZOeJjAJrBmSmJEoH2m9Aol1vhie5fjf2wdTbXLE8Mz96U1\n0RzInfYErjMwwwDWYKJCv3zZWVyEZwq+i+X4V9hzZqXLycQU6RJkuPz7Utib4SPT\n/umGzy42nqjTmDTE81JC00IfUk2CTut8aXqzTIFhJIxnKiVDqc26hnSKuEuQTNUl\nlOupjJnX8CU5MbkOEGHBvuVjtfbIi34E6eD5vzhB/Y1kxIeatDa+wCUCAEyYQjFD\n3FzjYCAXp2+wotcGnSDKEhWOM2uL0vWgdBLg3+RfC5AUz/+CfLADnL9kj+CCGa3K\nRY/1gCE8mLV0T5L1V3y/IGxO1tOWJGpBdEuZ6aC7YvLYW0NSVOGogPYsrJserbhL\nkXEJoy4RDjo6OkshBi/1GE4qMdE75lDvDnD1eVOh4wVkDDOg+m0TJLBfz3tI/OZo\n92Uj5SNqfLpKkvgbQQ2D32p2jSRc7FvsyeAcXbLH3d7wO+4SpqiVmEtrdKZ9aUuY\ndqdyqG2qEG74/+FAKFxRAoIBAQDZpgQhooPQibIZj5L0mQClXy8djpbHIJFsYExU\nJ1DBOeYU19iWg8nbAAZKFdXxnXCV1iU1FKeGd7AD+z9xIOlI7+z2JWQhWvj7iBWg\nHuLtC7M+OJTOXVYvSvzkUHxj440eX1tfSap/Axi9VI8+mBagKc/vdib0OHFHZICf\nJwX2M6ouJWxRupA64Lsitcd3IxLX0NVBE24U4x22Ict5cLGurkRH6aTfjj/wsW/9\nChfwh5S2a57D3b4FnETBvbzXejtm0zkVetFzu1OeWTNNkid807GiecsEiBpzfNjs\nwpivXy0iN0QQ5NMi1mbfieUnm7UG7Zlx/HBmew9Zr1XnjTdbAoIBAQDF8j/NAeWl\nwJvpacfo3RwZXn3OmvF2WjlflD7XfmnUlP7WuuJWx0RRCNJ85/sWUrlnRmikuJiF\n6s40Dx1+jLZ1BtiQoI1ZI0TZLgJzX3iGnA4V7F6iN3gy37GdUyvi1+UNYzhXUDfK\nDLtYHDkmFgH82yiPCT5VDbHWNkUu0RxscH/oB3KVUAFf+Pag+U2x/+3PIbNq7VBa\n7tOX5zT42cN59JgRMx0itxtypgiylON78Blik3eT2Tgpzbpcn/pmViU95E63IbLv\nDBXA69t7RZ65Q31505aAODRvYn9ukL0zUNo01MwXzZXBqfkOoxzWes/veDP4BBBZ\nvcZWkM7zHW6vAoIBADpTpknJPp/1Nrho5I4OLsEiqAK4wqlsjexIRkxLGPYfaQxu\n58k2WjMJZ6YVAfe1JIXTFLeL6HU9v/rhKxhLJJl6SruQO6xAr/bgekMl49R4zTlA\neohvNPiJlQouk5dFVP0tutPnbvyIvOmILrcslOupKONYe4n5Uko6ocmE8LERGWsy\ndjvUznAo552er2y7BoK1oWDGLzsDvmOf3OKXk9ZnNz86WwfaHEKJmqRqPw4jl3Pn\nlW2SECl6vmZZTbFFPYQJ2QNrnZPxQLBv4TLJlzF5neIX15NIUiZe79dLMxXUYMkJ\nnIEWgYqVgI4pazLZJINNy1BjwU+FbRCwz0m1a38CggEBAIdJ4sFDIqn+0pDdc3x8\nYtAT/PhQfefeEoh40dqG094vV117rWaSGucnmHU2OC4xq/Yh8TNj1xrwOK7sBcSQ\nd8PUQf/XO8RIjq3A/HvOLJoT3qytOKC2OLjMmqBkUAJifHKB9ef3M6osuX6nC4g0\nUnd3cmkQcEHBcmJuBSrSURLscP8s1+ulGst1ZVrwCWI3AVooNnBGcj00LfoMU/Ah\nJbEcszJONQOdEm1xfVBQ4om6uB7fm0K5m+E2csELtiBrkFiUyhfwOFOZduS8Tu4Z\nzzngHso9CwfnYi8equnukuGXyQuCxVsfb9NFUKvoX7VXivaouRwx6trrEbvojQks\nfJECggEANbaT+0kLkuFPA2yQArRy3qVG7McQdXSviQl+hUN/mV5P4hdx84g0Ji76\n84Z9VJWQz0NDLa99h/ps8a5HQd3UVEAIqtgBvu5MhwFPdOR3L52gtLK9qm1e4bRl\ni+XYZg6tJ6kw0uDgOriXevY0nIwNgb/EjFW3YzfoYQ6k4k26GijrIq6fxk04Kwyj\nnHzUcy8wXidccOaXXO6pep3ju+K7JjrkGugciBLuWswbTruXRNKsl2TVcUPL+e8D\nPNxTNTCBngNG48JETXs7Clj0BKCqvb7uzVoSnoMQKWDvHyuXg7wGgijW20VwWunX\nSFxBUQECWuSN3Bd3p2Y31S4TPX9YLA==\n-----END PRIVATE KEY-----\n",
            "public_key_fingerprint_md5": "a3:21:f0:18:09:39:0f:d1:5a:b0:ad:40:2c:51:f8:a2",
            "public_key_fingerprint_sha256": "SHA256:zwawFhUoeXMJkN1ByJK6P80nj8IkT/+jZGedRoXPatE",
            "public_key_openssh": "ssh-rsa AAAAB3NzaC1yc2EAAAADAQABAAACAQCoSrZb8G2KdEGLifnS0dV7ydkoOSRun5oJ2YhldVVMkDi7JYkQcq0aODotIpK6nwjixNZcgmF8aNQf6OGnyHQOvXIU27KTLiJgLrkA2b5qadFEfN9MC95WgCyJBY4bg+IX9bxFFhg7OZYkDZamiExuBXcb1wpznuxHsSdvky0ONMR/xpIDmW081VdiVQ49qnekZAbdfnOadegiYMrSm2lxrjzp2dvtR93MOSa8VKGNnEl23hNmc9Bc80bFkMK+Cgolb4HV2N8EKCXZn06I3+LygCJtlnL8ImvVH/lVImm4CCpGikkuiVtj5LETQxWgINPvZzh/1D8uR71G/WQX55lgcLTdGi1gxQ7IOFVMgcR6FMG4RBB6VTuyBBGny0DrtCTFG7phvkEl7syMoQvnf+yMhHRYI9R2+oTwurTF1ZX4/mKFhNdbk+VS77W/zBS6Ri4Zv4+x5Ke/ppOYmzgKl9L2lS9TWuSbGsNtBwLTVrreoEhwBUPtuFJCbEBXafSH8W/qXUJmtaRjYo1XNm8ctgt5K8zgh2XH+1Q8d5aiEfN865WCpmF9y0qZ+j3B8U1rGJkHY+AMummLtu1j9AO6dJRfL3CId6PQgrOIW1Bm4se8ziWFuzoH/BT5kKPySM7/o8ggJbfk6EWXmCD18nu7iydgitYdkVpQuh8sg8b8naDxNQ==\n",
            "public_key_pem": "-----BEGIN PUBLIC KEY-----\nMIICIjANBgkqhkiG9w0BAQEFAAOCAg8AMIICCgKCAgEAqEq2W/BtinRBi4n50tHV\ne8nZKDkkbp+aCdmIZXVVTJA4uyWJEHKtGjg6LSKSup8I4sTWXIJhfGjUH+jhp8h0\nDr1yFNuyky4iYC65ANm+amnRRHzfTAveVoAsiQWOG4PiF/W8RRYYOzmWJA2WpohM\nbgV3G9cKc57sR7Enb5MtDjTEf8aSA5ltPNVXYlUOPap3pGQG3X5zmnXoImDK0ptp\nca486dnb7UfdzDkmvFShjZxJdt4TZnPQXPNGxZDCvgoKJW+B1djfBCgl2Z9OiN/i\n8oAibZZy/CJr1R/5VSJpuAgqRopJLolbY+SxE0MVoCDT72c4f9Q/Lke9Rv1kF+eZ\nYHC03RotYMUOyDhVTIHEehTBuEQQelU7sgQRp8tA67QkxRu6Yb5BJe7MjKEL53/s\njIR0WCPUdvqE8Lq0xdWV+P5ihYTXW5PlUu+1v8wUukYuGb+PseSnv6aTmJs4CpfS\n9pUvU1rkmxrDbQcC01a63qBIcAVD7bhSQmxAV2n0h/Fv6l1CZrWkY2KNVzZvHLYL\neSvM4Idlx/tUPHeWohHzfOuVgqZhfctKmfo9wfFNaxiZB2PgDLppi7btY/QDunSU\nXy9wiHej0IKziFtQZuLHvM4lhbs6B/wU+ZCj8kjO/6PIICW35OhFl5gg9fJ7u4sn\nYIrWHZFaULofLIPG/J2g8TUCAwEAAQ==\n-----END PUBLIC KEY-----\n",
            "rsa_bits": 4096
          },
          "sensitive_attributes": []
        }
      ]
    },
    {
      "module": "module.iam",
      "mode": "managed",
      "type": "aws_iam_instance_profile",
      "name": "private",
      "provider": "provider[\"registry.terraform.io/hashicorp/aws\"]",
      "instances": [
        {
          "schema_version": 0,
          "attributes": {
            "arn": "arn:aws:iam::057845469470:instance-profile/jsp-private",
            "create_date": "2024-02-22T02:52:53Z",
            "id": "jsp-private",
            "name": "jsp-private",
            "name_prefix": "",
            "path": "/",
            "role": "jsp-private-role",
            "tags": {},
            "tags_all": {},
            "unique_id": "AIPAQ25632EPBF46WKAAS"
          },
          "sensitive_attributes": [],
          "private": "bnVsbA==",
          "dependencies": [
            "module.iam.aws_iam_role.jsp_private"
          ],
          "create_before_destroy": true
        }
      ]
    },
    {
      "module": "module.iam",
      "mode": "managed",
      "type": "aws_iam_role",
      "name": "jsp_private",
      "provider": "provider[\"registry.terraform.io/hashicorp/aws\"]",
      "instances": [
        {
          "schema_version": 0,
          "attributes": {
            "arn": "arn:aws:iam::057845469470:role/jsp-private-role",
            "assume_role_policy": "{\"Statement\":[{\"Action\":\"sts:AssumeRole\",\"Effect\":\"Allow\",\"Principal\":{\"Service\":\"ec2.amazonaws.com\"},\"Sid\":\"\"}],\"Version\":\"2012-10-17\"}",
            "create_date": "2024-02-22T02:52:51Z",
            "description": "",
            "force_detach_policies": false,
            "id": "jsp-private-role",
            "inline_policy": [],
            "managed_policy_arns": [
              "arn:aws:iam::aws:policy/AmazonS3FullAccess",
              "arn:aws:iam::aws:policy/AmazonSSMManagedInstanceCore"
            ],
            "max_session_duration": 3600,
            "name": "jsp-private-role",
            "name_prefix": "",
            "path": "/",
            "permissions_boundary": "",
            "tags": {},
            "tags_all": {},
            "unique_id": "AROAQ25632EPJ6A7FREQ5"
          },
          "sensitive_attributes": [],
          "private": "bnVsbA==",
          "create_before_destroy": true
        }
      ]
    },
    {
      "module": "module.iam",
      "mode": "managed",
      "type": "aws_iam_role_policy_attachment",
      "name": "jsp_private_for_s3",
      "provider": "provider[\"registry.terraform.io/hashicorp/aws\"]",
      "instances": [
        {
          "schema_version": 0,
          "attributes": {
            "id": "jsp-private-role-20240222025252949300000003",
            "policy_arn": "arn:aws:iam::aws:policy/AmazonS3FullAccess",
            "role": "jsp-private-role"
          },
          "sensitive_attributes": [],
          "private": "bnVsbA==",
          "dependencies": [
            "module.iam.aws_iam_role.jsp_private"
          ]
        }
      ]
    },
    {
      "module": "module.iam",
      "mode": "managed",
      "type": "aws_iam_role_policy_attachment",
      "name": "jsp_private_for_ssm",
      "provider": "provider[\"registry.terraform.io/hashicorp/aws\"]",
      "instances": [
        {
          "schema_version": 0,
          "attributes": {
            "id": "jsp-private-role-20240222025254385300000004",
            "policy_arn": "arn:aws:iam::aws:policy/AmazonSSMManagedInstanceCore",
            "role": "jsp-private-role"
          },
          "sensitive_attributes": [],
          "private": "bnVsbA==",
          "dependencies": [
            "module.iam.aws_iam_role.jsp_private"
          ]
        }
      ]
    },
    {
      "module": "module.lb",
      "mode": "managed",
      "type": "aws_lb",
      "name": "web_lb",
      "provider": "provider[\"registry.terraform.io/hashicorp/aws\"]",
      "instances": [
        {
          "schema_version": 0,
          "attributes": {
            "access_logs": [
              {
                "bucket": "",
                "enabled": false,
                "prefix": ""
              }
            ],
            "arn": "arn:aws:elasticloadbalancing:ap-northeast-2:057845469470:loadbalancer/app/jsp-default-web-lb/898ff84208653ae3",
            "arn_suffix": "app/jsp-default-web-lb/898ff84208653ae3",
            "connection_logs": [
              {
                "bucket": "",
                "enabled": false,
                "prefix": ""
              }
            ],
            "customer_owned_ipv4_pool": "",
            "desync_mitigation_mode": "defensive",
            "dns_name": "jsp-default-web-lb-472141560.ap-northeast-2.elb.amazonaws.com",
            "dns_record_client_routing_policy": null,
            "drop_invalid_header_fields": false,
            "enable_cross_zone_load_balancing": true,
            "enable_deletion_protection": false,
            "enable_http2": true,
            "enable_tls_version_and_cipher_suite_headers": false,
            "enable_waf_fail_open": false,
            "enable_xff_client_port": false,
            "enforce_security_group_inbound_rules_on_private_link_traffic": "",
            "id": "arn:aws:elasticloadbalancing:ap-northeast-2:057845469470:loadbalancer/app/jsp-default-web-lb/898ff84208653ae3",
            "idle_timeout": 60,
            "internal": false,
            "ip_address_type": "ipv4",
            "load_balancer_type": "application",
            "name": "jsp-default-web-lb",
            "name_prefix": "",
            "preserve_host_header": false,
            "security_groups": [
              "sg-035b667123ab481f0"
            ],
            "subnet_mapping": [
              {
                "allocation_id": "",
                "ipv6_address": "",
                "outpost_id": "",
                "private_ipv4_address": "",
                "subnet_id": "subnet-0be8d8a72a6f3adf1"
              },
              {
                "allocation_id": "",
                "ipv6_address": "",
                "outpost_id": "",
                "private_ipv4_address": "",
                "subnet_id": "subnet-0fd84aef4529fd5ef"
              }
            ],
            "subnets": [
              "subnet-0be8d8a72a6f3adf1",
              "subnet-0fd84aef4529fd5ef"
            ],
            "tags": {
              "MadeBy": "jsp",
              "Name": "jsp-default-web-lb"
            },
            "tags_all": {
              "MadeBy": "jsp",
              "Name": "jsp-default-web-lb"
            },
            "timeouts": null,
            "vpc_id": "vpc-01d2028096a0123f3",
            "xff_header_processing_mode": "append",
            "zone_id": "ZWKZPGTI48KDX"
          },
          "sensitive_attributes": [],
          "private": "eyJlMmJmYjczMC1lY2FhLTExZTYtOGY4OC0zNDM2M2JjN2M0YzAiOnsiY3JlYXRlIjo2MDAwMDAwMDAwMDAsImRlbGV0ZSI6NjAwMDAwMDAwMDAwLCJ1cGRhdGUiOjYwMDAwMDAwMDAwMH19",
          "dependencies": [
            "module.sg.aws_security_group.web_lb_sg",
            "module.vpc.aws_subnet.web_lb",
            "module.vpc.aws_vpc.vpc"
          ]
        }
      ]
    },
    {
      "module": "module.lb",
      "mode": "managed",
      "type": "aws_lb_listener",
      "name": "https_forward",
      "provider": "provider[\"registry.terraform.io/hashicorp/aws\"]",
      "instances": [
        {
          "schema_version": 0,
          "attributes": {
            "alpn_policy": null,
            "arn": "arn:aws:elasticloadbalancing:ap-northeast-2:057845469470:listener/app/jsp-default-web-lb/898ff84208653ae3/10909e7745fa5671",
            "certificate_arn": "arn:aws:acm:ap-northeast-2:057845469470:certificate/8cf5fa3b-f58e-4d1b-8f2f-0231eaccfa98",
            "default_action": [
              {
                "authenticate_cognito": [],
                "authenticate_oidc": [],
                "fixed_response": [],
                "forward": [],
                "order": 1,
                "redirect": [],
                "target_group_arn": "arn:aws:elasticloadbalancing:ap-northeast-2:057845469470:targetgroup/jsp-default-web-lb-tg/01717bcb6540d8bb",
                "type": "forward"
              }
            ],
            "id": "arn:aws:elasticloadbalancing:ap-northeast-2:057845469470:listener/app/jsp-default-web-lb/898ff84208653ae3/10909e7745fa5671",
            "load_balancer_arn": "arn:aws:elasticloadbalancing:ap-northeast-2:057845469470:loadbalancer/app/jsp-default-web-lb/898ff84208653ae3",
            "mutual_authentication": [
              {
                "ignore_client_certificate_expiry": false,
                "mode": "off",
                "trust_store_arn": ""
              }
            ],
            "port": 443,
            "protocol": "HTTPS",
            "ssl_policy": "ELBSecurityPolicy-2016-08",
            "tags": null,
            "tags_all": {},
            "timeouts": null
          },
          "sensitive_attributes": [],
          "private": "eyJlMmJmYjczMC1lY2FhLTExZTYtOGY4OC0zNDM2M2JjN2M0YzAiOnsiY3JlYXRlIjozMDAwMDAwMDAwMDAsInVwZGF0ZSI6MzAwMDAwMDAwMDAwfX0=",
          "dependencies": [
            "module.lb.aws_lb.web_lb",
            "module.lb.aws_lb_target_group.web_lb_tg",
            "module.route53.aws_acm_certificate.jsp_tech_acm"
          ]
        }
      ]
    },
    {
      "module": "module.lb",
      "mode": "managed",
      "type": "aws_lb_listener",
      "name": "web_http",
      "provider": "provider[\"registry.terraform.io/hashicorp/aws\"]",
      "instances": [
        {
          "schema_version": 0,
          "attributes": {
            "alpn_policy": null,
            "arn": "arn:aws:elasticloadbalancing:ap-northeast-2:057845469470:listener/app/jsp-default-web-lb/898ff84208653ae3/78c2ec35278d2e8d",
            "certificate_arn": null,
            "default_action": [
              {
                "authenticate_cognito": [],
                "authenticate_oidc": [],
                "fixed_response": [],
                "forward": [],
                "order": 1,
                "redirect": [
                  {
                    "host": "#{host}",
                    "path": "/#{path}",
                    "port": "443",
                    "protocol": "HTTPS",
                    "query": "#{query}",
                    "status_code": "HTTP_301"
                  }
                ],
                "target_group_arn": "",
                "type": "redirect"
              }
            ],
            "id": "arn:aws:elasticloadbalancing:ap-northeast-2:057845469470:listener/app/jsp-default-web-lb/898ff84208653ae3/78c2ec35278d2e8d",
            "load_balancer_arn": "arn:aws:elasticloadbalancing:ap-northeast-2:057845469470:loadbalancer/app/jsp-default-web-lb/898ff84208653ae3",
            "mutual_authentication": [],
            "port": 80,
            "protocol": "HTTP",
            "ssl_policy": "",
            "tags": {},
            "tags_all": {},
            "timeouts": null
          },
          "sensitive_attributes": [],
          "private": "eyJlMmJmYjczMC1lY2FhLTExZTYtOGY4OC0zNDM2M2JjN2M0YzAiOnsiY3JlYXRlIjozMDAwMDAwMDAwMDAsInVwZGF0ZSI6MzAwMDAwMDAwMDAwfX0=",
          "dependencies": [
            "module.lb.aws_lb.web_lb",
            "module.sg.aws_security_group.web_lb_sg",
            "module.vpc.aws_subnet.web_lb",
            "module.vpc.aws_vpc.vpc"
          ]
        }
      ]
    },
    {
      "module": "module.lb",
      "mode": "managed",
      "type": "aws_lb_target_group",
      "name": "web_lb_tg",
      "provider": "provider[\"registry.terraform.io/hashicorp/aws\"]",
      "instances": [
        {
          "schema_version": 0,
          "attributes": {
            "arn": "arn:aws:elasticloadbalancing:ap-northeast-2:057845469470:targetgroup/jsp-default-web-lb-tg/01717bcb6540d8bb",
            "arn_suffix": "targetgroup/jsp-default-web-lb-tg/01717bcb6540d8bb",
            "connection_termination": null,
            "deregistration_delay": "300",
            "health_check": [
              {
                "enabled": true,
                "healthy_threshold": 2,
                "interval": 30,
                "matcher": "200",
                "path": "/health",
                "port": "traffic-port",
                "protocol": "HTTP",
                "timeout": 5,
                "unhealthy_threshold": 2
              }
            ],
            "id": "arn:aws:elasticloadbalancing:ap-northeast-2:057845469470:targetgroup/jsp-default-web-lb-tg/01717bcb6540d8bb",
            "ip_address_type": "ipv4",
            "lambda_multi_value_headers_enabled": false,
            "load_balancing_algorithm_type": "round_robin",
            "load_balancing_anomaly_mitigation": "off",
            "load_balancing_cross_zone_enabled": "use_load_balancer_configuration",
            "name": "jsp-default-web-lb-tg",
            "name_prefix": "",
            "port": 80,
            "preserve_client_ip": null,
            "protocol": "HTTP",
            "protocol_version": "HTTP1",
            "proxy_protocol_v2": false,
            "slow_start": 0,
            "stickiness": [
              {
                "cookie_duration": 86400,
                "cookie_name": "",
                "enabled": false,
                "type": "lb_cookie"
              }
            ],
            "tags": {},
            "tags_all": {},
            "target_failover": [
              {
                "on_deregistration": null,
                "on_unhealthy": null
              }
            ],
            "target_health_state": [
              {
                "enable_unhealthy_connection_termination": null
              }
            ],
            "target_type": "instance",
            "vpc_id": "vpc-01d2028096a0123f3"
          },
          "sensitive_attributes": [],
          "private": "bnVsbA==",
          "dependencies": [
            "module.vpc.aws_vpc.vpc"
          ]
        }
      ]
    },
    {
      "module": "module.route53",
      "mode": "managed",
      "type": "aws_acm_certificate",
      "name": "jsp_tech_acm",
      "provider": "provider[\"registry.terraform.io/hashicorp/aws\"]",
      "instances": [
        {
          "schema_version": 0,
          "attributes": {
            "arn": "arn:aws:acm:ap-northeast-2:057845469470:certificate/8cf5fa3b-f58e-4d1b-8f2f-0231eaccfa98",
            "certificate_authority_arn": "",
            "certificate_body": null,
            "certificate_chain": null,
            "domain_name": "*.jsp-tech.store",
            "domain_validation_options": [
              {
                "domain_name": "*.jsp-tech.store",
                "resource_record_name": "_5fbba7b16075fe62b443cc19c69fba26.jsp-tech.store.",
                "resource_record_type": "CNAME",
                "resource_record_value": "_4d802abf3d572570c844067c0cb06bce.mhbtsbpdnt.acm-validations.aws."
              }
            ],
            "early_renewal_duration": "",
            "id": "arn:aws:acm:ap-northeast-2:057845469470:certificate/8cf5fa3b-f58e-4d1b-8f2f-0231eaccfa98",
            "key_algorithm": "RSA_2048",
            "not_after": "2025-03-23T23:59:59Z",
            "not_before": "2024-02-22T00:00:00Z",
            "options": [
              {
                "certificate_transparency_logging_preference": "ENABLED"
              }
            ],
            "pending_renewal": false,
            "private_key": null,
            "renewal_eligibility": "INELIGIBLE",
            "renewal_summary": [],
            "status": "ISSUED",
            "subject_alternative_names": [
              "*.jsp-tech.store"
            ],
            "tags": {
              "Name": "jsp-default-acm"
            },
            "tags_all": {
              "Name": "jsp-default-acm"
            },
            "type": "AMAZON_ISSUED",
            "validation_emails": [],
            "validation_method": "DNS",
            "validation_option": []
          },
          "sensitive_attributes": [],
          "private": "bnVsbA==",
          "create_before_destroy": true
        }
      ]
    },
    {
      "module": "module.route53",
      "mode": "managed",
      "type": "aws_acm_certificate",
      "name": "jsp_tech_cf_acm",
      "provider": "provider[\"registry.terraform.io/hashicorp/aws\"].us-east-1",
      "instances": [
        {
          "schema_version": 0,
          "attributes": {
            "arn": "arn:aws:acm:us-east-1:057845469470:certificate/40c9d936-a213-4a71-aaf1-39675f71909c",
            "certificate_authority_arn": "",
            "certificate_body": null,
            "certificate_chain": null,
            "domain_name": "*.jsp-tech.store",
            "domain_validation_options": [
              {
                "domain_name": "*.jsp-tech.store",
                "resource_record_name": "_5fbba7b16075fe62b443cc19c69fba26.jsp-tech.store.",
                "resource_record_type": "CNAME",
                "resource_record_value": "_4d802abf3d572570c844067c0cb06bce.mhbtsbpdnt.acm-validations.aws."
              }
            ],
            "early_renewal_duration": "",
            "id": "arn:aws:acm:us-east-1:057845469470:certificate/40c9d936-a213-4a71-aaf1-39675f71909c",
            "key_algorithm": "RSA_2048",
            "not_after": "2025-03-23T23:59:59Z",
            "not_before": "2024-02-22T00:00:00Z",
            "options": [
              {
                "certificate_transparency_logging_preference": "ENABLED"
              }
            ],
            "pending_renewal": false,
            "private_key": null,
            "renewal_eligibility": "INELIGIBLE",
            "renewal_summary": [],
            "status": "ISSUED",
            "subject_alternative_names": [
              "*.jsp-tech.store"
            ],
            "tags": {
              "Name": "jsp-default-cf-acm"
            },
            "tags_all": {
              "Name": "jsp-default-cf-acm"
            },
            "type": "AMAZON_ISSUED",
            "validation_emails": [],
            "validation_method": "DNS",
            "validation_option": []
          },
          "sensitive_attributes": [],
          "private": "bnVsbA==",
          "create_before_destroy": true
        }
      ]
    },
    {
      "module": "module.route53",
      "mode": "managed",
      "type": "aws_acm_certificate_validation",
      "name": "acm_validation",
      "provider": "provider[\"registry.terraform.io/hashicorp/aws\"]",
      "instances": [
        {
          "schema_version": 0,
          "attributes": {
            "certificate_arn": "arn:aws:acm:ap-northeast-2:057845469470:certificate/8cf5fa3b-f58e-4d1b-8f2f-0231eaccfa98",
            "id": "0001-01-01 00:00:00 +0000 UTC",
            "timeouts": null,
            "validation_record_fqdns": [
              "_5fbba7b16075fe62b443cc19c69fba26.jsp-tech.store"
            ]
          },
          "sensitive_attributes": [],
          "private": "eyJlMmJmYjczMC1lY2FhLTExZTYtOGY4OC0zNDM2M2JjN2M0YzAiOnsiY3JlYXRlIjo0NTAwMDAwMDAwMDAwfX0=",
          "dependencies": [
            "module.route53.aws_acm_certificate.jsp_tech_acm",
            "module.route53.aws_route53_record.acm_record",
            "module.route53.aws_route53_zone.jsp_route53"
          ]
        }
      ]
    },
    {
      "module": "module.route53",
      "mode": "managed",
      "type": "aws_acm_certificate_validation",
      "name": "cf_acm_validation",
      "provider": "provider[\"registry.terraform.io/hashicorp/aws\"].us-east-1",
      "instances": [
        {
          "schema_version": 0,
          "attributes": {
            "certificate_arn": "arn:aws:acm:us-east-1:057845469470:certificate/40c9d936-a213-4a71-aaf1-39675f71909c",
            "id": "0001-01-01 00:00:00 +0000 UTC",
            "timeouts": null,
            "validation_record_fqdns": [
              "_5fbba7b16075fe62b443cc19c69fba26.jsp-tech.store"
            ]
          },
          "sensitive_attributes": [],
          "private": "eyJlMmJmYjczMC1lY2FhLTExZTYtOGY4OC0zNDM2M2JjN2M0YzAiOnsiY3JlYXRlIjo0NTAwMDAwMDAwMDAwfX0=",
          "dependencies": [
            "module.route53.aws_acm_certificate.jsp_tech_cf_acm",
            "module.route53.aws_route53_record.cf_acm_record",
            "module.route53.aws_route53_zone.jsp_route53"
          ]
        }
      ]
    },
    {
      "module": "module.route53",
      "mode": "managed",
      "type": "aws_route53_record",
      "name": "acm_record",
      "provider": "provider[\"registry.terraform.io/hashicorp/aws\"]",
      "instances": [
        {
          "index_key": "*.jsp-tech.store",
          "schema_version": 2,
          "attributes": {
            "alias": [],
            "allow_overwrite": true,
            "cidr_routing_policy": [],
            "failover_routing_policy": [],
            "fqdn": "_5fbba7b16075fe62b443cc19c69fba26.jsp-tech.store",
            "geolocation_routing_policy": [],
            "health_check_id": "",
            "id": "Z07844522G2F5D4HGD8GA__5fbba7b16075fe62b443cc19c69fba26.jsp-tech.store._CNAME",
            "latency_routing_policy": [],
            "multivalue_answer_routing_policy": false,
            "name": "_5fbba7b16075fe62b443cc19c69fba26.jsp-tech.store",
            "records": [
              "_4d802abf3d572570c844067c0cb06bce.mhbtsbpdnt.acm-validations.aws."
            ],
            "set_identifier": "",
            "ttl": 60,
            "type": "CNAME",
            "weighted_routing_policy": [],
            "zone_id": "Z07844522G2F5D4HGD8GA"
          },
          "sensitive_attributes": [],
          "private": "eyJzY2hlbWFfdmVyc2lvbiI6IjIifQ==",
          "dependencies": [
            "module.route53.aws_acm_certificate.jsp_tech_acm",
            "module.route53.aws_route53_zone.jsp_route53"
          ]
        }
      ]
    },
    {
      "module": "module.route53",
      "mode": "managed",
      "type": "aws_route53_record",
      "name": "cf_acm_record",
      "provider": "provider[\"registry.terraform.io/hashicorp/aws\"].us-east-1",
      "instances": [
        {
          "index_key": "*.jsp-tech.store",
          "schema_version": 2,
          "attributes": {
            "alias": [],
            "allow_overwrite": true,
            "cidr_routing_policy": [],
            "failover_routing_policy": [],
            "fqdn": "_5fbba7b16075fe62b443cc19c69fba26.jsp-tech.store",
            "geolocation_routing_policy": [],
            "health_check_id": "",
            "id": "Z07844522G2F5D4HGD8GA__5fbba7b16075fe62b443cc19c69fba26.jsp-tech.store._CNAME",
            "latency_routing_policy": [],
            "multivalue_answer_routing_policy": false,
            "name": "_5fbba7b16075fe62b443cc19c69fba26.jsp-tech.store",
            "records": [
              "_4d802abf3d572570c844067c0cb06bce.mhbtsbpdnt.acm-validations.aws."
            ],
            "set_identifier": "",
            "ttl": 60,
            "type": "CNAME",
            "weighted_routing_policy": [],
            "zone_id": "Z07844522G2F5D4HGD8GA"
          },
          "sensitive_attributes": [],
          "private": "eyJzY2hlbWFfdmVyc2lvbiI6IjIifQ==",
          "dependencies": [
            "module.route53.aws_acm_certificate.jsp_tech_cf_acm",
            "module.route53.aws_route53_zone.jsp_route53"
          ]
        }
      ]
    },
    {
      "module": "module.route53",
      "mode": "managed",
      "type": "aws_route53_record",
      "name": "www",
      "provider": "provider[\"registry.terraform.io/hashicorp/aws\"]",
      "instances": [
        {
          "schema_version": 2,
          "attributes": {
            "alias": [
              {
                "evaluate_target_health": true,
                "name": "jsp-default-web-lb-472141560.ap-northeast-2.elb.amazonaws.com",
                "zone_id": "ZWKZPGTI48KDX"
              }
            ],
            "allow_overwrite": null,
            "cidr_routing_policy": [],
            "failover_routing_policy": [],
            "fqdn": "www.jsp-tech.store",
            "geolocation_routing_policy": [],
            "health_check_id": "",
            "id": "Z07844522G2F5D4HGD8GA_www_A",
            "latency_routing_policy": [],
            "multivalue_answer_routing_policy": false,
            "name": "www",
            "records": [],
            "set_identifier": "",
            "ttl": 0,
            "type": "A",
            "weighted_routing_policy": [],
            "zone_id": "Z07844522G2F5D4HGD8GA"
          },
          "sensitive_attributes": [],
          "private": "eyJzY2hlbWFfdmVyc2lvbiI6IjIifQ==",
          "dependencies": [
            "module.lb.aws_lb.web_lb",
            "module.route53.aws_route53_zone.jsp_route53",
            "module.sg.aws_security_group.web_lb_sg",
            "module.vpc.aws_subnet.web_lb",
            "module.vpc.aws_vpc.vpc"
          ]
        }
      ]
    },
    {
      "module": "module.route53",
      "mode": "managed",
      "type": "aws_route53_zone",
      "name": "jsp_route53",
      "provider": "provider[\"registry.terraform.io/hashicorp/aws\"]",
      "instances": [
        {
          "schema_version": 0,
          "attributes": {
            "arn": "arn:aws:route53:::hostedzone/Z07844522G2F5D4HGD8GA",
            "comment": "Managed by Terraform",
            "delegation_set_id": "",
            "force_destroy": false,
            "id": "Z07844522G2F5D4HGD8GA",
            "name": "jsp-tech.store",
            "name_servers": [
              "ns-1354.awsdns-41.org",
              "ns-1847.awsdns-38.co.uk",
              "ns-76.awsdns-09.com",
              "ns-970.awsdns-57.net"
            ],
            "primary_name_server": "ns-1847.awsdns-38.co.uk",
            "tags": {},
            "tags_all": {},
            "vpc": [],
            "zone_id": "Z07844522G2F5D4HGD8GA"
          },
          "sensitive_attributes": [],
          "private": "bnVsbA=="
        }
      ]
    },
    {
      "module": "module.sg",
      "mode": "managed",
      "type": "aws_security_group",
      "name": "private",
      "provider": "provider[\"registry.terraform.io/hashicorp/aws\"]",
      "instances": [
        {
          "schema_version": 1,
          "attributes": {
            "arn": "arn:aws:ec2:ap-northeast-2:057845469470:security-group/sg-0519b832c202c8d09",
            "description": "private security group for jsp",
            "egress": [
              {
                "cidr_blocks": [
                  "0.0.0.0/0"
                ],
                "description": "",
                "from_port": 0,
                "ipv6_cidr_blocks": [],
                "prefix_list_ids": [],
                "protocol": "-1",
                "security_groups": [],
                "self": false,
                "to_port": 0
              }
            ],
            "id": "sg-0519b832c202c8d09",
            "ingress": [
              {
                "cidr_blocks": [],
                "description": "",
                "from_port": 22,
                "ipv6_cidr_blocks": [],
                "prefix_list_ids": [],
                "protocol": "tcp",
                "security_groups": [
                  "sg-02cc5e9cbc6ea793d"
                ],
                "self": false,
                "to_port": 22
              },
              {
                "cidr_blocks": [],
                "description": "",
                "from_port": 443,
                "ipv6_cidr_blocks": [],
                "prefix_list_ids": [],
                "protocol": "tcp",
                "security_groups": [
                  "sg-035b667123ab481f0"
                ],
                "self": false,
                "to_port": 443
              },
              {
                "cidr_blocks": [],
                "description": "",
                "from_port": 80,
                "ipv6_cidr_blocks": [],
                "prefix_list_ids": [],
                "protocol": "tcp",
                "security_groups": [
                  "sg-035b667123ab481f0"
                ],
                "self": false,
                "to_port": 80
              }
            ],
            "name": "jsp-private-sg",
            "name_prefix": "",
            "owner_id": "057845469470",
            "revoke_rules_on_delete": false,
            "tags": {
              "MadeBy": "jsp",
              "Name": "jsp-private-sg"
            },
            "tags_all": {
              "MadeBy": "jsp",
              "Name": "jsp-private-sg"
            },
            "timeouts": null,
            "vpc_id": "vpc-01d2028096a0123f3"
          },
          "sensitive_attributes": [],
          "private": "eyJlMmJmYjczMC1lY2FhLTExZTYtOGY4OC0zNDM2M2JjN2M0YzAiOnsiY3JlYXRlIjo2MDAwMDAwMDAwMDAsImRlbGV0ZSI6OTAwMDAwMDAwMDAwfSwic2NoZW1hX3ZlcnNpb24iOiIxIn0=",
          "dependencies": [
            "module.vpc.aws_vpc.vpc"
          ],
          "create_before_destroy": true
        }
      ]
    },
    {
      "module": "module.sg",
      "mode": "managed",
      "type": "aws_security_group",
      "name": "public",
      "provider": "provider[\"registry.terraform.io/hashicorp/aws\"]",
      "instances": [
        {
          "schema_version": 1,
          "attributes": {
            "arn": "arn:aws:ec2:ap-northeast-2:057845469470:security-group/sg-02cc5e9cbc6ea793d",
            "description": "public security group for jsp",
            "egress": [
              {
                "cidr_blocks": [
                  "0.0.0.0/0"
                ],
                "description": "",
                "from_port": 0,
                "ipv6_cidr_blocks": [],
                "prefix_list_ids": [],
                "protocol": "-1",
                "security_groups": [],
                "self": false,
                "to_port": 0
              }
            ],
            "id": "sg-02cc5e9cbc6ea793d",
            "ingress": [
              {
                "cidr_blocks": [
                  "211.115.223.215/32"
                ],
                "description": "From jsp RDP(random test ip)",
                "from_port": 3389,
                "ipv6_cidr_blocks": [],
                "prefix_list_ids": [],
                "protocol": "tcp",
                "security_groups": [],
                "self": false,
                "to_port": 3389
              },
              {
                "cidr_blocks": [
                  "211.115.223.215/32"
                ],
                "description": "From jsp SSH(random test ip)",
                "from_port": 22,
                "ipv6_cidr_blocks": [],
                "prefix_list_ids": [],
                "protocol": "tcp",
                "security_groups": [],
                "self": false,
                "to_port": 22
              }
            ],
            "name": "jsp-public-sg",
            "name_prefix": "",
            "owner_id": "057845469470",
            "revoke_rules_on_delete": false,
            "tags": {
              "MadeBy": "jsp",
              "Name": "jsp-public-sg"
            },
            "tags_all": {
              "MadeBy": "jsp",
              "Name": "jsp-public-sg"
            },
            "timeouts": null,
            "vpc_id": "vpc-01d2028096a0123f3"
          },
          "sensitive_attributes": [],
          "private": "eyJlMmJmYjczMC1lY2FhLTExZTYtOGY4OC0zNDM2M2JjN2M0YzAiOnsiY3JlYXRlIjo2MDAwMDAwMDAwMDAsImRlbGV0ZSI6OTAwMDAwMDAwMDAwfSwic2NoZW1hX3ZlcnNpb24iOiIxIn0=",
          "dependencies": [
            "module.vpc.aws_vpc.vpc"
          ]
        }
      ]
    },
    {
      "module": "module.sg",
      "mode": "managed",
      "type": "aws_security_group",
      "name": "web_lb_sg",
      "provider": "provider[\"registry.terraform.io/hashicorp/aws\"]",
      "instances": [
        {
          "schema_version": 1,
          "attributes": {
            "arn": "arn:aws:ec2:ap-northeast-2:057845469470:security-group/sg-035b667123ab481f0",
            "description": "WEB LB security group for jsp",
            "egress": [
              {
                "cidr_blocks": [
                  "0.0.0.0/0"
                ],
                "description": "",
                "from_port": 0,
                "ipv6_cidr_blocks": [],
                "prefix_list_ids": [],
                "protocol": "-1",
                "security_groups": [],
                "self": false,
                "to_port": 0
              }
            ],
            "id": "sg-035b667123ab481f0",
            "ingress": [
              {
                "cidr_blocks": [
                  "0.0.0.0/0"
                ],
                "description": "From lb http",
                "from_port": 80,
                "ipv6_cidr_blocks": [],
                "prefix_list_ids": [],
                "protocol": "tcp",
                "security_groups": [],
                "self": false,
                "to_port": 80
              },
              {
                "cidr_blocks": [
                  "0.0.0.0/0"
                ],
                "description": "From lb httpd",
                "from_port": 443,
                "ipv6_cidr_blocks": [],
                "prefix_list_ids": [],
                "protocol": "tcp",
                "security_groups": [],
                "self": false,
                "to_port": 443
              },
              {
                "cidr_blocks": [],
                "description": "Self Refer",
                "from_port": 0,
                "ipv6_cidr_blocks": [],
                "prefix_list_ids": [],
                "protocol": "-1",
                "security_groups": [],
                "self": true,
                "to_port": 0
              }
            ],
            "name": "jsp-web-lb-sg",
            "name_prefix": "",
            "owner_id": "057845469470",
            "revoke_rules_on_delete": false,
            "tags": {
              "MadeBy": "jsp",
              "Name": "jsp-web-lb-sg"
            },
            "tags_all": {
              "MadeBy": "jsp",
              "Name": "jsp-web-lb-sg"
            },
            "timeouts": null,
            "vpc_id": "vpc-01d2028096a0123f3"
          },
          "sensitive_attributes": [],
          "private": "eyJlMmJmYjczMC1lY2FhLTExZTYtOGY4OC0zNDM2M2JjN2M0YzAiOnsiY3JlYXRlIjo2MDAwMDAwMDAwMDAsImRlbGV0ZSI6OTAwMDAwMDAwMDAwfSwic2NoZW1hX3ZlcnNpb24iOiIxIn0=",
          "dependencies": [
            "module.vpc.aws_vpc.vpc"
          ]
        }
      ]
    },
    {
      "module": "module.sg",
      "mode": "managed",
      "type": "aws_security_group_rule",
      "name": "private_bastion_ingress",
      "provider": "provider[\"registry.terraform.io/hashicorp/aws\"]",
      "instances": [
        {
          "schema_version": 2,
          "attributes": {
            "cidr_blocks": null,
            "description": "",
            "from_port": 22,
            "id": "sgrule-1648851378",
            "ipv6_cidr_blocks": null,
            "prefix_list_ids": null,
            "protocol": "tcp",
            "security_group_id": "sg-0519b832c202c8d09",
            "security_group_rule_id": "sgr-04c9a7d0fe3c48ebd",
            "self": false,
            "source_security_group_id": "sg-02cc5e9cbc6ea793d",
            "timeouts": null,
            "to_port": 22,
            "type": "ingress"
          },
          "sensitive_attributes": [],
          "private": "eyJlMmJmYjczMC1lY2FhLTExZTYtOGY4OC0zNDM2M2JjN2M0YzAiOnsiY3JlYXRlIjozMDAwMDAwMDAwMDB9LCJzY2hlbWFfdmVyc2lvbiI6IjIifQ==",
          "dependencies": [
            "module.sg.aws_security_group.private",
            "module.sg.aws_security_group.public",
            "module.vpc.aws_vpc.vpc"
          ]
        }
      ]
    },
    {
      "module": "module.sg",
      "mode": "managed",
      "type": "aws_security_group_rule",
      "name": "private_http_lb_ingress",
      "provider": "provider[\"registry.terraform.io/hashicorp/aws\"]",
      "instances": [
        {
          "schema_version": 2,
          "attributes": {
            "cidr_blocks": null,
            "description": "",
            "from_port": 80,
            "id": "sgrule-3240165221",
            "ipv6_cidr_blocks": null,
            "prefix_list_ids": null,
            "protocol": "tcp",
            "security_group_id": "sg-0519b832c202c8d09",
            "security_group_rule_id": "sgr-0789fb1b46991bfee",
            "self": false,
            "source_security_group_id": "sg-035b667123ab481f0",
            "timeouts": null,
            "to_port": 80,
            "type": "ingress"
          },
          "sensitive_attributes": [],
          "private": "eyJlMmJmYjczMC1lY2FhLTExZTYtOGY4OC0zNDM2M2JjN2M0YzAiOnsiY3JlYXRlIjozMDAwMDAwMDAwMDB9LCJzY2hlbWFfdmVyc2lvbiI6IjIifQ==",
          "dependencies": [
            "module.sg.aws_security_group.private",
            "module.sg.aws_security_group.web_lb_sg",
            "module.vpc.aws_vpc.vpc"
          ]
        }
      ]
    },
    {
      "module": "module.sg",
      "mode": "managed",
      "type": "aws_security_group_rule",
      "name": "private_https_lb_ingress",
      "provider": "provider[\"registry.terraform.io/hashicorp/aws\"]",
      "instances": [
        {
          "schema_version": 2,
          "attributes": {
            "cidr_blocks": null,
            "description": "",
            "from_port": 443,
            "id": "sgrule-1377400317",
            "ipv6_cidr_blocks": null,
            "prefix_list_ids": null,
            "protocol": "tcp",
            "security_group_id": "sg-0519b832c202c8d09",
            "security_group_rule_id": "sgr-006d8b4916231c761",
            "self": false,
            "source_security_group_id": "sg-035b667123ab481f0",
            "timeouts": null,
            "to_port": 443,
            "type": "ingress"
          },
          "sensitive_attributes": [],
          "private": "eyJlMmJmYjczMC1lY2FhLTExZTYtOGY4OC0zNDM2M2JjN2M0YzAiOnsiY3JlYXRlIjozMDAwMDAwMDAwMDB9LCJzY2hlbWFfdmVyc2lvbiI6IjIifQ==",
          "dependencies": [
            "module.sg.aws_security_group.private",
            "module.sg.aws_security_group.web_lb_sg",
            "module.vpc.aws_vpc.vpc"
          ]
        }
      ]
    },
    {
      "module": "module.vpc",
      "mode": "managed",
      "type": "aws_eip",
      "name": "nat",
      "provider": "provider[\"registry.terraform.io/hashicorp/aws\"]",
      "instances": [
        {
          "schema_version": 0,
          "attributes": {
            "address": null,
            "allocation_id": "eipalloc-0b9fcdce0d690c843",
            "associate_with_private_ip": null,
            "association_id": "eipassoc-008a63eeef030a05f",
            "carrier_ip": "",
            "customer_owned_ip": "",
            "customer_owned_ipv4_pool": "",
            "domain": "vpc",
            "id": "eipalloc-0b9fcdce0d690c843",
            "instance": "",
            "network_border_group": "ap-northeast-2",
            "network_interface": "eni-0f955d4c84f6788b3",
            "private_dns": "ip-10-10-0-120.ap-northeast-2.compute.internal",
            "private_ip": "10.10.0.120",
            "public_dns": "ec2-3-35-111-38.ap-northeast-2.compute.amazonaws.com",
            "public_ip": "3.35.111.38",
            "public_ipv4_pool": "amazon",
            "tags": {
              "MadeBy": "jsp",
              "Name": "jsp-nat-eip-2a"
            },
            "tags_all": {
              "MadeBy": "jsp",
              "Name": "jsp-nat-eip-2a"
            },
            "timeouts": null,
            "vpc": true
          },
          "sensitive_attributes": [],
          "private": "eyJlMmJmYjczMC1lY2FhLTExZTYtOGY4OC0zNDM2M2JjN2M0YzAiOnsiZGVsZXRlIjoxODAwMDAwMDAwMDAsInJlYWQiOjkwMDAwMDAwMDAwMCwidXBkYXRlIjozMDAwMDAwMDAwMDB9fQ=="
        }
      ]
    },
    {
      "module": "module.vpc",
      "mode": "managed",
      "type": "aws_internet_gateway",
      "name": "this",
      "provider": "provider[\"registry.terraform.io/hashicorp/aws\"]",
      "instances": [
        {
          "schema_version": 0,
          "attributes": {
            "arn": "arn:aws:ec2:ap-northeast-2:057845469470:internet-gateway/igw-0c0164491ff30f709",
            "id": "igw-0c0164491ff30f709",
            "owner_id": "057845469470",
            "tags": {
              "MadeBy": "jsp",
              "Name": "jsp-default-igw"
            },
            "tags_all": {
              "MadeBy": "jsp",
              "Name": "jsp-default-igw"
            },
            "timeouts": null,
            "vpc_id": "vpc-01d2028096a0123f3"
          },
          "sensitive_attributes": [],
          "private": "eyJlMmJmYjczMC1lY2FhLTExZTYtOGY4OC0zNDM2M2JjN2M0YzAiOnsiY3JlYXRlIjoxMjAwMDAwMDAwMDAwLCJkZWxldGUiOjEyMDAwMDAwMDAwMDAsInVwZGF0ZSI6MTIwMDAwMDAwMDAwMH19",
          "dependencies": [
            "module.vpc.aws_vpc.vpc"
          ]
        }
      ]
    },
    {
      "module": "module.vpc",
      "mode": "managed",
      "type": "aws_nat_gateway",
      "name": "nat_gw",
      "provider": "provider[\"registry.terraform.io/hashicorp/aws\"]",
      "instances": [
        {
          "schema_version": 0,
          "attributes": {
            "allocation_id": "eipalloc-0b9fcdce0d690c843",
            "association_id": "eipassoc-008a63eeef030a05f",
            "connectivity_type": "public",
            "id": "nat-0f122f582d1c15c48",
            "network_interface_id": "eni-0f955d4c84f6788b3",
            "private_ip": "10.10.0.120",
            "public_ip": "3.35.111.38",
            "secondary_allocation_ids": [],
            "secondary_private_ip_address_count": 0,
            "secondary_private_ip_addresses": [],
            "subnet_id": "subnet-07960d68cc3cd1f5f",
            "tags": {
              "MadeBy": "jsp",
              "Name": "jsp-nat-2a"
            },
            "tags_all": {
              "MadeBy": "jsp",
              "Name": "jsp-nat-2a"
            },
            "timeouts": null
          },
          "sensitive_attributes": [],
          "private": "eyJlMmJmYjczMC1lY2FhLTExZTYtOGY4OC0zNDM2M2JjN2M0YzAiOnsiY3JlYXRlIjo2MDAwMDAwMDAwMDAsImRlbGV0ZSI6MTgwMDAwMDAwMDAwMCwidXBkYXRlIjo2MDAwMDAwMDAwMDB9fQ==",
          "dependencies": [
            "module.vpc.aws_eip.nat",
            "module.vpc.aws_subnet.public",
            "module.vpc.aws_vpc.vpc"
          ]
        }
      ]
    },
    {
      "module": "module.vpc",
      "mode": "managed",
      "type": "aws_route_table",
      "name": "private",
      "provider": "provider[\"registry.terraform.io/hashicorp/aws\"]",
      "instances": [
        {
          "schema_version": 0,
          "attributes": {
            "arn": "arn:aws:ec2:ap-northeast-2:057845469470:route-table/rtb-02fa836967efa45a3",
            "id": "rtb-02fa836967efa45a3",
            "owner_id": "057845469470",
            "propagating_vgws": [],
            "route": [
              {
                "carrier_gateway_id": "",
                "cidr_block": "0.0.0.0/0",
                "core_network_arn": "",
                "destination_prefix_list_id": "",
                "egress_only_gateway_id": "",
                "gateway_id": "",
                "ipv6_cidr_block": "",
                "local_gateway_id": "",
                "nat_gateway_id": "nat-0f122f582d1c15c48",
                "network_interface_id": "",
                "transit_gateway_id": "",
                "vpc_endpoint_id": "",
                "vpc_peering_connection_id": ""
              }
            ],
            "tags": {
              "MadeBy": "jsp",
              "Name": "jsp-pri-rt"
            },
            "tags_all": {
              "MadeBy": "jsp",
              "Name": "jsp-pri-rt"
            },
            "timeouts": null,
            "vpc_id": "vpc-01d2028096a0123f3"
          },
          "sensitive_attributes": [],
          "private": "eyJlMmJmYjczMC1lY2FhLTExZTYtOGY4OC0zNDM2M2JjN2M0YzAiOnsiY3JlYXRlIjozMDAwMDAwMDAwMDAsImRlbGV0ZSI6MzAwMDAwMDAwMDAwLCJ1cGRhdGUiOjEyMDAwMDAwMDAwMH19",
          "dependencies": [
            "module.vpc.aws_eip.nat",
            "module.vpc.aws_nat_gateway.nat_gw",
            "module.vpc.aws_subnet.public",
            "module.vpc.aws_vpc.vpc"
          ]
        }
      ]
    },
    {
      "module": "module.vpc",
      "mode": "managed",
      "type": "aws_route_table",
      "name": "public",
      "provider": "provider[\"registry.terraform.io/hashicorp/aws\"]",
      "instances": [
        {
          "schema_version": 0,
          "attributes": {
            "arn": "arn:aws:ec2:ap-northeast-2:057845469470:route-table/rtb-0121029f24f65eb3b",
            "id": "rtb-0121029f24f65eb3b",
            "owner_id": "057845469470",
            "propagating_vgws": [],
            "route": [
              {
                "carrier_gateway_id": "",
                "cidr_block": "0.0.0.0/0",
                "core_network_arn": "",
                "destination_prefix_list_id": "",
                "egress_only_gateway_id": "",
                "gateway_id": "igw-0c0164491ff30f709",
                "ipv6_cidr_block": "",
                "local_gateway_id": "",
                "nat_gateway_id": "",
                "network_interface_id": "",
                "transit_gateway_id": "",
                "vpc_endpoint_id": "",
                "vpc_peering_connection_id": ""
              }
            ],
            "tags": {
              "MadeBy": "jsp",
              "Name": "jsp-pub-rt"
            },
            "tags_all": {
              "MadeBy": "jsp",
              "Name": "jsp-pub-rt"
            },
            "timeouts": null,
            "vpc_id": "vpc-01d2028096a0123f3"
          },
          "sensitive_attributes": [],
          "private": "eyJlMmJmYjczMC1lY2FhLTExZTYtOGY4OC0zNDM2M2JjN2M0YzAiOnsiY3JlYXRlIjozMDAwMDAwMDAwMDAsImRlbGV0ZSI6MzAwMDAwMDAwMDAwLCJ1cGRhdGUiOjEyMDAwMDAwMDAwMH19",
          "dependencies": [
            "module.vpc.aws_internet_gateway.this",
            "module.vpc.aws_vpc.vpc"
          ]
        }
      ]
    },
    {
      "module": "module.vpc",
      "mode": "managed",
      "type": "aws_route_table",
      "name": "web_lb_rt",
      "provider": "provider[\"registry.terraform.io/hashicorp/aws\"]",
      "instances": [
        {
          "schema_version": 0,
          "attributes": {
            "arn": "arn:aws:ec2:ap-northeast-2:057845469470:route-table/rtb-01d0e92c8393de79a",
            "id": "rtb-01d0e92c8393de79a",
            "owner_id": "057845469470",
            "propagating_vgws": [],
            "route": [
              {
                "carrier_gateway_id": "",
                "cidr_block": "0.0.0.0/0",
                "core_network_arn": "",
                "destination_prefix_list_id": "",
                "egress_only_gateway_id": "",
                "gateway_id": "igw-0c0164491ff30f709",
                "ipv6_cidr_block": "",
                "local_gateway_id": "",
                "nat_gateway_id": "",
                "network_interface_id": "",
                "transit_gateway_id": "",
                "vpc_endpoint_id": "",
                "vpc_peering_connection_id": ""
              }
            ],
            "tags": {
              "MadeBy": "jsp",
              "Name": "jsp-web-lb-rt"
            },
            "tags_all": {
              "MadeBy": "jsp",
              "Name": "jsp-web-lb-rt"
            },
            "timeouts": null,
            "vpc_id": "vpc-01d2028096a0123f3"
          },
          "sensitive_attributes": [],
          "private": "eyJlMmJmYjczMC1lY2FhLTExZTYtOGY4OC0zNDM2M2JjN2M0YzAiOnsiY3JlYXRlIjozMDAwMDAwMDAwMDAsImRlbGV0ZSI6MzAwMDAwMDAwMDAwLCJ1cGRhdGUiOjEyMDAwMDAwMDAwMH19",
          "dependencies": [
            "module.vpc.aws_internet_gateway.this",
            "module.vpc.aws_vpc.vpc"
          ]
        }
      ]
    },
    {
      "module": "module.vpc",
      "mode": "managed",
      "type": "aws_route_table_association",
      "name": "private",
      "provider": "provider[\"registry.terraform.io/hashicorp/aws\"]",
      "instances": [
        {
          "index_key": "pri_sub_2a",
          "schema_version": 0,
          "attributes": {
            "gateway_id": "",
            "id": "rtbassoc-0ac4ada51cbebebbd",
            "route_table_id": "rtb-02fa836967efa45a3",
            "subnet_id": "subnet-09287b885c333b7d3",
            "timeouts": null
          },
          "sensitive_attributes": [],
          "private": "eyJlMmJmYjczMC1lY2FhLTExZTYtOGY4OC0zNDM2M2JjN2M0YzAiOnsiY3JlYXRlIjozMDAwMDAwMDAwMDAsImRlbGV0ZSI6MzAwMDAwMDAwMDAwLCJ1cGRhdGUiOjEyMDAwMDAwMDAwMH19",
          "dependencies": [
            "module.vpc.aws_eip.nat",
            "module.vpc.aws_nat_gateway.nat_gw",
            "module.vpc.aws_route_table.private",
            "module.vpc.aws_subnet.private",
            "module.vpc.aws_subnet.public",
            "module.vpc.aws_vpc.vpc"
          ]
        },
        {
          "index_key": "pri_sub_2c",
          "schema_version": 0,
          "attributes": {
            "gateway_id": "",
            "id": "rtbassoc-020f64cdcb72b83f7",
            "route_table_id": "rtb-02fa836967efa45a3",
            "subnet_id": "subnet-053d31f65e3e183e7",
            "timeouts": null
          },
          "sensitive_attributes": [],
          "private": "eyJlMmJmYjczMC1lY2FhLTExZTYtOGY4OC0zNDM2M2JjN2M0YzAiOnsiY3JlYXRlIjozMDAwMDAwMDAwMDAsImRlbGV0ZSI6MzAwMDAwMDAwMDAwLCJ1cGRhdGUiOjEyMDAwMDAwMDAwMH19",
          "dependencies": [
            "module.vpc.aws_eip.nat",
            "module.vpc.aws_nat_gateway.nat_gw",
            "module.vpc.aws_route_table.private",
            "module.vpc.aws_subnet.private",
            "module.vpc.aws_subnet.public",
            "module.vpc.aws_vpc.vpc"
          ]
        }
      ]
    },
    {
      "module": "module.vpc",
      "mode": "managed",
      "type": "aws_route_table_association",
      "name": "public",
      "provider": "provider[\"registry.terraform.io/hashicorp/aws\"]",
      "instances": [
        {
          "index_key": "pub_sub_2a",
          "schema_version": 0,
          "attributes": {
            "gateway_id": "",
            "id": "rtbassoc-0061e809f91144441",
            "route_table_id": "rtb-0121029f24f65eb3b",
            "subnet_id": "subnet-07960d68cc3cd1f5f",
            "timeouts": null
          },
          "sensitive_attributes": [],
          "private": "eyJlMmJmYjczMC1lY2FhLTExZTYtOGY4OC0zNDM2M2JjN2M0YzAiOnsiY3JlYXRlIjozMDAwMDAwMDAwMDAsImRlbGV0ZSI6MzAwMDAwMDAwMDAwLCJ1cGRhdGUiOjEyMDAwMDAwMDAwMH19",
          "dependencies": [
            "module.vpc.aws_internet_gateway.this",
            "module.vpc.aws_route_table.public",
            "module.vpc.aws_subnet.public",
            "module.vpc.aws_vpc.vpc"
          ]
        },
        {
          "index_key": "pub_sub_2c",
          "schema_version": 0,
          "attributes": {
            "gateway_id": "",
            "id": "rtbassoc-02a9b8a60ea79361d",
            "route_table_id": "rtb-0121029f24f65eb3b",
            "subnet_id": "subnet-06df12b79ea5ba6d8",
            "timeouts": null
          },
          "sensitive_attributes": [],
          "private": "eyJlMmJmYjczMC1lY2FhLTExZTYtOGY4OC0zNDM2M2JjN2M0YzAiOnsiY3JlYXRlIjozMDAwMDAwMDAwMDAsImRlbGV0ZSI6MzAwMDAwMDAwMDAwLCJ1cGRhdGUiOjEyMDAwMDAwMDAwMH19",
          "dependencies": [
            "module.vpc.aws_internet_gateway.this",
            "module.vpc.aws_route_table.public",
            "module.vpc.aws_subnet.public",
            "module.vpc.aws_vpc.vpc"
          ]
        }
      ]
    },
    {
      "module": "module.vpc",
      "mode": "managed",
      "type": "aws_route_table_association",
      "name": "web_lb_rt_association",
      "provider": "provider[\"registry.terraform.io/hashicorp/aws\"]",
      "instances": [
        {
          "index_key": "0",
          "schema_version": 0,
          "attributes": {
            "gateway_id": "",
            "id": "rtbassoc-08934d8062a690506",
            "route_table_id": "rtb-01d0e92c8393de79a",
            "subnet_id": "subnet-0be8d8a72a6f3adf1",
            "timeouts": null
          },
          "sensitive_attributes": [],
          "private": "eyJlMmJmYjczMC1lY2FhLTExZTYtOGY4OC0zNDM2M2JjN2M0YzAiOnsiY3JlYXRlIjozMDAwMDAwMDAwMDAsImRlbGV0ZSI6MzAwMDAwMDAwMDAwLCJ1cGRhdGUiOjEyMDAwMDAwMDAwMH19",
          "dependencies": [
            "module.vpc.aws_internet_gateway.this",
            "module.vpc.aws_route_table.web_lb_rt",
            "module.vpc.aws_subnet.web_lb",
            "module.vpc.aws_vpc.vpc"
          ]
        },
        {
          "index_key": "1",
          "schema_version": 0,
          "attributes": {
            "gateway_id": "",
            "id": "rtbassoc-00035d1d6b4dce628",
            "route_table_id": "rtb-01d0e92c8393de79a",
            "subnet_id": "subnet-0fd84aef4529fd5ef",
            "timeouts": null
          },
          "sensitive_attributes": [],
          "private": "eyJlMmJmYjczMC1lY2FhLTExZTYtOGY4OC0zNDM2M2JjN2M0YzAiOnsiY3JlYXRlIjozMDAwMDAwMDAwMDAsImRlbGV0ZSI6MzAwMDAwMDAwMDAwLCJ1cGRhdGUiOjEyMDAwMDAwMDAwMH19",
          "dependencies": [
            "module.vpc.aws_internet_gateway.this",
            "module.vpc.aws_route_table.web_lb_rt",
            "module.vpc.aws_subnet.web_lb",
            "module.vpc.aws_vpc.vpc"
          ]
        }
      ]
    },
    {
      "module": "module.vpc",
      "mode": "managed",
      "type": "aws_subnet",
      "name": "private",
      "provider": "provider[\"registry.terraform.io/hashicorp/aws\"]",
      "instances": [
        {
          "index_key": "pri_sub_2a",
          "schema_version": 1,
          "attributes": {
            "arn": "arn:aws:ec2:ap-northeast-2:057845469470:subnet/subnet-09287b885c333b7d3",
            "assign_ipv6_address_on_creation": false,
            "availability_zone": "ap-northeast-2a",
            "availability_zone_id": "apne2-az1",
            "cidr_block": "10.10.10.0/24",
            "customer_owned_ipv4_pool": "",
            "enable_dns64": false,
            "enable_lni_at_device_index": 0,
            "enable_resource_name_dns_a_record_on_launch": false,
            "enable_resource_name_dns_aaaa_record_on_launch": false,
            "id": "subnet-09287b885c333b7d3",
            "ipv6_cidr_block": "",
            "ipv6_cidr_block_association_id": "",
            "ipv6_native": false,
            "map_customer_owned_ip_on_launch": false,
            "map_public_ip_on_launch": false,
            "outpost_arn": "",
            "owner_id": "057845469470",
            "private_dns_hostname_type_on_launch": "ip-name",
            "tags": {
              "MadeBy": "jsp",
              "Name": "jsp-pri-sub-2a"
            },
            "tags_all": {
              "MadeBy": "jsp",
              "Name": "jsp-pri-sub-2a"
            },
            "timeouts": null,
            "vpc_id": "vpc-01d2028096a0123f3"
          },
          "sensitive_attributes": [],
          "private": "eyJlMmJmYjczMC1lY2FhLTExZTYtOGY4OC0zNDM2M2JjN2M0YzAiOnsiY3JlYXRlIjo2MDAwMDAwMDAwMDAsImRlbGV0ZSI6MTIwMDAwMDAwMDAwMH0sInNjaGVtYV92ZXJzaW9uIjoiMSJ9",
          "dependencies": [
            "module.vpc.aws_vpc.vpc"
          ]
        },
        {
          "index_key": "pri_sub_2c",
          "schema_version": 1,
          "attributes": {
            "arn": "arn:aws:ec2:ap-northeast-2:057845469470:subnet/subnet-053d31f65e3e183e7",
            "assign_ipv6_address_on_creation": false,
            "availability_zone": "ap-northeast-2c",
            "availability_zone_id": "apne2-az3",
            "cidr_block": "10.10.11.0/24",
            "customer_owned_ipv4_pool": "",
            "enable_dns64": false,
            "enable_lni_at_device_index": 0,
            "enable_resource_name_dns_a_record_on_launch": false,
            "enable_resource_name_dns_aaaa_record_on_launch": false,
            "id": "subnet-053d31f65e3e183e7",
            "ipv6_cidr_block": "",
            "ipv6_cidr_block_association_id": "",
            "ipv6_native": false,
            "map_customer_owned_ip_on_launch": false,
            "map_public_ip_on_launch": false,
            "outpost_arn": "",
            "owner_id": "057845469470",
            "private_dns_hostname_type_on_launch": "ip-name",
            "tags": {
              "MadeBy": "jsp",
              "Name": "jsp-pri-sub-2c"
            },
            "tags_all": {
              "MadeBy": "jsp",
              "Name": "jsp-pri-sub-2c"
            },
            "timeouts": null,
            "vpc_id": "vpc-01d2028096a0123f3"
          },
          "sensitive_attributes": [],
          "private": "eyJlMmJmYjczMC1lY2FhLTExZTYtOGY4OC0zNDM2M2JjN2M0YzAiOnsiY3JlYXRlIjo2MDAwMDAwMDAwMDAsImRlbGV0ZSI6MTIwMDAwMDAwMDAwMH0sInNjaGVtYV92ZXJzaW9uIjoiMSJ9",
          "dependencies": [
            "module.vpc.aws_vpc.vpc"
          ]
        }
      ]
    },
    {
      "module": "module.vpc",
      "mode": "managed",
      "type": "aws_subnet",
      "name": "public",
      "provider": "provider[\"registry.terraform.io/hashicorp/aws\"]",
      "instances": [
        {
          "index_key": "pub_sub_2a",
          "schema_version": 1,
          "attributes": {
            "arn": "arn:aws:ec2:ap-northeast-2:057845469470:subnet/subnet-07960d68cc3cd1f5f",
            "assign_ipv6_address_on_creation": false,
            "availability_zone": "ap-northeast-2a",
            "availability_zone_id": "apne2-az1",
            "cidr_block": "10.10.0.0/24",
            "customer_owned_ipv4_pool": "",
            "enable_dns64": false,
            "enable_lni_at_device_index": 0,
            "enable_resource_name_dns_a_record_on_launch": false,
            "enable_resource_name_dns_aaaa_record_on_launch": false,
            "id": "subnet-07960d68cc3cd1f5f",
            "ipv6_cidr_block": "",
            "ipv6_cidr_block_association_id": "",
            "ipv6_native": false,
            "map_customer_owned_ip_on_launch": false,
            "map_public_ip_on_launch": true,
            "outpost_arn": "",
            "owner_id": "057845469470",
            "private_dns_hostname_type_on_launch": "ip-name",
            "tags": {
              "MadeBy": "jsp",
              "Name": "jsp-pub-sub-2a"
            },
            "tags_all": {
              "MadeBy": "jsp",
              "Name": "jsp-pub-sub-2a"
            },
            "timeouts": null,
            "vpc_id": "vpc-01d2028096a0123f3"
          },
          "sensitive_attributes": [],
          "private": "eyJlMmJmYjczMC1lY2FhLTExZTYtOGY4OC0zNDM2M2JjN2M0YzAiOnsiY3JlYXRlIjo2MDAwMDAwMDAwMDAsImRlbGV0ZSI6MTIwMDAwMDAwMDAwMH0sInNjaGVtYV92ZXJzaW9uIjoiMSJ9",
          "dependencies": [
            "module.vpc.aws_vpc.vpc"
          ]
        },
        {
          "index_key": "pub_sub_2c",
          "schema_version": 1,
          "attributes": {
            "arn": "arn:aws:ec2:ap-northeast-2:057845469470:subnet/subnet-06df12b79ea5ba6d8",
            "assign_ipv6_address_on_creation": false,
            "availability_zone": "ap-northeast-2c",
            "availability_zone_id": "apne2-az3",
            "cidr_block": "10.10.1.0/24",
            "customer_owned_ipv4_pool": "",
            "enable_dns64": false,
            "enable_lni_at_device_index": 0,
            "enable_resource_name_dns_a_record_on_launch": false,
            "enable_resource_name_dns_aaaa_record_on_launch": false,
            "id": "subnet-06df12b79ea5ba6d8",
            "ipv6_cidr_block": "",
            "ipv6_cidr_block_association_id": "",
            "ipv6_native": false,
            "map_customer_owned_ip_on_launch": false,
            "map_public_ip_on_launch": true,
            "outpost_arn": "",
            "owner_id": "057845469470",
            "private_dns_hostname_type_on_launch": "ip-name",
            "tags": {
              "MadeBy": "jsp",
              "Name": "jsp-pub-sub-2c"
            },
            "tags_all": {
              "MadeBy": "jsp",
              "Name": "jsp-pub-sub-2c"
            },
            "timeouts": null,
            "vpc_id": "vpc-01d2028096a0123f3"
          },
          "sensitive_attributes": [],
          "private": "eyJlMmJmYjczMC1lY2FhLTExZTYtOGY4OC0zNDM2M2JjN2M0YzAiOnsiY3JlYXRlIjo2MDAwMDAwMDAwMDAsImRlbGV0ZSI6MTIwMDAwMDAwMDAwMH0sInNjaGVtYV92ZXJzaW9uIjoiMSJ9",
          "dependencies": [
            "module.vpc.aws_vpc.vpc"
          ]
        }
      ]
    },
    {
      "module": "module.vpc",
      "mode": "managed",
      "type": "aws_subnet",
      "name": "web_lb",
      "provider": "provider[\"registry.terraform.io/hashicorp/aws\"]",
      "instances": [
        {
          "index_key": "0",
          "schema_version": 1,
          "attributes": {
            "arn": "arn:aws:ec2:ap-northeast-2:057845469470:subnet/subnet-0be8d8a72a6f3adf1",
            "assign_ipv6_address_on_creation": false,
            "availability_zone": "ap-northeast-2a",
            "availability_zone_id": "apne2-az1",
            "cidr_block": "10.10.100.0/24",
            "customer_owned_ipv4_pool": "",
            "enable_dns64": false,
            "enable_lni_at_device_index": 0,
            "enable_resource_name_dns_a_record_on_launch": false,
            "enable_resource_name_dns_aaaa_record_on_launch": false,
            "id": "subnet-0be8d8a72a6f3adf1",
            "ipv6_cidr_block": "",
            "ipv6_cidr_block_association_id": "",
            "ipv6_native": false,
            "map_customer_owned_ip_on_launch": false,
            "map_public_ip_on_launch": false,
            "outpost_arn": "",
            "owner_id": "057845469470",
            "private_dns_hostname_type_on_launch": "ip-name",
            "tags": {
              "MadeBy": "jsp",
              "Name": "jsp-web-lb-sub-0"
            },
            "tags_all": {
              "MadeBy": "jsp",
              "Name": "jsp-web-lb-sub-0"
            },
            "timeouts": null,
            "vpc_id": "vpc-01d2028096a0123f3"
          },
          "sensitive_attributes": [],
          "private": "eyJlMmJmYjczMC1lY2FhLTExZTYtOGY4OC0zNDM2M2JjN2M0YzAiOnsiY3JlYXRlIjo2MDAwMDAwMDAwMDAsImRlbGV0ZSI6MTIwMDAwMDAwMDAwMH0sInNjaGVtYV92ZXJzaW9uIjoiMSJ9",
          "dependencies": [
            "module.vpc.aws_vpc.vpc"
          ]
        },
        {
          "index_key": "1",
          "schema_version": 1,
          "attributes": {
            "arn": "arn:aws:ec2:ap-northeast-2:057845469470:subnet/subnet-0fd84aef4529fd5ef",
            "assign_ipv6_address_on_creation": false,
            "availability_zone": "ap-northeast-2c",
            "availability_zone_id": "apne2-az3",
            "cidr_block": "10.10.110.0/24",
            "customer_owned_ipv4_pool": "",
            "enable_dns64": false,
            "enable_lni_at_device_index": 0,
            "enable_resource_name_dns_a_record_on_launch": false,
            "enable_resource_name_dns_aaaa_record_on_launch": false,
            "id": "subnet-0fd84aef4529fd5ef",
            "ipv6_cidr_block": "",
            "ipv6_cidr_block_association_id": "",
            "ipv6_native": false,
            "map_customer_owned_ip_on_launch": false,
            "map_public_ip_on_launch": false,
            "outpost_arn": "",
            "owner_id": "057845469470",
            "private_dns_hostname_type_on_launch": "ip-name",
            "tags": {
              "MadeBy": "jsp",
              "Name": "jsp-web-lb-sub-1"
            },
            "tags_all": {
              "MadeBy": "jsp",
              "Name": "jsp-web-lb-sub-1"
            },
            "timeouts": null,
            "vpc_id": "vpc-01d2028096a0123f3"
          },
          "sensitive_attributes": [],
          "private": "eyJlMmJmYjczMC1lY2FhLTExZTYtOGY4OC0zNDM2M2JjN2M0YzAiOnsiY3JlYXRlIjo2MDAwMDAwMDAwMDAsImRlbGV0ZSI6MTIwMDAwMDAwMDAwMH0sInNjaGVtYV92ZXJzaW9uIjoiMSJ9",
          "dependencies": [
            "module.vpc.aws_vpc.vpc"
          ]
        }
      ]
    },
    {
      "module": "module.vpc",
      "mode": "managed",
      "type": "aws_vpc",
      "name": "vpc",
      "provider": "provider[\"registry.terraform.io/hashicorp/aws\"]",
      "instances": [
        {
          "schema_version": 1,
          "attributes": {
            "arn": "arn:aws:ec2:ap-northeast-2:057845469470:vpc/vpc-01d2028096a0123f3",
            "assign_generated_ipv6_cidr_block": false,
            "cidr_block": "10.10.0.0/16",
            "default_network_acl_id": "acl-025050a9d182c0a4f",
            "default_route_table_id": "rtb-0cb5ca5141b8c1eae",
            "default_security_group_id": "sg-0b25bb6b2041b838f",
            "dhcp_options_id": "dopt-2cbef647",
            "enable_dns_hostnames": true,
            "enable_dns_support": true,
            "enable_network_address_usage_metrics": false,
            "id": "vpc-01d2028096a0123f3",
            "instance_tenancy": "default",
            "ipv4_ipam_pool_id": null,
            "ipv4_netmask_length": null,
            "ipv6_association_id": "",
            "ipv6_cidr_block": "",
            "ipv6_cidr_block_network_border_group": "",
            "ipv6_ipam_pool_id": "",
            "ipv6_netmask_length": 0,
            "main_route_table_id": "rtb-0cb5ca5141b8c1eae",
            "owner_id": "057845469470",
            "tags": {
              "MadeBy": "jsp",
              "Name": "jsp-vpc"
            },
            "tags_all": {
              "MadeBy": "jsp",
              "Name": "jsp-vpc"
            }
          },
          "sensitive_attributes": [],
          "private": "eyJzY2hlbWFfdmVyc2lvbiI6IjEifQ==",
          "create_before_destroy": true
        }
      ]
    }
  ],
  "check_results": null
}
