{
  "version": 4,
  "terraform_version": "1.5.4",
  "serial": 44,
  "lineage": "544b6bc7-e0ad-4389-6d72-f53f5d835bd2",
  "outputs": {
    "key_pair": {
      "value": "jsp-key",
      "type": "string"
    },
    "nat_eip": {
      "value": "13.209.23.194",
      "type": "string"
    },
    "public_eip": {
      "value": "43.202.238.101",
      "type": "string"
    },
    "public_subnet_ids": {
      "value": [
        "subnet-009935d82af47298d",
        "subnet-042d291504f7fc812"
      ],
      "type": [
        "tuple",
        [
          "string",
          "string"
        ]
      ]
    },
    "vpc_id": {
      "value": "vpc-066259931dd5b2126",
      "type": "string"
    },
    "web_lb_subnet_ids": {
      "value": [
        "subnet-0211d097130807fce",
        "subnet-019e3a73ee45dfee0"
      ],
      "type": [
        "tuple",
        [
          "string",
          "string"
        ]
      ]
    }
  },
  "resources": [
    {
      "module": "module.ec2",
      "mode": "data",
      "type": "aws_ami",
      "name": "amazon_linux-2",
      "provider": "provider[\"registry.terraform.io/hashicorp/aws\"]",
      "instances": [
        {
          "schema_version": 0,
          "attributes": {
            "architecture": "x86_64",
            "arn": "arn:aws:ec2:ap-northeast-2::image/ami-022db573829bf517a",
            "block_device_mappings": [
              {
                "device_name": "/dev/xvda",
                "ebs": {
                  "delete_on_termination": "true",
                  "encrypted": "false",
                  "iops": "0",
                  "snapshot_id": "snap-0eebc63c0624a3d5b",
                  "throughput": "0",
                  "volume_size": "8",
                  "volume_type": "gp2"
                },
                "no_device": "",
                "virtual_name": ""
              }
            ],
            "boot_mode": "",
            "creation_date": "2024-01-26T19:11:44.000Z",
            "deprecation_time": "2025-07-01T00:00:00.000Z",
            "description": "Amazon Linux 2 AMI 2.0.20240131.0 x86_64 HVM gp2",
            "ena_support": true,
            "executable_users": null,
            "filter": [
              {
                "name": "architecture",
                "values": [
                  "x86_64"
                ]
              },
              {
                "name": "name",
                "values": [
                  "amzn2-ami-hvm-*-gp2"
                ]
              },
              {
                "name": "root-device-type",
                "values": [
                  "ebs"
                ]
              },
              {
                "name": "virtualization-type",
                "values": [
                  "hvm"
                ]
              }
            ],
            "hypervisor": "xen",
            "id": "ami-022db573829bf517a",
            "image_id": "ami-022db573829bf517a",
            "image_location": "amazon/amzn2-ami-hvm-2.0.20240131.0-x86_64-gp2",
            "image_owner_alias": "amazon",
            "image_type": "machine",
            "imds_support": "",
            "include_deprecated": false,
            "kernel_id": "",
            "most_recent": true,
            "name": "amzn2-ami-hvm-2.0.20240131.0-x86_64-gp2",
            "name_regex": null,
            "owner_id": "137112412989",
            "owners": [
              "amazon"
            ],
            "platform": "",
            "platform_details": "Linux/UNIX",
            "product_codes": [],
            "public": true,
            "ramdisk_id": "",
            "root_device_name": "/dev/xvda",
            "root_device_type": "ebs",
            "root_snapshot_id": "snap-0eebc63c0624a3d5b",
            "sriov_net_support": "simple",
            "state": "available",
            "state_reason": {
              "code": "UNSET",
              "message": "UNSET"
            },
            "tags": {},
            "timeouts": null,
            "tpm_support": "",
            "usage_operation": "RunInstances",
            "virtualization_type": "hvm"
          },
          "sensitive_attributes": []
        }
      ]
    },
    {
      "module": "module.ec2",
      "mode": "data",
      "type": "aws_ami",
      "name": "amazon_linux2_kernel_5",
      "provider": "provider[\"registry.terraform.io/hashicorp/aws\"]",
      "instances": [
        {
          "schema_version": 0,
          "attributes": {
            "architecture": "x86_64",
            "arn": "arn:aws:ec2:ap-northeast-2::image/ami-09296805c0d8f0af5",
            "block_device_mappings": [
              {
                "device_name": "/dev/xvda",
                "ebs": {
                  "delete_on_termination": "true",
                  "encrypted": "false",
                  "iops": "0",
                  "snapshot_id": "snap-028088d134f70248f",
                  "throughput": "0",
                  "volume_size": "8",
                  "volume_type": "gp2"
                },
                "no_device": "",
                "virtual_name": ""
              }
            ],
            "boot_mode": "",
            "creation_date": "2024-01-26T19:22:35.000Z",
            "deprecation_time": "2025-07-01T00:00:00.000Z",
            "description": "Amazon Linux 2 Kernel 5.10 AMI 2.0.20240131.0 x86_64 HVM gp2",
            "ena_support": true,
            "executable_users": null,
            "filter": [
              {
                "name": "name",
                "values": [
                  "amzn2-ami-kernel-5*"
                ]
              }
            ],
            "hypervisor": "xen",
            "id": "ami-09296805c0d8f0af5",
            "image_id": "ami-09296805c0d8f0af5",
            "image_location": "amazon/amzn2-ami-kernel-5.10-hvm-2.0.20240131.0-x86_64-gp2",
            "image_owner_alias": "amazon",
            "image_type": "machine",
            "imds_support": "",
            "include_deprecated": false,
            "kernel_id": "",
            "most_recent": true,
            "name": "amzn2-ami-kernel-5.10-hvm-2.0.20240131.0-x86_64-gp2",
            "name_regex": null,
            "owner_id": "137112412989",
            "owners": [
              "amazon"
            ],
            "platform": "",
            "platform_details": "Linux/UNIX",
            "product_codes": [],
            "public": true,
            "ramdisk_id": "",
            "root_device_name": "/dev/xvda",
            "root_device_type": "ebs",
            "root_snapshot_id": "snap-028088d134f70248f",
            "sriov_net_support": "simple",
            "state": "available",
            "state_reason": {
              "code": "UNSET",
              "message": "UNSET"
            },
            "tags": {},
            "timeouts": null,
            "tpm_support": "",
            "usage_operation": "RunInstances",
            "virtualization_type": "hvm"
          },
          "sensitive_attributes": []
        }
      ]
    },
    {
      "module": "module.ec2",
      "mode": "data",
      "type": "aws_ami",
      "name": "ubuntu",
      "provider": "provider[\"registry.terraform.io/hashicorp/aws\"]",
      "instances": [
        {
          "schema_version": 0,
          "attributes": {
            "architecture": "x86_64",
            "arn": "arn:aws:ec2:ap-northeast-2::image/ami-0382ac14e5f06eb95",
            "block_device_mappings": [
              {
                "device_name": "/dev/sda1",
                "ebs": {
                  "delete_on_termination": "true",
                  "encrypted": "false",
                  "iops": "0",
                  "snapshot_id": "snap-0f80f12179c3f0d2e",
                  "throughput": "0",
                  "volume_size": "8",
                  "volume_type": "gp2"
                },
                "no_device": "",
                "virtual_name": ""
              },
              {
                "device_name": "/dev/sdb",
                "ebs": {},
                "no_device": "",
                "virtual_name": "ephemeral0"
              },
              {
                "device_name": "/dev/sdc",
                "ebs": {},
                "no_device": "",
                "virtual_name": "ephemeral1"
              }
            ],
            "boot_mode": "legacy-bios",
            "creation_date": "2024-02-07T18:55:08.000Z",
            "deprecation_time": "2026-02-07T18:55:08.000Z",
            "description": "Canonical, Ubuntu, 22.04 LTS, amd64 jammy image build on 2024-02-07",
            "ena_support": true,
            "executable_users": null,
            "filter": [
              {
                "name": "name",
                "values": [
                  "ubuntu/images/hvm-ssd/ubuntu-jammy-22.04-amd64-server-*"
                ]
              },
              {
                "name": "virtualization-type",
                "values": [
                  "hvm"
                ]
              }
            ],
            "hypervisor": "xen",
            "id": "ami-0382ac14e5f06eb95",
            "image_id": "ami-0382ac14e5f06eb95",
            "image_location": "amazon/ubuntu/images/hvm-ssd/ubuntu-jammy-22.04-amd64-server-20240207.1",
            "image_owner_alias": "amazon",
            "image_type": "machine",
            "imds_support": "",
            "include_deprecated": false,
            "kernel_id": "",
            "most_recent": true,
            "name": "ubuntu/images/hvm-ssd/ubuntu-jammy-22.04-amd64-server-20240207.1",
            "name_regex": null,
            "owner_id": "099720109477",
            "owners": [
              "099720109477"
            ],
            "platform": "",
            "platform_details": "Linux/UNIX",
            "product_codes": [],
            "public": true,
            "ramdisk_id": "",
            "root_device_name": "/dev/sda1",
            "root_device_type": "ebs",
            "root_snapshot_id": "snap-0f80f12179c3f0d2e",
            "sriov_net_support": "simple",
            "state": "available",
            "state_reason": {
              "code": "UNSET",
              "message": "UNSET"
            },
            "tags": {},
            "timeouts": null,
            "tpm_support": "",
            "usage_operation": "RunInstances",
            "virtualization_type": "hvm"
          },
          "sensitive_attributes": []
        }
      ]
    },
    {
      "module": "module.ec2",
      "mode": "managed",
      "type": "aws_autoscaling_group",
      "name": "jsp_alb",
      "provider": "provider[\"registry.terraform.io/hashicorp/aws\"]",
      "instances": [
        {
          "schema_version": 1,
          "attributes": {
            "arn": "arn:aws:autoscaling:ap-northeast-2:057845469470:autoScalingGroup:c8132727-25d1-456e-9aef-deb240adab51:autoScalingGroupName/jsp-default-asg",
            "availability_zones": [
              "ap-northeast-2a",
              "ap-northeast-2c"
            ],
            "capacity_rebalance": false,
            "context": "",
            "default_cooldown": 300,
            "default_instance_warmup": 0,
            "desired_capacity": 3,
            "desired_capacity_type": "",
            "enabled_metrics": null,
            "force_delete": false,
            "force_delete_warm_pool": false,
            "health_check_grace_period": 1800,
            "health_check_type": "ELB",
            "id": "jsp-default-asg",
            "ignore_failed_scaling_activities": false,
            "initial_lifecycle_hook": [],
            "instance_maintenance_policy": [],
            "instance_refresh": [],
            "launch_configuration": "jsp-lauchconfig-20240208064017699900000006",
            "launch_template": [],
            "load_balancers": [],
            "max_instance_lifetime": 0,
            "max_size": 10,
            "metrics_granularity": "1Minute",
            "min_elb_capacity": null,
            "min_size": 2,
            "mixed_instances_policy": [],
            "name": "jsp-default-asg",
            "name_prefix": "",
            "placement_group": "",
            "predicted_capacity": 0,
            "protect_from_scale_in": false,
            "service_linked_role_arn": "arn:aws:iam::057845469470:role/aws-service-role/autoscaling.amazonaws.com/AWSServiceRoleForAutoScaling",
            "suspended_processes": null,
            "tag": [
              {
                "key": "Name",
                "propagate_at_launch": true,
                "value": "jsp-default-alb"
              }
            ],
            "target_group_arns": [
              "arn:aws:elasticloadbalancing:ap-northeast-2:057845469470:targetgroup/jsp-default-web-lb-tg/a44884dc8cf01632"
            ],
            "termination_policies": null,
            "timeouts": null,
            "traffic_source": [
              {
                "identifier": "arn:aws:elasticloadbalancing:ap-northeast-2:057845469470:targetgroup/jsp-default-web-lb-tg/a44884dc8cf01632",
                "type": "elbv2"
              }
            ],
            "vpc_zone_identifier": [
              "subnet-019e3a73ee45dfee0",
              "subnet-0211d097130807fce"
            ],
            "wait_for_capacity_timeout": "10m",
            "wait_for_elb_capacity": null,
            "warm_pool": [],
            "warm_pool_size": 0
          },
          "sensitive_attributes": [],
          "private": "eyJlMmJmYjczMC1lY2FhLTExZTYtOGY4OC0zNDM2M2JjN2M0YzAiOnsiZGVsZXRlIjo2MDAwMDAwMDAwMDAsInVwZGF0ZSI6NjAwMDAwMDAwMDAwfSwic2NoZW1hX3ZlcnNpb24iOiIxIn0=",
          "dependencies": [
            "module.ec2.aws_launch_configuration.jsp_config",
            "module.ec2.data.aws_ami.ubuntu",
            "module.iam.aws_iam_instance_profile.private",
            "module.iam.aws_iam_role.jsp_private",
            "module.lb.aws_lb_target_group.web_lb_tg",
            "module.sg.aws_security_group.public",
            "module.vpc.aws_subnet.web_lb",
            "module.vpc.aws_vpc.vpc"
          ]
        }
      ]
    },
    {
      "module": "module.ec2",
      "mode": "managed",
      "type": "aws_autoscaling_policy",
      "name": "target-tracking-policy",
      "provider": "provider[\"registry.terraform.io/hashicorp/aws\"]",
      "instances": [
        {
          "schema_version": 0,
          "attributes": {
            "adjustment_type": "",
            "arn": "arn:aws:autoscaling:ap-northeast-2:057845469470:scalingPolicy:b00a2ef7-ab4c-430e-9814-13655a0050e3:autoScalingGroupName/jsp-default-asg:policyName/jsp-default-asg-policy",
            "autoscaling_group_name": "jsp-default-asg",
            "cooldown": 0,
            "enabled": true,
            "estimated_instance_warmup": 60,
            "id": "jsp-default-asg-policy",
            "metric_aggregation_type": "",
            "min_adjustment_magnitude": 0,
            "name": "jsp-default-asg-policy",
            "policy_type": "TargetTrackingScaling",
            "predictive_scaling_configuration": [],
            "scaling_adjustment": 0,
            "step_adjustment": [],
            "target_tracking_configuration": [
              {
                "customized_metric_specification": [],
                "disable_scale_in": false,
                "predefined_metric_specification": [
                  {
                    "predefined_metric_type": "ASGAverageCPUUtilization",
                    "resource_label": ""
                  }
                ],
                "target_value": 80
              }
            ]
          },
          "sensitive_attributes": [],
          "private": "bnVsbA==",
          "dependencies": [
            "module.ec2.aws_autoscaling_group.jsp_alb",
            "module.ec2.aws_launch_configuration.jsp_config",
            "module.ec2.data.aws_ami.ubuntu",
            "module.iam.aws_iam_instance_profile.private",
            "module.iam.aws_iam_role.jsp_private",
            "module.lb.aws_lb_target_group.web_lb_tg",
            "module.sg.aws_security_group.public",
            "module.vpc.aws_subnet.web_lb",
            "module.vpc.aws_vpc.vpc"
          ]
        }
      ]
    },
    {
      "module": "module.ec2",
      "mode": "managed",
      "type": "aws_eip",
      "name": "public",
      "provider": "provider[\"registry.terraform.io/hashicorp/aws\"]",
      "instances": [
        {
          "schema_version": 0,
          "attributes": {
            "address": null,
            "allocation_id": "eipalloc-08e3b725d4d02ec45",
            "associate_with_private_ip": null,
            "association_id": "eipassoc-004360806e0d3d211",
            "carrier_ip": "",
            "customer_owned_ip": "",
            "customer_owned_ipv4_pool": "",
            "domain": "vpc",
            "id": "eipalloc-08e3b725d4d02ec45",
            "instance": "i-003ec73fd4a269c86",
            "network_border_group": "ap-northeast-2",
            "network_interface": "eni-0adf32947d37e7806",
            "private_dns": "ip-10-10-0-250.ap-northeast-2.compute.internal",
            "private_ip": "10.10.0.250",
            "public_dns": "ec2-43-202-238-101.ap-northeast-2.compute.amazonaws.com",
            "public_ip": "43.202.238.101",
            "public_ipv4_pool": "amazon",
            "tags": {
              "MadeBy": "jsp",
              "Name": "jsp-public-eip-2a"
            },
            "tags_all": {
              "MadeBy": "jsp",
              "Name": "jsp-public-eip-2a"
            },
            "timeouts": null,
            "vpc": true
          },
          "sensitive_attributes": [],
          "private": "eyJlMmJmYjczMC1lY2FhLTExZTYtOGY4OC0zNDM2M2JjN2M0YzAiOnsiZGVsZXRlIjoxODAwMDAwMDAwMDAsInJlYWQiOjkwMDAwMDAwMDAwMCwidXBkYXRlIjozMDAwMDAwMDAwMDB9fQ==",
          "dependencies": [
            "module.ec2.aws_instance.public",
            "module.ec2.data.aws_ami.amazon_linux-2",
            "module.sg.aws_security_group.public",
            "module.vpc.aws_subnet.public",
            "module.vpc.aws_vpc.vpc"
          ]
        }
      ]
    },
    {
      "module": "module.ec2",
      "mode": "managed",
      "type": "aws_instance",
      "name": "public",
      "provider": "provider[\"registry.terraform.io/hashicorp/aws\"]",
      "instances": [
        {
          "schema_version": 1,
          "attributes": {
            "ami": "ami-022db573829bf517a",
            "arn": "arn:aws:ec2:ap-northeast-2:057845469470:instance/i-003ec73fd4a269c86",
            "associate_public_ip_address": true,
            "availability_zone": "ap-northeast-2a",
            "capacity_reservation_specification": [
              {
                "capacity_reservation_preference": "open",
                "capacity_reservation_target": []
              }
            ],
            "cpu_core_count": 1,
            "cpu_options": [
              {
                "amd_sev_snp": "",
                "core_count": 1,
                "threads_per_core": 2
              }
            ],
            "cpu_threads_per_core": 2,
            "credit_specification": [
              {
                "cpu_credits": "unlimited"
              }
            ],
            "disable_api_stop": false,
            "disable_api_termination": true,
            "ebs_block_device": [],
            "ebs_optimized": false,
            "enclave_options": [
              {
                "enabled": false
              }
            ],
            "ephemeral_block_device": [],
            "get_password_data": false,
            "hibernation": false,
            "host_id": "",
            "host_resource_group_arn": null,
            "iam_instance_profile": "",
            "id": "i-003ec73fd4a269c86",
            "instance_initiated_shutdown_behavior": "stop",
            "instance_lifecycle": "",
            "instance_market_options": [],
            "instance_state": "running",
            "instance_type": "t3.small",
            "ipv6_address_count": 0,
            "ipv6_addresses": [],
            "key_name": "jsp-key",
            "launch_template": [],
            "maintenance_options": [
              {
                "auto_recovery": "default"
              }
            ],
            "metadata_options": [
              {
                "http_endpoint": "enabled",
                "http_protocol_ipv6": "disabled",
                "http_put_response_hop_limit": 1,
                "http_tokens": "optional",
                "instance_metadata_tags": "disabled"
              }
            ],
            "monitoring": false,
            "network_interface": [],
            "outpost_arn": "",
            "password_data": "",
            "placement_group": "",
            "placement_partition_number": 0,
            "primary_network_interface_id": "eni-0adf32947d37e7806",
            "private_dns": "ip-10-10-0-250.ap-northeast-2.compute.internal",
            "private_dns_name_options": [
              {
                "enable_resource_name_dns_a_record": false,
                "enable_resource_name_dns_aaaa_record": false,
                "hostname_type": "ip-name"
              }
            ],
            "private_ip": "10.10.0.250",
            "public_dns": "ec2-43-203-121-158.ap-northeast-2.compute.amazonaws.com",
            "public_ip": "43.203.121.158",
            "root_block_device": [
              {
                "delete_on_termination": true,
                "device_name": "/dev/xvda",
                "encrypted": false,
                "iops": 3000,
                "kms_key_id": "",
                "tags": null,
                "throughput": 125,
                "volume_id": "vol-08296991013ff8351",
                "volume_size": 8,
                "volume_type": "gp3"
              }
            ],
            "secondary_private_ips": [],
            "security_groups": [],
            "source_dest_check": true,
            "spot_instance_request_id": "",
            "subnet_id": "subnet-009935d82af47298d",
            "tags": {
              "MadeBy": "jsp",
              "Name": "jsp-public-bastion"
            },
            "tags_all": {
              "MadeBy": "jsp",
              "Name": "jsp-public-bastion"
            },
            "tenancy": "default",
            "timeouts": null,
            "user_data": "e5e12e7578a69b2f4e2545e920a4afb07eddc308",
            "user_data_base64": null,
            "user_data_replace_on_change": false,
            "volume_tags": null,
            "vpc_security_group_ids": [
              "sg-02ee0c6891ae08d66"
            ]
          },
          "sensitive_attributes": [],
          "private": "eyJlMmJmYjczMC1lY2FhLTExZTYtOGY4OC0zNDM2M2JjN2M0YzAiOnsiY3JlYXRlIjo2MDAwMDAwMDAwMDAsImRlbGV0ZSI6MTIwMDAwMDAwMDAwMCwidXBkYXRlIjo2MDAwMDAwMDAwMDB9LCJzY2hlbWFfdmVyc2lvbiI6IjEifQ==",
          "dependencies": [
            "module.ec2.data.aws_ami.amazon_linux-2",
            "module.sg.aws_security_group.public",
            "module.vpc.aws_subnet.public",
            "module.vpc.aws_vpc.vpc"
          ]
        }
      ]
    },
    {
      "module": "module.ec2",
      "mode": "managed",
      "type": "aws_key_pair",
      "name": "key_pair",
      "provider": "provider[\"registry.terraform.io/hashicorp/aws\"]",
      "instances": [
        {
          "schema_version": 1,
          "attributes": {
            "arn": "arn:aws:ec2:ap-northeast-2:057845469470:key-pair/jsp-key",
            "fingerprint": "8a:47:72:59:a8:c6:37:2a:70:8d:17:3f:4c:f2:39:72",
            "id": "jsp-key",
            "key_name": "jsp-key",
            "key_name_prefix": "",
            "key_pair_id": "key-09f2c468e21c6b4f5",
            "key_type": "rsa",
            "public_key": "ssh-rsa AAAAB3NzaC1yc2EAAAADAQABAAACAQDJvRHdpfdXUARQpVo5HuzDlR61ClhvFCrOHP1TeIiSkfIzmMn8lGKEhm/U46Viqa6q+Qm3Zij11YvAZ/v9oDG+6Uur/aB6dz9X5MKcA4gC/0KLQfZNN6V6lI3vbWnKlUJsHRkrblV1va8BqwePQ/XjcgaXTKSpm4MA57jwrUSoYM47FgJOUAWaMupCFW9JDfbA/M28kK6zexA5pdqqScB3Lp9n4r+OrWpfNNGWTTL/vvH50Ads83BBA2rDslmKwNu0OK1mQO0C2PQavMZVC0R4js7OR7XBugOOuQWX6MOQGbwba7wzgYITZzDbppXQml+hINUiww8aRZ7MoeSkHpkCPs2+bM528sMmDpYpwWPmrCJrt3+EFKZpALKKZsMCKr3ftkag7nU3fka3oiQnO72UHXuPBFXkq1PEll9WW6cbgeGU9HNhkOmjq3eE8c9DepZGMbORydxpY1ZShQ9I/trIeelQeo3JzK8jAxf+91cUHt2clx74D7xLRXVuGbgedgq5DPFTEJqBqAcc/3huudksQy4K6gYvd5ebh96TYt2YvvspUlJrTS4rSSEs36lvmHtrAwL1FOKtPa0rig8RGtQx1V/E5IqjdpRLPmOjNNk+XiZgZhGdGFSnNnMHz8RKdMYsDZXapxtsGbDh4tmAnM9d0qUsaTyitIeuoAq42JvrRQ==",
            "tags": null,
            "tags_all": {}
          },
          "sensitive_attributes": [],
          "private": "eyJzY2hlbWFfdmVyc2lvbiI6IjEifQ==",
          "dependencies": [
            "module.ec2.tls_private_key.key_pair"
          ]
        }
      ]
    },
    {
      "module": "module.ec2",
      "mode": "managed",
      "type": "aws_launch_configuration",
      "name": "jsp_config",
      "provider": "provider[\"registry.terraform.io/hashicorp/aws\"]",
      "instances": [
        {
          "schema_version": 0,
          "attributes": {
            "arn": "arn:aws:autoscaling:ap-northeast-2:057845469470:launchConfiguration:16e7aa91-c281-4302-9b23-041d270431bf:launchConfigurationName/jsp-lauchconfig-20240208064017699900000006",
            "associate_public_ip_address": false,
            "ebs_block_device": [],
            "ebs_optimized": false,
            "enable_monitoring": true,
            "ephemeral_block_device": [],
            "iam_instance_profile": "jsp-private",
            "id": "jsp-lauchconfig-20240208064017699900000006",
            "image_id": "ami-0382ac14e5f06eb95",
            "instance_type": "t3.small",
            "key_name": "jsp-key",
            "metadata_options": [],
            "name": "jsp-lauchconfig-20240208064017699900000006",
            "name_prefix": "jsp-lauchconfig-",
            "placement_tenancy": "",
            "root_block_device": [
              {
                "delete_on_termination": true,
                "encrypted": false,
                "iops": 0,
                "throughput": 0,
                "volume_size": 10,
                "volume_type": "gp3"
              }
            ],
            "security_groups": [
              "sg-02ee0c6891ae08d66"
            ],
            "spot_price": "",
            "user_data": "331c3109c5edd42b752c07bd35e8d5eb75e72201",
            "user_data_base64": null
          },
          "sensitive_attributes": [],
          "private": "bnVsbA==",
          "dependencies": [
            "module.ec2.data.aws_ami.ubuntu",
            "module.iam.aws_iam_instance_profile.private",
            "module.iam.aws_iam_role.jsp_private",
            "module.sg.aws_security_group.public",
            "module.vpc.aws_vpc.vpc"
          ],
          "create_before_destroy": true
        }
      ]
    },
    {
      "module": "module.ec2",
      "mode": "managed",
      "type": "local_file",
      "name": "ssh_key",
      "provider": "provider[\"registry.terraform.io/hashicorp/local\"]",
      "instances": [
        {
          "schema_version": 0,
          "attributes": {
            "content": "-----BEGIN RSA PRIVATE KEY-----\nMIIJKQIBAAKCAgEAyb0R3aX3V1AEUKVaOR7sw5UetQpYbxQqzhz9U3iIkpHyM5jJ\n/JRihIZv1OOlYqmuqvkJt2Yo9dWLwGf7/aAxvulLq/2genc/V+TCnAOIAv9Ci0H2\nTTelepSN721pypVCbB0ZK25Vdb2vAasHj0P143IGl0ykqZuDAOe48K1EqGDOOxYC\nTlAFmjLqQhVvSQ32wPzNvJCus3sQOaXaqknAdy6fZ+K/jq1qXzTRlk0y/77x+dAH\nbPNwQQNqw7JZisDbtDitZkDtAtj0GrzGVQtEeI7Ozke1wboDjrkFl+jDkBm8G2u8\nM4GCE2cw26aV0JpfoSDVIsMPGkWezKHkpB6ZAj7NvmzOdvLDJg6WKcFj5qwia7d/\nhBSmaQCyimbDAiq937ZGoO51N35Gt6IkJzu9lB17jwRV5KtTxJZfVlunG4HhlPRz\nYZDpo6t3hPHPQ3qWRjGzkcncaWNWUoUPSP7ayHnpUHqNycyvIwMX/vdXFB7dnJce\n+A+8S0V1bhm4HnYKuQzxUxCagagHHP94brnZLEMuCuoGL3eXm4fek2LdmL77KVJS\na00uK0khLN+pb5h7awMC9RTirT2tK4oPERrUMdVfxOSKo3aUSz5jozTZPl4mYGYR\nnRhUpzZzB8/ESnTGLA2V2qcbbBmw4eLZgJzPXdKlLGk8orSHrqAKuNib60UCAwEA\nAQKCAgArKb7W05m2HrKtppNFQW6a8h7d0VbWfVQjQWSaJWHjKkLN81TUK9NgU3s9\n628JSxDKF/qSONNutb/u7NCnlUzPcg70v5FEYps07QcOZlsFeSP9s6FFKDDJp1su\n7RQDeif6BcfK2RKD3I/DJZq6dmn3vf/XA1j/yPwgh3O0Wv4joIK/dZgMtWZddaNV\nfEyRLuGqrOw/+hzG3f+8tdWxNZJubZVBnuwpVMU7lYt6Qw40VeBj+LR+BR/xaQ/A\nyzoJS/Y1+yJujFmpkE26IsW0kHKX8MYisIkc5/W25bNiqzScckUjAMwFoSH5kMyN\nUnkfZsgrK2EuzNlAX8D4O3M2Ai3uQc0U0KgHoh4FIWYatNMTPrtCyrAaQwBhB+E5\nvL5USR8ZsRI9Sh6oVFKPg7gL96EM33UC5sDOTJgqEhQ0cYyyoCqCSGKPz3+m0S49\nLFl+TnQhyGt2NxaJQ0rjXBVJECVU8J8OJaDBcHxZ/km3f6VQiHpRUofMbdN7es1u\ny/tym2ayFOvEBWLsIFRDoKKE9Y6QU0gKqE9dGyLuP9sFzWUD7iaLu5YwsYTOIuqA\nMubBuQk7NtIp+zucxLvQDH9WZvrndib3dY1D8q/L2MaBkM5SsWqv3sOCnf9AXTbn\nkazlyPV7oWICXDO/wFwo8RGwFFMt/8BNcvghPu4YiXsmozQyiQKCAQEA5cRj2Xzq\nRVR61whrn4jrqtqY3n0u0gsViP54cM3MI0rM6jBQpavCOGwq/ijODFGhGNejxp2u\nRLKAkZ4sRQzjblyPTktZLk/ubV7CKAuoEVOek02x1g/5JJ6gO/aBa91D0HDrbFQD\nma+agtgOO2ps8uhOPo8tQcK98BOZZfB5uelTU6Ruh9z2Fb6lBaS0hrIy5mJZ31/4\nx8GLWt401Re3ykwfEt6HIztGS4rbYkeCHdQuBwOUKq3l8wNRlolRZx0pYJdPyTxX\n2GbFE0KdgrJwaSuFIuzfAR0LDPtDws1Zei7YDitMvRr884O0TUQh54XoLxyyg2BM\nZuYGxjVaH2cSkwKCAQEA4MV2g3S+aCvl+o18NRovXqNDdTyE5A9nU5YZX6oxQXtG\nNLOAAGrE2wirarMFEBL0lDc1xUPcCiGjD2lgBiZ3YDcFFcOwRpFEeNQbpxBGTEKd\nKmgXMCSBAhCh+4d4IUdBu4t6QfxymIwtNETyWjKvBqlu+VleZrb2j9MReOoszqfj\nVtMjPobRzTWqKpIVHk+51LN73uexqDQ+f21MCJdfRes3oeVfL1yulviYAmLBjnaG\nHv1IWhe2mTHQvnqPIe1SRK+r56APOXoMPNT1DtzfaljuAQckFVt/KUxyI5hFLtHQ\nF9nH5P9NlznAa9949iZBCqSt+u/eQyCf72HpEZd5xwKCAQA0xWJZdUMpIToFYT22\nqm/WEdbCYuX5/+m2SRvIbLvR70AZGXesVUKKSu2k6iJI2gax+fT3jQeVZ5n31+g7\nA7bIhiGzzcJxzJHqNLVLFUJImHf3RQTvMUP7kSMkIn2fFHaazRSFENay2Y4XNyAt\nrUfQkmJGJAQ08lFFbnrw2sZaWKh2sXFhavJqFBs6rJV5yju+hiA2GYi9+EnVWOux\ndX0UzV7lqo5HHToL55xzehD8YNshaUUCeGYz5jM669byY9Q5BwegJGfYn+HrhoU+\nm1UOEpzFZLnjO5RqKttpRliio1ekCXXaiPRHyZwDkv5mem7VQzYMznU9vN8Zbu9/\n/uBZAoIBAQCzCxf4Zso1WKJ9Dq7d7dnF3O8jN+3zbIG2B1524a8Spguqd0GDE4lz\noFhLSgbCYxcH6WKfnApu15R39kxTGdkFf05Bo/uKerS8Otk8Hq6gmH9xBDFUW/+X\nkYA2SBbdC1HE/rmITntKIH7xn+odBzp8aALKBPI5h4ynzE2ir4a5pupkgxMT/3in\nqhO+jVbdKkywrbgCOzU880DFaF6kiU+O9mr+PyOvKni4MZWEcP4VaTw0+zTi7vi4\n1wGceSwCrnRV2klo3ArEkf+lhU0fZblhkS0lDHclvBhy4T4aNHUHcoH8PbIJK4S2\n7X3lb8F+8cHlpIAh32iAuEAuAyQQq0SJAoIBAQDOdMojfhQXjUqNh5xYcX+ZRFgQ\nG/ZphQXcqUubAxt7LICKxhBR8+fy6HCt35FYdoBBroNHU3R6HXfD8HbIYM0nUsn5\nnqi9eZlNGxWt4sfhJNMM9fQYUx82oQJe6IbrIHqzvTMzTg4qSlv+Nu4O4saYUaJH\nkd1uOHDFujmPJc8uaJ49Id9AkILvQcVwcAxZbRbbFa6eMrSALYco3UNOtNNkpYow\nkGxcJE3/hMYlPoO1WEJiRrXUA1Cl9ncq+zmLY0sLTwyF4Ji+2t/4R0w4GFMC8KSk\n+cdNnViuaIJfX4h2bBmUb5n3mHmQzoy8tk9zNPk/8rRDC765ncLzxxdgJfph\n-----END RSA PRIVATE KEY-----\n",
            "content_base64": null,
            "content_base64sha256": "OesHo43fVKz+TW7E8yx7qCZ5msj24xJSbpNxnnmrJMI=",
            "content_base64sha512": "mFkHPYoCe7YeZaw8Je4OgToVBGfOzK1eMAZxf+2VlaCCqQVVa7AhL5AxOjWCe6PP2bfHSg1y7vV9Hh6QrgxE9w==",
            "content_md5": "af3489d14e309c8a35ae497126ebf670",
            "content_sha1": "b27087a4fb3b9f53a8fd7f5253fa4199d3663f7e",
            "content_sha256": "39eb07a38ddf54acfe4d6ec4f32c7ba826799ac8f6e312526e93719e79ab24c2",
            "content_sha512": "9859073d8a027bb61e65ac3c25ee0e813a150467ceccad5e3006717fed9595a082a905556bb0212f90313a35827ba3cfd9b7c74a0d72eef57d1e1e90ae0c44f7",
            "directory_permission": "0777",
            "file_permission": "0777",
            "filename": "ec2/jsp-key.pem",
            "id": "b27087a4fb3b9f53a8fd7f5253fa4199d3663f7e",
            "sensitive_content": null,
            "source": null
          },
          "sensitive_attributes": [
            [
              {
                "type": "get_attr",
                "value": "content"
              }
            ]
          ],
          "dependencies": [
            "module.ec2.aws_key_pair.key_pair",
            "module.ec2.tls_private_key.key_pair"
          ]
        }
      ]
    },
    {
      "module": "module.ec2",
      "mode": "managed",
      "type": "tls_private_key",
      "name": "key_pair",
      "provider": "provider[\"registry.terraform.io/hashicorp/tls\"]",
      "instances": [
        {
          "schema_version": 1,
          "attributes": {
            "algorithm": "RSA",
            "ecdsa_curve": "P224",
            "id": "ffa97cf820373f383177f2a169df0d3f63158fd2",
            "private_key_openssh": "-----BEGIN OPENSSH PRIVATE KEY-----\nb3BlbnNzaC1rZXktdjEAAAAABG5vbmUAAAAEbm9uZQAAAAAAAAABAAACFwAAAAdz\nc2gtcnNhAAAAAwEAAQAAAgEAyb0R3aX3V1AEUKVaOR7sw5UetQpYbxQqzhz9U3iI\nkpHyM5jJ/JRihIZv1OOlYqmuqvkJt2Yo9dWLwGf7/aAxvulLq/2genc/V+TCnAOI\nAv9Ci0H2TTelepSN721pypVCbB0ZK25Vdb2vAasHj0P143IGl0ykqZuDAOe48K1E\nqGDOOxYCTlAFmjLqQhVvSQ32wPzNvJCus3sQOaXaqknAdy6fZ+K/jq1qXzTRlk0y\n/77x+dAHbPNwQQNqw7JZisDbtDitZkDtAtj0GrzGVQtEeI7Ozke1wboDjrkFl+jD\nkBm8G2u8M4GCE2cw26aV0JpfoSDVIsMPGkWezKHkpB6ZAj7NvmzOdvLDJg6WKcFj\n5qwia7d/hBSmaQCyimbDAiq937ZGoO51N35Gt6IkJzu9lB17jwRV5KtTxJZfVlun\nG4HhlPRzYZDpo6t3hPHPQ3qWRjGzkcncaWNWUoUPSP7ayHnpUHqNycyvIwMX/vdX\nFB7dnJce+A+8S0V1bhm4HnYKuQzxUxCagagHHP94brnZLEMuCuoGL3eXm4fek2Ld\nmL77KVJSa00uK0khLN+pb5h7awMC9RTirT2tK4oPERrUMdVfxOSKo3aUSz5jozTZ\nPl4mYGYRnRhUpzZzB8/ESnTGLA2V2qcbbBmw4eLZgJzPXdKlLGk8orSHrqAKuNib\n60UAAAc4l3+V+Jd/lfgAAAAHc3NoLXJzYQAAAgEAyb0R3aX3V1AEUKVaOR7sw5Ue\ntQpYbxQqzhz9U3iIkpHyM5jJ/JRihIZv1OOlYqmuqvkJt2Yo9dWLwGf7/aAxvulL\nq/2genc/V+TCnAOIAv9Ci0H2TTelepSN721pypVCbB0ZK25Vdb2vAasHj0P143IG\nl0ykqZuDAOe48K1EqGDOOxYCTlAFmjLqQhVvSQ32wPzNvJCus3sQOaXaqknAdy6f\nZ+K/jq1qXzTRlk0y/77x+dAHbPNwQQNqw7JZisDbtDitZkDtAtj0GrzGVQtEeI7O\nzke1wboDjrkFl+jDkBm8G2u8M4GCE2cw26aV0JpfoSDVIsMPGkWezKHkpB6ZAj7N\nvmzOdvLDJg6WKcFj5qwia7d/hBSmaQCyimbDAiq937ZGoO51N35Gt6IkJzu9lB17\njwRV5KtTxJZfVlunG4HhlPRzYZDpo6t3hPHPQ3qWRjGzkcncaWNWUoUPSP7ayHnp\nUHqNycyvIwMX/vdXFB7dnJce+A+8S0V1bhm4HnYKuQzxUxCagagHHP94brnZLEMu\nCuoGL3eXm4fek2LdmL77KVJSa00uK0khLN+pb5h7awMC9RTirT2tK4oPERrUMdVf\nxOSKo3aUSz5jozTZPl4mYGYRnRhUpzZzB8/ESnTGLA2V2qcbbBmw4eLZgJzPXdKl\nLGk8orSHrqAKuNib60UAAAADAQABAAACACspvtbTmbYesq2mk0VBbpryHt3RVtZ9\nVCNBZJolYeMqQs3zVNQr02BTez3rbwlLEMoX+pI40261v+7s0KeVTM9yDvS/kURi\nmzTtBw5mWwV5I/2zoUUoMMmnWy7tFAN6J/oFx8rZEoPcj8Mlmrp2afe9/9cDWP/I\n/CCHc7Ra/iOggr91mAy1Zl11o1V8TJEu4aqs7D/6HMbd/7y11bE1km5tlUGe7ClU\nxTuVi3pDDjRV4GP4tH4FH/FpD8DLOglL9jX7Im6MWamQTboixbSQcpfwxiKwiRzn\n9bbls2KrNJxyRSMAzAWhIfmQzI1SeR9myCsrYS7M2UBfwPg7czYCLe5BzRTQqAei\nHgUhZhq00xM+u0LKsBpDAGEH4Tm8vlRJHxmxEj1KHqhUUo+DuAv3oQzfdQLmwM5M\nmCoSFDRxjLKgKoJIYo/Pf6bRLj0sWX5OdCHIa3Y3FolDSuNcFUkQJVTwnw4loMFw\nfFn+Sbd/pVCIelFSh8xt03t6zW7L+3KbZrIU68QFYuwgVEOgooT1jpBTSAqoT10b\nIu4/2wXNZQPuJou7ljCxhM4i6oAy5sG5CTs20in7O5zEu9AMf1Zm+ud2Jvd1jUPy\nr8vYxoGQzlKxaq/ew4Kd/0BdNueRrOXI9XuhYgJcM7/AXCjxEbAUUy3/wE1y+CE+\n7hiJeyajNDKJAAABAQDOdMojfhQXjUqNh5xYcX+ZRFgQG/ZphQXcqUubAxt7LICK\nxhBR8+fy6HCt35FYdoBBroNHU3R6HXfD8HbIYM0nUsn5nqi9eZlNGxWt4sfhJNMM\n9fQYUx82oQJe6IbrIHqzvTMzTg4qSlv+Nu4O4saYUaJHkd1uOHDFujmPJc8uaJ49\nId9AkILvQcVwcAxZbRbbFa6eMrSALYco3UNOtNNkpYowkGxcJE3/hMYlPoO1WEJi\nRrXUA1Cl9ncq+zmLY0sLTwyF4Ji+2t/4R0w4GFMC8KSk+cdNnViuaIJfX4h2bBmU\nb5n3mHmQzoy8tk9zNPk/8rRDC765ncLzxxdgJfphAAABAQDlxGPZfOpFVHrXCGuf\niOuq2pjefS7SCxWI/nhwzcwjSszqMFClq8I4bCr+KM4MUaEY16PGna5EsoCRnixF\nDONuXI9OS1kuT+5tXsIoC6gRU56TTbHWD/kknqA79oFr3UPQcOtsVAOZr5qC2A47\namzy6E4+jy1Bwr3wE5ll8Hm56VNTpG6H3PYVvqUFpLSGsjLmYlnfX/jHwYta3jTV\nF7fKTB8S3ocjO0ZLittiR4Id1C4HA5QqreXzA1GWiVFnHSlgl0/JPFfYZsUTQp2C\nsnBpK4Ui7N8BHQsM+0PCzVl6LtgOK0y9Gvzzg7RNRCHnhegvHLKDYExm5gbGNVof\nZxKTAAABAQDgxXaDdL5oK+X6jXw1Gi9eo0N1PITkD2dTlhlfqjFBe0Y0s4AAasTb\nCKtqswUQEvSUNzXFQ9wKIaMPaWAGJndgNwUVw7BGkUR41BunEEZMQp0qaBcwJIEC\nEKH7h3ghR0G7i3pB/HKYjC00RPJaMq8GqW75WV5mtvaP0xF46izOp+NW0yM+htHN\nNaoqkhUeT7nUs3ve57GoND5/bUwIl19F6zeh5V8vXK6W+JgCYsGOdoYe/UhaF7aZ\nMdC+eo8h7VJEr6vnoA85egw81PUO3N9qWO4BByQVW38pTHIjmEUu0dAX2cfk/02X\nOcBr33j2JkEKpK36795DIJ/vYekRl3nHAAAAAAEC\n-----END OPENSSH PRIVATE KEY-----\n",
            "private_key_pem": "-----BEGIN RSA PRIVATE KEY-----\nMIIJKQIBAAKCAgEAyb0R3aX3V1AEUKVaOR7sw5UetQpYbxQqzhz9U3iIkpHyM5jJ\n/JRihIZv1OOlYqmuqvkJt2Yo9dWLwGf7/aAxvulLq/2genc/V+TCnAOIAv9Ci0H2\nTTelepSN721pypVCbB0ZK25Vdb2vAasHj0P143IGl0ykqZuDAOe48K1EqGDOOxYC\nTlAFmjLqQhVvSQ32wPzNvJCus3sQOaXaqknAdy6fZ+K/jq1qXzTRlk0y/77x+dAH\nbPNwQQNqw7JZisDbtDitZkDtAtj0GrzGVQtEeI7Ozke1wboDjrkFl+jDkBm8G2u8\nM4GCE2cw26aV0JpfoSDVIsMPGkWezKHkpB6ZAj7NvmzOdvLDJg6WKcFj5qwia7d/\nhBSmaQCyimbDAiq937ZGoO51N35Gt6IkJzu9lB17jwRV5KtTxJZfVlunG4HhlPRz\nYZDpo6t3hPHPQ3qWRjGzkcncaWNWUoUPSP7ayHnpUHqNycyvIwMX/vdXFB7dnJce\n+A+8S0V1bhm4HnYKuQzxUxCagagHHP94brnZLEMuCuoGL3eXm4fek2LdmL77KVJS\na00uK0khLN+pb5h7awMC9RTirT2tK4oPERrUMdVfxOSKo3aUSz5jozTZPl4mYGYR\nnRhUpzZzB8/ESnTGLA2V2qcbbBmw4eLZgJzPXdKlLGk8orSHrqAKuNib60UCAwEA\nAQKCAgArKb7W05m2HrKtppNFQW6a8h7d0VbWfVQjQWSaJWHjKkLN81TUK9NgU3s9\n628JSxDKF/qSONNutb/u7NCnlUzPcg70v5FEYps07QcOZlsFeSP9s6FFKDDJp1su\n7RQDeif6BcfK2RKD3I/DJZq6dmn3vf/XA1j/yPwgh3O0Wv4joIK/dZgMtWZddaNV\nfEyRLuGqrOw/+hzG3f+8tdWxNZJubZVBnuwpVMU7lYt6Qw40VeBj+LR+BR/xaQ/A\nyzoJS/Y1+yJujFmpkE26IsW0kHKX8MYisIkc5/W25bNiqzScckUjAMwFoSH5kMyN\nUnkfZsgrK2EuzNlAX8D4O3M2Ai3uQc0U0KgHoh4FIWYatNMTPrtCyrAaQwBhB+E5\nvL5USR8ZsRI9Sh6oVFKPg7gL96EM33UC5sDOTJgqEhQ0cYyyoCqCSGKPz3+m0S49\nLFl+TnQhyGt2NxaJQ0rjXBVJECVU8J8OJaDBcHxZ/km3f6VQiHpRUofMbdN7es1u\ny/tym2ayFOvEBWLsIFRDoKKE9Y6QU0gKqE9dGyLuP9sFzWUD7iaLu5YwsYTOIuqA\nMubBuQk7NtIp+zucxLvQDH9WZvrndib3dY1D8q/L2MaBkM5SsWqv3sOCnf9AXTbn\nkazlyPV7oWICXDO/wFwo8RGwFFMt/8BNcvghPu4YiXsmozQyiQKCAQEA5cRj2Xzq\nRVR61whrn4jrqtqY3n0u0gsViP54cM3MI0rM6jBQpavCOGwq/ijODFGhGNejxp2u\nRLKAkZ4sRQzjblyPTktZLk/ubV7CKAuoEVOek02x1g/5JJ6gO/aBa91D0HDrbFQD\nma+agtgOO2ps8uhOPo8tQcK98BOZZfB5uelTU6Ruh9z2Fb6lBaS0hrIy5mJZ31/4\nx8GLWt401Re3ykwfEt6HIztGS4rbYkeCHdQuBwOUKq3l8wNRlolRZx0pYJdPyTxX\n2GbFE0KdgrJwaSuFIuzfAR0LDPtDws1Zei7YDitMvRr884O0TUQh54XoLxyyg2BM\nZuYGxjVaH2cSkwKCAQEA4MV2g3S+aCvl+o18NRovXqNDdTyE5A9nU5YZX6oxQXtG\nNLOAAGrE2wirarMFEBL0lDc1xUPcCiGjD2lgBiZ3YDcFFcOwRpFEeNQbpxBGTEKd\nKmgXMCSBAhCh+4d4IUdBu4t6QfxymIwtNETyWjKvBqlu+VleZrb2j9MReOoszqfj\nVtMjPobRzTWqKpIVHk+51LN73uexqDQ+f21MCJdfRes3oeVfL1yulviYAmLBjnaG\nHv1IWhe2mTHQvnqPIe1SRK+r56APOXoMPNT1DtzfaljuAQckFVt/KUxyI5hFLtHQ\nF9nH5P9NlznAa9949iZBCqSt+u/eQyCf72HpEZd5xwKCAQA0xWJZdUMpIToFYT22\nqm/WEdbCYuX5/+m2SRvIbLvR70AZGXesVUKKSu2k6iJI2gax+fT3jQeVZ5n31+g7\nA7bIhiGzzcJxzJHqNLVLFUJImHf3RQTvMUP7kSMkIn2fFHaazRSFENay2Y4XNyAt\nrUfQkmJGJAQ08lFFbnrw2sZaWKh2sXFhavJqFBs6rJV5yju+hiA2GYi9+EnVWOux\ndX0UzV7lqo5HHToL55xzehD8YNshaUUCeGYz5jM669byY9Q5BwegJGfYn+HrhoU+\nm1UOEpzFZLnjO5RqKttpRliio1ekCXXaiPRHyZwDkv5mem7VQzYMznU9vN8Zbu9/\n/uBZAoIBAQCzCxf4Zso1WKJ9Dq7d7dnF3O8jN+3zbIG2B1524a8Spguqd0GDE4lz\noFhLSgbCYxcH6WKfnApu15R39kxTGdkFf05Bo/uKerS8Otk8Hq6gmH9xBDFUW/+X\nkYA2SBbdC1HE/rmITntKIH7xn+odBzp8aALKBPI5h4ynzE2ir4a5pupkgxMT/3in\nqhO+jVbdKkywrbgCOzU880DFaF6kiU+O9mr+PyOvKni4MZWEcP4VaTw0+zTi7vi4\n1wGceSwCrnRV2klo3ArEkf+lhU0fZblhkS0lDHclvBhy4T4aNHUHcoH8PbIJK4S2\n7X3lb8F+8cHlpIAh32iAuEAuAyQQq0SJAoIBAQDOdMojfhQXjUqNh5xYcX+ZRFgQ\nG/ZphQXcqUubAxt7LICKxhBR8+fy6HCt35FYdoBBroNHU3R6HXfD8HbIYM0nUsn5\nnqi9eZlNGxWt4sfhJNMM9fQYUx82oQJe6IbrIHqzvTMzTg4qSlv+Nu4O4saYUaJH\nkd1uOHDFujmPJc8uaJ49Id9AkILvQcVwcAxZbRbbFa6eMrSALYco3UNOtNNkpYow\nkGxcJE3/hMYlPoO1WEJiRrXUA1Cl9ncq+zmLY0sLTwyF4Ji+2t/4R0w4GFMC8KSk\n+cdNnViuaIJfX4h2bBmUb5n3mHmQzoy8tk9zNPk/8rRDC765ncLzxxdgJfph\n-----END RSA PRIVATE KEY-----\n",
            "private_key_pem_pkcs8": "-----BEGIN PRIVATE KEY-----\nMIIJQwIBADANBgkqhkiG9w0BAQEFAASCCS0wggkpAgEAAoICAQDJvRHdpfdXUARQ\npVo5HuzDlR61ClhvFCrOHP1TeIiSkfIzmMn8lGKEhm/U46Viqa6q+Qm3Zij11YvA\nZ/v9oDG+6Uur/aB6dz9X5MKcA4gC/0KLQfZNN6V6lI3vbWnKlUJsHRkrblV1va8B\nqwePQ/XjcgaXTKSpm4MA57jwrUSoYM47FgJOUAWaMupCFW9JDfbA/M28kK6zexA5\npdqqScB3Lp9n4r+OrWpfNNGWTTL/vvH50Ads83BBA2rDslmKwNu0OK1mQO0C2PQa\nvMZVC0R4js7OR7XBugOOuQWX6MOQGbwba7wzgYITZzDbppXQml+hINUiww8aRZ7M\noeSkHpkCPs2+bM528sMmDpYpwWPmrCJrt3+EFKZpALKKZsMCKr3ftkag7nU3fka3\noiQnO72UHXuPBFXkq1PEll9WW6cbgeGU9HNhkOmjq3eE8c9DepZGMbORydxpY1ZS\nhQ9I/trIeelQeo3JzK8jAxf+91cUHt2clx74D7xLRXVuGbgedgq5DPFTEJqBqAcc\n/3huudksQy4K6gYvd5ebh96TYt2YvvspUlJrTS4rSSEs36lvmHtrAwL1FOKtPa0r\nig8RGtQx1V/E5IqjdpRLPmOjNNk+XiZgZhGdGFSnNnMHz8RKdMYsDZXapxtsGbDh\n4tmAnM9d0qUsaTyitIeuoAq42JvrRQIDAQABAoICACspvtbTmbYesq2mk0VBbpry\nHt3RVtZ9VCNBZJolYeMqQs3zVNQr02BTez3rbwlLEMoX+pI40261v+7s0KeVTM9y\nDvS/kURimzTtBw5mWwV5I/2zoUUoMMmnWy7tFAN6J/oFx8rZEoPcj8Mlmrp2afe9\n/9cDWP/I/CCHc7Ra/iOggr91mAy1Zl11o1V8TJEu4aqs7D/6HMbd/7y11bE1km5t\nlUGe7ClUxTuVi3pDDjRV4GP4tH4FH/FpD8DLOglL9jX7Im6MWamQTboixbSQcpfw\nxiKwiRzn9bbls2KrNJxyRSMAzAWhIfmQzI1SeR9myCsrYS7M2UBfwPg7czYCLe5B\nzRTQqAeiHgUhZhq00xM+u0LKsBpDAGEH4Tm8vlRJHxmxEj1KHqhUUo+DuAv3oQzf\ndQLmwM5MmCoSFDRxjLKgKoJIYo/Pf6bRLj0sWX5OdCHIa3Y3FolDSuNcFUkQJVTw\nnw4loMFwfFn+Sbd/pVCIelFSh8xt03t6zW7L+3KbZrIU68QFYuwgVEOgooT1jpBT\nSAqoT10bIu4/2wXNZQPuJou7ljCxhM4i6oAy5sG5CTs20in7O5zEu9AMf1Zm+ud2\nJvd1jUPyr8vYxoGQzlKxaq/ew4Kd/0BdNueRrOXI9XuhYgJcM7/AXCjxEbAUUy3/\nwE1y+CE+7hiJeyajNDKJAoIBAQDlxGPZfOpFVHrXCGufiOuq2pjefS7SCxWI/nhw\nzcwjSszqMFClq8I4bCr+KM4MUaEY16PGna5EsoCRnixFDONuXI9OS1kuT+5tXsIo\nC6gRU56TTbHWD/kknqA79oFr3UPQcOtsVAOZr5qC2A47amzy6E4+jy1Bwr3wE5ll\n8Hm56VNTpG6H3PYVvqUFpLSGsjLmYlnfX/jHwYta3jTVF7fKTB8S3ocjO0ZLitti\nR4Id1C4HA5QqreXzA1GWiVFnHSlgl0/JPFfYZsUTQp2CsnBpK4Ui7N8BHQsM+0PC\nzVl6LtgOK0y9Gvzzg7RNRCHnhegvHLKDYExm5gbGNVofZxKTAoIBAQDgxXaDdL5o\nK+X6jXw1Gi9eo0N1PITkD2dTlhlfqjFBe0Y0s4AAasTbCKtqswUQEvSUNzXFQ9wK\nIaMPaWAGJndgNwUVw7BGkUR41BunEEZMQp0qaBcwJIECEKH7h3ghR0G7i3pB/HKY\njC00RPJaMq8GqW75WV5mtvaP0xF46izOp+NW0yM+htHNNaoqkhUeT7nUs3ve57Go\nND5/bUwIl19F6zeh5V8vXK6W+JgCYsGOdoYe/UhaF7aZMdC+eo8h7VJEr6vnoA85\negw81PUO3N9qWO4BByQVW38pTHIjmEUu0dAX2cfk/02XOcBr33j2JkEKpK36795D\nIJ/vYekRl3nHAoIBADTFYll1QykhOgVhPbaqb9YR1sJi5fn/6bZJG8hsu9HvQBkZ\nd6xVQopK7aTqIkjaBrH59PeNB5VnmffX6DsDtsiGIbPNwnHMkeo0tUsVQkiYd/dF\nBO8xQ/uRIyQifZ8UdprNFIUQ1rLZjhc3IC2tR9CSYkYkBDTyUUVuevDaxlpYqHax\ncWFq8moUGzqslXnKO76GIDYZiL34SdVY67F1fRTNXuWqjkcdOgvnnHN6EPxg2yFp\nRQJ4ZjPmMzrr1vJj1DkHB6AkZ9if4euGhT6bVQ4SnMVkueM7lGoq22lGWKKjV6QJ\nddqI9EfJnAOS/mZ6btVDNgzOdT283xlu73/+4FkCggEBALMLF/hmyjVYon0Ort3t\n2cXc7yM37fNsgbYHXnbhrxKmC6p3QYMTiXOgWEtKBsJjFwfpYp+cCm7XlHf2TFMZ\n2QV/TkGj+4p6tLw62TwerqCYf3EEMVRb/5eRgDZIFt0LUcT+uYhOe0ogfvGf6h0H\nOnxoAsoE8jmHjKfMTaKvhrmm6mSDExP/eKeqE76NVt0qTLCtuAI7NTzzQMVoXqSJ\nT472av4/I68qeLgxlYRw/hVpPDT7NOLu+LjXAZx5LAKudFXaSWjcCsSR/6WFTR9l\nuWGRLSUMdyW8GHLhPho0dQdygfw9sgkrhLbtfeVvwX7xweWkgCHfaIC4QC4DJBCr\nRIkCggEBAM50yiN+FBeNSo2HnFhxf5lEWBAb9mmFBdypS5sDG3ssgIrGEFHz5/Lo\ncK3fkVh2gEGug0dTdHodd8PwdshgzSdSyfmeqL15mU0bFa3ix+Ek0wz19BhTHzah\nAl7ohusgerO9MzNODipKW/427g7ixphRokeR3W44cMW6OY8lzy5onj0h30CQgu9B\nxXBwDFltFtsVrp4ytIAthyjdQ06002SlijCQbFwkTf+ExiU+g7VYQmJGtdQDUKX2\ndyr7OYtjSwtPDIXgmL7a3/hHTDgYUwLwpKT5x02dWK5ogl9fiHZsGZRvmfeYeZDO\njLy2T3M0+T/ytEMLvrmdwvPHF2Al+mE=\n-----END PRIVATE KEY-----\n",
            "public_key_fingerprint_md5": "0d:1d:68:c7:ce:5c:ab:c8:77:41:19:21:cb:d8:6b:a4",
            "public_key_fingerprint_sha256": "SHA256:ojk7235QHpXiq+hZR0jnRsBHqvcLfOCCUGQfadUDBJo",
            "public_key_openssh": "ssh-rsa AAAAB3NzaC1yc2EAAAADAQABAAACAQDJvRHdpfdXUARQpVo5HuzDlR61ClhvFCrOHP1TeIiSkfIzmMn8lGKEhm/U46Viqa6q+Qm3Zij11YvAZ/v9oDG+6Uur/aB6dz9X5MKcA4gC/0KLQfZNN6V6lI3vbWnKlUJsHRkrblV1va8BqwePQ/XjcgaXTKSpm4MA57jwrUSoYM47FgJOUAWaMupCFW9JDfbA/M28kK6zexA5pdqqScB3Lp9n4r+OrWpfNNGWTTL/vvH50Ads83BBA2rDslmKwNu0OK1mQO0C2PQavMZVC0R4js7OR7XBugOOuQWX6MOQGbwba7wzgYITZzDbppXQml+hINUiww8aRZ7MoeSkHpkCPs2+bM528sMmDpYpwWPmrCJrt3+EFKZpALKKZsMCKr3ftkag7nU3fka3oiQnO72UHXuPBFXkq1PEll9WW6cbgeGU9HNhkOmjq3eE8c9DepZGMbORydxpY1ZShQ9I/trIeelQeo3JzK8jAxf+91cUHt2clx74D7xLRXVuGbgedgq5DPFTEJqBqAcc/3huudksQy4K6gYvd5ebh96TYt2YvvspUlJrTS4rSSEs36lvmHtrAwL1FOKtPa0rig8RGtQx1V/E5IqjdpRLPmOjNNk+XiZgZhGdGFSnNnMHz8RKdMYsDZXapxtsGbDh4tmAnM9d0qUsaTyitIeuoAq42JvrRQ==\n",
            "public_key_pem": "-----BEGIN PUBLIC KEY-----\nMIICIjANBgkqhkiG9w0BAQEFAAOCAg8AMIICCgKCAgEAyb0R3aX3V1AEUKVaOR7s\nw5UetQpYbxQqzhz9U3iIkpHyM5jJ/JRihIZv1OOlYqmuqvkJt2Yo9dWLwGf7/aAx\nvulLq/2genc/V+TCnAOIAv9Ci0H2TTelepSN721pypVCbB0ZK25Vdb2vAasHj0P1\n43IGl0ykqZuDAOe48K1EqGDOOxYCTlAFmjLqQhVvSQ32wPzNvJCus3sQOaXaqknA\ndy6fZ+K/jq1qXzTRlk0y/77x+dAHbPNwQQNqw7JZisDbtDitZkDtAtj0GrzGVQtE\neI7Ozke1wboDjrkFl+jDkBm8G2u8M4GCE2cw26aV0JpfoSDVIsMPGkWezKHkpB6Z\nAj7NvmzOdvLDJg6WKcFj5qwia7d/hBSmaQCyimbDAiq937ZGoO51N35Gt6IkJzu9\nlB17jwRV5KtTxJZfVlunG4HhlPRzYZDpo6t3hPHPQ3qWRjGzkcncaWNWUoUPSP7a\nyHnpUHqNycyvIwMX/vdXFB7dnJce+A+8S0V1bhm4HnYKuQzxUxCagagHHP94brnZ\nLEMuCuoGL3eXm4fek2LdmL77KVJSa00uK0khLN+pb5h7awMC9RTirT2tK4oPERrU\nMdVfxOSKo3aUSz5jozTZPl4mYGYRnRhUpzZzB8/ESnTGLA2V2qcbbBmw4eLZgJzP\nXdKlLGk8orSHrqAKuNib60UCAwEAAQ==\n-----END PUBLIC KEY-----\n",
            "rsa_bits": 4096
          },
          "sensitive_attributes": []
        }
      ]
    },
    {
      "module": "module.iam",
      "mode": "managed",
      "type": "aws_iam_instance_profile",
      "name": "private",
      "provider": "provider[\"registry.terraform.io/hashicorp/aws\"]",
      "instances": [
        {
          "schema_version": 0,
          "attributes": {
            "arn": "arn:aws:iam::057845469470:instance-profile/jsp-private",
            "create_date": "2024-02-08T06:40:06Z",
            "id": "jsp-private",
            "name": "jsp-private",
            "name_prefix": "",
            "path": "/",
            "role": "jsp-private-role",
            "tags": null,
            "tags_all": {},
            "unique_id": "AIPAQ25632EPK5OAQHYO5"
          },
          "sensitive_attributes": [],
          "private": "bnVsbA==",
          "dependencies": [
            "module.iam.aws_iam_role.jsp_private"
          ],
          "create_before_destroy": true
        }
      ]
    },
    {
      "module": "module.iam",
      "mode": "managed",
      "type": "aws_iam_role",
      "name": "jsp_private",
      "provider": "provider[\"registry.terraform.io/hashicorp/aws\"]",
      "instances": [
        {
          "schema_version": 0,
          "attributes": {
            "arn": "arn:aws:iam::057845469470:role/jsp-private-role",
            "assume_role_policy": "{\"Statement\":[{\"Action\":\"sts:AssumeRole\",\"Effect\":\"Allow\",\"Principal\":{\"Service\":\"ec2.amazonaws.com\"},\"Sid\":\"\"}],\"Version\":\"2012-10-17\"}",
            "create_date": "2024-02-08T06:40:05Z",
            "description": "",
            "force_detach_policies": false,
            "id": "jsp-private-role",
            "inline_policy": [],
            "managed_policy_arns": [],
            "max_session_duration": 3600,
            "name": "jsp-private-role",
            "name_prefix": "",
            "path": "/",
            "permissions_boundary": "",
            "tags": null,
            "tags_all": {},
            "unique_id": "AROAQ25632EPAXGRAY7GO"
          },
          "sensitive_attributes": [],
          "private": "bnVsbA==",
          "create_before_destroy": true
        }
      ]
    },
    {
      "module": "module.iam",
      "mode": "managed",
      "type": "aws_iam_role_policy_attachment",
      "name": "jsp_private_for_s3",
      "provider": "provider[\"registry.terraform.io/hashicorp/aws\"]",
      "instances": [
        {
          "schema_version": 0,
          "attributes": {
            "id": "jsp-private-role-20240208064006673800000002",
            "policy_arn": "arn:aws:iam::aws:policy/AmazonS3FullAccess",
            "role": "jsp-private-role"
          },
          "sensitive_attributes": [],
          "private": "bnVsbA==",
          "dependencies": [
            "module.iam.aws_iam_role.jsp_private"
          ]
        }
      ]
    },
    {
      "module": "module.iam",
      "mode": "managed",
      "type": "aws_iam_role_policy_attachment",
      "name": "jsp_private_for_ssm",
      "provider": "provider[\"registry.terraform.io/hashicorp/aws\"]",
      "instances": [
        {
          "schema_version": 0,
          "attributes": {
            "id": "jsp-private-role-20240208064006413500000001",
            "policy_arn": "arn:aws:iam::aws:policy/AmazonSSMManagedInstanceCore",
            "role": "jsp-private-role"
          },
          "sensitive_attributes": [],
          "private": "bnVsbA==",
          "dependencies": [
            "module.iam.aws_iam_role.jsp_private"
          ]
        }
      ]
    },
    {
      "module": "module.lb",
      "mode": "managed",
      "type": "aws_lb",
      "name": "was_lb",
      "provider": "provider[\"registry.terraform.io/hashicorp/aws\"]",
      "instances": [
        {
          "schema_version": 0,
          "attributes": {
            "access_logs": [
              {
                "bucket": "",
                "enabled": false,
                "prefix": ""
              }
            ],
            "arn": "arn:aws:elasticloadbalancing:ap-northeast-2:057845469470:loadbalancer/app/jsp-default-was-lb/974086042300058a",
            "arn_suffix": "app/jsp-default-was-lb/974086042300058a",
            "connection_logs": [
              {
                "bucket": "",
                "enabled": false,
                "prefix": ""
              }
            ],
            "customer_owned_ipv4_pool": "",
            "desync_mitigation_mode": "defensive",
            "dns_name": "internal-jsp-default-was-lb-86854098.ap-northeast-2.elb.amazonaws.com",
            "dns_record_client_routing_policy": null,
            "drop_invalid_header_fields": false,
            "enable_cross_zone_load_balancing": true,
            "enable_deletion_protection": false,
            "enable_http2": true,
            "enable_tls_version_and_cipher_suite_headers": false,
            "enable_waf_fail_open": false,
            "enable_xff_client_port": false,
            "enforce_security_group_inbound_rules_on_private_link_traffic": "",
            "id": "arn:aws:elasticloadbalancing:ap-northeast-2:057845469470:loadbalancer/app/jsp-default-was-lb/974086042300058a",
            "idle_timeout": 60,
            "internal": true,
            "ip_address_type": "ipv4",
            "load_balancer_type": "application",
            "name": "jsp-default-was-lb",
            "name_prefix": "",
            "preserve_host_header": false,
            "security_groups": [
              "sg-0f581fd72766cd203"
            ],
            "subnet_mapping": [
              {
                "allocation_id": "",
                "ipv6_address": "",
                "outpost_id": "",
                "private_ipv4_address": "",
                "subnet_id": "subnet-0459cd911be63a7eb"
              },
              {
                "allocation_id": "",
                "ipv6_address": "",
                "outpost_id": "",
                "private_ipv4_address": "",
                "subnet_id": "subnet-08a5cc65cace220d6"
              }
            ],
            "subnets": [
              "subnet-0459cd911be63a7eb",
              "subnet-08a5cc65cace220d6"
            ],
            "tags": {
              "MadeBy": "jsp",
              "Name": "jsp-default-was-lb"
            },
            "tags_all": {
              "MadeBy": "jsp",
              "Name": "jsp-default-was-lb"
            },
            "timeouts": null,
            "vpc_id": "vpc-066259931dd5b2126",
            "xff_header_processing_mode": "append",
            "zone_id": "ZWKZPGTI48KDX"
          },
          "sensitive_attributes": [],
          "private": "eyJlMmJmYjczMC1lY2FhLTExZTYtOGY4OC0zNDM2M2JjN2M0YzAiOnsiY3JlYXRlIjo2MDAwMDAwMDAwMDAsImRlbGV0ZSI6NjAwMDAwMDAwMDAwLCJ1cGRhdGUiOjYwMDAwMDAwMDAwMH19",
          "dependencies": [
            "module.sg.aws_security_group.was_lb_sg",
            "module.vpc.aws_subnet.was_lb",
            "module.vpc.aws_vpc.vpc"
          ]
        }
      ]
    },
    {
      "module": "module.lb",
      "mode": "managed",
      "type": "aws_lb",
      "name": "web_lb",
      "provider": "provider[\"registry.terraform.io/hashicorp/aws\"]",
      "instances": [
        {
          "schema_version": 0,
          "attributes": {
            "access_logs": [
              {
                "bucket": "",
                "enabled": false,
                "prefix": ""
              }
            ],
            "arn": "arn:aws:elasticloadbalancing:ap-northeast-2:057845469470:loadbalancer/app/jsp-default-web-lb/5de87a79e810185d",
            "arn_suffix": "app/jsp-default-web-lb/5de87a79e810185d",
            "connection_logs": [
              {
                "bucket": "",
                "enabled": false,
                "prefix": ""
              }
            ],
            "customer_owned_ipv4_pool": "",
            "desync_mitigation_mode": "defensive",
            "dns_name": "jsp-default-web-lb-1303425605.ap-northeast-2.elb.amazonaws.com",
            "dns_record_client_routing_policy": null,
            "drop_invalid_header_fields": false,
            "enable_cross_zone_load_balancing": true,
            "enable_deletion_protection": false,
            "enable_http2": true,
            "enable_tls_version_and_cipher_suite_headers": false,
            "enable_waf_fail_open": false,
            "enable_xff_client_port": false,
            "enforce_security_group_inbound_rules_on_private_link_traffic": "",
            "id": "arn:aws:elasticloadbalancing:ap-northeast-2:057845469470:loadbalancer/app/jsp-default-web-lb/5de87a79e810185d",
            "idle_timeout": 60,
            "internal": false,
            "ip_address_type": "ipv4",
            "load_balancer_type": "application",
            "name": "jsp-default-web-lb",
            "name_prefix": "",
            "preserve_host_header": false,
            "security_groups": [
              "sg-01615870b48c3b9ed"
            ],
            "subnet_mapping": [
              {
                "allocation_id": "",
                "ipv6_address": "",
                "outpost_id": "",
                "private_ipv4_address": "",
                "subnet_id": "subnet-019e3a73ee45dfee0"
              },
              {
                "allocation_id": "",
                "ipv6_address": "",
                "outpost_id": "",
                "private_ipv4_address": "",
                "subnet_id": "subnet-0211d097130807fce"
              }
            ],
            "subnets": [
              "subnet-019e3a73ee45dfee0",
              "subnet-0211d097130807fce"
            ],
            "tags": {
              "MadeBy": "jsp",
              "Name": "jsp-default-web-lb"
            },
            "tags_all": {
              "MadeBy": "jsp",
              "Name": "jsp-default-web-lb"
            },
            "timeouts": null,
            "vpc_id": "vpc-066259931dd5b2126",
            "xff_header_processing_mode": "append",
            "zone_id": "ZWKZPGTI48KDX"
          },
          "sensitive_attributes": [],
          "private": "eyJlMmJmYjczMC1lY2FhLTExZTYtOGY4OC0zNDM2M2JjN2M0YzAiOnsiY3JlYXRlIjo2MDAwMDAwMDAwMDAsImRlbGV0ZSI6NjAwMDAwMDAwMDAwLCJ1cGRhdGUiOjYwMDAwMDAwMDAwMH19",
          "dependencies": [
            "module.sg.aws_security_group.web_lb_sg",
            "module.vpc.aws_subnet.web_lb",
            "module.vpc.aws_vpc.vpc"
          ]
        }
      ]
    },
    {
      "module": "module.lb",
      "mode": "managed",
      "type": "aws_lb_listener",
      "name": "was_http",
      "provider": "provider[\"registry.terraform.io/hashicorp/aws\"]",
      "instances": [
        {
          "schema_version": 0,
          "attributes": {
            "alpn_policy": null,
            "arn": "arn:aws:elasticloadbalancing:ap-northeast-2:057845469470:listener/app/jsp-default-was-lb/974086042300058a/c035308ec650c126",
            "certificate_arn": null,
            "default_action": [
              {
                "authenticate_cognito": [],
                "authenticate_oidc": [],
                "fixed_response": [],
                "forward": [],
                "order": 1,
                "redirect": [],
                "target_group_arn": "arn:aws:elasticloadbalancing:ap-northeast-2:057845469470:targetgroup/jsp-default-was-lb-tg/4a24359800fccc83",
                "type": "forward"
              }
            ],
            "id": "arn:aws:elasticloadbalancing:ap-northeast-2:057845469470:listener/app/jsp-default-was-lb/974086042300058a/c035308ec650c126",
            "load_balancer_arn": "arn:aws:elasticloadbalancing:ap-northeast-2:057845469470:loadbalancer/app/jsp-default-was-lb/974086042300058a",
            "mutual_authentication": [],
            "port": 80,
            "protocol": "HTTP",
            "ssl_policy": "",
            "tags": null,
            "tags_all": {},
            "timeouts": null
          },
          "sensitive_attributes": [],
          "private": "eyJlMmJmYjczMC1lY2FhLTExZTYtOGY4OC0zNDM2M2JjN2M0YzAiOnsiY3JlYXRlIjozMDAwMDAwMDAwMDAsInVwZGF0ZSI6MzAwMDAwMDAwMDAwfX0=",
          "dependencies": [
            "module.lb.aws_lb.was_lb",
            "module.lb.aws_lb_target_group.was_lb_tg",
            "module.sg.aws_security_group.was_lb_sg",
            "module.vpc.aws_subnet.was_lb",
            "module.vpc.aws_vpc.vpc"
          ]
        }
      ]
    },
    {
      "module": "module.lb",
      "mode": "managed",
      "type": "aws_lb_listener",
      "name": "web_http",
      "provider": "provider[\"registry.terraform.io/hashicorp/aws\"]",
      "instances": [
        {
          "schema_version": 0,
          "attributes": {
            "alpn_policy": null,
            "arn": "arn:aws:elasticloadbalancing:ap-northeast-2:057845469470:listener/app/jsp-default-web-lb/5de87a79e810185d/a39fd164f25c1f29",
            "certificate_arn": null,
            "default_action": [
              {
                "authenticate_cognito": [],
                "authenticate_oidc": [],
                "fixed_response": [],
                "forward": [],
                "order": 1,
                "redirect": [],
                "target_group_arn": "arn:aws:elasticloadbalancing:ap-northeast-2:057845469470:targetgroup/jsp-default-web-lb-tg/a44884dc8cf01632",
                "type": "forward"
              }
            ],
            "id": "arn:aws:elasticloadbalancing:ap-northeast-2:057845469470:listener/app/jsp-default-web-lb/5de87a79e810185d/a39fd164f25c1f29",
            "load_balancer_arn": "arn:aws:elasticloadbalancing:ap-northeast-2:057845469470:loadbalancer/app/jsp-default-web-lb/5de87a79e810185d",
            "mutual_authentication": [],
            "port": 80,
            "protocol": "HTTP",
            "ssl_policy": "",
            "tags": null,
            "tags_all": {},
            "timeouts": null
          },
          "sensitive_attributes": [],
          "private": "eyJlMmJmYjczMC1lY2FhLTExZTYtOGY4OC0zNDM2M2JjN2M0YzAiOnsiY3JlYXRlIjozMDAwMDAwMDAwMDAsInVwZGF0ZSI6MzAwMDAwMDAwMDAwfX0=",
          "dependencies": [
            "module.lb.aws_lb.web_lb",
            "module.lb.aws_lb_target_group.web_lb_tg",
            "module.sg.aws_security_group.web_lb_sg",
            "module.vpc.aws_subnet.web_lb",
            "module.vpc.aws_vpc.vpc"
          ]
        }
      ]
    },
    {
      "module": "module.lb",
      "mode": "managed",
      "type": "aws_lb_listener_rule",
      "name": "was_lb_rule",
      "provider": "provider[\"registry.terraform.io/hashicorp/aws\"]",
      "instances": [
        {
          "schema_version": 0,
          "attributes": {
            "action": [
              {
                "authenticate_cognito": [],
                "authenticate_oidc": [],
                "fixed_response": [],
                "forward": [],
                "order": 1,
                "redirect": [],
                "target_group_arn": "arn:aws:elasticloadbalancing:ap-northeast-2:057845469470:targetgroup/jsp-default-was-lb-tg/4a24359800fccc83",
                "type": "forward"
              }
            ],
            "arn": "arn:aws:elasticloadbalancing:ap-northeast-2:057845469470:listener-rule/app/jsp-default-was-lb/974086042300058a/c035308ec650c126/22ec347ace327a28",
            "condition": [
              {
                "host_header": [],
                "http_header": [],
                "http_request_method": [],
                "path_pattern": [
                  {
                    "values": [
                      "*"
                    ]
                  }
                ],
                "query_string": [],
                "source_ip": []
              }
            ],
            "id": "arn:aws:elasticloadbalancing:ap-northeast-2:057845469470:listener-rule/app/jsp-default-was-lb/974086042300058a/c035308ec650c126/22ec347ace327a28",
            "listener_arn": "arn:aws:elasticloadbalancing:ap-northeast-2:057845469470:listener/app/jsp-default-was-lb/974086042300058a/c035308ec650c126",
            "priority": 100,
            "tags": null,
            "tags_all": {}
          },
          "sensitive_attributes": [],
          "private": "bnVsbA==",
          "dependencies": [
            "module.lb.aws_lb.was_lb",
            "module.lb.aws_lb_listener.was_http",
            "module.lb.aws_lb_target_group.was_lb_tg",
            "module.sg.aws_security_group.was_lb_sg",
            "module.vpc.aws_subnet.was_lb",
            "module.vpc.aws_vpc.vpc"
          ]
        }
      ]
    },
    {
      "module": "module.lb",
      "mode": "managed",
      "type": "aws_lb_listener_rule",
      "name": "web_lb_rule",
      "provider": "provider[\"registry.terraform.io/hashicorp/aws\"]",
      "instances": [
        {
          "schema_version": 0,
          "attributes": {
            "action": [
              {
                "authenticate_cognito": [],
                "authenticate_oidc": [],
                "fixed_response": [],
                "forward": [],
                "order": 1,
                "redirect": [],
                "target_group_arn": "arn:aws:elasticloadbalancing:ap-northeast-2:057845469470:targetgroup/jsp-default-web-lb-tg/a44884dc8cf01632",
                "type": "forward"
              }
            ],
            "arn": "arn:aws:elasticloadbalancing:ap-northeast-2:057845469470:listener-rule/app/jsp-default-web-lb/5de87a79e810185d/a39fd164f25c1f29/1ac557f71c905eda",
            "condition": [
              {
                "host_header": [],
                "http_header": [],
                "http_request_method": [],
                "path_pattern": [
                  {
                    "values": [
                      "*"
                    ]
                  }
                ],
                "query_string": [],
                "source_ip": []
              }
            ],
            "id": "arn:aws:elasticloadbalancing:ap-northeast-2:057845469470:listener-rule/app/jsp-default-web-lb/5de87a79e810185d/a39fd164f25c1f29/1ac557f71c905eda",
            "listener_arn": "arn:aws:elasticloadbalancing:ap-northeast-2:057845469470:listener/app/jsp-default-web-lb/5de87a79e810185d/a39fd164f25c1f29",
            "priority": 100,
            "tags": null,
            "tags_all": {}
          },
          "sensitive_attributes": [],
          "private": "bnVsbA==",
          "dependencies": [
            "module.lb.aws_lb.web_lb",
            "module.lb.aws_lb_listener.web_http",
            "module.lb.aws_lb_target_group.web_lb_tg",
            "module.sg.aws_security_group.web_lb_sg",
            "module.vpc.aws_subnet.web_lb",
            "module.vpc.aws_vpc.vpc"
          ]
        }
      ]
    },
    {
      "module": "module.lb",
      "mode": "managed",
      "type": "aws_lb_target_group",
      "name": "was_lb_tg",
      "provider": "provider[\"registry.terraform.io/hashicorp/aws\"]",
      "instances": [
        {
          "schema_version": 0,
          "attributes": {
            "arn": "arn:aws:elasticloadbalancing:ap-northeast-2:057845469470:targetgroup/jsp-default-was-lb-tg/4a24359800fccc83",
            "arn_suffix": "targetgroup/jsp-default-was-lb-tg/4a24359800fccc83",
            "connection_termination": null,
            "deregistration_delay": "300",
            "health_check": [
              {
                "enabled": true,
                "healthy_threshold": 2,
                "interval": 30,
                "matcher": "200",
                "path": "/health",
                "port": "traffic-port",
                "protocol": "HTTP",
                "timeout": 5,
                "unhealthy_threshold": 2
              }
            ],
            "id": "arn:aws:elasticloadbalancing:ap-northeast-2:057845469470:targetgroup/jsp-default-was-lb-tg/4a24359800fccc83",
            "ip_address_type": "ipv4",
            "lambda_multi_value_headers_enabled": false,
            "load_balancing_algorithm_type": "round_robin",
            "load_balancing_anomaly_mitigation": "off",
            "load_balancing_cross_zone_enabled": "use_load_balancer_configuration",
            "name": "jsp-default-was-lb-tg",
            "name_prefix": "",
            "port": 8080,
            "preserve_client_ip": null,
            "protocol": "HTTP",
            "protocol_version": "HTTP1",
            "proxy_protocol_v2": false,
            "slow_start": 0,
            "stickiness": [
              {
                "cookie_duration": 86400,
                "cookie_name": "",
                "enabled": false,
                "type": "lb_cookie"
              }
            ],
            "tags": null,
            "tags_all": {},
            "target_failover": [
              {
                "on_deregistration": null,
                "on_unhealthy": null
              }
            ],
            "target_health_state": [
              {
                "enable_unhealthy_connection_termination": null
              }
            ],
            "target_type": "instance",
            "vpc_id": "vpc-066259931dd5b2126"
          },
          "sensitive_attributes": [],
          "private": "bnVsbA==",
          "dependencies": [
            "module.vpc.aws_vpc.vpc"
          ]
        }
      ]
    },
    {
      "module": "module.lb",
      "mode": "managed",
      "type": "aws_lb_target_group",
      "name": "web_lb_tg",
      "provider": "provider[\"registry.terraform.io/hashicorp/aws\"]",
      "instances": [
        {
          "schema_version": 0,
          "attributes": {
            "arn": "arn:aws:elasticloadbalancing:ap-northeast-2:057845469470:targetgroup/jsp-default-web-lb-tg/a44884dc8cf01632",
            "arn_suffix": "targetgroup/jsp-default-web-lb-tg/a44884dc8cf01632",
            "connection_termination": null,
            "deregistration_delay": "300",
            "health_check": [
              {
                "enabled": true,
                "healthy_threshold": 2,
                "interval": 30,
                "matcher": "200",
                "path": "/health",
                "port": "traffic-port",
                "protocol": "HTTP",
                "timeout": 5,
                "unhealthy_threshold": 2
              }
            ],
            "id": "arn:aws:elasticloadbalancing:ap-northeast-2:057845469470:targetgroup/jsp-default-web-lb-tg/a44884dc8cf01632",
            "ip_address_type": "ipv4",
            "lambda_multi_value_headers_enabled": false,
            "load_balancing_algorithm_type": "round_robin",
            "load_balancing_anomaly_mitigation": "off",
            "load_balancing_cross_zone_enabled": "use_load_balancer_configuration",
            "name": "jsp-default-web-lb-tg",
            "name_prefix": "",
            "port": 80,
            "preserve_client_ip": null,
            "protocol": "HTTP",
            "protocol_version": "HTTP1",
            "proxy_protocol_v2": false,
            "slow_start": 0,
            "stickiness": [
              {
                "cookie_duration": 86400,
                "cookie_name": "",
                "enabled": false,
                "type": "lb_cookie"
              }
            ],
            "tags": null,
            "tags_all": {},
            "target_failover": [
              {
                "on_deregistration": null,
                "on_unhealthy": null
              }
            ],
            "target_health_state": [
              {
                "enable_unhealthy_connection_termination": null
              }
            ],
            "target_type": "instance",
            "vpc_id": "vpc-066259931dd5b2126"
          },
          "sensitive_attributes": [],
          "private": "bnVsbA==",
          "dependencies": [
            "module.vpc.aws_vpc.vpc"
          ]
        }
      ]
    },
    {
      "module": "module.sg",
      "mode": "managed",
      "type": "aws_security_group",
      "name": "public",
      "provider": "provider[\"registry.terraform.io/hashicorp/aws\"]",
      "instances": [
        {
          "schema_version": 1,
          "attributes": {
            "arn": "arn:aws:ec2:ap-northeast-2:057845469470:security-group/sg-02ee0c6891ae08d66",
            "description": "public security group for jsp",
            "egress": [
              {
                "cidr_blocks": [
                  "0.0.0.0/0"
                ],
                "description": "to anywhere",
                "from_port": 0,
                "ipv6_cidr_blocks": [],
                "prefix_list_ids": [],
                "protocol": "tcp",
                "security_groups": [],
                "self": false,
                "to_port": 0
              }
            ],
            "id": "sg-02ee0c6891ae08d66",
            "ingress": [
              {
                "cidr_blocks": [
                  "211.115.223.215/32"
                ],
                "description": "From jsp RDP(random test ip)",
                "from_port": 3389,
                "ipv6_cidr_blocks": [],
                "prefix_list_ids": [],
                "protocol": "tcp",
                "security_groups": [],
                "self": false,
                "to_port": 3389
              },
              {
                "cidr_blocks": [
                  "211.115.223.215/32"
                ],
                "description": "From jsp SSH(random test ip)",
                "from_port": 22,
                "ipv6_cidr_blocks": [],
                "prefix_list_ids": [],
                "protocol": "tcp",
                "security_groups": [],
                "self": false,
                "to_port": 22
              }
            ],
            "name": "jsp-public-sg",
            "name_prefix": "",
            "owner_id": "057845469470",
            "revoke_rules_on_delete": false,
            "tags": {
              "MadeBy": "jsp",
              "Name": "jsp-public-sg"
            },
            "tags_all": {
              "MadeBy": "jsp",
              "Name": "jsp-public-sg"
            },
            "timeouts": null,
            "vpc_id": "vpc-066259931dd5b2126"
          },
          "sensitive_attributes": [],
          "private": "eyJlMmJmYjczMC1lY2FhLTExZTYtOGY4OC0zNDM2M2JjN2M0YzAiOnsiY3JlYXRlIjo2MDAwMDAwMDAwMDAsImRlbGV0ZSI6OTAwMDAwMDAwMDAwfSwic2NoZW1hX3ZlcnNpb24iOiIxIn0=",
          "dependencies": [
            "module.vpc.aws_vpc.vpc"
          ],
          "create_before_destroy": true
        }
      ]
    },
    {
      "module": "module.sg",
      "mode": "managed",
      "type": "aws_security_group",
      "name": "was_lb_sg",
      "provider": "provider[\"registry.terraform.io/hashicorp/aws\"]",
      "instances": [
        {
          "schema_version": 1,
          "attributes": {
            "arn": "arn:aws:ec2:ap-northeast-2:057845469470:security-group/sg-0f581fd72766cd203",
            "description": "WAS LB security group for jsp",
            "egress": [
              {
                "cidr_blocks": [
                  "0.0.0.0/0"
                ],
                "description": "to anywhere",
                "from_port": 0,
                "ipv6_cidr_blocks": [],
                "prefix_list_ids": [],
                "protocol": "tcp",
                "security_groups": [],
                "self": false,
                "to_port": 0
              }
            ],
            "id": "sg-0f581fd72766cd203",
            "ingress": [
              {
                "cidr_blocks": [
                  "0.0.0.0/0"
                ],
                "description": "From bastion",
                "from_port": 22,
                "ipv6_cidr_blocks": [],
                "prefix_list_ids": [],
                "protocol": "tcp",
                "security_groups": [],
                "self": false,
                "to_port": 22
              },
              {
                "cidr_blocks": [
                  "0.0.0.0/0"
                ],
                "description": "From lb http",
                "from_port": 80,
                "ipv6_cidr_blocks": [],
                "prefix_list_ids": [],
                "protocol": "tcp",
                "security_groups": [],
                "self": false,
                "to_port": 80
              },
              {
                "cidr_blocks": [],
                "description": "Self Refer",
                "from_port": 0,
                "ipv6_cidr_blocks": [],
                "prefix_list_ids": [],
                "protocol": "-1",
                "security_groups": [],
                "self": true,
                "to_port": 0
              }
            ],
            "name": "jsp-was-lb-sg",
            "name_prefix": "",
            "owner_id": "057845469470",
            "revoke_rules_on_delete": false,
            "tags": {
              "MadeBy": "jsp",
              "Name": "jsp-was-lb-sg"
            },
            "tags_all": {
              "MadeBy": "jsp",
              "Name": "jsp-was-lb-sg"
            },
            "timeouts": null,
            "vpc_id": "vpc-066259931dd5b2126"
          },
          "sensitive_attributes": [],
          "private": "eyJlMmJmYjczMC1lY2FhLTExZTYtOGY4OC0zNDM2M2JjN2M0YzAiOnsiY3JlYXRlIjo2MDAwMDAwMDAwMDAsImRlbGV0ZSI6OTAwMDAwMDAwMDAwfSwic2NoZW1hX3ZlcnNpb24iOiIxIn0=",
          "dependencies": [
            "module.vpc.aws_vpc.vpc"
          ]
        }
      ]
    },
    {
      "module": "module.sg",
      "mode": "managed",
      "type": "aws_security_group",
      "name": "web_lb_sg",
      "provider": "provider[\"registry.terraform.io/hashicorp/aws\"]",
      "instances": [
        {
          "schema_version": 1,
          "attributes": {
            "arn": "arn:aws:ec2:ap-northeast-2:057845469470:security-group/sg-01615870b48c3b9ed",
            "description": "WEB LB security group for jsp",
            "egress": [
              {
                "cidr_blocks": [
                  "0.0.0.0/0"
                ],
                "description": "to anywhere",
                "from_port": 0,
                "ipv6_cidr_blocks": [],
                "prefix_list_ids": [],
                "protocol": "tcp",
                "security_groups": [],
                "self": false,
                "to_port": 0
              }
            ],
            "id": "sg-01615870b48c3b9ed",
            "ingress": [
              {
                "cidr_blocks": [
                  "0.0.0.0/0"
                ],
                "description": "From bastion",
                "from_port": 22,
                "ipv6_cidr_blocks": [],
                "prefix_list_ids": [],
                "protocol": "tcp",
                "security_groups": [],
                "self": false,
                "to_port": 22
              },
              {
                "cidr_blocks": [
                  "0.0.0.0/0"
                ],
                "description": "From lb http",
                "from_port": 80,
                "ipv6_cidr_blocks": [],
                "prefix_list_ids": [],
                "protocol": "tcp",
                "security_groups": [],
                "self": false,
                "to_port": 80
              },
              {
                "cidr_blocks": [
                  "0.0.0.0/0"
                ],
                "description": "From lb httpd",
                "from_port": 443,
                "ipv6_cidr_blocks": [],
                "prefix_list_ids": [],
                "protocol": "tcp",
                "security_groups": [],
                "self": false,
                "to_port": 443
              },
              {
                "cidr_blocks": [],
                "description": "Self Refer",
                "from_port": 0,
                "ipv6_cidr_blocks": [],
                "prefix_list_ids": [],
                "protocol": "-1",
                "security_groups": [],
                "self": true,
                "to_port": 0
              }
            ],
            "name": "jsp-web-lb-sg",
            "name_prefix": "",
            "owner_id": "057845469470",
            "revoke_rules_on_delete": false,
            "tags": {
              "MadeBy": "jsp",
              "Name": "jsp-web-lb-sg"
            },
            "tags_all": {
              "MadeBy": "jsp",
              "Name": "jsp-web-lb-sg"
            },
            "timeouts": null,
            "vpc_id": "vpc-066259931dd5b2126"
          },
          "sensitive_attributes": [],
          "private": "eyJlMmJmYjczMC1lY2FhLTExZTYtOGY4OC0zNDM2M2JjN2M0YzAiOnsiY3JlYXRlIjo2MDAwMDAwMDAwMDAsImRlbGV0ZSI6OTAwMDAwMDAwMDAwfSwic2NoZW1hX3ZlcnNpb24iOiIxIn0=",
          "dependencies": [
            "module.vpc.aws_vpc.vpc"
          ]
        }
      ]
    },
    {
      "module": "module.vpc",
      "mode": "managed",
      "type": "aws_eip",
      "name": "nat",
      "provider": "provider[\"registry.terraform.io/hashicorp/aws\"]",
      "instances": [
        {
          "schema_version": 0,
          "attributes": {
            "address": null,
            "allocation_id": "eipalloc-098dbf6e85c4be9d6",
            "associate_with_private_ip": null,
            "association_id": "",
            "carrier_ip": "",
            "customer_owned_ip": "",
            "customer_owned_ipv4_pool": "",
            "domain": "vpc",
            "id": "eipalloc-098dbf6e85c4be9d6",
            "instance": "",
            "network_border_group": "ap-northeast-2",
            "network_interface": "",
            "private_dns": null,
            "private_ip": "",
            "public_dns": "ec2-13-209-23-194.ap-northeast-2.compute.amazonaws.com",
            "public_ip": "13.209.23.194",
            "public_ipv4_pool": "amazon",
            "tags": {
              "MadeBy": "jsp",
              "Name": "jsp-nat-eip-2a"
            },
            "tags_all": {
              "MadeBy": "jsp",
              "Name": "jsp-nat-eip-2a"
            },
            "timeouts": null,
            "vpc": true
          },
          "sensitive_attributes": [],
          "private": "eyJlMmJmYjczMC1lY2FhLTExZTYtOGY4OC0zNDM2M2JjN2M0YzAiOnsiZGVsZXRlIjoxODAwMDAwMDAwMDAsInJlYWQiOjkwMDAwMDAwMDAwMCwidXBkYXRlIjozMDAwMDAwMDAwMDB9fQ=="
        }
      ]
    },
    {
      "module": "module.vpc",
      "mode": "managed",
      "type": "aws_internet_gateway",
      "name": "this",
      "provider": "provider[\"registry.terraform.io/hashicorp/aws\"]",
      "instances": [
        {
          "schema_version": 0,
          "attributes": {
            "arn": "arn:aws:ec2:ap-northeast-2:057845469470:internet-gateway/igw-03711573f3d7be4c6",
            "id": "igw-03711573f3d7be4c6",
            "owner_id": "057845469470",
            "tags": {
              "MadeBy": "jsp",
              "Name": "jsp-default-igw"
            },
            "tags_all": {
              "MadeBy": "jsp",
              "Name": "jsp-default-igw"
            },
            "timeouts": null,
            "vpc_id": "vpc-066259931dd5b2126"
          },
          "sensitive_attributes": [],
          "private": "eyJlMmJmYjczMC1lY2FhLTExZTYtOGY4OC0zNDM2M2JjN2M0YzAiOnsiY3JlYXRlIjoxMjAwMDAwMDAwMDAwLCJkZWxldGUiOjEyMDAwMDAwMDAwMDAsInVwZGF0ZSI6MTIwMDAwMDAwMDAwMH19",
          "dependencies": [
            "module.vpc.aws_vpc.vpc"
          ]
        }
      ]
    },
    {
      "module": "module.vpc",
      "mode": "managed",
      "type": "aws_nat_gateway",
      "name": "nat_gw",
      "provider": "provider[\"registry.terraform.io/hashicorp/aws\"]",
      "instances": [
        {
          "schema_version": 0,
          "attributes": {
            "allocation_id": "eipalloc-098dbf6e85c4be9d6",
            "association_id": "eipassoc-0964ab2f19c6e4c17",
            "connectivity_type": "public",
            "id": "nat-075cbd6ab1e858f67",
            "network_interface_id": "eni-0e436c89dfa1bda5f",
            "private_ip": "10.10.0.198",
            "public_ip": "13.209.23.194",
            "secondary_allocation_ids": null,
            "secondary_private_ip_address_count": 0,
            "secondary_private_ip_addresses": [],
            "subnet_id": "subnet-009935d82af47298d",
            "tags": {
              "MadeBy": "jsp",
              "Name": "jsp-nat-2a"
            },
            "tags_all": {
              "MadeBy": "jsp",
              "Name": "jsp-nat-2a"
            },
            "timeouts": null
          },
          "sensitive_attributes": [],
          "private": "eyJlMmJmYjczMC1lY2FhLTExZTYtOGY4OC0zNDM2M2JjN2M0YzAiOnsiY3JlYXRlIjo2MDAwMDAwMDAwMDAsImRlbGV0ZSI6MTgwMDAwMDAwMDAwMCwidXBkYXRlIjo2MDAwMDAwMDAwMDB9fQ==",
          "dependencies": [
            "module.vpc.aws_eip.nat",
            "module.vpc.aws_subnet.public",
            "module.vpc.aws_vpc.vpc"
          ]
        }
      ]
    },
    {
      "module": "module.vpc",
      "mode": "managed",
      "type": "aws_route",
      "name": "was_route",
      "provider": "provider[\"registry.terraform.io/hashicorp/aws\"]",
      "instances": [
        {
          "schema_version": 0,
          "attributes": {
            "carrier_gateway_id": "",
            "core_network_arn": "",
            "destination_cidr_block": "0.0.0.0/0",
            "destination_ipv6_cidr_block": "",
            "destination_prefix_list_id": "",
            "egress_only_gateway_id": "",
            "gateway_id": "",
            "id": "r-rtb-00e11a4d3838736301080289494",
            "instance_id": "",
            "instance_owner_id": "",
            "local_gateway_id": "",
            "nat_gateway_id": "nat-075cbd6ab1e858f67",
            "network_interface_id": "",
            "origin": "CreateRoute",
            "route_table_id": "rtb-00e11a4d383873630",
            "state": "active",
            "timeouts": null,
            "transit_gateway_id": "",
            "vpc_endpoint_id": "",
            "vpc_peering_connection_id": ""
          },
          "sensitive_attributes": [],
          "private": "eyJlMmJmYjczMC1lY2FhLTExZTYtOGY4OC0zNDM2M2JjN2M0YzAiOnsiY3JlYXRlIjozMDAwMDAwMDAwMDAsImRlbGV0ZSI6MzAwMDAwMDAwMDAwLCJ1cGRhdGUiOjEyMDAwMDAwMDAwMH19",
          "dependencies": [
            "module.vpc.aws_eip.nat",
            "module.vpc.aws_nat_gateway.nat_gw",
            "module.vpc.aws_route_table.was_lb_rt",
            "module.vpc.aws_subnet.public",
            "module.vpc.aws_vpc.vpc"
          ]
        }
      ]
    },
    {
      "module": "module.vpc",
      "mode": "managed",
      "type": "aws_route_table",
      "name": "public",
      "provider": "provider[\"registry.terraform.io/hashicorp/aws\"]",
      "instances": [
        {
          "schema_version": 0,
          "attributes": {
            "arn": "arn:aws:ec2:ap-northeast-2:057845469470:route-table/rtb-02f55a0b16bc64963",
            "id": "rtb-02f55a0b16bc64963",
            "owner_id": "057845469470",
            "propagating_vgws": [],
            "route": [
              {
                "carrier_gateway_id": "",
                "cidr_block": "0.0.0.0/0",
                "core_network_arn": "",
                "destination_prefix_list_id": "",
                "egress_only_gateway_id": "",
                "gateway_id": "igw-03711573f3d7be4c6",
                "ipv6_cidr_block": "",
                "local_gateway_id": "",
                "nat_gateway_id": "",
                "network_interface_id": "",
                "transit_gateway_id": "",
                "vpc_endpoint_id": "",
                "vpc_peering_connection_id": ""
              }
            ],
            "tags": {
              "MadeBy": "jsp",
              "Name": "jsp-pub-rt"
            },
            "tags_all": {
              "MadeBy": "jsp",
              "Name": "jsp-pub-rt"
            },
            "timeouts": null,
            "vpc_id": "vpc-066259931dd5b2126"
          },
          "sensitive_attributes": [],
          "private": "eyJlMmJmYjczMC1lY2FhLTExZTYtOGY4OC0zNDM2M2JjN2M0YzAiOnsiY3JlYXRlIjozMDAwMDAwMDAwMDAsImRlbGV0ZSI6MzAwMDAwMDAwMDAwLCJ1cGRhdGUiOjEyMDAwMDAwMDAwMH19",
          "dependencies": [
            "module.vpc.aws_internet_gateway.this",
            "module.vpc.aws_vpc.vpc"
          ]
        }
      ]
    },
    {
      "module": "module.vpc",
      "mode": "managed",
      "type": "aws_route_table",
      "name": "was_lb_rt",
      "provider": "provider[\"registry.terraform.io/hashicorp/aws\"]",
      "instances": [
        {
          "schema_version": 0,
          "attributes": {
            "arn": "arn:aws:ec2:ap-northeast-2:057845469470:route-table/rtb-00e11a4d383873630",
            "id": "rtb-00e11a4d383873630",
            "owner_id": "057845469470",
            "propagating_vgws": [],
            "route": [],
            "tags": {
              "MadeBy": "jsp",
              "Name": "jsp-was-lb-rt"
            },
            "tags_all": {
              "MadeBy": "jsp",
              "Name": "jsp-was-lb-rt"
            },
            "timeouts": null,
            "vpc_id": "vpc-066259931dd5b2126"
          },
          "sensitive_attributes": [],
          "private": "eyJlMmJmYjczMC1lY2FhLTExZTYtOGY4OC0zNDM2M2JjN2M0YzAiOnsiY3JlYXRlIjozMDAwMDAwMDAwMDAsImRlbGV0ZSI6MzAwMDAwMDAwMDAwLCJ1cGRhdGUiOjEyMDAwMDAwMDAwMH19",
          "dependencies": [
            "module.vpc.aws_vpc.vpc"
          ]
        }
      ]
    },
    {
      "module": "module.vpc",
      "mode": "managed",
      "type": "aws_route_table",
      "name": "web_lb_rt",
      "provider": "provider[\"registry.terraform.io/hashicorp/aws\"]",
      "instances": [
        {
          "schema_version": 0,
          "attributes": {
            "arn": "arn:aws:ec2:ap-northeast-2:057845469470:route-table/rtb-0e4e5a47cdf1184a9",
            "id": "rtb-0e4e5a47cdf1184a9",
            "owner_id": "057845469470",
            "propagating_vgws": [],
            "route": [
              {
                "carrier_gateway_id": "",
                "cidr_block": "0.0.0.0/0",
                "core_network_arn": "",
                "destination_prefix_list_id": "",
                "egress_only_gateway_id": "",
                "gateway_id": "igw-03711573f3d7be4c6",
                "ipv6_cidr_block": "",
                "local_gateway_id": "",
                "nat_gateway_id": "",
                "network_interface_id": "",
                "transit_gateway_id": "",
                "vpc_endpoint_id": "",
                "vpc_peering_connection_id": ""
              }
            ],
            "tags": {
              "MadeBy": "jsp",
              "Name": "jsp-web-lb-rt"
            },
            "tags_all": {
              "MadeBy": "jsp",
              "Name": "jsp-web-lb-rt"
            },
            "timeouts": null,
            "vpc_id": "vpc-066259931dd5b2126"
          },
          "sensitive_attributes": [],
          "private": "eyJlMmJmYjczMC1lY2FhLTExZTYtOGY4OC0zNDM2M2JjN2M0YzAiOnsiY3JlYXRlIjozMDAwMDAwMDAwMDAsImRlbGV0ZSI6MzAwMDAwMDAwMDAwLCJ1cGRhdGUiOjEyMDAwMDAwMDAwMH19",
          "dependencies": [
            "module.vpc.aws_internet_gateway.this",
            "module.vpc.aws_vpc.vpc"
          ]
        }
      ]
    },
    {
      "module": "module.vpc",
      "mode": "managed",
      "type": "aws_route_table_association",
      "name": "public",
      "provider": "provider[\"registry.terraform.io/hashicorp/aws\"]",
      "instances": [
        {
          "index_key": "pub_sub_2a",
          "schema_version": 0,
          "attributes": {
            "gateway_id": "",
            "id": "rtbassoc-0de6a0d51ba5ff722",
            "route_table_id": "rtb-02f55a0b16bc64963",
            "subnet_id": "subnet-009935d82af47298d",
            "timeouts": null
          },
          "sensitive_attributes": [],
          "private": "eyJlMmJmYjczMC1lY2FhLTExZTYtOGY4OC0zNDM2M2JjN2M0YzAiOnsiY3JlYXRlIjozMDAwMDAwMDAwMDAsImRlbGV0ZSI6MzAwMDAwMDAwMDAwLCJ1cGRhdGUiOjEyMDAwMDAwMDAwMH19",
          "dependencies": [
            "module.vpc.aws_internet_gateway.this",
            "module.vpc.aws_route_table.public",
            "module.vpc.aws_subnet.public",
            "module.vpc.aws_vpc.vpc"
          ]
        },
        {
          "index_key": "pub_sub_2c",
          "schema_version": 0,
          "attributes": {
            "gateway_id": "",
            "id": "rtbassoc-00ad1f535dbafd2a8",
            "route_table_id": "rtb-02f55a0b16bc64963",
            "subnet_id": "subnet-042d291504f7fc812",
            "timeouts": null
          },
          "sensitive_attributes": [],
          "private": "eyJlMmJmYjczMC1lY2FhLTExZTYtOGY4OC0zNDM2M2JjN2M0YzAiOnsiY3JlYXRlIjozMDAwMDAwMDAwMDAsImRlbGV0ZSI6MzAwMDAwMDAwMDAwLCJ1cGRhdGUiOjEyMDAwMDAwMDAwMH19",
          "dependencies": [
            "module.vpc.aws_internet_gateway.this",
            "module.vpc.aws_route_table.public",
            "module.vpc.aws_subnet.public",
            "module.vpc.aws_vpc.vpc"
          ]
        }
      ]
    },
    {
      "module": "module.vpc",
      "mode": "managed",
      "type": "aws_route_table_association",
      "name": "was_lb_rt_association",
      "provider": "provider[\"registry.terraform.io/hashicorp/aws\"]",
      "instances": [
        {
          "index_key": "0",
          "schema_version": 0,
          "attributes": {
            "gateway_id": "",
            "id": "rtbassoc-00a3dd80a931ae2a9",
            "route_table_id": "rtb-00e11a4d383873630",
            "subnet_id": "subnet-0459cd911be63a7eb",
            "timeouts": null
          },
          "sensitive_attributes": [],
          "private": "eyJlMmJmYjczMC1lY2FhLTExZTYtOGY4OC0zNDM2M2JjN2M0YzAiOnsiY3JlYXRlIjozMDAwMDAwMDAwMDAsImRlbGV0ZSI6MzAwMDAwMDAwMDAwLCJ1cGRhdGUiOjEyMDAwMDAwMDAwMH19",
          "dependencies": [
            "module.vpc.aws_route_table.was_lb_rt",
            "module.vpc.aws_subnet.was_lb",
            "module.vpc.aws_vpc.vpc"
          ]
        },
        {
          "index_key": "1",
          "schema_version": 0,
          "attributes": {
            "gateway_id": "",
            "id": "rtbassoc-0d0e1a2189b07e722",
            "route_table_id": "rtb-00e11a4d383873630",
            "subnet_id": "subnet-08a5cc65cace220d6",
            "timeouts": null
          },
          "sensitive_attributes": [],
          "private": "eyJlMmJmYjczMC1lY2FhLTExZTYtOGY4OC0zNDM2M2JjN2M0YzAiOnsiY3JlYXRlIjozMDAwMDAwMDAwMDAsImRlbGV0ZSI6MzAwMDAwMDAwMDAwLCJ1cGRhdGUiOjEyMDAwMDAwMDAwMH19",
          "dependencies": [
            "module.vpc.aws_route_table.was_lb_rt",
            "module.vpc.aws_subnet.was_lb",
            "module.vpc.aws_vpc.vpc"
          ]
        }
      ]
    },
    {
      "module": "module.vpc",
      "mode": "managed",
      "type": "aws_route_table_association",
      "name": "web_lb_rt_association",
      "provider": "provider[\"registry.terraform.io/hashicorp/aws\"]",
      "instances": [
        {
          "index_key": "0",
          "schema_version": 0,
          "attributes": {
            "gateway_id": "",
            "id": "rtbassoc-01b6297e650320c4b",
            "route_table_id": "rtb-0e4e5a47cdf1184a9",
            "subnet_id": "subnet-0211d097130807fce",
            "timeouts": null
          },
          "sensitive_attributes": [],
          "private": "eyJlMmJmYjczMC1lY2FhLTExZTYtOGY4OC0zNDM2M2JjN2M0YzAiOnsiY3JlYXRlIjozMDAwMDAwMDAwMDAsImRlbGV0ZSI6MzAwMDAwMDAwMDAwLCJ1cGRhdGUiOjEyMDAwMDAwMDAwMH19",
          "dependencies": [
            "module.vpc.aws_internet_gateway.this",
            "module.vpc.aws_route_table.web_lb_rt",
            "module.vpc.aws_subnet.web_lb",
            "module.vpc.aws_vpc.vpc"
          ]
        },
        {
          "index_key": "1",
          "schema_version": 0,
          "attributes": {
            "gateway_id": "",
            "id": "rtbassoc-030c5e88c32981bd8",
            "route_table_id": "rtb-0e4e5a47cdf1184a9",
            "subnet_id": "subnet-019e3a73ee45dfee0",
            "timeouts": null
          },
          "sensitive_attributes": [],
          "private": "eyJlMmJmYjczMC1lY2FhLTExZTYtOGY4OC0zNDM2M2JjN2M0YzAiOnsiY3JlYXRlIjozMDAwMDAwMDAwMDAsImRlbGV0ZSI6MzAwMDAwMDAwMDAwLCJ1cGRhdGUiOjEyMDAwMDAwMDAwMH19",
          "dependencies": [
            "module.vpc.aws_internet_gateway.this",
            "module.vpc.aws_route_table.web_lb_rt",
            "module.vpc.aws_subnet.web_lb",
            "module.vpc.aws_vpc.vpc"
          ]
        }
      ]
    },
    {
      "module": "module.vpc",
      "mode": "managed",
      "type": "aws_subnet",
      "name": "public",
      "provider": "provider[\"registry.terraform.io/hashicorp/aws\"]",
      "instances": [
        {
          "index_key": "pub_sub_2a",
          "schema_version": 1,
          "attributes": {
            "arn": "arn:aws:ec2:ap-northeast-2:057845469470:subnet/subnet-009935d82af47298d",
            "assign_ipv6_address_on_creation": false,
            "availability_zone": "ap-northeast-2a",
            "availability_zone_id": "apne2-az1",
            "cidr_block": "10.10.0.0/24",
            "customer_owned_ipv4_pool": "",
            "enable_dns64": false,
            "enable_lni_at_device_index": 0,
            "enable_resource_name_dns_a_record_on_launch": false,
            "enable_resource_name_dns_aaaa_record_on_launch": false,
            "id": "subnet-009935d82af47298d",
            "ipv6_cidr_block": "",
            "ipv6_cidr_block_association_id": "",
            "ipv6_native": false,
            "map_customer_owned_ip_on_launch": false,
            "map_public_ip_on_launch": true,
            "outpost_arn": "",
            "owner_id": "057845469470",
            "private_dns_hostname_type_on_launch": "ip-name",
            "tags": {
              "MadeBy": "jsp",
              "Name": "jsp-pub-sub-2a"
            },
            "tags_all": {
              "MadeBy": "jsp",
              "Name": "jsp-pub-sub-2a"
            },
            "timeouts": null,
            "vpc_id": "vpc-066259931dd5b2126"
          },
          "sensitive_attributes": [],
          "private": "eyJlMmJmYjczMC1lY2FhLTExZTYtOGY4OC0zNDM2M2JjN2M0YzAiOnsiY3JlYXRlIjo2MDAwMDAwMDAwMDAsImRlbGV0ZSI6MTIwMDAwMDAwMDAwMH0sInNjaGVtYV92ZXJzaW9uIjoiMSJ9",
          "dependencies": [
            "module.vpc.aws_vpc.vpc"
          ]
        },
        {
          "index_key": "pub_sub_2c",
          "schema_version": 1,
          "attributes": {
            "arn": "arn:aws:ec2:ap-northeast-2:057845469470:subnet/subnet-042d291504f7fc812",
            "assign_ipv6_address_on_creation": false,
            "availability_zone": "ap-northeast-2c",
            "availability_zone_id": "apne2-az3",
            "cidr_block": "10.10.1.0/24",
            "customer_owned_ipv4_pool": "",
            "enable_dns64": false,
            "enable_lni_at_device_index": 0,
            "enable_resource_name_dns_a_record_on_launch": false,
            "enable_resource_name_dns_aaaa_record_on_launch": false,
            "id": "subnet-042d291504f7fc812",
            "ipv6_cidr_block": "",
            "ipv6_cidr_block_association_id": "",
            "ipv6_native": false,
            "map_customer_owned_ip_on_launch": false,
            "map_public_ip_on_launch": true,
            "outpost_arn": "",
            "owner_id": "057845469470",
            "private_dns_hostname_type_on_launch": "ip-name",
            "tags": {
              "MadeBy": "jsp",
              "Name": "jsp-pub-sub-2c"
            },
            "tags_all": {
              "MadeBy": "jsp",
              "Name": "jsp-pub-sub-2c"
            },
            "timeouts": null,
            "vpc_id": "vpc-066259931dd5b2126"
          },
          "sensitive_attributes": [],
          "private": "eyJlMmJmYjczMC1lY2FhLTExZTYtOGY4OC0zNDM2M2JjN2M0YzAiOnsiY3JlYXRlIjo2MDAwMDAwMDAwMDAsImRlbGV0ZSI6MTIwMDAwMDAwMDAwMH0sInNjaGVtYV92ZXJzaW9uIjoiMSJ9",
          "dependencies": [
            "module.vpc.aws_vpc.vpc"
          ]
        }
      ]
    },
    {
      "module": "module.vpc",
      "mode": "managed",
      "type": "aws_subnet",
      "name": "was_lb",
      "provider": "provider[\"registry.terraform.io/hashicorp/aws\"]",
      "instances": [
        {
          "index_key": "0",
          "schema_version": 1,
          "attributes": {
            "arn": "arn:aws:ec2:ap-northeast-2:057845469470:subnet/subnet-0459cd911be63a7eb",
            "assign_ipv6_address_on_creation": false,
            "availability_zone": "ap-northeast-2a",
            "availability_zone_id": "apne2-az1",
            "cidr_block": "10.10.200.0/24",
            "customer_owned_ipv4_pool": "",
            "enable_dns64": false,
            "enable_lni_at_device_index": 0,
            "enable_resource_name_dns_a_record_on_launch": false,
            "enable_resource_name_dns_aaaa_record_on_launch": false,
            "id": "subnet-0459cd911be63a7eb",
            "ipv6_cidr_block": "",
            "ipv6_cidr_block_association_id": "",
            "ipv6_native": false,
            "map_customer_owned_ip_on_launch": false,
            "map_public_ip_on_launch": false,
            "outpost_arn": "",
            "owner_id": "057845469470",
            "private_dns_hostname_type_on_launch": "ip-name",
            "tags": {
              "MadeBy": "jsp",
              "Name": "jsp-was-lb-sub-0"
            },
            "tags_all": {
              "MadeBy": "jsp",
              "Name": "jsp-was-lb-sub-0"
            },
            "timeouts": null,
            "vpc_id": "vpc-066259931dd5b2126"
          },
          "sensitive_attributes": [],
          "private": "eyJlMmJmYjczMC1lY2FhLTExZTYtOGY4OC0zNDM2M2JjN2M0YzAiOnsiY3JlYXRlIjo2MDAwMDAwMDAwMDAsImRlbGV0ZSI6MTIwMDAwMDAwMDAwMH0sInNjaGVtYV92ZXJzaW9uIjoiMSJ9",
          "dependencies": [
            "module.vpc.aws_vpc.vpc"
          ]
        },
        {
          "index_key": "1",
          "schema_version": 1,
          "attributes": {
            "arn": "arn:aws:ec2:ap-northeast-2:057845469470:subnet/subnet-08a5cc65cace220d6",
            "assign_ipv6_address_on_creation": false,
            "availability_zone": "ap-northeast-2c",
            "availability_zone_id": "apne2-az3",
            "cidr_block": "10.10.210.0/24",
            "customer_owned_ipv4_pool": "",
            "enable_dns64": false,
            "enable_lni_at_device_index": 0,
            "enable_resource_name_dns_a_record_on_launch": false,
            "enable_resource_name_dns_aaaa_record_on_launch": false,
            "id": "subnet-08a5cc65cace220d6",
            "ipv6_cidr_block": "",
            "ipv6_cidr_block_association_id": "",
            "ipv6_native": false,
            "map_customer_owned_ip_on_launch": false,
            "map_public_ip_on_launch": false,
            "outpost_arn": "",
            "owner_id": "057845469470",
            "private_dns_hostname_type_on_launch": "ip-name",
            "tags": {
              "MadeBy": "jsp",
              "Name": "jsp-was-lb-sub-1"
            },
            "tags_all": {
              "MadeBy": "jsp",
              "Name": "jsp-was-lb-sub-1"
            },
            "timeouts": null,
            "vpc_id": "vpc-066259931dd5b2126"
          },
          "sensitive_attributes": [],
          "private": "eyJlMmJmYjczMC1lY2FhLTExZTYtOGY4OC0zNDM2M2JjN2M0YzAiOnsiY3JlYXRlIjo2MDAwMDAwMDAwMDAsImRlbGV0ZSI6MTIwMDAwMDAwMDAwMH0sInNjaGVtYV92ZXJzaW9uIjoiMSJ9",
          "dependencies": [
            "module.vpc.aws_vpc.vpc"
          ]
        }
      ]
    },
    {
      "module": "module.vpc",
      "mode": "managed",
      "type": "aws_subnet",
      "name": "web_lb",
      "provider": "provider[\"registry.terraform.io/hashicorp/aws\"]",
      "instances": [
        {
          "index_key": "0",
          "schema_version": 1,
          "attributes": {
            "arn": "arn:aws:ec2:ap-northeast-2:057845469470:subnet/subnet-0211d097130807fce",
            "assign_ipv6_address_on_creation": false,
            "availability_zone": "ap-northeast-2a",
            "availability_zone_id": "apne2-az1",
            "cidr_block": "10.10.100.0/24",
            "customer_owned_ipv4_pool": "",
            "enable_dns64": false,
            "enable_lni_at_device_index": 0,
            "enable_resource_name_dns_a_record_on_launch": false,
            "enable_resource_name_dns_aaaa_record_on_launch": false,
            "id": "subnet-0211d097130807fce",
            "ipv6_cidr_block": "",
            "ipv6_cidr_block_association_id": "",
            "ipv6_native": false,
            "map_customer_owned_ip_on_launch": false,
            "map_public_ip_on_launch": false,
            "outpost_arn": "",
            "owner_id": "057845469470",
            "private_dns_hostname_type_on_launch": "ip-name",
            "tags": {
              "MadeBy": "jsp",
              "Name": "jsp-web-lb-sub-0"
            },
            "tags_all": {
              "MadeBy": "jsp",
              "Name": "jsp-web-lb-sub-0"
            },
            "timeouts": null,
            "vpc_id": "vpc-066259931dd5b2126"
          },
          "sensitive_attributes": [],
          "private": "eyJlMmJmYjczMC1lY2FhLTExZTYtOGY4OC0zNDM2M2JjN2M0YzAiOnsiY3JlYXRlIjo2MDAwMDAwMDAwMDAsImRlbGV0ZSI6MTIwMDAwMDAwMDAwMH0sInNjaGVtYV92ZXJzaW9uIjoiMSJ9",
          "dependencies": [
            "module.vpc.aws_vpc.vpc"
          ]
        },
        {
          "index_key": "1",
          "schema_version": 1,
          "attributes": {
            "arn": "arn:aws:ec2:ap-northeast-2:057845469470:subnet/subnet-019e3a73ee45dfee0",
            "assign_ipv6_address_on_creation": false,
            "availability_zone": "ap-northeast-2c",
            "availability_zone_id": "apne2-az3",
            "cidr_block": "10.10.110.0/24",
            "customer_owned_ipv4_pool": "",
            "enable_dns64": false,
            "enable_lni_at_device_index": 0,
            "enable_resource_name_dns_a_record_on_launch": false,
            "enable_resource_name_dns_aaaa_record_on_launch": false,
            "id": "subnet-019e3a73ee45dfee0",
            "ipv6_cidr_block": "",
            "ipv6_cidr_block_association_id": "",
            "ipv6_native": false,
            "map_customer_owned_ip_on_launch": false,
            "map_public_ip_on_launch": false,
            "outpost_arn": "",
            "owner_id": "057845469470",
            "private_dns_hostname_type_on_launch": "ip-name",
            "tags": {
              "MadeBy": "jsp",
              "Name": "jsp-web-lb-sub-1"
            },
            "tags_all": {
              "MadeBy": "jsp",
              "Name": "jsp-web-lb-sub-1"
            },
            "timeouts": null,
            "vpc_id": "vpc-066259931dd5b2126"
          },
          "sensitive_attributes": [],
          "private": "eyJlMmJmYjczMC1lY2FhLTExZTYtOGY4OC0zNDM2M2JjN2M0YzAiOnsiY3JlYXRlIjo2MDAwMDAwMDAwMDAsImRlbGV0ZSI6MTIwMDAwMDAwMDAwMH0sInNjaGVtYV92ZXJzaW9uIjoiMSJ9",
          "dependencies": [
            "module.vpc.aws_vpc.vpc"
          ]
        }
      ]
    },
    {
      "module": "module.vpc",
      "mode": "managed",
      "type": "aws_vpc",
      "name": "vpc",
      "provider": "provider[\"registry.terraform.io/hashicorp/aws\"]",
      "instances": [
        {
          "schema_version": 1,
          "attributes": {
            "arn": "arn:aws:ec2:ap-northeast-2:057845469470:vpc/vpc-066259931dd5b2126",
            "assign_generated_ipv6_cidr_block": false,
            "cidr_block": "10.10.0.0/16",
            "default_network_acl_id": "acl-0f5348d384bd39abc",
            "default_route_table_id": "rtb-0a6414ba1da7654ff",
            "default_security_group_id": "sg-0e210aea745cd7833",
            "dhcp_options_id": "dopt-2cbef647",
            "enable_dns_hostnames": true,
            "enable_dns_support": true,
            "enable_network_address_usage_metrics": false,
            "id": "vpc-066259931dd5b2126",
            "instance_tenancy": "default",
            "ipv4_ipam_pool_id": null,
            "ipv4_netmask_length": null,
            "ipv6_association_id": "",
            "ipv6_cidr_block": "",
            "ipv6_cidr_block_network_border_group": "",
            "ipv6_ipam_pool_id": "",
            "ipv6_netmask_length": 0,
            "main_route_table_id": "rtb-0a6414ba1da7654ff",
            "owner_id": "057845469470",
            "tags": {
              "MadeBy": "jsp",
              "Name": "jsp-vpc"
            },
            "tags_all": {
              "MadeBy": "jsp",
              "Name": "jsp-vpc"
            }
          },
          "sensitive_attributes": [],
          "private": "eyJzY2hlbWFfdmVyc2lvbiI6IjEifQ==",
          "create_before_destroy": true
        }
      ]
    }
  ],
  "check_results": null
}
