{
  "version": 4,
  "terraform_version": "1.5.4",
  "serial": 2409,
  "lineage": "544b6bc7-e0ad-4389-6d72-f53f5d835bd2",
  "outputs": {
    "cf_acm_arn": {
      "value": "arn:aws:acm:ap-northeast-2:057845469470:certificate/aa5ec684-4c50-432d-b850-67ca951dbd34",
      "type": "string"
    },
    "cf_dns_name": {
      "value": "d1tj7com9ge738.cloudfront.net",
      "type": "string"
    },
    "cf_zone_id": {
      "value": "Z2FDTNDATAQYW2",
      "type": "string"
    },
    "db_subnet_ids": {
      "value": [
        "subnet-046c51d648abf78ce",
        "subnet-02a341bd85b9e9765"
      ],
      "type": [
        "tuple",
        [
          "string",
          "string"
        ]
      ]
    },
    "key_pair": {
      "value": "jsp-key",
      "type": "string"
    },
    "lb_dns_name": {
      "value": "jsp-default-web-lb-1436745161.ap-northeast-2.elb.amazonaws.com",
      "type": "string"
    },
    "lb_zone_id": {
      "value": "ZWKZPGTI48KDX",
      "type": "string"
    },
    "nat_eip": {
      "value": "3.37.219.65",
      "type": "string"
    },
    "private_subnet_ids": {
      "value": [
        "subnet-0c3c3b3b5e0a2b7ab",
        "subnet-0635b3e4b0b7e21fc"
      ],
      "type": [
        "tuple",
        [
          "string",
          "string"
        ]
      ]
    },
    "public_eip": {
      "value": "43.200.31.166",
      "type": "string"
    },
    "public_subnet_ids": {
      "value": [
        "subnet-0a4dd51c63cd039dd",
        "subnet-0ad67f84bd4b9f325"
      ],
      "type": [
        "tuple",
        [
          "string",
          "string"
        ]
      ]
    },
    "vpc_id": {
      "value": "vpc-08e8693daae7b492e",
      "type": "string"
    },
    "waf_acl_arn": {
      "value": "arn:aws:wafv2:us-east-1:057845469470:global/webacl/www-jsp-tech-store-generic-acl/3c7ae457-4626-4f03-bf0d-9a380131bc79",
      "type": "string"
    },
    "web_lb_subnet_ids": {
      "value": [
        "subnet-05acd95c15cee7c08",
        "subnet-056e5018ce19e77d7"
      ],
      "type": [
        "tuple",
        [
          "string",
          "string"
        ]
      ]
    }
  },
  "resources": [
    {
      "module": "module.cloudfront",
      "mode": "managed",
      "type": "aws_cloudfront_distribution",
      "name": "cf_dist",
      "provider": "provider[\"registry.terraform.io/hashicorp/aws\"]",
      "instances": [
        {
          "schema_version": 1,
          "attributes": {
            "aliases": [
              "www.jsp-tech.store"
            ],
            "arn": "arn:aws:cloudfront::057845469470:distribution/E2PFEB5F2707C5",
            "caller_reference": "terraform-20240227023950618300000001",
            "comment": null,
            "continuous_deployment_policy_id": "",
            "custom_error_response": [],
            "default_cache_behavior": [
              {
                "allowed_methods": [
                  "DELETE",
                  "GET",
                  "HEAD",
                  "OPTIONS",
                  "PATCH",
                  "POST",
                  "PUT"
                ],
                "cache_policy_id": "",
                "cached_methods": [
                  "GET",
                  "HEAD"
                ],
                "compress": false,
                "default_ttl": 86400,
                "field_level_encryption_id": "",
                "forwarded_values": [
                  {
                    "cookies": [
                      {
                        "forward": "all",
                        "whitelisted_names": []
                      }
                    ],
                    "headers": [
                      "*"
                    ],
                    "query_string": true,
                    "query_string_cache_keys": []
                  }
                ],
                "function_association": [],
                "lambda_function_association": [],
                "max_ttl": 31536000,
                "min_ttl": 0,
                "origin_request_policy_id": "",
                "realtime_log_config_arn": "",
                "response_headers_policy_id": "",
                "smooth_streaming": false,
                "target_origin_id": "jsp-default-web-lb-1436745161.ap-northeast-2.elb.amazonaws.com",
                "trusted_key_groups": [],
                "trusted_signers": [],
                "viewer_protocol_policy": "redirect-to-https"
              }
            ],
            "default_root_object": "",
            "domain_name": "d1tj7com9ge738.cloudfront.net",
            "enabled": true,
            "etag": "EKRC11UKOIXQ8",
            "hosted_zone_id": "Z2FDTNDATAQYW2",
            "http_version": "http2",
            "id": "E2PFEB5F2707C5",
            "in_progress_validation_batches": 0,
            "is_ipv6_enabled": false,
            "last_modified_time": "2024-03-11 04:49:13.724 +0000 UTC",
            "logging_config": [],
            "ordered_cache_behavior": [],
            "origin": [
              {
                "connection_attempts": 3,
                "connection_timeout": 10,
                "custom_header": [
                  {
                    "name": "jsp-tech",
                    "value": "qkrwotjd89"
                  }
                ],
                "custom_origin_config": [
                  {
                    "http_port": 80,
                    "https_port": 443,
                    "origin_keepalive_timeout": 5,
                    "origin_protocol_policy": "match-viewer",
                    "origin_read_timeout": 30,
                    "origin_ssl_protocols": [
                      "TLSv1.2"
                    ]
                  }
                ],
                "domain_name": "jsp-default-web-lb-1436745161.ap-northeast-2.elb.amazonaws.com",
                "origin_access_control_id": "",
                "origin_id": "jsp-default-web-lb-1436745161.ap-northeast-2.elb.amazonaws.com",
                "origin_path": "",
                "origin_shield": [],
                "s3_origin_config": []
              }
            ],
            "origin_group": [],
            "price_class": "PriceClass_All",
            "restrictions": [
              {
                "geo_restriction": [
                  {
                    "locations": [
                      "KR",
                      "US"
                    ],
                    "restriction_type": "whitelist"
                  }
                ]
              }
            ],
            "retain_on_delete": false,
            "staging": false,
            "status": "Deployed",
            "tags": {
              "MadeBy": "jsp",
              "Name": "jsp-default-cf"
            },
            "tags_all": {
              "MadeBy": "jsp",
              "Name": "jsp-default-cf"
            },
            "trusted_key_groups": [
              {
                "enabled": false,
                "items": []
              }
            ],
            "trusted_signers": [
              {
                "enabled": false,
                "items": []
              }
            ],
            "viewer_certificate": [
              {
                "acm_certificate_arn": "arn:aws:acm:us-east-1:057845469470:certificate/40c9d936-a213-4a71-aaf1-39675f71909c",
                "cloudfront_default_certificate": false,
                "iam_certificate_id": "",
                "minimum_protocol_version": "TLSv1.2_2021",
                "ssl_support_method": "sni-only"
              }
            ],
            "wait_for_deployment": true,
            "web_acl_id": "arn:aws:wafv2:us-east-1:057845469470:global/webacl/www-jsp-tech-store-generic-acl/3c7ae457-4626-4f03-bf0d-9a380131bc79"
          },
          "sensitive_attributes": [],
          "private": "eyJzY2hlbWFfdmVyc2lvbiI6IjEifQ==",
          "dependencies": [
            "module.lb.aws_lb.web_lb",
            "module.route53.aws_acm_certificate.jsp_tech_cf_acm",
            "module.sg.aws_security_group.web_lb_sg",
            "module.vpc.aws_subnet.web_lb",
            "module.vpc.aws_vpc.vpc",
            "module.waf.aws_wafv2_ip_set.ipset_global",
            "module.waf.aws_wafv2_web_acl.waf_acl"
          ]
        }
      ]
    },
    {
      "module": "module.ec2",
      "mode": "data",
      "type": "aws_ami",
      "name": "amazon_linux-2",
      "provider": "provider[\"registry.terraform.io/hashicorp/aws\"]",
      "instances": [
        {
          "schema_version": 0,
          "attributes": {
            "architecture": "x86_64",
            "arn": "arn:aws:ec2:ap-northeast-2::image/ami-01dc121da1bd8cc87",
            "block_device_mappings": [
              {
                "device_name": "/dev/xvda",
                "ebs": {
                  "delete_on_termination": "true",
                  "encrypted": "false",
                  "iops": "0",
                  "snapshot_id": "snap-077fbba99606b198d",
                  "throughput": "0",
                  "volume_size": "8",
                  "volume_type": "gp2"
                },
                "no_device": "",
                "virtual_name": ""
              }
            ],
            "boot_mode": "",
            "creation_date": "2024-02-23T06:31:46.000Z",
            "deprecation_time": "2025-07-01T00:00:00.000Z",
            "description": "Amazon Linux 2 AMI 2.0.20240223.0 x86_64 HVM gp2",
            "ena_support": true,
            "executable_users": null,
            "filter": [
              {
                "name": "architecture",
                "values": [
                  "x86_64"
                ]
              },
              {
                "name": "name",
                "values": [
                  "amzn2-ami-hvm-*-gp2"
                ]
              },
              {
                "name": "root-device-type",
                "values": [
                  "ebs"
                ]
              },
              {
                "name": "virtualization-type",
                "values": [
                  "hvm"
                ]
              }
            ],
            "hypervisor": "xen",
            "id": "ami-01dc121da1bd8cc87",
            "image_id": "ami-01dc121da1bd8cc87",
            "image_location": "amazon/amzn2-ami-hvm-2.0.20240223.0-x86_64-gp2",
            "image_owner_alias": "amazon",
            "image_type": "machine",
            "imds_support": "",
            "include_deprecated": false,
            "kernel_id": "",
            "most_recent": true,
            "name": "amzn2-ami-hvm-2.0.20240223.0-x86_64-gp2",
            "name_regex": null,
            "owner_id": "137112412989",
            "owners": [
              "amazon"
            ],
            "platform": "",
            "platform_details": "Linux/UNIX",
            "product_codes": [],
            "public": true,
            "ramdisk_id": "",
            "root_device_name": "/dev/xvda",
            "root_device_type": "ebs",
            "root_snapshot_id": "snap-077fbba99606b198d",
            "sriov_net_support": "simple",
            "state": "available",
            "state_reason": {
              "code": "UNSET",
              "message": "UNSET"
            },
            "tags": {},
            "timeouts": null,
            "tpm_support": "",
            "usage_operation": "RunInstances",
            "virtualization_type": "hvm"
          },
          "sensitive_attributes": []
        }
      ]
    },
    {
      "module": "module.ec2",
      "mode": "data",
      "type": "aws_ami",
      "name": "amazon_linux2_kernel_5",
      "provider": "provider[\"registry.terraform.io/hashicorp/aws\"]",
      "instances": [
        {
          "schema_version": 0,
          "attributes": {
            "architecture": "x86_64",
            "arn": "arn:aws:ec2:ap-northeast-2::image/ami-04599ab1182cd7961",
            "block_device_mappings": [
              {
                "device_name": "/dev/xvda",
                "ebs": {
                  "delete_on_termination": "true",
                  "encrypted": "false",
                  "iops": "0",
                  "snapshot_id": "snap-0803981b82682ab1a",
                  "throughput": "0",
                  "volume_size": "8",
                  "volume_type": "gp2"
                },
                "no_device": "",
                "virtual_name": ""
              }
            ],
            "boot_mode": "",
            "creation_date": "2024-02-23T06:42:40.000Z",
            "deprecation_time": "2025-07-01T00:00:00.000Z",
            "description": "Amazon Linux 2 Kernel 5.10 AMI 2.0.20240223.0 x86_64 HVM gp2",
            "ena_support": true,
            "executable_users": null,
            "filter": [
              {
                "name": "name",
                "values": [
                  "amzn2-ami-kernel-5*"
                ]
              }
            ],
            "hypervisor": "xen",
            "id": "ami-04599ab1182cd7961",
            "image_id": "ami-04599ab1182cd7961",
            "image_location": "amazon/amzn2-ami-kernel-5.10-hvm-2.0.20240223.0-x86_64-gp2",
            "image_owner_alias": "amazon",
            "image_type": "machine",
            "imds_support": "",
            "include_deprecated": false,
            "kernel_id": "",
            "most_recent": true,
            "name": "amzn2-ami-kernel-5.10-hvm-2.0.20240223.0-x86_64-gp2",
            "name_regex": null,
            "owner_id": "137112412989",
            "owners": [
              "amazon"
            ],
            "platform": "",
            "platform_details": "Linux/UNIX",
            "product_codes": [],
            "public": true,
            "ramdisk_id": "",
            "root_device_name": "/dev/xvda",
            "root_device_type": "ebs",
            "root_snapshot_id": "snap-0803981b82682ab1a",
            "sriov_net_support": "simple",
            "state": "available",
            "state_reason": {
              "code": "UNSET",
              "message": "UNSET"
            },
            "tags": {},
            "timeouts": null,
            "tpm_support": "",
            "usage_operation": "RunInstances",
            "virtualization_type": "hvm"
          },
          "sensitive_attributes": []
        }
      ]
    },
    {
      "module": "module.ec2",
      "mode": "data",
      "type": "aws_ami",
      "name": "ubuntu",
      "provider": "provider[\"registry.terraform.io/hashicorp/aws\"]",
      "instances": [
        {
          "schema_version": 0,
          "attributes": {
            "architecture": "x86_64",
            "arn": "arn:aws:ec2:ap-northeast-2::image/ami-09a7535106fbd42d5",
            "block_device_mappings": [
              {
                "device_name": "/dev/sda1",
                "ebs": {
                  "delete_on_termination": "true",
                  "encrypted": "false",
                  "iops": "0",
                  "snapshot_id": "snap-0e43c3eefca073953",
                  "throughput": "0",
                  "volume_size": "8",
                  "volume_type": "gp2"
                },
                "no_device": "",
                "virtual_name": ""
              },
              {
                "device_name": "/dev/sdb",
                "ebs": {},
                "no_device": "",
                "virtual_name": "ephemeral0"
              },
              {
                "device_name": "/dev/sdc",
                "ebs": {},
                "no_device": "",
                "virtual_name": "ephemeral1"
              }
            ],
            "boot_mode": "uefi-preferred",
            "creation_date": "2024-03-01T04:01:48.000Z",
            "deprecation_time": "2026-03-01T04:01:48.000Z",
            "description": "Canonical, Ubuntu, 22.04 LTS, amd64 jammy image build on 2024-03-01",
            "ena_support": true,
            "executable_users": null,
            "filter": [
              {
                "name": "name",
                "values": [
                  "ubuntu/images/hvm-ssd/ubuntu-jammy-22.04-amd64-server-*"
                ]
              },
              {
                "name": "virtualization-type",
                "values": [
                  "hvm"
                ]
              }
            ],
            "hypervisor": "xen",
            "id": "ami-09a7535106fbd42d5",
            "image_id": "ami-09a7535106fbd42d5",
            "image_location": "amazon/ubuntu/images/hvm-ssd/ubuntu-jammy-22.04-amd64-server-20240301",
            "image_owner_alias": "amazon",
            "image_type": "machine",
            "imds_support": "",
            "include_deprecated": false,
            "kernel_id": "",
            "most_recent": true,
            "name": "ubuntu/images/hvm-ssd/ubuntu-jammy-22.04-amd64-server-20240301",
            "name_regex": null,
            "owner_id": "099720109477",
            "owners": [
              "099720109477"
            ],
            "platform": "",
            "platform_details": "Linux/UNIX",
            "product_codes": [],
            "public": true,
            "ramdisk_id": "",
            "root_device_name": "/dev/sda1",
            "root_device_type": "ebs",
            "root_snapshot_id": "snap-0e43c3eefca073953",
            "sriov_net_support": "simple",
            "state": "available",
            "state_reason": {
              "code": "UNSET",
              "message": "UNSET"
            },
            "tags": {},
            "timeouts": null,
            "tpm_support": "",
            "usage_operation": "RunInstances",
            "virtualization_type": "hvm"
          },
          "sensitive_attributes": []
        }
      ]
    },
    {
      "module": "module.ec2",
      "mode": "managed",
      "type": "aws_autoscaling_group",
      "name": "jsp_alb",
      "provider": "provider[\"registry.terraform.io/hashicorp/aws\"]",
      "instances": [
        {
          "schema_version": 1,
          "attributes": {
            "arn": "arn:aws:autoscaling:ap-northeast-2:057845469470:autoScalingGroup:08fd981d-2054-4402-8281-a959f95d3580:autoScalingGroupName/jsp-default-asg",
            "availability_zones": [
              "ap-northeast-2a",
              "ap-northeast-2c"
            ],
            "capacity_rebalance": false,
            "context": "",
            "default_cooldown": 300,
            "default_instance_warmup": 0,
            "desired_capacity": 2,
            "desired_capacity_type": "",
            "enabled_metrics": [],
            "force_delete": false,
            "force_delete_warm_pool": false,
            "health_check_grace_period": 1800,
            "health_check_type": "ELB",
            "id": "jsp-default-asg",
            "ignore_failed_scaling_activities": false,
            "initial_lifecycle_hook": [],
            "instance_maintenance_policy": [],
            "instance_refresh": [],
            "launch_configuration": "jsp-lauchconfig-20240304025139285200000001",
            "launch_template": [],
            "load_balancers": [],
            "max_instance_lifetime": 0,
            "max_size": 2,
            "metrics_granularity": "1Minute",
            "min_elb_capacity": null,
            "min_size": 2,
            "mixed_instances_policy": [],
            "name": "jsp-default-asg",
            "name_prefix": "",
            "placement_group": "",
            "predicted_capacity": 0,
            "protect_from_scale_in": false,
            "service_linked_role_arn": "arn:aws:iam::057845469470:role/aws-service-role/autoscaling.amazonaws.com/AWSServiceRoleForAutoScaling",
            "suspended_processes": [],
            "tag": [
              {
                "key": "Name",
                "propagate_at_launch": true,
                "value": "jsp-default-alb"
              }
            ],
            "target_group_arns": [
              "arn:aws:elasticloadbalancing:ap-northeast-2:057845469470:targetgroup/jsp-default-web-lb-tg/0f898792fbfe5743"
            ],
            "termination_policies": [],
            "timeouts": null,
            "traffic_source": [
              {
                "identifier": "arn:aws:elasticloadbalancing:ap-northeast-2:057845469470:targetgroup/jsp-default-web-lb-tg/0f898792fbfe5743",
                "type": "elbv2"
              }
            ],
            "vpc_zone_identifier": [
              "subnet-0635b3e4b0b7e21fc",
              "subnet-0c3c3b3b5e0a2b7ab"
            ],
            "wait_for_capacity_timeout": "10m",
            "wait_for_elb_capacity": null,
            "warm_pool": [],
            "warm_pool_size": 0
          },
          "sensitive_attributes": [],
          "private": "eyJlMmJmYjczMC1lY2FhLTExZTYtOGY4OC0zNDM2M2JjN2M0YzAiOnsiZGVsZXRlIjo2MDAwMDAwMDAwMDAsInVwZGF0ZSI6NjAwMDAwMDAwMDAwfSwic2NoZW1hX3ZlcnNpb24iOiIxIn0=",
          "dependencies": [
            "module.ec2.aws_launch_configuration.jsp_config",
            "module.ec2.data.aws_ami.ubuntu",
            "module.iam.aws_iam_instance_profile.private",
            "module.iam.aws_iam_role.jsp_private",
            "module.lb.aws_lb_target_group.web_lb_tg",
            "module.sg.aws_security_group.private",
            "module.vpc.aws_subnet.private",
            "module.vpc.aws_vpc.vpc"
          ]
        }
      ]
    },
    {
      "module": "module.ec2",
      "mode": "managed",
      "type": "aws_autoscaling_policy",
      "name": "target-tracking-policy",
      "provider": "provider[\"registry.terraform.io/hashicorp/aws\"]",
      "instances": [
        {
          "schema_version": 0,
          "attributes": {
            "adjustment_type": "",
            "arn": "arn:aws:autoscaling:ap-northeast-2:057845469470:scalingPolicy:3db52081-59ab-440e-9f09-3cba24ae460f:autoScalingGroupName/jsp-default-asg:policyName/jsp-default-asg-policy",
            "autoscaling_group_name": "jsp-default-asg",
            "cooldown": 0,
            "enabled": true,
            "estimated_instance_warmup": 60,
            "id": "jsp-default-asg-policy",
            "metric_aggregation_type": "",
            "min_adjustment_magnitude": 0,
            "name": "jsp-default-asg-policy",
            "policy_type": "TargetTrackingScaling",
            "predictive_scaling_configuration": [],
            "scaling_adjustment": 0,
            "step_adjustment": [],
            "target_tracking_configuration": [
              {
                "customized_metric_specification": [],
                "disable_scale_in": false,
                "predefined_metric_specification": [
                  {
                    "predefined_metric_type": "ASGAverageCPUUtilization",
                    "resource_label": ""
                  }
                ],
                "target_value": 80
              }
            ]
          },
          "sensitive_attributes": [],
          "private": "bnVsbA==",
          "dependencies": [
            "module.ec2.aws_autoscaling_group.jsp_alb",
            "module.ec2.aws_launch_configuration.jsp_config",
            "module.ec2.data.aws_ami.ubuntu",
            "module.iam.aws_iam_instance_profile.private",
            "module.iam.aws_iam_role.jsp_private",
            "module.lb.aws_lb_target_group.web_lb_tg",
            "module.sg.aws_security_group.private",
            "module.vpc.aws_subnet.private",
            "module.vpc.aws_vpc.vpc"
          ]
        }
      ]
    },
    {
      "module": "module.ec2",
      "mode": "managed",
      "type": "aws_eip",
      "name": "public",
      "provider": "provider[\"registry.terraform.io/hashicorp/aws\"]",
      "instances": [
        {
          "schema_version": 0,
          "attributes": {
            "address": null,
            "allocation_id": "eipalloc-0ae4d3fbcd459ec01",
            "associate_with_private_ip": null,
            "association_id": "eipassoc-02d972eb38195540f",
            "carrier_ip": "",
            "customer_owned_ip": "",
            "customer_owned_ipv4_pool": "",
            "domain": "vpc",
            "id": "eipalloc-0ae4d3fbcd459ec01",
            "instance": "i-06cdd7b0ca87df4ab",
            "network_border_group": "ap-northeast-2",
            "network_interface": "eni-003ce038888b81641",
            "private_dns": "ip-10-10-0-91.ap-northeast-2.compute.internal",
            "private_ip": "10.10.0.91",
            "public_dns": "ec2-43-200-31-166.ap-northeast-2.compute.amazonaws.com",
            "public_ip": "43.200.31.166",
            "public_ipv4_pool": "amazon",
            "tags": {
              "MadeBy": "jsp",
              "Name": "jsp-public-eip-2a"
            },
            "tags_all": {
              "MadeBy": "jsp",
              "Name": "jsp-public-eip-2a"
            },
            "timeouts": null,
            "vpc": true
          },
          "sensitive_attributes": [],
          "private": "eyJlMmJmYjczMC1lY2FhLTExZTYtOGY4OC0zNDM2M2JjN2M0YzAiOnsiZGVsZXRlIjoxODAwMDAwMDAwMDAsInJlYWQiOjkwMDAwMDAwMDAwMCwidXBkYXRlIjozMDAwMDAwMDAwMDB9fQ==",
          "dependencies": [
            "module.ec2.aws_instance.public",
            "module.ec2.data.aws_ami.amazon_linux-2",
            "module.sg.aws_security_group.public",
            "module.vpc.aws_subnet.public",
            "module.vpc.aws_vpc.vpc"
          ]
        }
      ]
    },
    {
      "module": "module.ec2",
      "mode": "managed",
      "type": "aws_instance",
      "name": "public",
      "provider": "provider[\"registry.terraform.io/hashicorp/aws\"]",
      "instances": [
        {
          "schema_version": 1,
          "attributes": {
            "ami": "ami-01dc121da1bd8cc87",
            "arn": "arn:aws:ec2:ap-northeast-2:057845469470:instance/i-06cdd7b0ca87df4ab",
            "associate_public_ip_address": true,
            "availability_zone": "ap-northeast-2a",
            "capacity_reservation_specification": [
              {
                "capacity_reservation_preference": "open",
                "capacity_reservation_target": []
              }
            ],
            "cpu_core_count": 1,
            "cpu_options": [
              {
                "amd_sev_snp": "",
                "core_count": 1,
                "threads_per_core": 2
              }
            ],
            "cpu_threads_per_core": 2,
            "credit_specification": [
              {
                "cpu_credits": "unlimited"
              }
            ],
            "disable_api_stop": false,
            "disable_api_termination": true,
            "ebs_block_device": [],
            "ebs_optimized": false,
            "enclave_options": [
              {
                "enabled": false
              }
            ],
            "ephemeral_block_device": [],
            "get_password_data": false,
            "hibernation": false,
            "host_id": "",
            "host_resource_group_arn": null,
            "iam_instance_profile": "",
            "id": "i-06cdd7b0ca87df4ab",
            "instance_initiated_shutdown_behavior": "stop",
            "instance_lifecycle": "",
            "instance_market_options": [],
            "instance_state": "running",
            "instance_type": "t3.small",
            "ipv6_address_count": 0,
            "ipv6_addresses": [],
            "key_name": "jsp-key",
            "launch_template": [],
            "maintenance_options": [
              {
                "auto_recovery": "default"
              }
            ],
            "metadata_options": [
              {
                "http_endpoint": "enabled",
                "http_protocol_ipv6": "disabled",
                "http_put_response_hop_limit": 1,
                "http_tokens": "optional",
                "instance_metadata_tags": "disabled"
              }
            ],
            "monitoring": false,
            "network_interface": [],
            "outpost_arn": "",
            "password_data": "",
            "placement_group": "",
            "placement_partition_number": 0,
            "primary_network_interface_id": "eni-003ce038888b81641",
            "private_dns": "ip-10-10-0-91.ap-northeast-2.compute.internal",
            "private_dns_name_options": [
              {
                "enable_resource_name_dns_a_record": false,
                "enable_resource_name_dns_aaaa_record": false,
                "hostname_type": "ip-name"
              }
            ],
            "private_ip": "10.10.0.91",
            "public_dns": "ec2-43-200-31-166.ap-northeast-2.compute.amazonaws.com",
            "public_ip": "43.200.31.166",
            "root_block_device": [
              {
                "delete_on_termination": true,
                "device_name": "/dev/xvda",
                "encrypted": false,
                "iops": 3000,
                "kms_key_id": "",
                "tags": {},
                "throughput": 125,
                "volume_id": "vol-0729aed7bdfae9e69",
                "volume_size": 8,
                "volume_type": "gp3"
              }
            ],
            "secondary_private_ips": [],
            "security_groups": [],
            "source_dest_check": true,
            "spot_instance_request_id": "",
            "subnet_id": "subnet-0a4dd51c63cd039dd",
            "tags": {
              "MadeBy": "jsp",
              "Name": "jsp-public-bastion"
            },
            "tags_all": {
              "MadeBy": "jsp",
              "Name": "jsp-public-bastion"
            },
            "tenancy": "default",
            "timeouts": null,
            "user_data": "5960c92fff5c39f0f5f4dd07eb433c41a928422f",
            "user_data_base64": null,
            "user_data_replace_on_change": false,
            "volume_tags": null,
            "vpc_security_group_ids": [
              "sg-0d794e5ffa6f9d2b1"
            ]
          },
          "sensitive_attributes": [],
          "private": "eyJlMmJmYjczMC1lY2FhLTExZTYtOGY4OC0zNDM2M2JjN2M0YzAiOnsiY3JlYXRlIjo2MDAwMDAwMDAwMDAsImRlbGV0ZSI6MTIwMDAwMDAwMDAwMCwidXBkYXRlIjo2MDAwMDAwMDAwMDB9LCJzY2hlbWFfdmVyc2lvbiI6IjEifQ==",
          "dependencies": [
            "module.ec2.data.aws_ami.amazon_linux-2",
            "module.sg.aws_security_group.public",
            "module.vpc.aws_subnet.public",
            "module.vpc.aws_vpc.vpc"
          ]
        }
      ]
    },
    {
      "module": "module.ec2",
      "mode": "managed",
      "type": "aws_key_pair",
      "name": "key_pair",
      "provider": "provider[\"registry.terraform.io/hashicorp/aws\"]",
      "instances": [
        {
          "schema_version": 1,
          "attributes": {
            "arn": "arn:aws:ec2:ap-northeast-2:057845469470:key-pair/jsp-key",
            "fingerprint": "ac:a3:92:fb:e9:6a:b4:e8:9b:2c:87:fa:a6:de:00:10",
            "id": "jsp-key",
            "key_name": "jsp-key",
            "key_name_prefix": "",
            "key_pair_id": "key-064b037156735692c",
            "key_type": "rsa",
            "public_key": "ssh-rsa AAAAB3NzaC1yc2EAAAADAQABAAACAQCvdOxOe54NAFt9nkVxHMHWV0h0YLuBhC32wRd9LYHL7RFQrNOcMMiTofvfbulCDlQZanPYMjOpoBjGPcq/YgK6eTHIae02VU+lpKFL2SjQP53xQ62cSick+I3Raa1vlwBLFMjq3+m6q++ezt/1nfj4r39YLPP6sU6HoUfOk5HqxK2ZwH5/CfFuLhK8QV/ulx64dWJx66HXYtYGzf+GfPChQc6omBDxPdfLlF2NtuT1O2IRqCj2FUbrUB1jrLaBAyivusQuYFDRhgu7sPrRT8crSAIVa7vRJcBarxJ4M6BvgCoyMPSvE7i3Wc1yBiorvN9M7k0btbO6r6PZrrh6ewt2KNAdpWKY2gQ5FKL+wEdKY39LiSJrsfo7jDWOHKmyzZTwIrayRY113vdd2Jo+fOBsplvnXsNPipgnkYqeLiH7h8ZZofQhm+HV061589j+/IdmZhsItpwJBbyQ/ZPmpsRgDh1n7EDqIX2UCEJsnbODQ2v5i2DVexeTlkBR1OL9cITYfl3ronzGIv/BNHibONL/XcWt9kY49Bfj6C/1Pb+hVQIQ7p5vWCA947afzNEDS43hKHoeAWO5oiw4iMBnlCIww+D/VQ8RCKP9L9cOdlhtfH2Z0SHZIg9VLWQ5SFTQW51KClmx7CITWELiUhJERTOwfxzz0y+hhquJFpme8EuyMw==",
            "tags": {},
            "tags_all": {}
          },
          "sensitive_attributes": [],
          "private": "eyJzY2hlbWFfdmVyc2lvbiI6IjEifQ==",
          "dependencies": [
            "module.ec2.tls_private_key.key_pair"
          ]
        }
      ]
    },
    {
      "module": "module.ec2",
      "mode": "managed",
      "type": "aws_launch_configuration",
      "name": "jsp_config",
      "provider": "provider[\"registry.terraform.io/hashicorp/aws\"]",
      "instances": [
        {
          "schema_version": 0,
          "attributes": {
            "arn": "arn:aws:autoscaling:ap-northeast-2:057845469470:launchConfiguration:44cd18f7-d626-4cac-a2c1-a46194a49660:launchConfigurationName/jsp-lauchconfig-20240304025139285200000001",
            "associate_public_ip_address": false,
            "ebs_block_device": [],
            "ebs_optimized": false,
            "enable_monitoring": true,
            "ephemeral_block_device": [],
            "iam_instance_profile": "jsp-private",
            "id": "jsp-lauchconfig-20240304025139285200000001",
            "image_id": "ami-09a7535106fbd42d5",
            "instance_type": "t3.medium",
            "key_name": "jsp-key",
            "metadata_options": [],
            "name": "jsp-lauchconfig-20240304025139285200000001",
            "name_prefix": "jsp-lauchconfig-",
            "placement_tenancy": "",
            "root_block_device": [
              {
                "delete_on_termination": true,
                "encrypted": false,
                "iops": 0,
                "throughput": 0,
                "volume_size": 30,
                "volume_type": "gp3"
              }
            ],
            "security_groups": [
              "sg-086d69d7dbf1ff0b5"
            ],
            "spot_price": "",
            "user_data": "37ad9580fda3e14450ffb362fdef886d99ddbcdb",
            "user_data_base64": null
          },
          "sensitive_attributes": [],
          "private": "bnVsbA==",
          "dependencies": [
            "module.ec2.data.aws_ami.ubuntu",
            "module.iam.aws_iam_instance_profile.private",
            "module.iam.aws_iam_role.jsp_private",
            "module.sg.aws_security_group.private",
            "module.vpc.aws_vpc.vpc"
          ],
          "create_before_destroy": true
        }
      ]
    },
    {
      "module": "module.ec2",
      "mode": "managed",
      "type": "local_file",
      "name": "ssh_key",
      "provider": "provider[\"registry.terraform.io/hashicorp/local\"]",
      "instances": [
        {
          "schema_version": 0,
          "attributes": {
            "content": "-----BEGIN RSA PRIVATE KEY-----\nMIIJKgIBAAKCAgEAr3TsTnueDQBbfZ5FcRzB1ldIdGC7gYQt9sEXfS2By+0RUKzT\nnDDIk6H7327pQg5UGWpz2DIzqaAYxj3Kv2ICunkxyGntNlVPpaShS9ko0D+d8UOt\nnEonJPiN0Wmtb5cASxTI6t/puqvvns7f9Z34+K9/WCzz+rFOh6FHzpOR6sStmcB+\nfwnxbi4SvEFf7pceuHViceuh12LWBs3/hnzwoUHOqJgQ8T3Xy5Rdjbbk9TtiEago\n9hVG61AdY6y2gQMor7rELmBQ0YYLu7D60U/HK0gCFWu70SXAWq8SeDOgb4AqMjD0\nrxO4t1nNcgYqK7zfTO5NG7Wzuq+j2a64ensLdijQHaVimNoEORSi/sBHSmN/S4ki\na7H6O4w1jhypss2U8CK2skWNdd73XdiaPnzgbKZb517DT4qYJ5GKni4h+4fGWaH0\nIZvh1dOtefPY/vyHZmYbCLacCQW8kP2T5qbEYA4dZ+xA6iF9lAhCbJ2zg0Nr+Ytg\n1XsXk5ZAUdTi/XCE2H5d66J8xiL/wTR4mzjS/13FrfZGOPQX4+gv9T2/oVUCEO6e\nb1ggPeO2n8zRA0uN4Sh6HgFjuaIsOIjAZ5QiMMPg/1UPEQij/S/XDnZYbXx9mdEh\n2SIPVS1kOUhU0FudSgpZsewiE1hC4lISREUzsH8c89MvoYariRaZnvBLsjMCAwEA\nAQKCAgA7o+3zW5fE6Zsv3w3Rvimxdyfcz0jNZKXPG6GlXkOhkurw1l5z2C1F6ajZ\nMTU+y+oQXZwVIDNpdE8Xi8eQOHue8TVX35HPhz40mvps8tsptoY0jYHE/3vA2HA0\nf8yBgv2Jh/4nwIcNegZQoBeGwPTxa45I5bblP0HnXo4vDQBrogE0ozccbb/QaP7b\nWQmH63x4zQXynVr9AM6pr3otN+j/l4Ps0QvpRNFGlR8b3dCD/3R9dgC+bUsXD7t9\ntyauQemhmkW3UewG3J6+ZRFM9uZHswlqSJ2mIUP6T0pi64GchR9SwktZ+8UtJexs\n1uWcym3JE7PIOIJoce2rP/XbRFoHdq52WrQao9NT3bXHqvni7+UIKO+mBx4MTnSE\nbMguaLIGlra4GFsj2tGjX50XvHcekMjZAYh9yMSouRqKL/1rbnUyhbiTmZh5Xmmb\nkUfxw4kk5827adN7DoImgi2xGNd0XIPGk5vhS/vo0QjaBs4gaJxOs4BcPy74jBZ0\n8kzTuVae+J6Qfur0RDNgNBkE2uk44ZxBmmiK9RXe9Ni84MkngZpqubtEEB3rKfs4\ngPHbBVfAo6njF84SfB0pmxLpYfvMuPafGt3EcwDM6YK2UxY8W1o6YYYU8whHFQ5s\nJ+HygbQTCS5DRMxh1JudRa2KuJ7ya8MCajj8fnNdyEOp+1/P2QKCAQEA4/7PJRyE\nAcJAPERiCZvBSVb5zYfcvt0H0SQqD64j38SHd8RwUL4Ts7ToHovwlAnp3rJF1ivx\nRkL8M5JJHjPc7wxhzlJ0FfvxlA4E0UiG5qce+faLhajZmvqxMjdVmtQmrreUHW5m\ngAR7Jxw7OP/XfDpjsqJ7fVGnCj9bvXwzpMWkjcVmLJ6Uvr/2fo6k0Uc/9TPzpQsS\ni+NxisthYvfJjLxN1fM8OabqRVAzafC8N2R9WZXm2R47tuIILaUkr4C6OeS2Rxi/\ni0/TTgDdIrbiRfcHU4zwpsLcFR5UpTC9NpK1NHssNjC/yCGOTCZs6JEvyQCPP1+Q\ni9jo7uFgPk/vpwKCAQEAxQIQvi+E8mPgQ5o6A65OWQdfPGSjz0ss5h4l4JhHkSy6\nzT7UL9zz5TZSjEGWcETagirwDUHGTE2FlFWJsxIJox6CSnFc9uUQieq0jB73HtFS\nwPptUJZ1053QKXP+tJ5JQSZtQHVOahSva8nePlo0tFPfduoLtxu8RQrpphK/15oy\nNpu/yV9tGb3FOT/rt9B4ZFDU9Xfm/SCfhNMG9e9h5FvqDSpqNKog6DrLoJf+1A1f\nlgBrN9c8yDuWEOMnWUfU1LY+KpPyKzTWmTO/j7nd18Ulv2mCmFvKRKXnUqP77361\nLnpj49gs57bwjzEBSwiJb9iLRGaTdnOn3szHFufalQKCAQEAv0sM7DtXus4L7UUG\n6L7pVqqGH19t5Co5o81vCQb4DIitjNyhy+0fRLl1xCNv8BW9Rt9W3xKxdl0/k9ma\nRaAIL/24lk7yHXvtPmbgvePXY/E2eU3V1IhOQ80xHUv2JFj6N7/Jo0P89k5MMg1q\n1zE50H6BJeFUMVpwB5YPWBW8kvRNU7IbPzay4LTZkWgHe5wHWqmDNKfsoLhtjKGG\nDW6Pieh4ehmCH3EfwJZA/RNCKEvFLIQsU2Edgx109S9Jb4NXPLncAh0OoUmRpjHt\nWHIPudpBKGXpiFGYLJPtO0iAiShgpy7tcm5Gixk0dkoLOLqQWFqC1g5Njjipf7xT\nbxTMowKCAQEAp62OWpFPco8XffJylldxT806fciatACkAmh+jJ6PqzyK8c4cA3Do\nFZsav03DoWK5KDkrf90PzjndC9eSD9u2YCPDeWDrYyir3vbpHKnuY0h+Ssna6NBn\nEOotFlsn2ssuRklSi55MU3WvqOp0QlW8rg8FD808k2kD4S/clgE3T2ZqfpgpsFeM\nIHCowIVrN1Q0ZA14dETNUXzGyOJj9kb85sRkfTgwlQqIX6BLWDCGMC4BwUYx+6Ey\nlqpAm7b68r50o2dJmiu53pRmYpbs4IOuEcw2yKghA1R839jk/i2cbMdHpnt9MZv4\n/G90aCupkhd+ArgoMNutfxAJPVTFzvUf0QKCAQEAsB6NhQ1wrRAnbaZ37XlkCakn\nB8u6a+FNIKs9wc4nVi8HhNTbNsTmJJ2dRGwHsFUSl1//HSvwEKbL3vDPlh4jsYBB\n6f1qPU00MbHGW4NoPy3aS+Lkk+A9nUAZGX6/ZMG6hOuSbCIPkL3RIAMpmEmaFwqY\nHP8y8g8klH25eaXOAwFEcQKw8ijtyVHM8D3KbPdYME1j4sdWl8jNg+Nq/K7UmA6f\nlGArkv6UpnKFp35Ob5pcQVAu5sgS7ZJf+v0CIvnF6cqk2GEk++7Oyce1l7PBtDOg\nJfZXYj6LxknkbZ5xvuAJxEHIjaTHIwM0WOJIxq6FtjJsej11/P+WEEF6VeGQRQ==\n-----END RSA PRIVATE KEY-----\n",
            "content_base64": null,
            "content_base64sha256": "WDxf+jWtlSbY/X12vtq4lIV39ETT7GnHZUYA/7GSUIM=",
            "content_base64sha512": "pWJL72diG9WyfIVErJ0htJmW60YFUhEj4zqY0Joy3cqv5/ZG5HhZMQ4i/9dHEIf6Sm/SmxWSHmuuB4XxYDPUmQ==",
            "content_md5": "9a60b3ca1778acb42065663988347621",
            "content_sha1": "5cf022e78b42566af5533d35134321a7cd197317",
            "content_sha256": "583c5ffa35ad9526d8fd7d76bedab8948577f444d3ec69c7654600ffb1925083",
            "content_sha512": "a5624bef67621bd5b27c8544ac9d21b49996eb4605521123e33a98d09a32ddcaafe7f646e47859310e22ffd7471087fa4a6fd29b15921e6bae0785f16033d499",
            "directory_permission": "0777",
            "file_permission": "0777",
            "filename": "ec2/jsp-key.pem",
            "id": "5cf022e78b42566af5533d35134321a7cd197317",
            "sensitive_content": null,
            "source": null
          },
          "sensitive_attributes": [
            [
              {
                "type": "get_attr",
                "value": "content"
              }
            ]
          ],
          "dependencies": [
            "module.ec2.aws_key_pair.key_pair",
            "module.ec2.tls_private_key.key_pair"
          ]
        }
      ]
    },
    {
      "module": "module.ec2",
      "mode": "managed",
      "type": "tls_private_key",
      "name": "key_pair",
      "provider": "provider[\"registry.terraform.io/hashicorp/tls\"]",
      "instances": [
        {
          "schema_version": 1,
          "attributes": {
            "algorithm": "RSA",
            "ecdsa_curve": "P224",
            "id": "f3c3b1c4a92d52aa9b4a6a443c410ea20fbb19b2",
            "private_key_openssh": "-----BEGIN OPENSSH PRIVATE KEY-----\nb3BlbnNzaC1rZXktdjEAAAAABG5vbmUAAAAEbm9uZQAAAAAAAAABAAACFwAAAAdz\nc2gtcnNhAAAAAwEAAQAAAgEAr3TsTnueDQBbfZ5FcRzB1ldIdGC7gYQt9sEXfS2B\ny+0RUKzTnDDIk6H7327pQg5UGWpz2DIzqaAYxj3Kv2ICunkxyGntNlVPpaShS9ko\n0D+d8UOtnEonJPiN0Wmtb5cASxTI6t/puqvvns7f9Z34+K9/WCzz+rFOh6FHzpOR\n6sStmcB+fwnxbi4SvEFf7pceuHViceuh12LWBs3/hnzwoUHOqJgQ8T3Xy5Rdjbbk\n9TtiEago9hVG61AdY6y2gQMor7rELmBQ0YYLu7D60U/HK0gCFWu70SXAWq8SeDOg\nb4AqMjD0rxO4t1nNcgYqK7zfTO5NG7Wzuq+j2a64ensLdijQHaVimNoEORSi/sBH\nSmN/S4kia7H6O4w1jhypss2U8CK2skWNdd73XdiaPnzgbKZb517DT4qYJ5GKni4h\n+4fGWaH0IZvh1dOtefPY/vyHZmYbCLacCQW8kP2T5qbEYA4dZ+xA6iF9lAhCbJ2z\ng0Nr+Ytg1XsXk5ZAUdTi/XCE2H5d66J8xiL/wTR4mzjS/13FrfZGOPQX4+gv9T2/\noVUCEO6eb1ggPeO2n8zRA0uN4Sh6HgFjuaIsOIjAZ5QiMMPg/1UPEQij/S/XDnZY\nbXx9mdEh2SIPVS1kOUhU0FudSgpZsewiE1hC4lISREUzsH8c89MvoYariRaZnvBL\nsjMAAAc4WQI/G1kCPxsAAAAHc3NoLXJzYQAAAgEAr3TsTnueDQBbfZ5FcRzB1ldI\ndGC7gYQt9sEXfS2By+0RUKzTnDDIk6H7327pQg5UGWpz2DIzqaAYxj3Kv2ICunkx\nyGntNlVPpaShS9ko0D+d8UOtnEonJPiN0Wmtb5cASxTI6t/puqvvns7f9Z34+K9/\nWCzz+rFOh6FHzpOR6sStmcB+fwnxbi4SvEFf7pceuHViceuh12LWBs3/hnzwoUHO\nqJgQ8T3Xy5Rdjbbk9TtiEago9hVG61AdY6y2gQMor7rELmBQ0YYLu7D60U/HK0gC\nFWu70SXAWq8SeDOgb4AqMjD0rxO4t1nNcgYqK7zfTO5NG7Wzuq+j2a64ensLdijQ\nHaVimNoEORSi/sBHSmN/S4kia7H6O4w1jhypss2U8CK2skWNdd73XdiaPnzgbKZb\n517DT4qYJ5GKni4h+4fGWaH0IZvh1dOtefPY/vyHZmYbCLacCQW8kP2T5qbEYA4d\nZ+xA6iF9lAhCbJ2zg0Nr+Ytg1XsXk5ZAUdTi/XCE2H5d66J8xiL/wTR4mzjS/13F\nrfZGOPQX4+gv9T2/oVUCEO6eb1ggPeO2n8zRA0uN4Sh6HgFjuaIsOIjAZ5QiMMPg\n/1UPEQij/S/XDnZYbXx9mdEh2SIPVS1kOUhU0FudSgpZsewiE1hC4lISREUzsH8c\n89MvoYariRaZnvBLsjMAAAADAQABAAACADuj7fNbl8Tpmy/fDdG+KbF3J9zPSM1k\npc8boaVeQ6GS6vDWXnPYLUXpqNkxNT7L6hBdnBUgM2l0TxeLx5A4e57xNVffkc+H\nPjSa+mzy2ym2hjSNgcT/e8DYcDR/zIGC/YmH/ifAhw16BlCgF4bA9PFrjkjltuU/\nQedeji8NAGuiATSjNxxtv9Bo/ttZCYfrfHjNBfKdWv0Azqmvei036P+Xg+zRC+lE\n0UaVHxvd0IP/dH12AL5tSxcPu323Jq5B6aGaRbdR7Abcnr5lEUz25kezCWpInaYh\nQ/pPSmLrgZyFH1LCS1n7xS0l7GzW5ZzKbckTs8g4gmhx7as/9dtEWgd2rnZatBqj\n01Pdtceq+eLv5Qgo76YHHgxOdIRsyC5osgaWtrgYWyPa0aNfnRe8dx6QyNkBiH3I\nxKi5Goov/WtudTKFuJOZmHleaZuRR/HDiSTnzbtp03sOgiaCLbEY13Rcg8aTm+FL\n++jRCNoGziBonE6zgFw/LviMFnTyTNO5Vp74npB+6vREM2A0GQTa6TjhnEGaaIr1\nFd702LzgySeBmmq5u0QQHesp+ziA8dsFV8CjqeMXzhJ8HSmbEulh+8y49p8a3cRz\nAMzpgrZTFjxbWjphhhTzCEcVDmwn4fKBtBMJLkNEzGHUm51FrYq4nvJrwwJqOPx+\nc13IQ6n7X8/ZAAABAQCwHo2FDXCtECdtpnfteWQJqScHy7pr4U0gqz3BzidWLweE\n1Ns2xOYknZ1EbAewVRKXX/8dK/AQpsve8M+WHiOxgEHp/Wo9TTQxscZbg2g/LdpL\n4uST4D2dQBkZfr9kwbqE65JsIg+QvdEgAymYSZoXCpgc/zLyDySUfbl5pc4DAURx\nArDyKO3JUczwPcps91gwTWPix1aXyM2D42r8rtSYDp+UYCuS/pSmcoWnfk5vmlxB\nUC7myBLtkl/6/QIi+cXpyqTYYST77s7Jx7WXs8G0M6Al9ldiPovGSeRtnnG+4AnE\nQciNpMcjAzRY4kjGroW2Mmx6PXX8/5YQQXpV4ZBFAAABAQDj/s8lHIQBwkA8RGIJ\nm8FJVvnNh9y+3QfRJCoPriPfxId3xHBQvhOztOgei/CUCeneskXWK/FGQvwzkkke\nM9zvDGHOUnQV+/GUDgTRSIbmpx759ouFqNma+rEyN1Wa1Caut5QdbmaABHsnHDs4\n/9d8OmOyont9UacKP1u9fDOkxaSNxWYsnpS+v/Z+jqTRRz/1M/OlCxKL43GKy2Fi\n98mMvE3V8zw5pupFUDNp8Lw3ZH1ZlebZHju24ggtpSSvgLo55LZHGL+LT9NOAN0i\ntuJF9wdTjPCmwtwVHlSlML02krU0eyw2ML/IIY5MJmzokS/JAI8/X5CL2Oju4WA+\nT++nAAABAQDFAhC+L4TyY+BDmjoDrk5ZB188ZKPPSyzmHiXgmEeRLLrNPtQv3PPl\nNlKMQZZwRNqCKvANQcZMTYWUVYmzEgmjHoJKcVz25RCJ6rSMHvce0VLA+m1QlnXT\nndApc/60nklBJm1AdU5qFK9ryd4+WjS0U9926gu3G7xFCummEr/XmjI2m7/JX20Z\nvcU5P+u30HhkUNT1d+b9IJ+E0wb172HkW+oNKmo0qiDoOsugl/7UDV+WAGs31zzI\nO5YQ4ydZR9TUtj4qk/IrNNaZM7+Pud3XxSW/aYKYW8pEpedSo/vvfrUuemPj2Czn\ntvCPMQFLCIlv2ItEZpN2c6fezMcW59qVAAAAAAEC\n-----END OPENSSH PRIVATE KEY-----\n",
            "private_key_pem": "-----BEGIN RSA PRIVATE KEY-----\nMIIJKgIBAAKCAgEAr3TsTnueDQBbfZ5FcRzB1ldIdGC7gYQt9sEXfS2By+0RUKzT\nnDDIk6H7327pQg5UGWpz2DIzqaAYxj3Kv2ICunkxyGntNlVPpaShS9ko0D+d8UOt\nnEonJPiN0Wmtb5cASxTI6t/puqvvns7f9Z34+K9/WCzz+rFOh6FHzpOR6sStmcB+\nfwnxbi4SvEFf7pceuHViceuh12LWBs3/hnzwoUHOqJgQ8T3Xy5Rdjbbk9TtiEago\n9hVG61AdY6y2gQMor7rELmBQ0YYLu7D60U/HK0gCFWu70SXAWq8SeDOgb4AqMjD0\nrxO4t1nNcgYqK7zfTO5NG7Wzuq+j2a64ensLdijQHaVimNoEORSi/sBHSmN/S4ki\na7H6O4w1jhypss2U8CK2skWNdd73XdiaPnzgbKZb517DT4qYJ5GKni4h+4fGWaH0\nIZvh1dOtefPY/vyHZmYbCLacCQW8kP2T5qbEYA4dZ+xA6iF9lAhCbJ2zg0Nr+Ytg\n1XsXk5ZAUdTi/XCE2H5d66J8xiL/wTR4mzjS/13FrfZGOPQX4+gv9T2/oVUCEO6e\nb1ggPeO2n8zRA0uN4Sh6HgFjuaIsOIjAZ5QiMMPg/1UPEQij/S/XDnZYbXx9mdEh\n2SIPVS1kOUhU0FudSgpZsewiE1hC4lISREUzsH8c89MvoYariRaZnvBLsjMCAwEA\nAQKCAgA7o+3zW5fE6Zsv3w3Rvimxdyfcz0jNZKXPG6GlXkOhkurw1l5z2C1F6ajZ\nMTU+y+oQXZwVIDNpdE8Xi8eQOHue8TVX35HPhz40mvps8tsptoY0jYHE/3vA2HA0\nf8yBgv2Jh/4nwIcNegZQoBeGwPTxa45I5bblP0HnXo4vDQBrogE0ozccbb/QaP7b\nWQmH63x4zQXynVr9AM6pr3otN+j/l4Ps0QvpRNFGlR8b3dCD/3R9dgC+bUsXD7t9\ntyauQemhmkW3UewG3J6+ZRFM9uZHswlqSJ2mIUP6T0pi64GchR9SwktZ+8UtJexs\n1uWcym3JE7PIOIJoce2rP/XbRFoHdq52WrQao9NT3bXHqvni7+UIKO+mBx4MTnSE\nbMguaLIGlra4GFsj2tGjX50XvHcekMjZAYh9yMSouRqKL/1rbnUyhbiTmZh5Xmmb\nkUfxw4kk5827adN7DoImgi2xGNd0XIPGk5vhS/vo0QjaBs4gaJxOs4BcPy74jBZ0\n8kzTuVae+J6Qfur0RDNgNBkE2uk44ZxBmmiK9RXe9Ni84MkngZpqubtEEB3rKfs4\ngPHbBVfAo6njF84SfB0pmxLpYfvMuPafGt3EcwDM6YK2UxY8W1o6YYYU8whHFQ5s\nJ+HygbQTCS5DRMxh1JudRa2KuJ7ya8MCajj8fnNdyEOp+1/P2QKCAQEA4/7PJRyE\nAcJAPERiCZvBSVb5zYfcvt0H0SQqD64j38SHd8RwUL4Ts7ToHovwlAnp3rJF1ivx\nRkL8M5JJHjPc7wxhzlJ0FfvxlA4E0UiG5qce+faLhajZmvqxMjdVmtQmrreUHW5m\ngAR7Jxw7OP/XfDpjsqJ7fVGnCj9bvXwzpMWkjcVmLJ6Uvr/2fo6k0Uc/9TPzpQsS\ni+NxisthYvfJjLxN1fM8OabqRVAzafC8N2R9WZXm2R47tuIILaUkr4C6OeS2Rxi/\ni0/TTgDdIrbiRfcHU4zwpsLcFR5UpTC9NpK1NHssNjC/yCGOTCZs6JEvyQCPP1+Q\ni9jo7uFgPk/vpwKCAQEAxQIQvi+E8mPgQ5o6A65OWQdfPGSjz0ss5h4l4JhHkSy6\nzT7UL9zz5TZSjEGWcETagirwDUHGTE2FlFWJsxIJox6CSnFc9uUQieq0jB73HtFS\nwPptUJZ1053QKXP+tJ5JQSZtQHVOahSva8nePlo0tFPfduoLtxu8RQrpphK/15oy\nNpu/yV9tGb3FOT/rt9B4ZFDU9Xfm/SCfhNMG9e9h5FvqDSpqNKog6DrLoJf+1A1f\nlgBrN9c8yDuWEOMnWUfU1LY+KpPyKzTWmTO/j7nd18Ulv2mCmFvKRKXnUqP77361\nLnpj49gs57bwjzEBSwiJb9iLRGaTdnOn3szHFufalQKCAQEAv0sM7DtXus4L7UUG\n6L7pVqqGH19t5Co5o81vCQb4DIitjNyhy+0fRLl1xCNv8BW9Rt9W3xKxdl0/k9ma\nRaAIL/24lk7yHXvtPmbgvePXY/E2eU3V1IhOQ80xHUv2JFj6N7/Jo0P89k5MMg1q\n1zE50H6BJeFUMVpwB5YPWBW8kvRNU7IbPzay4LTZkWgHe5wHWqmDNKfsoLhtjKGG\nDW6Pieh4ehmCH3EfwJZA/RNCKEvFLIQsU2Edgx109S9Jb4NXPLncAh0OoUmRpjHt\nWHIPudpBKGXpiFGYLJPtO0iAiShgpy7tcm5Gixk0dkoLOLqQWFqC1g5Njjipf7xT\nbxTMowKCAQEAp62OWpFPco8XffJylldxT806fciatACkAmh+jJ6PqzyK8c4cA3Do\nFZsav03DoWK5KDkrf90PzjndC9eSD9u2YCPDeWDrYyir3vbpHKnuY0h+Ssna6NBn\nEOotFlsn2ssuRklSi55MU3WvqOp0QlW8rg8FD808k2kD4S/clgE3T2ZqfpgpsFeM\nIHCowIVrN1Q0ZA14dETNUXzGyOJj9kb85sRkfTgwlQqIX6BLWDCGMC4BwUYx+6Ey\nlqpAm7b68r50o2dJmiu53pRmYpbs4IOuEcw2yKghA1R839jk/i2cbMdHpnt9MZv4\n/G90aCupkhd+ArgoMNutfxAJPVTFzvUf0QKCAQEAsB6NhQ1wrRAnbaZ37XlkCakn\nB8u6a+FNIKs9wc4nVi8HhNTbNsTmJJ2dRGwHsFUSl1//HSvwEKbL3vDPlh4jsYBB\n6f1qPU00MbHGW4NoPy3aS+Lkk+A9nUAZGX6/ZMG6hOuSbCIPkL3RIAMpmEmaFwqY\nHP8y8g8klH25eaXOAwFEcQKw8ijtyVHM8D3KbPdYME1j4sdWl8jNg+Nq/K7UmA6f\nlGArkv6UpnKFp35Ob5pcQVAu5sgS7ZJf+v0CIvnF6cqk2GEk++7Oyce1l7PBtDOg\nJfZXYj6LxknkbZ5xvuAJxEHIjaTHIwM0WOJIxq6FtjJsej11/P+WEEF6VeGQRQ==\n-----END RSA PRIVATE KEY-----\n",
            "private_key_pem_pkcs8": "-----BEGIN PRIVATE KEY-----\nMIIJRAIBADANBgkqhkiG9w0BAQEFAASCCS4wggkqAgEAAoICAQCvdOxOe54NAFt9\nnkVxHMHWV0h0YLuBhC32wRd9LYHL7RFQrNOcMMiTofvfbulCDlQZanPYMjOpoBjG\nPcq/YgK6eTHIae02VU+lpKFL2SjQP53xQ62cSick+I3Raa1vlwBLFMjq3+m6q++e\nzt/1nfj4r39YLPP6sU6HoUfOk5HqxK2ZwH5/CfFuLhK8QV/ulx64dWJx66HXYtYG\nzf+GfPChQc6omBDxPdfLlF2NtuT1O2IRqCj2FUbrUB1jrLaBAyivusQuYFDRhgu7\nsPrRT8crSAIVa7vRJcBarxJ4M6BvgCoyMPSvE7i3Wc1yBiorvN9M7k0btbO6r6PZ\nrrh6ewt2KNAdpWKY2gQ5FKL+wEdKY39LiSJrsfo7jDWOHKmyzZTwIrayRY113vdd\n2Jo+fOBsplvnXsNPipgnkYqeLiH7h8ZZofQhm+HV061589j+/IdmZhsItpwJBbyQ\n/ZPmpsRgDh1n7EDqIX2UCEJsnbODQ2v5i2DVexeTlkBR1OL9cITYfl3ronzGIv/B\nNHibONL/XcWt9kY49Bfj6C/1Pb+hVQIQ7p5vWCA947afzNEDS43hKHoeAWO5oiw4\niMBnlCIww+D/VQ8RCKP9L9cOdlhtfH2Z0SHZIg9VLWQ5SFTQW51KClmx7CITWELi\nUhJERTOwfxzz0y+hhquJFpme8EuyMwIDAQABAoICADuj7fNbl8Tpmy/fDdG+KbF3\nJ9zPSM1kpc8boaVeQ6GS6vDWXnPYLUXpqNkxNT7L6hBdnBUgM2l0TxeLx5A4e57x\nNVffkc+HPjSa+mzy2ym2hjSNgcT/e8DYcDR/zIGC/YmH/ifAhw16BlCgF4bA9PFr\njkjltuU/Qedeji8NAGuiATSjNxxtv9Bo/ttZCYfrfHjNBfKdWv0Azqmvei036P+X\ng+zRC+lE0UaVHxvd0IP/dH12AL5tSxcPu323Jq5B6aGaRbdR7Abcnr5lEUz25kez\nCWpInaYhQ/pPSmLrgZyFH1LCS1n7xS0l7GzW5ZzKbckTs8g4gmhx7as/9dtEWgd2\nrnZatBqj01Pdtceq+eLv5Qgo76YHHgxOdIRsyC5osgaWtrgYWyPa0aNfnRe8dx6Q\nyNkBiH3IxKi5Goov/WtudTKFuJOZmHleaZuRR/HDiSTnzbtp03sOgiaCLbEY13Rc\ng8aTm+FL++jRCNoGziBonE6zgFw/LviMFnTyTNO5Vp74npB+6vREM2A0GQTa6Tjh\nnEGaaIr1Fd702LzgySeBmmq5u0QQHesp+ziA8dsFV8CjqeMXzhJ8HSmbEulh+8y4\n9p8a3cRzAMzpgrZTFjxbWjphhhTzCEcVDmwn4fKBtBMJLkNEzGHUm51FrYq4nvJr\nwwJqOPx+c13IQ6n7X8/ZAoIBAQDj/s8lHIQBwkA8RGIJm8FJVvnNh9y+3QfRJCoP\nriPfxId3xHBQvhOztOgei/CUCeneskXWK/FGQvwzkkkeM9zvDGHOUnQV+/GUDgTR\nSIbmpx759ouFqNma+rEyN1Wa1Caut5QdbmaABHsnHDs4/9d8OmOyont9UacKP1u9\nfDOkxaSNxWYsnpS+v/Z+jqTRRz/1M/OlCxKL43GKy2Fi98mMvE3V8zw5pupFUDNp\n8Lw3ZH1ZlebZHju24ggtpSSvgLo55LZHGL+LT9NOAN0ituJF9wdTjPCmwtwVHlSl\nML02krU0eyw2ML/IIY5MJmzokS/JAI8/X5CL2Oju4WA+T++nAoIBAQDFAhC+L4Ty\nY+BDmjoDrk5ZB188ZKPPSyzmHiXgmEeRLLrNPtQv3PPlNlKMQZZwRNqCKvANQcZM\nTYWUVYmzEgmjHoJKcVz25RCJ6rSMHvce0VLA+m1QlnXTndApc/60nklBJm1AdU5q\nFK9ryd4+WjS0U9926gu3G7xFCummEr/XmjI2m7/JX20ZvcU5P+u30HhkUNT1d+b9\nIJ+E0wb172HkW+oNKmo0qiDoOsugl/7UDV+WAGs31zzIO5YQ4ydZR9TUtj4qk/Ir\nNNaZM7+Pud3XxSW/aYKYW8pEpedSo/vvfrUuemPj2CzntvCPMQFLCIlv2ItEZpN2\nc6fezMcW59qVAoIBAQC/SwzsO1e6zgvtRQbovulWqoYfX23kKjmjzW8JBvgMiK2M\n3KHL7R9EuXXEI2/wFb1G31bfErF2XT+T2ZpFoAgv/biWTvIde+0+ZuC949dj8TZ5\nTdXUiE5DzTEdS/YkWPo3v8mjQ/z2TkwyDWrXMTnQfoEl4VQxWnAHlg9YFbyS9E1T\nshs/NrLgtNmRaAd7nAdaqYM0p+yguG2MoYYNbo+J6Hh6GYIfcR/AlkD9E0IoS8Us\nhCxTYR2DHXT1L0lvg1c8udwCHQ6hSZGmMe1Ycg+52kEoZemIUZgsk+07SICJKGCn\nLu1ybkaLGTR2Sgs4upBYWoLWDk2OOKl/vFNvFMyjAoIBAQCnrY5akU9yjxd98nKW\nV3FPzTp9yJq0AKQCaH6Mno+rPIrxzhwDcOgVmxq/TcOhYrkoOSt/3Q/OOd0L15IP\n27ZgI8N5YOtjKKve9ukcqe5jSH5Kydro0GcQ6i0WWyfayy5GSVKLnkxTda+o6nRC\nVbyuDwUPzTyTaQPhL9yWATdPZmp+mCmwV4wgcKjAhWs3VDRkDXh0RM1RfMbI4mP2\nRvzmxGR9ODCVCohfoEtYMIYwLgHBRjH7oTKWqkCbtvryvnSjZ0maK7nelGZiluzg\ng64RzDbIqCEDVHzf2OT+LZxsx0eme30xm/j8b3RoK6mSF34CuCgw261/EAk9VMXO\n9R/RAoIBAQCwHo2FDXCtECdtpnfteWQJqScHy7pr4U0gqz3BzidWLweE1Ns2xOYk\nnZ1EbAewVRKXX/8dK/AQpsve8M+WHiOxgEHp/Wo9TTQxscZbg2g/LdpL4uST4D2d\nQBkZfr9kwbqE65JsIg+QvdEgAymYSZoXCpgc/zLyDySUfbl5pc4DAURxArDyKO3J\nUczwPcps91gwTWPix1aXyM2D42r8rtSYDp+UYCuS/pSmcoWnfk5vmlxBUC7myBLt\nkl/6/QIi+cXpyqTYYST77s7Jx7WXs8G0M6Al9ldiPovGSeRtnnG+4AnEQciNpMcj\nAzRY4kjGroW2Mmx6PXX8/5YQQXpV4ZBF\n-----END PRIVATE KEY-----\n",
            "public_key_fingerprint_md5": "49:d4:7a:e4:85:40:03:19:1b:b1:bc:4e:6b:26:6c:81",
            "public_key_fingerprint_sha256": "SHA256:b89TOATOsakmJdsetw7EAGnNlFVATegRpFal6Lck4qs",
            "public_key_openssh": "ssh-rsa AAAAB3NzaC1yc2EAAAADAQABAAACAQCvdOxOe54NAFt9nkVxHMHWV0h0YLuBhC32wRd9LYHL7RFQrNOcMMiTofvfbulCDlQZanPYMjOpoBjGPcq/YgK6eTHIae02VU+lpKFL2SjQP53xQ62cSick+I3Raa1vlwBLFMjq3+m6q++ezt/1nfj4r39YLPP6sU6HoUfOk5HqxK2ZwH5/CfFuLhK8QV/ulx64dWJx66HXYtYGzf+GfPChQc6omBDxPdfLlF2NtuT1O2IRqCj2FUbrUB1jrLaBAyivusQuYFDRhgu7sPrRT8crSAIVa7vRJcBarxJ4M6BvgCoyMPSvE7i3Wc1yBiorvN9M7k0btbO6r6PZrrh6ewt2KNAdpWKY2gQ5FKL+wEdKY39LiSJrsfo7jDWOHKmyzZTwIrayRY113vdd2Jo+fOBsplvnXsNPipgnkYqeLiH7h8ZZofQhm+HV061589j+/IdmZhsItpwJBbyQ/ZPmpsRgDh1n7EDqIX2UCEJsnbODQ2v5i2DVexeTlkBR1OL9cITYfl3ronzGIv/BNHibONL/XcWt9kY49Bfj6C/1Pb+hVQIQ7p5vWCA947afzNEDS43hKHoeAWO5oiw4iMBnlCIww+D/VQ8RCKP9L9cOdlhtfH2Z0SHZIg9VLWQ5SFTQW51KClmx7CITWELiUhJERTOwfxzz0y+hhquJFpme8EuyMw==\n",
            "public_key_pem": "-----BEGIN PUBLIC KEY-----\nMIICIjANBgkqhkiG9w0BAQEFAAOCAg8AMIICCgKCAgEAr3TsTnueDQBbfZ5FcRzB\n1ldIdGC7gYQt9sEXfS2By+0RUKzTnDDIk6H7327pQg5UGWpz2DIzqaAYxj3Kv2IC\nunkxyGntNlVPpaShS9ko0D+d8UOtnEonJPiN0Wmtb5cASxTI6t/puqvvns7f9Z34\n+K9/WCzz+rFOh6FHzpOR6sStmcB+fwnxbi4SvEFf7pceuHViceuh12LWBs3/hnzw\noUHOqJgQ8T3Xy5Rdjbbk9TtiEago9hVG61AdY6y2gQMor7rELmBQ0YYLu7D60U/H\nK0gCFWu70SXAWq8SeDOgb4AqMjD0rxO4t1nNcgYqK7zfTO5NG7Wzuq+j2a64ensL\ndijQHaVimNoEORSi/sBHSmN/S4kia7H6O4w1jhypss2U8CK2skWNdd73XdiaPnzg\nbKZb517DT4qYJ5GKni4h+4fGWaH0IZvh1dOtefPY/vyHZmYbCLacCQW8kP2T5qbE\nYA4dZ+xA6iF9lAhCbJ2zg0Nr+Ytg1XsXk5ZAUdTi/XCE2H5d66J8xiL/wTR4mzjS\n/13FrfZGOPQX4+gv9T2/oVUCEO6eb1ggPeO2n8zRA0uN4Sh6HgFjuaIsOIjAZ5Qi\nMMPg/1UPEQij/S/XDnZYbXx9mdEh2SIPVS1kOUhU0FudSgpZsewiE1hC4lISREUz\nsH8c89MvoYariRaZnvBLsjMCAwEAAQ==\n-----END PUBLIC KEY-----\n",
            "rsa_bits": 4096
          },
          "sensitive_attributes": []
        }
      ]
    },
    {
      "module": "module.iam",
      "mode": "managed",
      "type": "aws_iam_instance_profile",
      "name": "private",
      "provider": "provider[\"registry.terraform.io/hashicorp/aws\"]",
      "instances": [
        {
          "schema_version": 0,
          "attributes": {
            "arn": "arn:aws:iam::057845469470:instance-profile/jsp-private",
            "create_date": "2024-02-26T01:11:25Z",
            "id": "jsp-private",
            "name": "jsp-private",
            "name_prefix": "",
            "path": "/",
            "role": "jsp-private-role",
            "tags": {},
            "tags_all": {},
            "unique_id": "AIPAQ25632EPMEER6HYP2"
          },
          "sensitive_attributes": [],
          "private": "bnVsbA==",
          "dependencies": [
            "module.iam.aws_iam_role.jsp_private"
          ],
          "create_before_destroy": true
        }
      ]
    },
    {
      "module": "module.iam",
      "mode": "managed",
      "type": "aws_iam_role",
      "name": "jsp_private",
      "provider": "provider[\"registry.terraform.io/hashicorp/aws\"]",
      "instances": [
        {
          "schema_version": 0,
          "attributes": {
            "arn": "arn:aws:iam::057845469470:role/jsp-private-role",
            "assume_role_policy": "{\"Statement\":[{\"Action\":\"sts:AssumeRole\",\"Effect\":\"Allow\",\"Principal\":{\"Service\":\"ec2.amazonaws.com\"},\"Sid\":\"\"}],\"Version\":\"2012-10-17\"}",
            "create_date": "2024-02-26T01:11:23Z",
            "description": "",
            "force_detach_policies": false,
            "id": "jsp-private-role",
            "inline_policy": [],
            "managed_policy_arns": [
              "arn:aws:iam::aws:policy/AmazonS3FullAccess",
              "arn:aws:iam::aws:policy/AmazonSSMManagedInstanceCore"
            ],
            "max_session_duration": 3600,
            "name": "jsp-private-role",
            "name_prefix": "",
            "path": "/",
            "permissions_boundary": "",
            "tags": {},
            "tags_all": {},
            "unique_id": "AROAQ25632EPEFOCG4EJJ"
          },
          "sensitive_attributes": [],
          "private": "bnVsbA==",
          "create_before_destroy": true
        }
      ]
    },
    {
      "module": "module.iam",
      "mode": "managed",
      "type": "aws_iam_role_policy_attachment",
      "name": "jsp_private_for_s3",
      "provider": "provider[\"registry.terraform.io/hashicorp/aws\"]",
      "instances": [
        {
          "schema_version": 0,
          "attributes": {
            "id": "jsp-private-role-20240226011124807700000003",
            "policy_arn": "arn:aws:iam::aws:policy/AmazonS3FullAccess",
            "role": "jsp-private-role"
          },
          "sensitive_attributes": [],
          "private": "bnVsbA==",
          "dependencies": [
            "module.iam.aws_iam_role.jsp_private"
          ]
        }
      ]
    },
    {
      "module": "module.iam",
      "mode": "managed",
      "type": "aws_iam_role_policy_attachment",
      "name": "jsp_private_for_ssm",
      "provider": "provider[\"registry.terraform.io/hashicorp/aws\"]",
      "instances": [
        {
          "schema_version": 0,
          "attributes": {
            "id": "jsp-private-role-20240226011125055900000004",
            "policy_arn": "arn:aws:iam::aws:policy/AmazonSSMManagedInstanceCore",
            "role": "jsp-private-role"
          },
          "sensitive_attributes": [],
          "private": "bnVsbA==",
          "dependencies": [
            "module.iam.aws_iam_role.jsp_private"
          ]
        }
      ]
    },
    {
      "module": "module.lb",
      "mode": "managed",
      "type": "aws_lb",
      "name": "web_lb",
      "provider": "provider[\"registry.terraform.io/hashicorp/aws\"]",
      "instances": [
        {
          "schema_version": 0,
          "attributes": {
            "access_logs": [
              {
                "bucket": "",
                "enabled": false,
                "prefix": ""
              }
            ],
            "arn": "arn:aws:elasticloadbalancing:ap-northeast-2:057845469470:loadbalancer/app/jsp-default-web-lb/df6b04eed462c6f8",
            "arn_suffix": "app/jsp-default-web-lb/df6b04eed462c6f8",
            "connection_logs": [
              {
                "bucket": "",
                "enabled": false,
                "prefix": ""
              }
            ],
            "customer_owned_ipv4_pool": "",
            "desync_mitigation_mode": "defensive",
            "dns_name": "jsp-default-web-lb-1436745161.ap-northeast-2.elb.amazonaws.com",
            "dns_record_client_routing_policy": null,
            "drop_invalid_header_fields": false,
            "enable_cross_zone_load_balancing": true,
            "enable_deletion_protection": false,
            "enable_http2": true,
            "enable_tls_version_and_cipher_suite_headers": false,
            "enable_waf_fail_open": false,
            "enable_xff_client_port": false,
            "enforce_security_group_inbound_rules_on_private_link_traffic": "",
            "id": "arn:aws:elasticloadbalancing:ap-northeast-2:057845469470:loadbalancer/app/jsp-default-web-lb/df6b04eed462c6f8",
            "idle_timeout": 60,
            "internal": false,
            "ip_address_type": "ipv4",
            "load_balancer_type": "application",
            "name": "jsp-default-web-lb",
            "name_prefix": "",
            "preserve_host_header": false,
            "security_groups": [
              "sg-0da68d18e7313bc41"
            ],
            "subnet_mapping": [
              {
                "allocation_id": "",
                "ipv6_address": "",
                "outpost_id": "",
                "private_ipv4_address": "",
                "subnet_id": "subnet-056e5018ce19e77d7"
              },
              {
                "allocation_id": "",
                "ipv6_address": "",
                "outpost_id": "",
                "private_ipv4_address": "",
                "subnet_id": "subnet-05acd95c15cee7c08"
              }
            ],
            "subnets": [
              "subnet-056e5018ce19e77d7",
              "subnet-05acd95c15cee7c08"
            ],
            "tags": {
              "MadeBy": "jsp",
              "Name": "jsp-default-web-lb"
            },
            "tags_all": {
              "MadeBy": "jsp",
              "Name": "jsp-default-web-lb"
            },
            "timeouts": null,
            "vpc_id": "vpc-08e8693daae7b492e",
            "xff_header_processing_mode": "append",
            "zone_id": "ZWKZPGTI48KDX"
          },
          "sensitive_attributes": [],
          "private": "eyJlMmJmYjczMC1lY2FhLTExZTYtOGY4OC0zNDM2M2JjN2M0YzAiOnsiY3JlYXRlIjo2MDAwMDAwMDAwMDAsImRlbGV0ZSI6NjAwMDAwMDAwMDAwLCJ1cGRhdGUiOjYwMDAwMDAwMDAwMH19",
          "dependencies": [
            "module.sg.aws_security_group.web_lb_sg",
            "module.vpc.aws_subnet.web_lb",
            "module.vpc.aws_vpc.vpc"
          ]
        }
      ]
    },
    {
      "module": "module.lb",
      "mode": "managed",
      "type": "aws_lb_listener",
      "name": "https_forward",
      "provider": "provider[\"registry.terraform.io/hashicorp/aws\"]",
      "instances": [
        {
          "schema_version": 0,
          "attributes": {
            "alpn_policy": null,
            "arn": "arn:aws:elasticloadbalancing:ap-northeast-2:057845469470:listener/app/jsp-default-web-lb/df6b04eed462c6f8/7d6d3b7a8e625570",
            "certificate_arn": "arn:aws:acm:ap-northeast-2:057845469470:certificate/aa5ec684-4c50-432d-b850-67ca951dbd34",
            "default_action": [
              {
                "authenticate_cognito": [],
                "authenticate_oidc": [],
                "fixed_response": [],
                "forward": [],
                "order": 1,
                "redirect": [],
                "target_group_arn": "arn:aws:elasticloadbalancing:ap-northeast-2:057845469470:targetgroup/jsp-default-web-lb-tg/0f898792fbfe5743",
                "type": "forward"
              }
            ],
            "id": "arn:aws:elasticloadbalancing:ap-northeast-2:057845469470:listener/app/jsp-default-web-lb/df6b04eed462c6f8/7d6d3b7a8e625570",
            "load_balancer_arn": "arn:aws:elasticloadbalancing:ap-northeast-2:057845469470:loadbalancer/app/jsp-default-web-lb/df6b04eed462c6f8",
            "mutual_authentication": [
              {
                "ignore_client_certificate_expiry": false,
                "mode": "off",
                "trust_store_arn": ""
              }
            ],
            "port": 443,
            "protocol": "HTTPS",
            "ssl_policy": "ELBSecurityPolicy-2016-08",
            "tags": {},
            "tags_all": {},
            "timeouts": null
          },
          "sensitive_attributes": [],
          "private": "eyJlMmJmYjczMC1lY2FhLTExZTYtOGY4OC0zNDM2M2JjN2M0YzAiOnsiY3JlYXRlIjozMDAwMDAwMDAwMDAsInVwZGF0ZSI6MzAwMDAwMDAwMDAwfX0=",
          "dependencies": [
            "module.lb.aws_lb.web_lb",
            "module.lb.aws_lb_target_group.web_lb_tg",
            "module.route53.aws_acm_certificate.jsp_tech_acm",
            "module.route53.aws_acm_certificate_validation.acm_validation",
            "module.route53.aws_route53_record.acm_record",
            "module.route53.aws_route53_zone.jsp_route53",
            "module.sg.aws_security_group.web_lb_sg",
            "module.vpc.aws_subnet.web_lb",
            "module.vpc.aws_vpc.vpc"
          ]
        }
      ]
    },
    {
      "module": "module.lb",
      "mode": "managed",
      "type": "aws_lb_listener",
      "name": "web_http",
      "provider": "provider[\"registry.terraform.io/hashicorp/aws\"]",
      "instances": [
        {
          "schema_version": 0,
          "attributes": {
            "alpn_policy": null,
            "arn": "arn:aws:elasticloadbalancing:ap-northeast-2:057845469470:listener/app/jsp-default-web-lb/df6b04eed462c6f8/34f97ef7c6baf876",
            "certificate_arn": null,
            "default_action": [
              {
                "authenticate_cognito": [],
                "authenticate_oidc": [],
                "fixed_response": [],
                "forward": [],
                "order": 1,
                "redirect": [
                  {
                    "host": "#{host}",
                    "path": "/#{path}",
                    "port": "443",
                    "protocol": "HTTPS",
                    "query": "#{query}",
                    "status_code": "HTTP_301"
                  }
                ],
                "target_group_arn": "",
                "type": "redirect"
              }
            ],
            "id": "arn:aws:elasticloadbalancing:ap-northeast-2:057845469470:listener/app/jsp-default-web-lb/df6b04eed462c6f8/34f97ef7c6baf876",
            "load_balancer_arn": "arn:aws:elasticloadbalancing:ap-northeast-2:057845469470:loadbalancer/app/jsp-default-web-lb/df6b04eed462c6f8",
            "mutual_authentication": [],
            "port": 80,
            "protocol": "HTTP",
            "ssl_policy": "",
            "tags": {},
            "tags_all": {},
            "timeouts": null
          },
          "sensitive_attributes": [],
          "private": "eyJlMmJmYjczMC1lY2FhLTExZTYtOGY4OC0zNDM2M2JjN2M0YzAiOnsiY3JlYXRlIjozMDAwMDAwMDAwMDAsInVwZGF0ZSI6MzAwMDAwMDAwMDAwfX0=",
          "dependencies": [
            "module.lb.aws_lb.web_lb",
            "module.sg.aws_security_group.web_lb_sg",
            "module.vpc.aws_subnet.web_lb",
            "module.vpc.aws_vpc.vpc"
          ]
        }
      ]
    },
    {
      "module": "module.lb",
      "mode": "managed",
      "type": "aws_lb_target_group",
      "name": "web_lb_tg",
      "provider": "provider[\"registry.terraform.io/hashicorp/aws\"]",
      "instances": [
        {
          "schema_version": 0,
          "attributes": {
            "arn": "arn:aws:elasticloadbalancing:ap-northeast-2:057845469470:targetgroup/jsp-default-web-lb-tg/0f898792fbfe5743",
            "arn_suffix": "targetgroup/jsp-default-web-lb-tg/0f898792fbfe5743",
            "connection_termination": null,
            "deregistration_delay": "300",
            "health_check": [
              {
                "enabled": true,
                "healthy_threshold": 2,
                "interval": 30,
                "matcher": "200,301",
                "path": "/health",
                "port": "traffic-port",
                "protocol": "HTTP",
                "timeout": 5,
                "unhealthy_threshold": 2
              }
            ],
            "id": "arn:aws:elasticloadbalancing:ap-northeast-2:057845469470:targetgroup/jsp-default-web-lb-tg/0f898792fbfe5743",
            "ip_address_type": "ipv4",
            "lambda_multi_value_headers_enabled": false,
            "load_balancing_algorithm_type": "round_robin",
            "load_balancing_anomaly_mitigation": "off",
            "load_balancing_cross_zone_enabled": "use_load_balancer_configuration",
            "name": "jsp-default-web-lb-tg",
            "name_prefix": "",
            "port": 80,
            "preserve_client_ip": null,
            "protocol": "HTTP",
            "protocol_version": "HTTP1",
            "proxy_protocol_v2": false,
            "slow_start": 0,
            "stickiness": [
              {
                "cookie_duration": 86400,
                "cookie_name": "",
                "enabled": false,
                "type": "lb_cookie"
              }
            ],
            "tags": {},
            "tags_all": {},
            "target_failover": [
              {
                "on_deregistration": null,
                "on_unhealthy": null
              }
            ],
            "target_health_state": [
              {
                "enable_unhealthy_connection_termination": null
              }
            ],
            "target_type": "instance",
            "vpc_id": "vpc-08e8693daae7b492e"
          },
          "sensitive_attributes": [],
          "private": "bnVsbA==",
          "dependencies": [
            "module.vpc.aws_vpc.vpc"
          ]
        }
      ]
    },
    {
      "module": "module.route53",
      "mode": "managed",
      "type": "aws_acm_certificate",
      "name": "jsp_tech_acm",
      "provider": "provider[\"registry.terraform.io/hashicorp/aws\"]",
      "instances": [
        {
          "schema_version": 0,
          "attributes": {
            "arn": "arn:aws:acm:ap-northeast-2:057845469470:certificate/aa5ec684-4c50-432d-b850-67ca951dbd34",
            "certificate_authority_arn": "",
            "certificate_body": null,
            "certificate_chain": null,
            "domain_name": "*.jsp-tech.store",
            "domain_validation_options": [
              {
                "domain_name": "*.jsp-tech.store",
                "resource_record_name": "_5fbba7b16075fe62b443cc19c69fba26.jsp-tech.store.",
                "resource_record_type": "CNAME",
                "resource_record_value": "_4d802abf3d572570c844067c0cb06bce.mhbtsbpdnt.acm-validations.aws."
              }
            ],
            "early_renewal_duration": "",
            "id": "arn:aws:acm:ap-northeast-2:057845469470:certificate/aa5ec684-4c50-432d-b850-67ca951dbd34",
            "key_algorithm": "RSA_2048",
            "not_after": "2025-03-27T23:59:59Z",
            "not_before": "2024-02-26T00:00:00Z",
            "options": [
              {
                "certificate_transparency_logging_preference": "ENABLED"
              }
            ],
            "pending_renewal": false,
            "private_key": null,
            "renewal_eligibility": "ELIGIBLE",
            "renewal_summary": [],
            "status": "ISSUED",
            "subject_alternative_names": [
              "*.jsp-tech.store"
            ],
            "tags": {
              "Name": "jsp-default-acm"
            },
            "tags_all": {
              "Name": "jsp-default-acm"
            },
            "type": "AMAZON_ISSUED",
            "validation_emails": [],
            "validation_method": "DNS",
            "validation_option": []
          },
          "sensitive_attributes": [],
          "private": "bnVsbA==",
          "create_before_destroy": true
        }
      ]
    },
    {
      "module": "module.route53",
      "mode": "managed",
      "type": "aws_acm_certificate",
      "name": "jsp_tech_cf_acm",
      "provider": "provider[\"registry.terraform.io/hashicorp/aws\"].us-east-1",
      "instances": [
        {
          "schema_version": 0,
          "attributes": {
            "arn": "arn:aws:acm:us-east-1:057845469470:certificate/40c9d936-a213-4a71-aaf1-39675f71909c",
            "certificate_authority_arn": "",
            "certificate_body": null,
            "certificate_chain": null,
            "domain_name": "*.jsp-tech.store",
            "domain_validation_options": [
              {
                "domain_name": "*.jsp-tech.store",
                "resource_record_name": "_5fbba7b16075fe62b443cc19c69fba26.jsp-tech.store.",
                "resource_record_type": "CNAME",
                "resource_record_value": "_4d802abf3d572570c844067c0cb06bce.mhbtsbpdnt.acm-validations.aws."
              }
            ],
            "early_renewal_duration": "",
            "id": "arn:aws:acm:us-east-1:057845469470:certificate/40c9d936-a213-4a71-aaf1-39675f71909c",
            "key_algorithm": "RSA_2048",
            "not_after": "2025-03-23T23:59:59Z",
            "not_before": "2024-02-22T00:00:00Z",
            "options": [
              {
                "certificate_transparency_logging_preference": "ENABLED"
              }
            ],
            "pending_renewal": false,
            "private_key": null,
            "renewal_eligibility": "ELIGIBLE",
            "renewal_summary": [],
            "status": "ISSUED",
            "subject_alternative_names": [
              "*.jsp-tech.store"
            ],
            "tags": {
              "Name": "jsp-default-cf-acm"
            },
            "tags_all": {
              "Name": "jsp-default-cf-acm"
            },
            "type": "AMAZON_ISSUED",
            "validation_emails": [],
            "validation_method": "DNS",
            "validation_option": []
          },
          "sensitive_attributes": [],
          "private": "bnVsbA==",
          "create_before_destroy": true
        }
      ]
    },
    {
      "module": "module.route53",
      "mode": "managed",
      "type": "aws_acm_certificate_validation",
      "name": "acm_validation",
      "provider": "provider[\"registry.terraform.io/hashicorp/aws\"]",
      "instances": [
        {
          "schema_version": 0,
          "attributes": {
            "certificate_arn": "arn:aws:acm:ap-northeast-2:057845469470:certificate/aa5ec684-4c50-432d-b850-67ca951dbd34",
            "id": "0001-01-01 00:00:00 +0000 UTC",
            "timeouts": null,
            "validation_record_fqdns": [
              "_5fbba7b16075fe62b443cc19c69fba26.jsp-tech.store"
            ]
          },
          "sensitive_attributes": [],
          "private": "eyJlMmJmYjczMC1lY2FhLTExZTYtOGY4OC0zNDM2M2JjN2M0YzAiOnsiY3JlYXRlIjo0NTAwMDAwMDAwMDAwfX0=",
          "dependencies": [
            "module.route53.aws_acm_certificate.jsp_tech_acm",
            "module.route53.aws_route53_record.acm_record",
            "module.route53.aws_route53_zone.jsp_route53"
          ]
        }
      ]
    },
    {
      "module": "module.route53",
      "mode": "managed",
      "type": "aws_acm_certificate_validation",
      "name": "cf_acm_validation",
      "provider": "provider[\"registry.terraform.io/hashicorp/aws\"].us-east-1",
      "instances": [
        {
          "schema_version": 0,
          "attributes": {
            "certificate_arn": "arn:aws:acm:us-east-1:057845469470:certificate/40c9d936-a213-4a71-aaf1-39675f71909c",
            "id": "2024-02-22 03:30:47.412 +0000 UTC",
            "timeouts": null,
            "validation_record_fqdns": [
              "_5fbba7b16075fe62b443cc19c69fba26.jsp-tech.store"
            ]
          },
          "sensitive_attributes": [],
          "private": "eyJlMmJmYjczMC1lY2FhLTExZTYtOGY4OC0zNDM2M2JjN2M0YzAiOnsiY3JlYXRlIjo0NTAwMDAwMDAwMDAwfX0=",
          "dependencies": [
            "module.route53.aws_acm_certificate.jsp_tech_cf_acm",
            "module.route53.aws_route53_record.cf_acm_record",
            "module.route53.aws_route53_zone.jsp_route53"
          ]
        }
      ]
    },
    {
      "module": "module.route53",
      "mode": "managed",
      "type": "aws_route53_record",
      "name": "acm_record",
      "provider": "provider[\"registry.terraform.io/hashicorp/aws\"]",
      "instances": [
        {
          "index_key": "*.jsp-tech.store",
          "schema_version": 2,
          "attributes": {
            "alias": [],
            "allow_overwrite": true,
            "cidr_routing_policy": [],
            "failover_routing_policy": [],
            "fqdn": "_5fbba7b16075fe62b443cc19c69fba26.jsp-tech.store",
            "geolocation_routing_policy": [],
            "health_check_id": "",
            "id": "Z000043599ZB4L54ZRK3__5fbba7b16075fe62b443cc19c69fba26.jsp-tech.store._CNAME",
            "latency_routing_policy": [],
            "multivalue_answer_routing_policy": false,
            "name": "_5fbba7b16075fe62b443cc19c69fba26.jsp-tech.store",
            "records": [
              "_4d802abf3d572570c844067c0cb06bce.mhbtsbpdnt.acm-validations.aws."
            ],
            "set_identifier": "",
            "ttl": 60,
            "type": "CNAME",
            "weighted_routing_policy": [],
            "zone_id": "Z000043599ZB4L54ZRK3"
          },
          "sensitive_attributes": [],
          "private": "eyJzY2hlbWFfdmVyc2lvbiI6IjIifQ==",
          "dependencies": [
            "module.route53.aws_acm_certificate.jsp_tech_acm",
            "module.route53.aws_route53_zone.jsp_route53"
          ]
        }
      ]
    },
    {
      "module": "module.route53",
      "mode": "managed",
      "type": "aws_route53_record",
      "name": "cf_acm_record",
      "provider": "provider[\"registry.terraform.io/hashicorp/aws\"].us-east-1",
      "instances": [
        {
          "index_key": "*.jsp-tech.store",
          "schema_version": 2,
          "attributes": {
            "alias": [],
            "allow_overwrite": true,
            "cidr_routing_policy": [],
            "failover_routing_policy": [],
            "fqdn": "_5fbba7b16075fe62b443cc19c69fba26.jsp-tech.store",
            "geolocation_routing_policy": [],
            "health_check_id": "",
            "id": "Z000043599ZB4L54ZRK3__5fbba7b16075fe62b443cc19c69fba26.jsp-tech.store._CNAME",
            "latency_routing_policy": [],
            "multivalue_answer_routing_policy": false,
            "name": "_5fbba7b16075fe62b443cc19c69fba26.jsp-tech.store",
            "records": [
              "_4d802abf3d572570c844067c0cb06bce.mhbtsbpdnt.acm-validations.aws."
            ],
            "set_identifier": "",
            "ttl": 60,
            "type": "CNAME",
            "weighted_routing_policy": [],
            "zone_id": "Z000043599ZB4L54ZRK3"
          },
          "sensitive_attributes": [],
          "private": "eyJzY2hlbWFfdmVyc2lvbiI6IjIifQ==",
          "dependencies": [
            "module.route53.aws_acm_certificate.jsp_tech_cf_acm",
            "module.route53.aws_route53_zone.jsp_route53"
          ]
        }
      ]
    },
    {
      "module": "module.route53",
      "mode": "managed",
      "type": "aws_route53_record",
      "name": "www",
      "provider": "provider[\"registry.terraform.io/hashicorp/aws\"]",
      "instances": [
        {
          "schema_version": 2,
          "attributes": {
            "alias": [
              {
                "evaluate_target_health": false,
                "name": "d1tj7com9ge738.cloudfront.net",
                "zone_id": "Z2FDTNDATAQYW2"
              }
            ],
            "allow_overwrite": null,
            "cidr_routing_policy": [],
            "failover_routing_policy": [],
            "fqdn": "www.jsp-tech.store",
            "geolocation_routing_policy": [],
            "health_check_id": "",
            "id": "Z000043599ZB4L54ZRK3_www_A",
            "latency_routing_policy": [],
            "multivalue_answer_routing_policy": false,
            "name": "www",
            "records": [],
            "set_identifier": "",
            "ttl": 0,
            "type": "A",
            "weighted_routing_policy": [],
            "zone_id": "Z000043599ZB4L54ZRK3"
          },
          "sensitive_attributes": [],
          "private": "eyJzY2hlbWFfdmVyc2lvbiI6IjIifQ==",
          "dependencies": [
            "module.cloudfront.aws_cloudfront_distribution.cf_dist",
            "module.lb.aws_lb.web_lb",
            "module.route53.aws_acm_certificate.jsp_tech_cf_acm",
            "module.route53.aws_route53_zone.jsp_route53",
            "module.sg.aws_security_group.web_lb_sg",
            "module.vpc.aws_subnet.web_lb",
            "module.vpc.aws_vpc.vpc",
            "module.waf.aws_wafv2_ip_set.ipset_global",
            "module.waf.aws_wafv2_web_acl.waf_acl"
          ]
        }
      ]
    },
    {
      "module": "module.route53",
      "mode": "managed",
      "type": "aws_route53_zone",
      "name": "jsp_route53",
      "provider": "provider[\"registry.terraform.io/hashicorp/aws\"]",
      "instances": [
        {
          "schema_version": 0,
          "attributes": {
            "arn": "arn:aws:route53:::hostedzone/Z000043599ZB4L54ZRK3",
            "comment": "Managed by Terraform",
            "delegation_set_id": "",
            "force_destroy": false,
            "id": "Z000043599ZB4L54ZRK3",
            "name": "jsp-tech.store",
            "name_servers": [
              "ns-1483.awsdns-57.org",
              "ns-1621.awsdns-10.co.uk",
              "ns-252.awsdns-31.com",
              "ns-949.awsdns-54.net"
            ],
            "primary_name_server": "ns-1483.awsdns-57.org",
            "tags": {},
            "tags_all": {},
            "vpc": [],
            "zone_id": "Z000043599ZB4L54ZRK3"
          },
          "sensitive_attributes": [],
          "private": "bnVsbA=="
        }
      ]
    },
    {
      "module": "module.sg",
      "mode": "managed",
      "type": "aws_security_group",
      "name": "private",
      "provider": "provider[\"registry.terraform.io/hashicorp/aws\"]",
      "instances": [
        {
          "schema_version": 1,
          "attributes": {
            "arn": "arn:aws:ec2:ap-northeast-2:057845469470:security-group/sg-086d69d7dbf1ff0b5",
            "description": "private security group for jsp",
            "egress": [
              {
                "cidr_blocks": [
                  "0.0.0.0/0"
                ],
                "description": "",
                "from_port": 0,
                "ipv6_cidr_blocks": [],
                "prefix_list_ids": [],
                "protocol": "-1",
                "security_groups": [],
                "self": false,
                "to_port": 0
              }
            ],
            "id": "sg-086d69d7dbf1ff0b5",
            "ingress": [
              {
                "cidr_blocks": [],
                "description": "",
                "from_port": 22,
                "ipv6_cidr_blocks": [],
                "prefix_list_ids": [],
                "protocol": "tcp",
                "security_groups": [
                  "sg-0d794e5ffa6f9d2b1"
                ],
                "self": false,
                "to_port": 22
              },
              {
                "cidr_blocks": [],
                "description": "",
                "from_port": 443,
                "ipv6_cidr_blocks": [],
                "prefix_list_ids": [],
                "protocol": "tcp",
                "security_groups": [
                  "sg-0da68d18e7313bc41"
                ],
                "self": false,
                "to_port": 443
              },
              {
                "cidr_blocks": [],
                "description": "",
                "from_port": 80,
                "ipv6_cidr_blocks": [],
                "prefix_list_ids": [],
                "protocol": "tcp",
                "security_groups": [
                  "sg-0da68d18e7313bc41"
                ],
                "self": false,
                "to_port": 80
              }
            ],
            "name": "jsp-private-sg",
            "name_prefix": "",
            "owner_id": "057845469470",
            "revoke_rules_on_delete": false,
            "tags": {
              "MadeBy": "jsp",
              "Name": "jsp-private-sg"
            },
            "tags_all": {
              "MadeBy": "jsp",
              "Name": "jsp-private-sg"
            },
            "timeouts": null,
            "vpc_id": "vpc-08e8693daae7b492e"
          },
          "sensitive_attributes": [],
          "private": "eyJlMmJmYjczMC1lY2FhLTExZTYtOGY4OC0zNDM2M2JjN2M0YzAiOnsiY3JlYXRlIjo2MDAwMDAwMDAwMDAsImRlbGV0ZSI6OTAwMDAwMDAwMDAwfSwic2NoZW1hX3ZlcnNpb24iOiIxIn0=",
          "dependencies": [
            "module.vpc.aws_vpc.vpc"
          ],
          "create_before_destroy": true
        }
      ]
    },
    {
      "module": "module.sg",
      "mode": "managed",
      "type": "aws_security_group",
      "name": "public",
      "provider": "provider[\"registry.terraform.io/hashicorp/aws\"]",
      "instances": [
        {
          "schema_version": 1,
          "attributes": {
            "arn": "arn:aws:ec2:ap-northeast-2:057845469470:security-group/sg-0d794e5ffa6f9d2b1",
            "description": "public security group for jsp",
            "egress": [
              {
                "cidr_blocks": [
                  "0.0.0.0/0"
                ],
                "description": "",
                "from_port": 0,
                "ipv6_cidr_blocks": [],
                "prefix_list_ids": [],
                "protocol": "-1",
                "security_groups": [],
                "self": false,
                "to_port": 0
              }
            ],
            "id": "sg-0d794e5ffa6f9d2b1",
            "ingress": [
              {
                "cidr_blocks": [
                  "211.115.223.215/32"
                ],
                "description": "From jsp RDP(random test ip)",
                "from_port": 3389,
                "ipv6_cidr_blocks": [],
                "prefix_list_ids": [],
                "protocol": "tcp",
                "security_groups": [],
                "self": false,
                "to_port": 3389
              },
              {
                "cidr_blocks": [
                  "211.115.223.215/32"
                ],
                "description": "From jsp SSH(random test ip)",
                "from_port": 22,
                "ipv6_cidr_blocks": [],
                "prefix_list_ids": [],
                "protocol": "tcp",
                "security_groups": [],
                "self": false,
                "to_port": 22
              }
            ],
            "name": "jsp-public-sg",
            "name_prefix": "",
            "owner_id": "057845469470",
            "revoke_rules_on_delete": false,
            "tags": {
              "MadeBy": "jsp",
              "Name": "jsp-public-sg"
            },
            "tags_all": {
              "MadeBy": "jsp",
              "Name": "jsp-public-sg"
            },
            "timeouts": null,
            "vpc_id": "vpc-08e8693daae7b492e"
          },
          "sensitive_attributes": [],
          "private": "eyJlMmJmYjczMC1lY2FhLTExZTYtOGY4OC0zNDM2M2JjN2M0YzAiOnsiY3JlYXRlIjo2MDAwMDAwMDAwMDAsImRlbGV0ZSI6OTAwMDAwMDAwMDAwfSwic2NoZW1hX3ZlcnNpb24iOiIxIn0=",
          "dependencies": [
            "module.vpc.aws_vpc.vpc"
          ]
        }
      ]
    },
    {
      "module": "module.sg",
      "mode": "managed",
      "type": "aws_security_group",
      "name": "web_lb_sg",
      "provider": "provider[\"registry.terraform.io/hashicorp/aws\"]",
      "instances": [
        {
          "schema_version": 1,
          "attributes": {
            "arn": "arn:aws:ec2:ap-northeast-2:057845469470:security-group/sg-0da68d18e7313bc41",
            "description": "WEB LB security group for jsp",
            "egress": [
              {
                "cidr_blocks": [
                  "0.0.0.0/0"
                ],
                "description": "",
                "from_port": 0,
                "ipv6_cidr_blocks": [],
                "prefix_list_ids": [],
                "protocol": "-1",
                "security_groups": [],
                "self": false,
                "to_port": 0
              }
            ],
            "id": "sg-0da68d18e7313bc41",
            "ingress": [
              {
                "cidr_blocks": [
                  "0.0.0.0/0"
                ],
                "description": "From lb http",
                "from_port": 80,
                "ipv6_cidr_blocks": [],
                "prefix_list_ids": [],
                "protocol": "tcp",
                "security_groups": [],
                "self": false,
                "to_port": 80
              },
              {
                "cidr_blocks": [
                  "0.0.0.0/0"
                ],
                "description": "From lb httpd",
                "from_port": 443,
                "ipv6_cidr_blocks": [],
                "prefix_list_ids": [],
                "protocol": "tcp",
                "security_groups": [],
                "self": false,
                "to_port": 443
              },
              {
                "cidr_blocks": [],
                "description": "Self Refer",
                "from_port": 0,
                "ipv6_cidr_blocks": [],
                "prefix_list_ids": [],
                "protocol": "-1",
                "security_groups": [],
                "self": true,
                "to_port": 0
              }
            ],
            "name": "jsp-web-lb-sg",
            "name_prefix": "",
            "owner_id": "057845469470",
            "revoke_rules_on_delete": false,
            "tags": {
              "MadeBy": "jsp",
              "Name": "jsp-web-lb-sg"
            },
            "tags_all": {
              "MadeBy": "jsp",
              "Name": "jsp-web-lb-sg"
            },
            "timeouts": null,
            "vpc_id": "vpc-08e8693daae7b492e"
          },
          "sensitive_attributes": [],
          "private": "eyJlMmJmYjczMC1lY2FhLTExZTYtOGY4OC0zNDM2M2JjN2M0YzAiOnsiY3JlYXRlIjo2MDAwMDAwMDAwMDAsImRlbGV0ZSI6OTAwMDAwMDAwMDAwfSwic2NoZW1hX3ZlcnNpb24iOiIxIn0=",
          "dependencies": [
            "module.vpc.aws_vpc.vpc"
          ]
        }
      ]
    },
    {
      "module": "module.sg",
      "mode": "managed",
      "type": "aws_security_group_rule",
      "name": "private_bastion_ingress",
      "provider": "provider[\"registry.terraform.io/hashicorp/aws\"]",
      "instances": [
        {
          "schema_version": 2,
          "attributes": {
            "cidr_blocks": null,
            "description": "",
            "from_port": 22,
            "id": "sgrule-1010660119",
            "ipv6_cidr_blocks": null,
            "prefix_list_ids": null,
            "protocol": "tcp",
            "security_group_id": "sg-086d69d7dbf1ff0b5",
            "security_group_rule_id": "sgr-03c30489b3257f29c",
            "self": false,
            "source_security_group_id": "sg-0d794e5ffa6f9d2b1",
            "timeouts": null,
            "to_port": 22,
            "type": "ingress"
          },
          "sensitive_attributes": [],
          "private": "eyJlMmJmYjczMC1lY2FhLTExZTYtOGY4OC0zNDM2M2JjN2M0YzAiOnsiY3JlYXRlIjozMDAwMDAwMDAwMDB9LCJzY2hlbWFfdmVyc2lvbiI6IjIifQ==",
          "dependencies": [
            "module.sg.aws_security_group.private",
            "module.sg.aws_security_group.public",
            "module.vpc.aws_vpc.vpc"
          ]
        }
      ]
    },
    {
      "module": "module.sg",
      "mode": "managed",
      "type": "aws_security_group_rule",
      "name": "private_http_lb_ingress",
      "provider": "provider[\"registry.terraform.io/hashicorp/aws\"]",
      "instances": [
        {
          "schema_version": 2,
          "attributes": {
            "cidr_blocks": null,
            "description": "",
            "from_port": 80,
            "id": "sgrule-2791526266",
            "ipv6_cidr_blocks": null,
            "prefix_list_ids": null,
            "protocol": "tcp",
            "security_group_id": "sg-086d69d7dbf1ff0b5",
            "security_group_rule_id": "sgr-0e0627e7f87dc9d17",
            "self": false,
            "source_security_group_id": "sg-0da68d18e7313bc41",
            "timeouts": null,
            "to_port": 80,
            "type": "ingress"
          },
          "sensitive_attributes": [],
          "private": "eyJlMmJmYjczMC1lY2FhLTExZTYtOGY4OC0zNDM2M2JjN2M0YzAiOnsiY3JlYXRlIjozMDAwMDAwMDAwMDB9LCJzY2hlbWFfdmVyc2lvbiI6IjIifQ==",
          "dependencies": [
            "module.sg.aws_security_group.private",
            "module.sg.aws_security_group.web_lb_sg",
            "module.vpc.aws_vpc.vpc"
          ]
        }
      ]
    },
    {
      "module": "module.sg",
      "mode": "managed",
      "type": "aws_security_group_rule",
      "name": "private_https_lb_ingress",
      "provider": "provider[\"registry.terraform.io/hashicorp/aws\"]",
      "instances": [
        {
          "schema_version": 2,
          "attributes": {
            "cidr_blocks": null,
            "description": "",
            "from_port": 443,
            "id": "sgrule-1954672238",
            "ipv6_cidr_blocks": null,
            "prefix_list_ids": null,
            "protocol": "tcp",
            "security_group_id": "sg-086d69d7dbf1ff0b5",
            "security_group_rule_id": "sgr-08c856ea32e6f719b",
            "self": false,
            "source_security_group_id": "sg-0da68d18e7313bc41",
            "timeouts": null,
            "to_port": 443,
            "type": "ingress"
          },
          "sensitive_attributes": [],
          "private": "eyJlMmJmYjczMC1lY2FhLTExZTYtOGY4OC0zNDM2M2JjN2M0YzAiOnsiY3JlYXRlIjozMDAwMDAwMDAwMDB9LCJzY2hlbWFfdmVyc2lvbiI6IjIifQ==",
          "dependencies": [
            "module.sg.aws_security_group.private",
            "module.sg.aws_security_group.web_lb_sg",
            "module.vpc.aws_vpc.vpc"
          ]
        }
      ]
    },
    {
      "module": "module.vpc",
      "mode": "managed",
      "type": "aws_eip",
      "name": "nat",
      "provider": "provider[\"registry.terraform.io/hashicorp/aws\"]",
      "instances": [
        {
          "schema_version": 0,
          "attributes": {
            "address": null,
            "allocation_id": "eipalloc-044edb3cab48fdaff",
            "associate_with_private_ip": null,
            "association_id": "eipassoc-09ae867ffcdac4acf",
            "carrier_ip": "",
            "customer_owned_ip": "",
            "customer_owned_ipv4_pool": "",
            "domain": "vpc",
            "id": "eipalloc-044edb3cab48fdaff",
            "instance": "",
            "network_border_group": "ap-northeast-2",
            "network_interface": "eni-086f500b5b09eef08",
            "private_dns": "ip-10-10-0-247.ap-northeast-2.compute.internal",
            "private_ip": "10.10.0.247",
            "public_dns": "ec2-3-37-219-65.ap-northeast-2.compute.amazonaws.com",
            "public_ip": "3.37.219.65",
            "public_ipv4_pool": "amazon",
            "tags": {
              "MadeBy": "jsp",
              "Name": "jsp-nat-eip-2a"
            },
            "tags_all": {
              "MadeBy": "jsp",
              "Name": "jsp-nat-eip-2a"
            },
            "timeouts": null,
            "vpc": true
          },
          "sensitive_attributes": [],
          "private": "eyJlMmJmYjczMC1lY2FhLTExZTYtOGY4OC0zNDM2M2JjN2M0YzAiOnsiZGVsZXRlIjoxODAwMDAwMDAwMDAsInJlYWQiOjkwMDAwMDAwMDAwMCwidXBkYXRlIjozMDAwMDAwMDAwMDB9fQ=="
        }
      ]
    },
    {
      "module": "module.vpc",
      "mode": "managed",
      "type": "aws_internet_gateway",
      "name": "this",
      "provider": "provider[\"registry.terraform.io/hashicorp/aws\"]",
      "instances": [
        {
          "schema_version": 0,
          "attributes": {
            "arn": "arn:aws:ec2:ap-northeast-2:057845469470:internet-gateway/igw-07b73503512be11b6",
            "id": "igw-07b73503512be11b6",
            "owner_id": "057845469470",
            "tags": {
              "MadeBy": "jsp",
              "Name": "jsp-default-igw"
            },
            "tags_all": {
              "MadeBy": "jsp",
              "Name": "jsp-default-igw"
            },
            "timeouts": null,
            "vpc_id": "vpc-08e8693daae7b492e"
          },
          "sensitive_attributes": [],
          "private": "eyJlMmJmYjczMC1lY2FhLTExZTYtOGY4OC0zNDM2M2JjN2M0YzAiOnsiY3JlYXRlIjoxMjAwMDAwMDAwMDAwLCJkZWxldGUiOjEyMDAwMDAwMDAwMDAsInVwZGF0ZSI6MTIwMDAwMDAwMDAwMH19",
          "dependencies": [
            "module.vpc.aws_vpc.vpc"
          ]
        }
      ]
    },
    {
      "module": "module.vpc",
      "mode": "managed",
      "type": "aws_nat_gateway",
      "name": "nat_gw",
      "provider": "provider[\"registry.terraform.io/hashicorp/aws\"]",
      "instances": [
        {
          "schema_version": 0,
          "attributes": {
            "allocation_id": "eipalloc-044edb3cab48fdaff",
            "association_id": "eipassoc-09ae867ffcdac4acf",
            "connectivity_type": "public",
            "id": "nat-034924cea954d0fbd",
            "network_interface_id": "eni-086f500b5b09eef08",
            "private_ip": "10.10.0.247",
            "public_ip": "3.37.219.65",
            "secondary_allocation_ids": [],
            "secondary_private_ip_address_count": 0,
            "secondary_private_ip_addresses": [],
            "subnet_id": "subnet-0a4dd51c63cd039dd",
            "tags": {
              "MadeBy": "jsp",
              "Name": "jsp-nat-2a"
            },
            "tags_all": {
              "MadeBy": "jsp",
              "Name": "jsp-nat-2a"
            },
            "timeouts": null
          },
          "sensitive_attributes": [],
          "private": "eyJlMmJmYjczMC1lY2FhLTExZTYtOGY4OC0zNDM2M2JjN2M0YzAiOnsiY3JlYXRlIjo2MDAwMDAwMDAwMDAsImRlbGV0ZSI6MTgwMDAwMDAwMDAwMCwidXBkYXRlIjo2MDAwMDAwMDAwMDB9fQ==",
          "dependencies": [
            "module.vpc.aws_eip.nat",
            "module.vpc.aws_subnet.public",
            "module.vpc.aws_vpc.vpc"
          ]
        }
      ]
    },
    {
      "module": "module.vpc",
      "mode": "managed",
      "type": "aws_route_table",
      "name": "private",
      "provider": "provider[\"registry.terraform.io/hashicorp/aws\"]",
      "instances": [
        {
          "schema_version": 0,
          "attributes": {
            "arn": "arn:aws:ec2:ap-northeast-2:057845469470:route-table/rtb-095805d76bfa36ce8",
            "id": "rtb-095805d76bfa36ce8",
            "owner_id": "057845469470",
            "propagating_vgws": [],
            "route": [
              {
                "carrier_gateway_id": "",
                "cidr_block": "0.0.0.0/0",
                "core_network_arn": "",
                "destination_prefix_list_id": "",
                "egress_only_gateway_id": "",
                "gateway_id": "",
                "ipv6_cidr_block": "",
                "local_gateway_id": "",
                "nat_gateway_id": "nat-034924cea954d0fbd",
                "network_interface_id": "",
                "transit_gateway_id": "",
                "vpc_endpoint_id": "",
                "vpc_peering_connection_id": ""
              }
            ],
            "tags": {
              "MadeBy": "jsp",
              "Name": "jsp-pri-rt"
            },
            "tags_all": {
              "MadeBy": "jsp",
              "Name": "jsp-pri-rt"
            },
            "timeouts": null,
            "vpc_id": "vpc-08e8693daae7b492e"
          },
          "sensitive_attributes": [],
          "private": "eyJlMmJmYjczMC1lY2FhLTExZTYtOGY4OC0zNDM2M2JjN2M0YzAiOnsiY3JlYXRlIjozMDAwMDAwMDAwMDAsImRlbGV0ZSI6MzAwMDAwMDAwMDAwLCJ1cGRhdGUiOjEyMDAwMDAwMDAwMH19",
          "dependencies": [
            "module.vpc.aws_eip.nat",
            "module.vpc.aws_nat_gateway.nat_gw",
            "module.vpc.aws_subnet.public",
            "module.vpc.aws_vpc.vpc"
          ]
        }
      ]
    },
    {
      "module": "module.vpc",
      "mode": "managed",
      "type": "aws_route_table",
      "name": "public",
      "provider": "provider[\"registry.terraform.io/hashicorp/aws\"]",
      "instances": [
        {
          "schema_version": 0,
          "attributes": {
            "arn": "arn:aws:ec2:ap-northeast-2:057845469470:route-table/rtb-0c024cf07a1686fb2",
            "id": "rtb-0c024cf07a1686fb2",
            "owner_id": "057845469470",
            "propagating_vgws": [],
            "route": [
              {
                "carrier_gateway_id": "",
                "cidr_block": "0.0.0.0/0",
                "core_network_arn": "",
                "destination_prefix_list_id": "",
                "egress_only_gateway_id": "",
                "gateway_id": "igw-07b73503512be11b6",
                "ipv6_cidr_block": "",
                "local_gateway_id": "",
                "nat_gateway_id": "",
                "network_interface_id": "",
                "transit_gateway_id": "",
                "vpc_endpoint_id": "",
                "vpc_peering_connection_id": ""
              }
            ],
            "tags": {
              "MadeBy": "jsp",
              "Name": "jsp-pub-rt"
            },
            "tags_all": {
              "MadeBy": "jsp",
              "Name": "jsp-pub-rt"
            },
            "timeouts": null,
            "vpc_id": "vpc-08e8693daae7b492e"
          },
          "sensitive_attributes": [],
          "private": "eyJlMmJmYjczMC1lY2FhLTExZTYtOGY4OC0zNDM2M2JjN2M0YzAiOnsiY3JlYXRlIjozMDAwMDAwMDAwMDAsImRlbGV0ZSI6MzAwMDAwMDAwMDAwLCJ1cGRhdGUiOjEyMDAwMDAwMDAwMH19",
          "dependencies": [
            "module.vpc.aws_internet_gateway.this",
            "module.vpc.aws_vpc.vpc"
          ]
        }
      ]
    },
    {
      "module": "module.vpc",
      "mode": "managed",
      "type": "aws_route_table",
      "name": "rds",
      "provider": "provider[\"registry.terraform.io/hashicorp/aws\"]",
      "instances": [
        {
          "schema_version": 0,
          "attributes": {
            "arn": "arn:aws:ec2:ap-northeast-2:057845469470:route-table/rtb-0f5e01c2783fdfa33",
            "id": "rtb-0f5e01c2783fdfa33",
            "owner_id": "057845469470",
            "propagating_vgws": [],
            "route": [
              {
                "carrier_gateway_id": "",
                "cidr_block": "0.0.0.0/0",
                "core_network_arn": "",
                "destination_prefix_list_id": "",
                "egress_only_gateway_id": "",
                "gateway_id": "",
                "ipv6_cidr_block": "",
                "local_gateway_id": "",
                "nat_gateway_id": "nat-034924cea954d0fbd",
                "network_interface_id": "",
                "transit_gateway_id": "",
                "vpc_endpoint_id": "",
                "vpc_peering_connection_id": ""
              }
            ],
            "tags": {
              "MadeBy": "jsp",
              "Name": "jsp-rds-rt"
            },
            "tags_all": {
              "MadeBy": "jsp",
              "Name": "jsp-rds-rt"
            },
            "timeouts": null,
            "vpc_id": "vpc-08e8693daae7b492e"
          },
          "sensitive_attributes": [],
          "private": "eyJlMmJmYjczMC1lY2FhLTExZTYtOGY4OC0zNDM2M2JjN2M0YzAiOnsiY3JlYXRlIjozMDAwMDAwMDAwMDAsImRlbGV0ZSI6MzAwMDAwMDAwMDAwLCJ1cGRhdGUiOjEyMDAwMDAwMDAwMH19",
          "dependencies": [
            "module.vpc.aws_nat_gateway.nat_gw",
            "module.vpc.aws_vpc.vpc"
          ]
        }
      ]
    },
    {
      "module": "module.vpc",
      "mode": "managed",
      "type": "aws_route_table",
      "name": "web_lb_rt",
      "provider": "provider[\"registry.terraform.io/hashicorp/aws\"]",
      "instances": [
        {
          "schema_version": 0,
          "attributes": {
            "arn": "arn:aws:ec2:ap-northeast-2:057845469470:route-table/rtb-0bc2fbaa1be4d811e",
            "id": "rtb-0bc2fbaa1be4d811e",
            "owner_id": "057845469470",
            "propagating_vgws": [],
            "route": [
              {
                "carrier_gateway_id": "",
                "cidr_block": "0.0.0.0/0",
                "core_network_arn": "",
                "destination_prefix_list_id": "",
                "egress_only_gateway_id": "",
                "gateway_id": "igw-07b73503512be11b6",
                "ipv6_cidr_block": "",
                "local_gateway_id": "",
                "nat_gateway_id": "",
                "network_interface_id": "",
                "transit_gateway_id": "",
                "vpc_endpoint_id": "",
                "vpc_peering_connection_id": ""
              }
            ],
            "tags": {
              "MadeBy": "jsp",
              "Name": "jsp-web-lb-rt"
            },
            "tags_all": {
              "MadeBy": "jsp",
              "Name": "jsp-web-lb-rt"
            },
            "timeouts": null,
            "vpc_id": "vpc-08e8693daae7b492e"
          },
          "sensitive_attributes": [],
          "private": "eyJlMmJmYjczMC1lY2FhLTExZTYtOGY4OC0zNDM2M2JjN2M0YzAiOnsiY3JlYXRlIjozMDAwMDAwMDAwMDAsImRlbGV0ZSI6MzAwMDAwMDAwMDAwLCJ1cGRhdGUiOjEyMDAwMDAwMDAwMH19",
          "dependencies": [
            "module.vpc.aws_internet_gateway.this",
            "module.vpc.aws_vpc.vpc"
          ]
        }
      ]
    },
    {
      "module": "module.vpc",
      "mode": "managed",
      "type": "aws_route_table_association",
      "name": "private",
      "provider": "provider[\"registry.terraform.io/hashicorp/aws\"]",
      "instances": [
        {
          "index_key": "pri_sub_2a",
          "schema_version": 0,
          "attributes": {
            "gateway_id": "",
            "id": "rtbassoc-0478b9b1f12ccd8d2",
            "route_table_id": "rtb-095805d76bfa36ce8",
            "subnet_id": "subnet-0c3c3b3b5e0a2b7ab",
            "timeouts": null
          },
          "sensitive_attributes": [],
          "private": "eyJlMmJmYjczMC1lY2FhLTExZTYtOGY4OC0zNDM2M2JjN2M0YzAiOnsiY3JlYXRlIjozMDAwMDAwMDAwMDAsImRlbGV0ZSI6MzAwMDAwMDAwMDAwLCJ1cGRhdGUiOjEyMDAwMDAwMDAwMH19",
          "dependencies": [
            "module.vpc.aws_eip.nat",
            "module.vpc.aws_nat_gateway.nat_gw",
            "module.vpc.aws_route_table.private",
            "module.vpc.aws_subnet.private",
            "module.vpc.aws_subnet.public",
            "module.vpc.aws_vpc.vpc"
          ]
        },
        {
          "index_key": "pri_sub_2c",
          "schema_version": 0,
          "attributes": {
            "gateway_id": "",
            "id": "rtbassoc-01e9f9a6ea93a1e1b",
            "route_table_id": "rtb-095805d76bfa36ce8",
            "subnet_id": "subnet-0635b3e4b0b7e21fc",
            "timeouts": null
          },
          "sensitive_attributes": [],
          "private": "eyJlMmJmYjczMC1lY2FhLTExZTYtOGY4OC0zNDM2M2JjN2M0YzAiOnsiY3JlYXRlIjozMDAwMDAwMDAwMDAsImRlbGV0ZSI6MzAwMDAwMDAwMDAwLCJ1cGRhdGUiOjEyMDAwMDAwMDAwMH19",
          "dependencies": [
            "module.vpc.aws_eip.nat",
            "module.vpc.aws_nat_gateway.nat_gw",
            "module.vpc.aws_route_table.private",
            "module.vpc.aws_subnet.private",
            "module.vpc.aws_subnet.public",
            "module.vpc.aws_vpc.vpc"
          ]
        }
      ]
    },
    {
      "module": "module.vpc",
      "mode": "managed",
      "type": "aws_route_table_association",
      "name": "public",
      "provider": "provider[\"registry.terraform.io/hashicorp/aws\"]",
      "instances": [
        {
          "index_key": "pub_sub_2a",
          "schema_version": 0,
          "attributes": {
            "gateway_id": "",
            "id": "rtbassoc-06962deda57b80388",
            "route_table_id": "rtb-0c024cf07a1686fb2",
            "subnet_id": "subnet-0a4dd51c63cd039dd",
            "timeouts": null
          },
          "sensitive_attributes": [],
          "private": "eyJlMmJmYjczMC1lY2FhLTExZTYtOGY4OC0zNDM2M2JjN2M0YzAiOnsiY3JlYXRlIjozMDAwMDAwMDAwMDAsImRlbGV0ZSI6MzAwMDAwMDAwMDAwLCJ1cGRhdGUiOjEyMDAwMDAwMDAwMH19",
          "dependencies": [
            "module.vpc.aws_internet_gateway.this",
            "module.vpc.aws_route_table.public",
            "module.vpc.aws_subnet.public",
            "module.vpc.aws_vpc.vpc"
          ]
        },
        {
          "index_key": "pub_sub_2c",
          "schema_version": 0,
          "attributes": {
            "gateway_id": "",
            "id": "rtbassoc-06e20bb845a55401b",
            "route_table_id": "rtb-0c024cf07a1686fb2",
            "subnet_id": "subnet-0ad67f84bd4b9f325",
            "timeouts": null
          },
          "sensitive_attributes": [],
          "private": "eyJlMmJmYjczMC1lY2FhLTExZTYtOGY4OC0zNDM2M2JjN2M0YzAiOnsiY3JlYXRlIjozMDAwMDAwMDAwMDAsImRlbGV0ZSI6MzAwMDAwMDAwMDAwLCJ1cGRhdGUiOjEyMDAwMDAwMDAwMH19",
          "dependencies": [
            "module.vpc.aws_internet_gateway.this",
            "module.vpc.aws_route_table.public",
            "module.vpc.aws_subnet.public",
            "module.vpc.aws_vpc.vpc"
          ]
        }
      ]
    },
    {
      "module": "module.vpc",
      "mode": "managed",
      "type": "aws_route_table_association",
      "name": "rds",
      "provider": "provider[\"registry.terraform.io/hashicorp/aws\"]",
      "instances": [
        {
          "index_key": "db_sub_2a",
          "schema_version": 0,
          "attributes": {
            "gateway_id": "",
            "id": "rtbassoc-0819ec8d452072672",
            "route_table_id": "rtb-0f5e01c2783fdfa33",
            "subnet_id": "subnet-046c51d648abf78ce",
            "timeouts": null
          },
          "sensitive_attributes": [],
          "private": "eyJlMmJmYjczMC1lY2FhLTExZTYtOGY4OC0zNDM2M2JjN2M0YzAiOnsiY3JlYXRlIjozMDAwMDAwMDAwMDAsImRlbGV0ZSI6MzAwMDAwMDAwMDAwLCJ1cGRhdGUiOjEyMDAwMDAwMDAwMH19",
          "dependencies": [
            "module.vpc.aws_nat_gateway.nat_gw",
            "module.vpc.aws_route_table.rds",
            "module.vpc.aws_subnet.rds",
            "module.vpc.aws_vpc.vpc"
          ]
        },
        {
          "index_key": "db_sub_2c",
          "schema_version": 0,
          "attributes": {
            "gateway_id": "",
            "id": "rtbassoc-0f4c28bbbe7087b5a",
            "route_table_id": "rtb-0f5e01c2783fdfa33",
            "subnet_id": "subnet-02a341bd85b9e9765",
            "timeouts": null
          },
          "sensitive_attributes": [],
          "private": "eyJlMmJmYjczMC1lY2FhLTExZTYtOGY4OC0zNDM2M2JjN2M0YzAiOnsiY3JlYXRlIjozMDAwMDAwMDAwMDAsImRlbGV0ZSI6MzAwMDAwMDAwMDAwLCJ1cGRhdGUiOjEyMDAwMDAwMDAwMH19",
          "dependencies": [
            "module.vpc.aws_nat_gateway.nat_gw",
            "module.vpc.aws_route_table.rds",
            "module.vpc.aws_subnet.rds",
            "module.vpc.aws_vpc.vpc"
          ]
        }
      ]
    },
    {
      "module": "module.vpc",
      "mode": "managed",
      "type": "aws_route_table_association",
      "name": "web_lb_rt_association",
      "provider": "provider[\"registry.terraform.io/hashicorp/aws\"]",
      "instances": [
        {
          "index_key": "0",
          "schema_version": 0,
          "attributes": {
            "gateway_id": "",
            "id": "rtbassoc-09121462d465fab9c",
            "route_table_id": "rtb-0bc2fbaa1be4d811e",
            "subnet_id": "subnet-05acd95c15cee7c08",
            "timeouts": null
          },
          "sensitive_attributes": [],
          "private": "eyJlMmJmYjczMC1lY2FhLTExZTYtOGY4OC0zNDM2M2JjN2M0YzAiOnsiY3JlYXRlIjozMDAwMDAwMDAwMDAsImRlbGV0ZSI6MzAwMDAwMDAwMDAwLCJ1cGRhdGUiOjEyMDAwMDAwMDAwMH19",
          "dependencies": [
            "module.vpc.aws_internet_gateway.this",
            "module.vpc.aws_route_table.web_lb_rt",
            "module.vpc.aws_subnet.web_lb",
            "module.vpc.aws_vpc.vpc"
          ]
        },
        {
          "index_key": "1",
          "schema_version": 0,
          "attributes": {
            "gateway_id": "",
            "id": "rtbassoc-0209058e9ab7772bd",
            "route_table_id": "rtb-0bc2fbaa1be4d811e",
            "subnet_id": "subnet-056e5018ce19e77d7",
            "timeouts": null
          },
          "sensitive_attributes": [],
          "private": "eyJlMmJmYjczMC1lY2FhLTExZTYtOGY4OC0zNDM2M2JjN2M0YzAiOnsiY3JlYXRlIjozMDAwMDAwMDAwMDAsImRlbGV0ZSI6MzAwMDAwMDAwMDAwLCJ1cGRhdGUiOjEyMDAwMDAwMDAwMH19",
          "dependencies": [
            "module.vpc.aws_internet_gateway.this",
            "module.vpc.aws_route_table.web_lb_rt",
            "module.vpc.aws_subnet.web_lb",
            "module.vpc.aws_vpc.vpc"
          ]
        }
      ]
    },
    {
      "module": "module.vpc",
      "mode": "managed",
      "type": "aws_subnet",
      "name": "private",
      "provider": "provider[\"registry.terraform.io/hashicorp/aws\"]",
      "instances": [
        {
          "index_key": "pri_sub_2a",
          "schema_version": 1,
          "attributes": {
            "arn": "arn:aws:ec2:ap-northeast-2:057845469470:subnet/subnet-0c3c3b3b5e0a2b7ab",
            "assign_ipv6_address_on_creation": false,
            "availability_zone": "ap-northeast-2a",
            "availability_zone_id": "apne2-az1",
            "cidr_block": "10.10.10.0/24",
            "customer_owned_ipv4_pool": "",
            "enable_dns64": false,
            "enable_lni_at_device_index": 0,
            "enable_resource_name_dns_a_record_on_launch": false,
            "enable_resource_name_dns_aaaa_record_on_launch": false,
            "id": "subnet-0c3c3b3b5e0a2b7ab",
            "ipv6_cidr_block": "",
            "ipv6_cidr_block_association_id": "",
            "ipv6_native": false,
            "map_customer_owned_ip_on_launch": false,
            "map_public_ip_on_launch": false,
            "outpost_arn": "",
            "owner_id": "057845469470",
            "private_dns_hostname_type_on_launch": "ip-name",
            "tags": {
              "MadeBy": "jsp",
              "Name": "jsp-pri-sub-2a"
            },
            "tags_all": {
              "MadeBy": "jsp",
              "Name": "jsp-pri-sub-2a"
            },
            "timeouts": null,
            "vpc_id": "vpc-08e8693daae7b492e"
          },
          "sensitive_attributes": [],
          "private": "eyJlMmJmYjczMC1lY2FhLTExZTYtOGY4OC0zNDM2M2JjN2M0YzAiOnsiY3JlYXRlIjo2MDAwMDAwMDAwMDAsImRlbGV0ZSI6MTIwMDAwMDAwMDAwMH0sInNjaGVtYV92ZXJzaW9uIjoiMSJ9",
          "dependencies": [
            "module.vpc.aws_vpc.vpc"
          ]
        },
        {
          "index_key": "pri_sub_2c",
          "schema_version": 1,
          "attributes": {
            "arn": "arn:aws:ec2:ap-northeast-2:057845469470:subnet/subnet-0635b3e4b0b7e21fc",
            "assign_ipv6_address_on_creation": false,
            "availability_zone": "ap-northeast-2c",
            "availability_zone_id": "apne2-az3",
            "cidr_block": "10.10.11.0/24",
            "customer_owned_ipv4_pool": "",
            "enable_dns64": false,
            "enable_lni_at_device_index": 0,
            "enable_resource_name_dns_a_record_on_launch": false,
            "enable_resource_name_dns_aaaa_record_on_launch": false,
            "id": "subnet-0635b3e4b0b7e21fc",
            "ipv6_cidr_block": "",
            "ipv6_cidr_block_association_id": "",
            "ipv6_native": false,
            "map_customer_owned_ip_on_launch": false,
            "map_public_ip_on_launch": false,
            "outpost_arn": "",
            "owner_id": "057845469470",
            "private_dns_hostname_type_on_launch": "ip-name",
            "tags": {
              "MadeBy": "jsp",
              "Name": "jsp-pri-sub-2c"
            },
            "tags_all": {
              "MadeBy": "jsp",
              "Name": "jsp-pri-sub-2c"
            },
            "timeouts": null,
            "vpc_id": "vpc-08e8693daae7b492e"
          },
          "sensitive_attributes": [],
          "private": "eyJlMmJmYjczMC1lY2FhLTExZTYtOGY4OC0zNDM2M2JjN2M0YzAiOnsiY3JlYXRlIjo2MDAwMDAwMDAwMDAsImRlbGV0ZSI6MTIwMDAwMDAwMDAwMH0sInNjaGVtYV92ZXJzaW9uIjoiMSJ9",
          "dependencies": [
            "module.vpc.aws_vpc.vpc"
          ]
        }
      ]
    },
    {
      "module": "module.vpc",
      "mode": "managed",
      "type": "aws_subnet",
      "name": "public",
      "provider": "provider[\"registry.terraform.io/hashicorp/aws\"]",
      "instances": [
        {
          "index_key": "pub_sub_2a",
          "schema_version": 1,
          "attributes": {
            "arn": "arn:aws:ec2:ap-northeast-2:057845469470:subnet/subnet-0a4dd51c63cd039dd",
            "assign_ipv6_address_on_creation": false,
            "availability_zone": "ap-northeast-2a",
            "availability_zone_id": "apne2-az1",
            "cidr_block": "10.10.0.0/24",
            "customer_owned_ipv4_pool": "",
            "enable_dns64": false,
            "enable_lni_at_device_index": 0,
            "enable_resource_name_dns_a_record_on_launch": false,
            "enable_resource_name_dns_aaaa_record_on_launch": false,
            "id": "subnet-0a4dd51c63cd039dd",
            "ipv6_cidr_block": "",
            "ipv6_cidr_block_association_id": "",
            "ipv6_native": false,
            "map_customer_owned_ip_on_launch": false,
            "map_public_ip_on_launch": true,
            "outpost_arn": "",
            "owner_id": "057845469470",
            "private_dns_hostname_type_on_launch": "ip-name",
            "tags": {
              "MadeBy": "jsp",
              "Name": "jsp-pub-sub-2a"
            },
            "tags_all": {
              "MadeBy": "jsp",
              "Name": "jsp-pub-sub-2a"
            },
            "timeouts": null,
            "vpc_id": "vpc-08e8693daae7b492e"
          },
          "sensitive_attributes": [],
          "private": "eyJlMmJmYjczMC1lY2FhLTExZTYtOGY4OC0zNDM2M2JjN2M0YzAiOnsiY3JlYXRlIjo2MDAwMDAwMDAwMDAsImRlbGV0ZSI6MTIwMDAwMDAwMDAwMH0sInNjaGVtYV92ZXJzaW9uIjoiMSJ9",
          "dependencies": [
            "module.vpc.aws_vpc.vpc"
          ]
        },
        {
          "index_key": "pub_sub_2c",
          "schema_version": 1,
          "attributes": {
            "arn": "arn:aws:ec2:ap-northeast-2:057845469470:subnet/subnet-0ad67f84bd4b9f325",
            "assign_ipv6_address_on_creation": false,
            "availability_zone": "ap-northeast-2c",
            "availability_zone_id": "apne2-az3",
            "cidr_block": "10.10.1.0/24",
            "customer_owned_ipv4_pool": "",
            "enable_dns64": false,
            "enable_lni_at_device_index": 0,
            "enable_resource_name_dns_a_record_on_launch": false,
            "enable_resource_name_dns_aaaa_record_on_launch": false,
            "id": "subnet-0ad67f84bd4b9f325",
            "ipv6_cidr_block": "",
            "ipv6_cidr_block_association_id": "",
            "ipv6_native": false,
            "map_customer_owned_ip_on_launch": false,
            "map_public_ip_on_launch": true,
            "outpost_arn": "",
            "owner_id": "057845469470",
            "private_dns_hostname_type_on_launch": "ip-name",
            "tags": {
              "MadeBy": "jsp",
              "Name": "jsp-pub-sub-2c"
            },
            "tags_all": {
              "MadeBy": "jsp",
              "Name": "jsp-pub-sub-2c"
            },
            "timeouts": null,
            "vpc_id": "vpc-08e8693daae7b492e"
          },
          "sensitive_attributes": [],
          "private": "eyJlMmJmYjczMC1lY2FhLTExZTYtOGY4OC0zNDM2M2JjN2M0YzAiOnsiY3JlYXRlIjo2MDAwMDAwMDAwMDAsImRlbGV0ZSI6MTIwMDAwMDAwMDAwMH0sInNjaGVtYV92ZXJzaW9uIjoiMSJ9",
          "dependencies": [
            "module.vpc.aws_vpc.vpc"
          ]
        }
      ]
    },
    {
      "module": "module.vpc",
      "mode": "managed",
      "type": "aws_subnet",
      "name": "rds",
      "provider": "provider[\"registry.terraform.io/hashicorp/aws\"]",
      "instances": [
        {
          "index_key": "db_sub_2a",
          "schema_version": 1,
          "attributes": {
            "arn": "arn:aws:ec2:ap-northeast-2:057845469470:subnet/subnet-046c51d648abf78ce",
            "assign_ipv6_address_on_creation": false,
            "availability_zone": "ap-northeast-2a",
            "availability_zone_id": "apne2-az1",
            "cidr_block": "10.10.20.0/24",
            "customer_owned_ipv4_pool": "",
            "enable_dns64": false,
            "enable_lni_at_device_index": 0,
            "enable_resource_name_dns_a_record_on_launch": false,
            "enable_resource_name_dns_aaaa_record_on_launch": false,
            "id": "subnet-046c51d648abf78ce",
            "ipv6_cidr_block": "",
            "ipv6_cidr_block_association_id": "",
            "ipv6_native": false,
            "map_customer_owned_ip_on_launch": false,
            "map_public_ip_on_launch": false,
            "outpost_arn": "",
            "owner_id": "057845469470",
            "private_dns_hostname_type_on_launch": "ip-name",
            "tags": {
              "MadeBy": "jsp",
              "Name": "jsp-rds-sub-2a"
            },
            "tags_all": {
              "MadeBy": "jsp",
              "Name": "jsp-rds-sub-2a"
            },
            "timeouts": null,
            "vpc_id": "vpc-08e8693daae7b492e"
          },
          "sensitive_attributes": [],
          "private": "eyJlMmJmYjczMC1lY2FhLTExZTYtOGY4OC0zNDM2M2JjN2M0YzAiOnsiY3JlYXRlIjo2MDAwMDAwMDAwMDAsImRlbGV0ZSI6MTIwMDAwMDAwMDAwMH0sInNjaGVtYV92ZXJzaW9uIjoiMSJ9",
          "dependencies": [
            "module.vpc.aws_vpc.vpc"
          ]
        },
        {
          "index_key": "db_sub_2c",
          "schema_version": 1,
          "attributes": {
            "arn": "arn:aws:ec2:ap-northeast-2:057845469470:subnet/subnet-02a341bd85b9e9765",
            "assign_ipv6_address_on_creation": false,
            "availability_zone": "ap-northeast-2c",
            "availability_zone_id": "apne2-az3",
            "cidr_block": "10.10.21.0/24",
            "customer_owned_ipv4_pool": "",
            "enable_dns64": false,
            "enable_lni_at_device_index": 0,
            "enable_resource_name_dns_a_record_on_launch": false,
            "enable_resource_name_dns_aaaa_record_on_launch": false,
            "id": "subnet-02a341bd85b9e9765",
            "ipv6_cidr_block": "",
            "ipv6_cidr_block_association_id": "",
            "ipv6_native": false,
            "map_customer_owned_ip_on_launch": false,
            "map_public_ip_on_launch": false,
            "outpost_arn": "",
            "owner_id": "057845469470",
            "private_dns_hostname_type_on_launch": "ip-name",
            "tags": {
              "MadeBy": "jsp",
              "Name": "jsp-rds-sub-2c"
            },
            "tags_all": {
              "MadeBy": "jsp",
              "Name": "jsp-rds-sub-2c"
            },
            "timeouts": null,
            "vpc_id": "vpc-08e8693daae7b492e"
          },
          "sensitive_attributes": [],
          "private": "eyJlMmJmYjczMC1lY2FhLTExZTYtOGY4OC0zNDM2M2JjN2M0YzAiOnsiY3JlYXRlIjo2MDAwMDAwMDAwMDAsImRlbGV0ZSI6MTIwMDAwMDAwMDAwMH0sInNjaGVtYV92ZXJzaW9uIjoiMSJ9",
          "dependencies": [
            "module.vpc.aws_vpc.vpc"
          ]
        }
      ]
    },
    {
      "module": "module.vpc",
      "mode": "managed",
      "type": "aws_subnet",
      "name": "web_lb",
      "provider": "provider[\"registry.terraform.io/hashicorp/aws\"]",
      "instances": [
        {
          "index_key": "0",
          "schema_version": 1,
          "attributes": {
            "arn": "arn:aws:ec2:ap-northeast-2:057845469470:subnet/subnet-05acd95c15cee7c08",
            "assign_ipv6_address_on_creation": false,
            "availability_zone": "ap-northeast-2a",
            "availability_zone_id": "apne2-az1",
            "cidr_block": "10.10.100.0/24",
            "customer_owned_ipv4_pool": "",
            "enable_dns64": false,
            "enable_lni_at_device_index": 0,
            "enable_resource_name_dns_a_record_on_launch": false,
            "enable_resource_name_dns_aaaa_record_on_launch": false,
            "id": "subnet-05acd95c15cee7c08",
            "ipv6_cidr_block": "",
            "ipv6_cidr_block_association_id": "",
            "ipv6_native": false,
            "map_customer_owned_ip_on_launch": false,
            "map_public_ip_on_launch": false,
            "outpost_arn": "",
            "owner_id": "057845469470",
            "private_dns_hostname_type_on_launch": "ip-name",
            "tags": {
              "MadeBy": "jsp",
              "Name": "jsp-web-lb-sub-0"
            },
            "tags_all": {
              "MadeBy": "jsp",
              "Name": "jsp-web-lb-sub-0"
            },
            "timeouts": null,
            "vpc_id": "vpc-08e8693daae7b492e"
          },
          "sensitive_attributes": [],
          "private": "eyJlMmJmYjczMC1lY2FhLTExZTYtOGY4OC0zNDM2M2JjN2M0YzAiOnsiY3JlYXRlIjo2MDAwMDAwMDAwMDAsImRlbGV0ZSI6MTIwMDAwMDAwMDAwMH0sInNjaGVtYV92ZXJzaW9uIjoiMSJ9",
          "dependencies": [
            "module.vpc.aws_vpc.vpc"
          ]
        },
        {
          "index_key": "1",
          "schema_version": 1,
          "attributes": {
            "arn": "arn:aws:ec2:ap-northeast-2:057845469470:subnet/subnet-056e5018ce19e77d7",
            "assign_ipv6_address_on_creation": false,
            "availability_zone": "ap-northeast-2c",
            "availability_zone_id": "apne2-az3",
            "cidr_block": "10.10.110.0/24",
            "customer_owned_ipv4_pool": "",
            "enable_dns64": false,
            "enable_lni_at_device_index": 0,
            "enable_resource_name_dns_a_record_on_launch": false,
            "enable_resource_name_dns_aaaa_record_on_launch": false,
            "id": "subnet-056e5018ce19e77d7",
            "ipv6_cidr_block": "",
            "ipv6_cidr_block_association_id": "",
            "ipv6_native": false,
            "map_customer_owned_ip_on_launch": false,
            "map_public_ip_on_launch": false,
            "outpost_arn": "",
            "owner_id": "057845469470",
            "private_dns_hostname_type_on_launch": "ip-name",
            "tags": {
              "MadeBy": "jsp",
              "Name": "jsp-web-lb-sub-1"
            },
            "tags_all": {
              "MadeBy": "jsp",
              "Name": "jsp-web-lb-sub-1"
            },
            "timeouts": null,
            "vpc_id": "vpc-08e8693daae7b492e"
          },
          "sensitive_attributes": [],
          "private": "eyJlMmJmYjczMC1lY2FhLTExZTYtOGY4OC0zNDM2M2JjN2M0YzAiOnsiY3JlYXRlIjo2MDAwMDAwMDAwMDAsImRlbGV0ZSI6MTIwMDAwMDAwMDAwMH0sInNjaGVtYV92ZXJzaW9uIjoiMSJ9",
          "dependencies": [
            "module.vpc.aws_vpc.vpc"
          ]
        }
      ]
    },
    {
      "module": "module.vpc",
      "mode": "managed",
      "type": "aws_vpc",
      "name": "vpc",
      "provider": "provider[\"registry.terraform.io/hashicorp/aws\"]",
      "instances": [
        {
          "schema_version": 1,
          "attributes": {
            "arn": "arn:aws:ec2:ap-northeast-2:057845469470:vpc/vpc-08e8693daae7b492e",
            "assign_generated_ipv6_cidr_block": false,
            "cidr_block": "10.10.0.0/16",
            "default_network_acl_id": "acl-0540cb9802ff30ca3",
            "default_route_table_id": "rtb-01402a938bd071cff",
            "default_security_group_id": "sg-07f85848eac18725e",
            "dhcp_options_id": "dopt-2cbef647",
            "enable_dns_hostnames": true,
            "enable_dns_support": true,
            "enable_network_address_usage_metrics": false,
            "id": "vpc-08e8693daae7b492e",
            "instance_tenancy": "default",
            "ipv4_ipam_pool_id": null,
            "ipv4_netmask_length": null,
            "ipv6_association_id": "",
            "ipv6_cidr_block": "",
            "ipv6_cidr_block_network_border_group": "",
            "ipv6_ipam_pool_id": "",
            "ipv6_netmask_length": 0,
            "main_route_table_id": "rtb-01402a938bd071cff",
            "owner_id": "057845469470",
            "tags": {
              "MadeBy": "jsp",
              "Name": "jsp-vpc"
            },
            "tags_all": {
              "MadeBy": "jsp",
              "Name": "jsp-vpc"
            }
          },
          "sensitive_attributes": [],
          "private": "eyJzY2hlbWFfdmVyc2lvbiI6IjEifQ==",
          "create_before_destroy": true
        }
      ]
    },
    {
      "module": "module.waf",
      "mode": "managed",
      "type": "aws_cloudwatch_log_group",
      "name": "waf_logging",
      "provider": "provider[\"registry.terraform.io/hashicorp/aws\"].us-east-1",
      "instances": [
        {
          "schema_version": 0,
          "attributes": {
            "arn": "arn:aws:logs:us-east-1:057845469470:log-group:aws-waf-logs-www-jsp-tech-store",
            "id": "aws-waf-logs-www-jsp-tech-store",
            "kms_key_id": "",
            "log_group_class": "STANDARD",
            "name": "aws-waf-logs-www-jsp-tech-store",
            "name_prefix": "",
            "retention_in_days": 0,
            "skip_destroy": false,
            "tags": {},
            "tags_all": {}
          },
          "sensitive_attributes": [],
          "private": "bnVsbA=="
        }
      ]
    },
    {
      "module": "module.waf",
      "mode": "managed",
      "type": "aws_wafv2_ip_set",
      "name": "ipset_global",
      "provider": "provider[\"registry.terraform.io/hashicorp/aws\"].us-east-1",
      "instances": [
        {
          "schema_version": 0,
          "attributes": {
            "addresses": [
              "0.0.0.0/1",
              "128.0.0.0/1"
            ],
            "arn": "arn:aws:wafv2:us-east-1:057845469470:global/ipset/block_ips/06afa813-76f8-412f-9427-27e7143108b8",
            "description": "",
            "id": "06afa813-76f8-412f-9427-27e7143108b8",
            "ip_address_version": "IPV4",
            "lock_token": "d62c492c-929e-408b-a69c-ab8ce91796e2",
            "name": "block_ips",
            "scope": "CLOUDFRONT",
            "tags": {},
            "tags_all": {}
          },
          "sensitive_attributes": [],
          "private": "bnVsbA=="
        }
      ]
    },
    {
      "module": "module.waf",
      "mode": "managed",
      "type": "aws_wafv2_rule_group",
      "name": "check_cloudfront_header",
      "provider": "provider[\"registry.terraform.io/hashicorp/aws\"]",
      "instances": [
        {
          "schema_version": 0,
          "attributes": {
            "arn": "arn:aws:wafv2:ap-northeast-2:057845469470:regional/rulegroup/check-cloudfront-header/e2fbfee7-9551-4132-8f19-80fd2208febc",
            "capacity": 500,
            "custom_response_body": [],
            "description": "If CloudFront headers do not match, handle it by blocking.",
            "id": "e2fbfee7-9551-4132-8f19-80fd2208febc",
            "lock_token": "2b20a18b-a322-4225-900c-e53d20b75226",
            "name": "check-cloudfront-header",
            "name_prefix": "",
            "rule": [
              {
                "action": [
                  {
                    "allow": [],
                    "block": [
                      {
                        "custom_response": []
                      }
                    ],
                    "captcha": [],
                    "challenge": [],
                    "count": []
                  }
                ],
                "captcha_config": [],
                "name": "block-header-rule",
                "priority": 1,
                "rule_label": [],
                "statement": [
                  {
                    "and_statement": [],
                    "byte_match_statement": [],
                    "geo_match_statement": [],
                    "ip_set_reference_statement": [],
                    "label_match_statement": [],
                    "not_statement": [
                      {
                        "statement": [
                          {
                            "and_statement": [],
                            "byte_match_statement": [
                              {
                                "field_to_match": [
                                  {
                                    "all_query_arguments": [],
                                    "body": [],
                                    "cookies": [],
                                    "header_order": [],
                                    "headers": [],
                                    "ja3_fingerprint": [],
                                    "json_body": [],
                                    "method": [],
                                    "query_string": [],
                                    "single_header": [
                                      {
                                        "name": "jsp-tech"
                                      }
                                    ],
                                    "single_query_argument": [],
                                    "uri_path": []
                                  }
                                ],
                                "positional_constraint": "EXACTLY",
                                "search_string": "qkrwotjd89",
                                "text_transformation": [
                                  {
                                    "priority": 0,
                                    "type": "NONE"
                                  }
                                ]
                              }
                            ],
                            "geo_match_statement": [],
                            "ip_set_reference_statement": [],
                            "label_match_statement": [],
                            "not_statement": [],
                            "or_statement": [],
                            "regex_match_statement": [],
                            "regex_pattern_set_reference_statement": [],
                            "size_constraint_statement": [],
                            "sqli_match_statement": [],
                            "xss_match_statement": []
                          }
                        ]
                      }
                    ],
                    "or_statement": [],
                    "rate_based_statement": [],
                    "regex_match_statement": [],
                    "regex_pattern_set_reference_statement": [],
                    "size_constraint_statement": [],
                    "sqli_match_statement": [],
                    "xss_match_statement": []
                  }
                ],
                "visibility_config": [
                  {
                    "cloudwatch_metrics_enabled": true,
                    "metric_name": "ALB-WAF-ACL-Rule-Metric",
                    "sampled_requests_enabled": true
                  }
                ]
              }
            ],
            "scope": "REGIONAL",
            "tags": {},
            "tags_all": {},
            "visibility_config": [
              {
                "cloudwatch_metrics_enabled": true,
                "metric_name": "ALB-WAF-ACL-Metric",
                "sampled_requests_enabled": true
              }
            ]
          },
          "sensitive_attributes": [],
          "private": "bnVsbA=="
        }
      ]
    },
    {
      "module": "module.waf",
      "mode": "managed",
      "type": "aws_wafv2_web_acl",
      "name": "alb_waf_acl",
      "provider": "provider[\"registry.terraform.io/hashicorp/aws\"]",
      "instances": [
        {
          "schema_version": 0,
          "attributes": {
            "arn": "arn:aws:wafv2:ap-northeast-2:057845469470:regional/webacl/www-jsp-tech-store-alb-acl/b974d056-31e6-455e-9b8e-3455e3badb4c",
            "association_config": [],
            "capacity": 500,
            "captcha_config": [],
            "challenge_config": [],
            "custom_response_body": [],
            "default_action": [
              {
                "allow": [
                  {
                    "custom_request_handling": []
                  }
                ],
                "block": []
              }
            ],
            "description": "",
            "id": "b974d056-31e6-455e-9b8e-3455e3badb4c",
            "lock_token": "721ee8a3-9e4b-49b3-8535-b05c99c0e21b",
            "name": "www-jsp-tech-store-alb-acl",
            "rule": [
              {
                "action": [],
                "captcha_config": [],
                "name": "cloudfront_header_checks",
                "override_action": [
                  {
                    "count": [],
                    "none": [
                      {}
                    ]
                  }
                ],
                "priority": 0,
                "rule_label": [],
                "statement": [
                  {
                    "and_statement": [],
                    "byte_match_statement": [],
                    "geo_match_statement": [],
                    "ip_set_reference_statement": [],
                    "label_match_statement": [],
                    "managed_rule_group_statement": [],
                    "not_statement": [],
                    "or_statement": [],
                    "rate_based_statement": [],
                    "regex_match_statement": [],
                    "regex_pattern_set_reference_statement": [],
                    "rule_group_reference_statement": [
                      {
                        "arn": "arn:aws:wafv2:ap-northeast-2:057845469470:regional/rulegroup/check-cloudfront-header/e2fbfee7-9551-4132-8f19-80fd2208febc",
                        "rule_action_override": []
                      }
                    ],
                    "size_constraint_statement": [],
                    "sqli_match_statement": [],
                    "xss_match_statement": []
                  }
                ],
                "visibility_config": [
                  {
                    "cloudwatch_metrics_enabled": true,
                    "metric_name": "cloudfront_header_Metric",
                    "sampled_requests_enabled": true
                  }
                ]
              }
            ],
            "scope": "REGIONAL",
            "tags": {},
            "tags_all": {},
            "token_domains": [],
            "visibility_config": [
              {
                "cloudwatch_metrics_enabled": true,
                "metric_name": "alb-waf-rule",
                "sampled_requests_enabled": true
              }
            ]
          },
          "sensitive_attributes": [],
          "private": "bnVsbA==",
          "dependencies": [
            "module.waf.aws_wafv2_rule_group.check_cloudfront_header"
          ]
        }
      ]
    },
    {
      "module": "module.waf",
      "mode": "managed",
      "type": "aws_wafv2_web_acl",
      "name": "waf_acl",
      "provider": "provider[\"registry.terraform.io/hashicorp/aws\"].us-east-1",
      "instances": [
        {
          "schema_version": 0,
          "attributes": {
            "arn": "arn:aws:wafv2:us-east-1:057845469470:global/webacl/www-jsp-tech-store-generic-acl/3c7ae457-4626-4f03-bf0d-9a380131bc79",
            "association_config": [],
            "capacity": 1226,
            "captcha_config": [],
            "challenge_config": [],
            "custom_response_body": [],
            "default_action": [
              {
                "allow": [
                  {
                    "custom_request_handling": []
                  }
                ],
                "block": []
              }
            ],
            "description": "",
            "id": "3c7ae457-4626-4f03-bf0d-9a380131bc79",
            "lock_token": "996fffda-768c-4349-ba87-58f51847018d",
            "name": "www-jsp-tech-store-generic-acl",
            "rule": [
              {
                "action": [
                  {
                    "allow": [
                      {
                        "custom_request_handling": []
                      }
                    ],
                    "block": [],
                    "captcha": [],
                    "challenge": [],
                    "count": []
                  }
                ],
                "captcha_config": [],
                "name": "block_ips",
                "override_action": [],
                "priority": 1,
                "rule_label": [],
                "statement": [
                  {
                    "and_statement": [],
                    "byte_match_statement": [],
                    "geo_match_statement": [],
                    "ip_set_reference_statement": [
                      {
                        "arn": "arn:aws:wafv2:us-east-1:057845469470:global/ipset/block_ips/06afa813-76f8-412f-9427-27e7143108b8",
                        "ip_set_forwarded_ip_config": []
                      }
                    ],
                    "label_match_statement": [],
                    "managed_rule_group_statement": [],
                    "not_statement": [],
                    "or_statement": [],
                    "rate_based_statement": [],
                    "regex_match_statement": [],
                    "regex_pattern_set_reference_statement": [],
                    "rule_group_reference_statement": [],
                    "size_constraint_statement": [],
                    "sqli_match_statement": [],
                    "xss_match_statement": []
                  }
                ],
                "visibility_config": [
                  {
                    "cloudwatch_metrics_enabled": true,
                    "metric_name": "block_ips",
                    "sampled_requests_enabled": true
                  }
                ]
              },
              {
                "action": [],
                "captcha_config": [],
                "name": "AWSManagedRulesAdminProtectionRuleSet",
                "override_action": [
                  {
                    "count": [
                      {}
                    ],
                    "none": []
                  }
                ],
                "priority": 10,
                "rule_label": [],
                "statement": [
                  {
                    "and_statement": [],
                    "byte_match_statement": [],
                    "geo_match_statement": [],
                    "ip_set_reference_statement": [],
                    "label_match_statement": [],
                    "managed_rule_group_statement": [
                      {
                        "managed_rule_group_configs": [],
                        "name": "AWSManagedRulesAdminProtectionRuleSet",
                        "rule_action_override": [],
                        "scope_down_statement": [],
                        "vendor_name": "AWS",
                        "version": ""
                      }
                    ],
                    "not_statement": [],
                    "or_statement": [],
                    "rate_based_statement": [],
                    "regex_match_statement": [],
                    "regex_pattern_set_reference_statement": [],
                    "rule_group_reference_statement": [],
                    "size_constraint_statement": [],
                    "sqli_match_statement": [],
                    "xss_match_statement": []
                  }
                ],
                "visibility_config": [
                  {
                    "cloudwatch_metrics_enabled": true,
                    "metric_name": "AWSManagedRulesAdminProtectionRuleSet",
                    "sampled_requests_enabled": true
                  }
                ]
              },
              {
                "action": [],
                "captcha_config": [],
                "name": "AWSManagedRulesAmazonIpReputationList",
                "override_action": [
                  {
                    "count": [
                      {}
                    ],
                    "none": []
                  }
                ],
                "priority": 20,
                "rule_label": [],
                "statement": [
                  {
                    "and_statement": [],
                    "byte_match_statement": [],
                    "geo_match_statement": [],
                    "ip_set_reference_statement": [],
                    "label_match_statement": [],
                    "managed_rule_group_statement": [
                      {
                        "managed_rule_group_configs": [],
                        "name": "AWSManagedRulesAmazonIpReputationList",
                        "rule_action_override": [],
                        "scope_down_statement": [],
                        "vendor_name": "AWS",
                        "version": ""
                      }
                    ],
                    "not_statement": [],
                    "or_statement": [],
                    "rate_based_statement": [],
                    "regex_match_statement": [],
                    "regex_pattern_set_reference_statement": [],
                    "rule_group_reference_statement": [],
                    "size_constraint_statement": [],
                    "sqli_match_statement": [],
                    "xss_match_statement": []
                  }
                ],
                "visibility_config": [
                  {
                    "cloudwatch_metrics_enabled": true,
                    "metric_name": "AWSManagedRulesAmazonIpReputationList",
                    "sampled_requests_enabled": true
                  }
                ]
              },
              {
                "action": [],
                "captcha_config": [],
                "name": "AWSManagedRulesCommonRuleSet",
                "override_action": [
                  {
                    "count": [
                      {}
                    ],
                    "none": []
                  }
                ],
                "priority": 50,
                "rule_label": [],
                "statement": [
                  {
                    "and_statement": [],
                    "byte_match_statement": [],
                    "geo_match_statement": [],
                    "ip_set_reference_statement": [],
                    "label_match_statement": [],
                    "managed_rule_group_statement": [
                      {
                        "managed_rule_group_configs": [],
                        "name": "AWSManagedRulesCommonRuleSet",
                        "rule_action_override": [],
                        "scope_down_statement": [],
                        "vendor_name": "AWS",
                        "version": ""
                      }
                    ],
                    "not_statement": [],
                    "or_statement": [],
                    "rate_based_statement": [],
                    "regex_match_statement": [],
                    "regex_pattern_set_reference_statement": [],
                    "rule_group_reference_statement": [],
                    "size_constraint_statement": [],
                    "sqli_match_statement": [],
                    "xss_match_statement": []
                  }
                ],
                "visibility_config": [
                  {
                    "cloudwatch_metrics_enabled": true,
                    "metric_name": "AWSManagedRulesCommonRuleSet",
                    "sampled_requests_enabled": true
                  }
                ]
              },
              {
                "action": [],
                "captcha_config": [],
                "name": "AWSManagedRulesKnownBadInputsRuleSet",
                "override_action": [
                  {
                    "count": [
                      {}
                    ],
                    "none": []
                  }
                ],
                "priority": 40,
                "rule_label": [],
                "statement": [
                  {
                    "and_statement": [],
                    "byte_match_statement": [],
                    "geo_match_statement": [],
                    "ip_set_reference_statement": [],
                    "label_match_statement": [],
                    "managed_rule_group_statement": [
                      {
                        "managed_rule_group_configs": [],
                        "name": "AWSManagedRulesKnownBadInputsRuleSet",
                        "rule_action_override": [],
                        "scope_down_statement": [],
                        "vendor_name": "AWS",
                        "version": ""
                      }
                    ],
                    "not_statement": [],
                    "or_statement": [],
                    "rate_based_statement": [],
                    "regex_match_statement": [],
                    "regex_pattern_set_reference_statement": [],
                    "rule_group_reference_statement": [],
                    "size_constraint_statement": [],
                    "sqli_match_statement": [],
                    "xss_match_statement": []
                  }
                ],
                "visibility_config": [
                  {
                    "cloudwatch_metrics_enabled": true,
                    "metric_name": "AWSManagedRulesKnownBadInputsRuleSet",
                    "sampled_requests_enabled": true
                  }
                ]
              },
              {
                "action": [],
                "captcha_config": [],
                "name": "AWSManagedRulesSQLiRuleSet",
                "override_action": [
                  {
                    "count": [
                      {}
                    ],
                    "none": []
                  }
                ],
                "priority": 30,
                "rule_label": [],
                "statement": [
                  {
                    "and_statement": [],
                    "byte_match_statement": [],
                    "geo_match_statement": [],
                    "ip_set_reference_statement": [],
                    "label_match_statement": [],
                    "managed_rule_group_statement": [
                      {
                        "managed_rule_group_configs": [],
                        "name": "AWSManagedRulesSQLiRuleSet",
                        "rule_action_override": [],
                        "scope_down_statement": [],
                        "vendor_name": "AWS",
                        "version": ""
                      }
                    ],
                    "not_statement": [],
                    "or_statement": [],
                    "rate_based_statement": [],
                    "regex_match_statement": [],
                    "regex_pattern_set_reference_statement": [],
                    "rule_group_reference_statement": [],
                    "size_constraint_statement": [],
                    "sqli_match_statement": [],
                    "xss_match_statement": []
                  }
                ],
                "visibility_config": [
                  {
                    "cloudwatch_metrics_enabled": true,
                    "metric_name": "AWSManagedRulesSQLiRuleSet",
                    "sampled_requests_enabled": true
                  }
                ]
              }
            ],
            "scope": "CLOUDFRONT",
            "tags": {},
            "tags_all": {},
            "token_domains": [],
            "visibility_config": [
              {
                "cloudwatch_metrics_enabled": true,
                "metric_name": "global-rule",
                "sampled_requests_enabled": true
              }
            ]
          },
          "sensitive_attributes": [],
          "private": "bnVsbA==",
          "dependencies": [
            "module.waf.aws_wafv2_ip_set.ipset_global"
          ]
        }
      ]
    },
    {
      "module": "module.waf",
      "mode": "managed",
      "type": "aws_wafv2_web_acl_logging_configuration",
      "name": "logging_configuration",
      "provider": "provider[\"registry.terraform.io/hashicorp/aws\"].us-east-1",
      "instances": [
        {
          "schema_version": 0,
          "attributes": {
            "id": "arn:aws:wafv2:us-east-1:057845469470:global/webacl/www-jsp-tech-store-generic-acl/3c7ae457-4626-4f03-bf0d-9a380131bc79",
            "log_destination_configs": [
              "arn:aws:logs:us-east-1:057845469470:log-group:aws-waf-logs-www-jsp-tech-store"
            ],
            "logging_filter": [],
            "redacted_fields": [],
            "resource_arn": "arn:aws:wafv2:us-east-1:057845469470:global/webacl/www-jsp-tech-store-generic-acl/3c7ae457-4626-4f03-bf0d-9a380131bc79"
          },
          "sensitive_attributes": [],
          "private": "bnVsbA==",
          "dependencies": [
            "module.waf.aws_cloudwatch_log_group.waf_logging",
            "module.waf.aws_wafv2_ip_set.ipset_global",
            "module.waf.aws_wafv2_web_acl.waf_acl"
          ]
        }
      ]
    }
  ],
  "check_results": null
}
