{
  "version": 4,
  "terraform_version": "1.5.4",
  "serial": 27,
  "lineage": "dd3cda02-7a2f-eda8-7ffd-fbf6e6c74d93",
  "outputs": {
    "ec2_private_id": {
      "value": "i-0859ac45a7e8c0094",
      "type": "string"
    },
    "key_pair": {
      "value": "jsp-key",
      "type": "string"
    },
    "nat_eip": {
      "value": "3.37.39.46",
      "type": "string"
    },
    "private_subnet_ids": {
      "value": [
        "subnet-039db7c35b5743278",
        "subnet-0a8bef1abc953c136"
      ],
      "type": [
        "tuple",
        [
          "string",
          "string"
        ]
      ]
    },
    "public_eip": {
      "value": "3.37.201.232",
      "type": "string"
    },
    "public_subnet_ids": {
      "value": [
        "subnet-0d131410571d18fb4",
        "subnet-0f98d7470a89bfa69"
      ],
      "type": [
        "tuple",
        [
          "string",
          "string"
        ]
      ]
    },
    "vpc_id": {
      "value": "vpc-0fec3f70fae046c12",
      "type": "string"
    }
  },
  "resources": [
    {
      "module": "module.ec2",
      "mode": "data",
      "type": "aws_ami",
      "name": "amazon_linux-2",
      "provider": "provider[\"registry.terraform.io/hashicorp/aws\"]",
      "instances": [
        {
          "schema_version": 0,
          "attributes": {
            "architecture": "x86_64",
            "arn": "arn:aws:ec2:ap-northeast-2::image/ami-00a08b445dc0ab8c1",
            "block_device_mappings": [
              {
                "device_name": "/dev/xvda",
                "ebs": {
                  "delete_on_termination": "true",
                  "encrypted": "false",
                  "iops": "0",
                  "snapshot_id": "snap-0a056eb301f9449c9",
                  "throughput": "0",
                  "volume_size": "8",
                  "volume_type": "gp2"
                },
                "no_device": "",
                "virtual_name": ""
              }
            ],
            "boot_mode": "",
            "creation_date": "2023-10-23T19:48:24.000Z",
            "deprecation_time": "2025-07-01T00:00:00.000Z",
            "description": "Amazon Linux 2 AMI 2.0.20231020.1 x86_64 HVM gp2",
            "ena_support": true,
            "executable_users": null,
            "filter": [
              {
                "name": "architecture",
                "values": [
                  "x86_64"
                ]
              },
              {
                "name": "name",
                "values": [
                  "amzn2-ami-hvm-*-gp2"
                ]
              },
              {
                "name": "root-device-type",
                "values": [
                  "ebs"
                ]
              },
              {
                "name": "virtualization-type",
                "values": [
                  "hvm"
                ]
              }
            ],
            "hypervisor": "xen",
            "id": "ami-00a08b445dc0ab8c1",
            "image_id": "ami-00a08b445dc0ab8c1",
            "image_location": "amazon/amzn2-ami-hvm-2.0.20231020.1-x86_64-gp2",
            "image_owner_alias": "amazon",
            "image_type": "machine",
            "imds_support": "",
            "include_deprecated": false,
            "kernel_id": "",
            "most_recent": true,
            "name": "amzn2-ami-hvm-2.0.20231020.1-x86_64-gp2",
            "name_regex": null,
            "owner_id": "137112412989",
            "owners": [
              "amazon"
            ],
            "platform": "",
            "platform_details": "Linux/UNIX",
            "product_codes": [],
            "public": true,
            "ramdisk_id": "",
            "root_device_name": "/dev/xvda",
            "root_device_type": "ebs",
            "root_snapshot_id": "snap-0a056eb301f9449c9",
            "sriov_net_support": "simple",
            "state": "available",
            "state_reason": {
              "code": "UNSET",
              "message": "UNSET"
            },
            "tags": {},
            "timeouts": null,
            "tpm_support": "",
            "usage_operation": "RunInstances",
            "virtualization_type": "hvm"
          },
          "sensitive_attributes": []
        }
      ]
    },
    {
      "module": "module.ec2",
      "mode": "data",
      "type": "aws_ami",
      "name": "amazon_linux2_kernel_5",
      "provider": "provider[\"registry.terraform.io/hashicorp/aws\"]",
      "instances": [
        {
          "schema_version": 0,
          "attributes": {
            "architecture": "x86_64",
            "arn": "arn:aws:ec2:ap-northeast-2::image/ami-03a633fd8200146fb",
            "block_device_mappings": [
              {
                "device_name": "/dev/xvda",
                "ebs": {
                  "delete_on_termination": "true",
                  "encrypted": "false",
                  "iops": "0",
                  "snapshot_id": "snap-073f1e1c8db1d35f7",
                  "throughput": "0",
                  "volume_size": "8",
                  "volume_type": "gp2"
                },
                "no_device": "",
                "virtual_name": ""
              }
            ],
            "boot_mode": "",
            "creation_date": "2023-10-23T19:59:50.000Z",
            "deprecation_time": "2025-07-01T00:00:00.000Z",
            "description": "Amazon Linux 2 Kernel 5.10 AMI 2.0.20231020.1 x86_64 HVM gp2",
            "ena_support": true,
            "executable_users": null,
            "filter": [
              {
                "name": "name",
                "values": [
                  "amzn2-ami-kernel-5*"
                ]
              }
            ],
            "hypervisor": "xen",
            "id": "ami-03a633fd8200146fb",
            "image_id": "ami-03a633fd8200146fb",
            "image_location": "amazon/amzn2-ami-kernel-5.10-hvm-2.0.20231020.1-x86_64-gp2",
            "image_owner_alias": "amazon",
            "image_type": "machine",
            "imds_support": "",
            "include_deprecated": false,
            "kernel_id": "",
            "most_recent": true,
            "name": "amzn2-ami-kernel-5.10-hvm-2.0.20231020.1-x86_64-gp2",
            "name_regex": null,
            "owner_id": "137112412989",
            "owners": [
              "amazon"
            ],
            "platform": "",
            "platform_details": "Linux/UNIX",
            "product_codes": [],
            "public": true,
            "ramdisk_id": "",
            "root_device_name": "/dev/xvda",
            "root_device_type": "ebs",
            "root_snapshot_id": "snap-073f1e1c8db1d35f7",
            "sriov_net_support": "simple",
            "state": "available",
            "state_reason": {
              "code": "UNSET",
              "message": "UNSET"
            },
            "tags": {},
            "timeouts": null,
            "tpm_support": "",
            "usage_operation": "RunInstances",
            "virtualization_type": "hvm"
          },
          "sensitive_attributes": []
        }
      ]
    },
    {
      "module": "module.ec2",
      "mode": "data",
      "type": "aws_ami",
      "name": "ubuntu",
      "provider": "provider[\"registry.terraform.io/hashicorp/aws\"]",
      "instances": [
        {
          "schema_version": 0,
          "attributes": {
            "architecture": "x86_64",
            "arn": "arn:aws:ec2:ap-northeast-2::image/ami-0e1c435c7dd7e3953",
            "block_device_mappings": [
              {
                "device_name": "/dev/sda1",
                "ebs": {
                  "delete_on_termination": "true",
                  "encrypted": "false",
                  "iops": "0",
                  "snapshot_id": "snap-06da9b86f2bd45895",
                  "throughput": "0",
                  "volume_size": "8",
                  "volume_type": "gp2"
                },
                "no_device": "",
                "virtual_name": ""
              },
              {
                "device_name": "/dev/sdb",
                "ebs": {},
                "no_device": "",
                "virtual_name": "ephemeral0"
              },
              {
                "device_name": "/dev/sdc",
                "ebs": {},
                "no_device": "",
                "virtual_name": "ephemeral1"
              }
            ],
            "boot_mode": "legacy-bios",
            "creation_date": "2023-10-25T06:15:11.000Z",
            "deprecation_time": "2025-10-25T06:15:11.000Z",
            "description": "Canonical, Ubuntu, 22.04 LTS, amd64 jammy image build on 2023-10-25",
            "ena_support": true,
            "executable_users": null,
            "filter": [
              {
                "name": "name",
                "values": [
                  "ubuntu/images/hvm-ssd/ubuntu-jammy-22.04-amd64-server-*"
                ]
              },
              {
                "name": "virtualization-type",
                "values": [
                  "hvm"
                ]
              }
            ],
            "hypervisor": "xen",
            "id": "ami-0e1c435c7dd7e3953",
            "image_id": "ami-0e1c435c7dd7e3953",
            "image_location": "amazon/ubuntu/images/hvm-ssd/ubuntu-jammy-22.04-amd64-server-20231025",
            "image_owner_alias": "amazon",
            "image_type": "machine",
            "imds_support": "",
            "include_deprecated": false,
            "kernel_id": "",
            "most_recent": true,
            "name": "ubuntu/images/hvm-ssd/ubuntu-jammy-22.04-amd64-server-20231025",
            "name_regex": null,
            "owner_id": "099720109477",
            "owners": [
              "099720109477"
            ],
            "platform": "",
            "platform_details": "Linux/UNIX",
            "product_codes": [],
            "public": true,
            "ramdisk_id": "",
            "root_device_name": "/dev/sda1",
            "root_device_type": "ebs",
            "root_snapshot_id": "snap-06da9b86f2bd45895",
            "sriov_net_support": "simple",
            "state": "available",
            "state_reason": {
              "code": "UNSET",
              "message": "UNSET"
            },
            "tags": {},
            "timeouts": null,
            "tpm_support": "",
            "usage_operation": "RunInstances",
            "virtualization_type": "hvm"
          },
          "sensitive_attributes": []
        }
      ]
    },
    {
      "module": "module.ec2",
      "mode": "managed",
      "type": "aws_eip",
      "name": "public",
      "provider": "provider[\"registry.terraform.io/hashicorp/aws\"]",
      "instances": [
        {
          "schema_version": 0,
          "attributes": {
            "address": null,
            "allocation_id": "eipalloc-0f7209c1d7be792b1",
            "associate_with_private_ip": null,
            "association_id": "eipassoc-00e2c849e353f3f43",
            "carrier_ip": "",
            "customer_owned_ip": "",
            "customer_owned_ipv4_pool": "",
            "domain": "vpc",
            "id": "eipalloc-0f7209c1d7be792b1",
            "instance": "i-0660e88afe1c2f7e7",
            "network_border_group": "ap-northeast-2",
            "network_interface": "eni-06c2884c9dcce02f0",
            "private_dns": "ip-10-10-0-231.ap-northeast-2.compute.internal",
            "private_ip": "10.10.0.231",
            "public_dns": "ec2-3-37-201-232.ap-northeast-2.compute.amazonaws.com",
            "public_ip": "3.37.201.232",
            "public_ipv4_pool": "amazon",
            "tags": {
              "MadeBy": "jsp",
              "Name": "jsp-public-eip-2a"
            },
            "tags_all": {
              "MadeBy": "jsp",
              "Name": "jsp-public-eip-2a"
            },
            "timeouts": null,
            "vpc": true
          },
          "sensitive_attributes": [],
          "private": "eyJlMmJmYjczMC1lY2FhLTExZTYtOGY4OC0zNDM2M2JjN2M0YzAiOnsiZGVsZXRlIjoxODAwMDAwMDAwMDAsInJlYWQiOjkwMDAwMDAwMDAwMCwidXBkYXRlIjozMDAwMDAwMDAwMDB9fQ==",
          "dependencies": [
            "module.ec2.aws_instance.public",
            "module.ec2.data.aws_ami.amazon_linux2_kernel_5",
            "module.sg.aws_security_group.public",
            "module.vpc.aws_subnet.public",
            "module.vpc.aws_vpc.vpc"
          ]
        }
      ]
    },
    {
      "module": "module.ec2",
      "mode": "managed",
      "type": "aws_instance",
      "name": "private",
      "provider": "provider[\"registry.terraform.io/hashicorp/aws\"]",
      "instances": [
        {
          "schema_version": 1,
          "attributes": {
            "ami": "ami-03a633fd8200146fb",
            "arn": "arn:aws:ec2:ap-northeast-2:057845469470:instance/i-0859ac45a7e8c0094",
            "associate_public_ip_address": false,
            "availability_zone": "ap-northeast-2a",
            "capacity_reservation_specification": [
              {
                "capacity_reservation_preference": "open",
                "capacity_reservation_target": []
              }
            ],
            "cpu_core_count": 1,
            "cpu_options": [
              {
                "amd_sev_snp": "",
                "core_count": 1,
                "threads_per_core": 2
              }
            ],
            "cpu_threads_per_core": 2,
            "credit_specification": [
              {
                "cpu_credits": "unlimited"
              }
            ],
            "disable_api_stop": false,
            "disable_api_termination": true,
            "ebs_block_device": [],
            "ebs_optimized": false,
            "enclave_options": [
              {
                "enabled": false
              }
            ],
            "ephemeral_block_device": [],
            "get_password_data": false,
            "hibernation": false,
            "host_id": "",
            "host_resource_group_arn": null,
            "iam_instance_profile": "jsp-private",
            "id": "i-0859ac45a7e8c0094",
            "instance_initiated_shutdown_behavior": "stop",
            "instance_lifecycle": "",
            "instance_market_options": [],
            "instance_state": "running",
            "instance_type": "t3.micro",
            "ipv6_address_count": 0,
            "ipv6_addresses": [],
            "key_name": "jsp-key",
            "launch_template": [],
            "maintenance_options": [
              {
                "auto_recovery": "default"
              }
            ],
            "metadata_options": [
              {
                "http_endpoint": "enabled",
                "http_protocol_ipv6": "disabled",
                "http_put_response_hop_limit": 1,
                "http_tokens": "optional",
                "instance_metadata_tags": "disabled"
              }
            ],
            "monitoring": false,
            "network_interface": [],
            "outpost_arn": "",
            "password_data": "",
            "placement_group": "",
            "placement_partition_number": 0,
            "primary_network_interface_id": "eni-066ff049826d34086",
            "private_dns": "ip-10-10-10-93.ap-northeast-2.compute.internal",
            "private_dns_name_options": [
              {
                "enable_resource_name_dns_a_record": false,
                "enable_resource_name_dns_aaaa_record": false,
                "hostname_type": "ip-name"
              }
            ],
            "private_ip": "10.10.10.93",
            "public_dns": "",
            "public_ip": "",
            "root_block_device": [
              {
                "delete_on_termination": true,
                "device_name": "/dev/xvda",
                "encrypted": false,
                "iops": 3000,
                "kms_key_id": "",
                "tags": null,
                "throughput": 125,
                "volume_id": "vol-041c7fd47b74d4589",
                "volume_size": 10,
                "volume_type": "gp3"
              }
            ],
            "secondary_private_ips": [],
            "security_groups": [],
            "source_dest_check": true,
            "spot_instance_request_id": "",
            "subnet_id": "subnet-039db7c35b5743278",
            "tags": {
              "MadeBy": "jsp",
              "Name": "jsp-private-server"
            },
            "tags_all": {
              "MadeBy": "jsp",
              "Name": "jsp-private-server"
            },
            "tenancy": "default",
            "timeouts": null,
            "user_data": "134003300273f707f6a0775dec1d44c482733c68",
            "user_data_base64": null,
            "user_data_replace_on_change": false,
            "volume_tags": null,
            "vpc_security_group_ids": [
              "sg-04ee57ddcc72a1984"
            ]
          },
          "sensitive_attributes": [],
          "private": "eyJlMmJmYjczMC1lY2FhLTExZTYtOGY4OC0zNDM2M2JjN2M0YzAiOnsiY3JlYXRlIjo2MDAwMDAwMDAwMDAsImRlbGV0ZSI6MTIwMDAwMDAwMDAwMCwidXBkYXRlIjo2MDAwMDAwMDAwMDB9LCJzY2hlbWFfdmVyc2lvbiI6IjEifQ==",
          "dependencies": [
            "module.ec2.data.aws_ami.amazon_linux2_kernel_5",
            "module.iam.aws_iam_instance_profile.private",
            "module.iam.aws_iam_role.jsp_private",
            "module.sg.aws_security_group.private",
            "module.vpc.aws_subnet.private",
            "module.vpc.aws_vpc.vpc"
          ]
        }
      ]
    },
    {
      "module": "module.ec2",
      "mode": "managed",
      "type": "aws_instance",
      "name": "public",
      "provider": "provider[\"registry.terraform.io/hashicorp/aws\"]",
      "instances": [
        {
          "schema_version": 1,
          "attributes": {
            "ami": "ami-03a633fd8200146fb",
            "arn": "arn:aws:ec2:ap-northeast-2:057845469470:instance/i-0660e88afe1c2f7e7",
            "associate_public_ip_address": true,
            "availability_zone": "ap-northeast-2a",
            "capacity_reservation_specification": [
              {
                "capacity_reservation_preference": "open",
                "capacity_reservation_target": []
              }
            ],
            "cpu_core_count": 1,
            "cpu_options": [
              {
                "amd_sev_snp": "",
                "core_count": 1,
                "threads_per_core": 2
              }
            ],
            "cpu_threads_per_core": 2,
            "credit_specification": [
              {
                "cpu_credits": "unlimited"
              }
            ],
            "disable_api_stop": false,
            "disable_api_termination": true,
            "ebs_block_device": [],
            "ebs_optimized": false,
            "enclave_options": [
              {
                "enabled": false
              }
            ],
            "ephemeral_block_device": [],
            "get_password_data": false,
            "hibernation": false,
            "host_id": "",
            "host_resource_group_arn": null,
            "iam_instance_profile": "",
            "id": "i-0660e88afe1c2f7e7",
            "instance_initiated_shutdown_behavior": "stop",
            "instance_lifecycle": "",
            "instance_market_options": [],
            "instance_state": "running",
            "instance_type": "t3.micro",
            "ipv6_address_count": 0,
            "ipv6_addresses": [],
            "key_name": "jsp-key",
            "launch_template": [],
            "maintenance_options": [
              {
                "auto_recovery": "default"
              }
            ],
            "metadata_options": [
              {
                "http_endpoint": "enabled",
                "http_protocol_ipv6": "disabled",
                "http_put_response_hop_limit": 1,
                "http_tokens": "optional",
                "instance_metadata_tags": "disabled"
              }
            ],
            "monitoring": false,
            "network_interface": [],
            "outpost_arn": "",
            "password_data": "",
            "placement_group": "",
            "placement_partition_number": 0,
            "primary_network_interface_id": "eni-06c2884c9dcce02f0",
            "private_dns": "ip-10-10-0-231.ap-northeast-2.compute.internal",
            "private_dns_name_options": [
              {
                "enable_resource_name_dns_a_record": false,
                "enable_resource_name_dns_aaaa_record": false,
                "hostname_type": "ip-name"
              }
            ],
            "private_ip": "10.10.0.231",
            "public_dns": "ec2-15-164-245-208.ap-northeast-2.compute.amazonaws.com",
            "public_ip": "15.164.245.208",
            "root_block_device": [
              {
                "delete_on_termination": true,
                "device_name": "/dev/xvda",
                "encrypted": false,
                "iops": 3000,
                "kms_key_id": "",
                "tags": null,
                "throughput": 125,
                "volume_id": "vol-08a792e4fe74b6456",
                "volume_size": 10,
                "volume_type": "gp3"
              }
            ],
            "secondary_private_ips": [],
            "security_groups": [],
            "source_dest_check": true,
            "spot_instance_request_id": "",
            "subnet_id": "subnet-0d131410571d18fb4",
            "tags": {
              "MadeBy": "jsp",
              "Name": "jsp-public-server"
            },
            "tags_all": {
              "MadeBy": "jsp",
              "Name": "jsp-public-server"
            },
            "tenancy": "default",
            "timeouts": null,
            "user_data": "134003300273f707f6a0775dec1d44c482733c68",
            "user_data_base64": null,
            "user_data_replace_on_change": false,
            "volume_tags": null,
            "vpc_security_group_ids": [
              "sg-0e1f399edbaa9a93e"
            ]
          },
          "sensitive_attributes": [],
          "private": "eyJlMmJmYjczMC1lY2FhLTExZTYtOGY4OC0zNDM2M2JjN2M0YzAiOnsiY3JlYXRlIjo2MDAwMDAwMDAwMDAsImRlbGV0ZSI6MTIwMDAwMDAwMDAwMCwidXBkYXRlIjo2MDAwMDAwMDAwMDB9LCJzY2hlbWFfdmVyc2lvbiI6IjEifQ==",
          "dependencies": [
            "module.ec2.data.aws_ami.amazon_linux2_kernel_5",
            "module.sg.aws_security_group.public",
            "module.vpc.aws_subnet.public",
            "module.vpc.aws_vpc.vpc"
          ]
        }
      ]
    },
    {
      "module": "module.ec2",
      "mode": "managed",
      "type": "aws_key_pair",
      "name": "key_pair",
      "provider": "provider[\"registry.terraform.io/hashicorp/aws\"]",
      "instances": [
        {
          "schema_version": 1,
          "attributes": {
            "arn": "arn:aws:ec2:ap-northeast-2:057845469470:key-pair/jsp-key",
            "fingerprint": "7f:cc:a9:5e:cc:4e:2a:59:52:4e:c2:52:3c:58:b3:4f",
            "id": "jsp-key",
            "key_name": "jsp-key",
            "key_name_prefix": "",
            "key_pair_id": "key-0ea0fd538a2863eaa",
            "key_type": "rsa",
            "public_key": "ssh-rsa AAAAB3NzaC1yc2EAAAADAQABAAACAQDXLJwirumLDP0vZOATb9WhGiuR9mpRBiYtHngBnJOBoKhG3z3GJOs41U555w4QVrjw1lmLyLv1bZjGP4G3rSPLSTaEGrz6erkp9cBOU7DY2ZAGBeQcVXfeU0W8ETZaQzPKIWBZm2tF0MKXCyEsGqmwF0/DxBjGsKEpF9GE1V8cqmn5frbu5LIS4UUrMtWYszFYy1TQYmJ+tIbhDPEeJnieMrRk2BK7Tv7BD/6Hlcfu0vxZl0uicXfokEWkh5ThxdHng+V55EloeNu1/k8krPpn8oKMmGE4t/9qUnlSeermuYQjLiN+W4iP+Y2ZqkyoAqYsfrFhw+ev40EJ3k+hBJWZZeJuGKo6gs51Nd1hgX78GHMxRTDFpoJc/V04M2ko5CaVEm0hbrm3boFLDWhvA5TGptGOHnuSdoybc+bOy0vs5jIQ3XNiO2zFAtmEkkrCkIntcihPRnBmpXfo7rZ+5Eg/jd+wJl4VKsI7oq2uVu7CzTOvvKyj8BolqngfXMtPuxMcbZ4l9wJZVKY8etWXk03uokHjExz7ruEAD0W/506PYhc6P7u9a/QIGgn0xlKzvm+Wl5a2lFbKpyk8rHyQIaxefDx8T3ZsJoWFwC3cRZut295elJoI9zIfpogskq6FNeLZkPu/SAvmQblTUi0EmRaQ0lMoQ99E06mHG9geSoioUw==",
            "tags": null,
            "tags_all": {}
          },
          "sensitive_attributes": [],
          "private": "eyJzY2hlbWFfdmVyc2lvbiI6IjEifQ==",
          "dependencies": [
            "module.ec2.tls_private_key.key_pair"
          ]
        }
      ]
    },
    {
      "module": "module.ec2",
      "mode": "managed",
      "type": "local_file",
      "name": "ssh_key",
      "provider": "provider[\"registry.terraform.io/hashicorp/local\"]",
      "instances": [
        {
          "schema_version": 0,
          "attributes": {
            "content": "-----BEGIN RSA PRIVATE KEY-----\nMIIJJwIBAAKCAgEA1yycIq7piwz9L2TgE2/VoRorkfZqUQYmLR54AZyTgaCoRt89\nxiTrONVOeecOEFa48NZZi8i79W2Yxj+Bt60jy0k2hBq8+nq5KfXATlOw2NmQBgXk\nHFV33lNFvBE2WkMzyiFgWZtrRdDClwshLBqpsBdPw8QYxrChKRfRhNVfHKpp+X62\n7uSyEuFFKzLVmLMxWMtU0GJifrSG4QzxHiZ4njK0ZNgSu07+wQ/+h5XH7tL8WZdL\nonF36JBFpIeU4cXR54PleeRJaHjbtf5PJKz6Z/KCjJhhOLf/alJ5Unnq5rmEIy4j\nfluIj/mNmapMqAKmLH6xYcPnr+NBCd5PoQSVmWXibhiqOoLOdTXdYYF+/BhzMUUw\nxaaCXP1dODNpKOQmlRJtIW65t26BSw1obwOUxqbRjh57knaMm3PmzstL7OYyEN1z\nYjtsxQLZhJJKwpCJ7XIoT0ZwZqV36O62fuRIP43fsCZeFSrCO6Ktrlbuws0zr7ys\no/AaJap4H1zLT7sTHG2eJfcCWVSmPHrVl5NN7qJB4xMc+67hAA9Fv+dOj2IXOj+7\nvWv0CBoJ9MZSs75vlpeWtpRWyqcpPKx8kCGsXnw8fE92bCaFhcAt3EWbrdveXpSa\nCPcyH6aILJKuhTXi2ZD7v0gL5kG5U1ItBJkWkNJTKEPfRNOphxvYHkqIqFMCAwEA\nAQKCAgBOM05DZKJIAN57PQQazEgtlp9DGvUkoUF6oFoo68jIEaVWrId83aoHK66r\nqwd3dK0eCijdHoUA+2XMlwQDxw79MIx5kmYf+j4VO9U6IjxhcyBesAFpMr6vtD/h\ny7efMlE+IscricqAwxAVaNwTdVU6RB6fHUOL4mGP17IzvoAkoOKG5ECDreXx6qEC\nxCTQrD9A8BTQ7xCwz9c9L0DqHj0z8WWSSNz16g24CKIOkKbq6w7/WHcKgIZ9pQFK\nfGPlccmJhGv/0rHDIDlpeRU2VQ9ke8RqaG7c+DIBaBvjl5+BXubhCkGoCIgnGyEV\nOclGPkA6Z4j76QDo8YSPm5YBBPOA846BbZuuV87isIOhbiVrcLE5Hr9qncTDFp6R\n6KkYKIZfkBtAl+09DMrkAEUoEkXwpu1JSFbhp0w06V/bVCLlbM0yTHba3wb8yX/2\nA6MwVtQB3Jvc7pzsUIDbQkwawQnxjDZIrqK6Zf/cdjXCzGv3YuZacysYXpQxrYFJ\n1qsWkkcjHDgBluuOKkb80rw7x/fwgtqJeU/z/6oGQGNdNC7KIFHd58rDBSlLtQ6f\nnXswXoQYlpBdTx8af+HZIyF6QY1coS/0bI1vEpNSCZClCUTkmd5080nYZVfJ+paD\nPIahSRvBXmJOL16lI2oP6bDJA7nl7TBrMa1EsSJoZpGGxvJq0QKCAQEA3C9bgAFx\ngn2CIFHRHGZn4uW879bSEah3C0HkseHB/ccloyDhOlgfQ6fcdZdTYAuiLIupWRDz\neV2GySkcI8dgcIs7cEM5BGrwmV/su80FPloZ7bkVoaxyZWNEj37LpwHqOrOoKGA8\nnZb52zQToroYRYqQqPiYqxTMnNpFXgxRjbC/eehuL5BIU/Eq5jDgc+7MlKOqjj12\nEuJXPukLt+ky5tgvcSXGxIcFdx8vsK75j5WDIDgXWmdtVl1MaTeSq3amRaAtAfPF\n/Yfh07DyaKSSfzJVEW+k8GcrgQwdzOT3u2RibbaEOPsG+y3kPL6DO7orzU+Yg01d\nG/42eRkPlJqRzwKCAQEA+iyaNy7WP5wYbgVMZ4QWLMZg9yuMNtq0tElzoTmpkGy4\nFlZTN1l60xSU2BQWP9XlYGRfinNDPZwmpHSwT7Po6yphKAshQzJ02wK5OdsZMj1R\nizVyqxZA7xdf6kjHSH0DghQuofjY/rs8CfX4qZmM8Q9dcWkn3P53XcQfQb1/DgCw\ntWxEVXApvzIO4AUOcEPvWzVmrF46kdkmMprEp/2S1XHr8R+NiaZlbghR8u+RaFl+\nmNRF2Zr+1B00i9AkfPE68r2Gm4Ao1hi9mjbOttTdVju1vmwmxUqbNkSZWTBvqnZx\nLom7ws83hHZ18Zb5shx33DXLXE5Wkd3moHJuFbn2PQKCAQBFAUaA0HL9fU4ZyOpr\nJyDpuCxFUiLVy+E7EvSUVvdQDGicPkK34UQzFNl/tOQ5VowFv+Nb+XcEky4ZvxuF\njweHXetL3JVy7/zlZG2x0agSCXTUzsubtorHgZvMCOXUOkJpEULjHH4CuX0mmKSK\nvB29NZbujbJy83rIsZNJzTyF1l272/8kQuiX/h3+tFSzoKRW9RAPse1eL7c+DRVS\nFvCP7jK4GCm6D8LDuW9dxQiLWkUVBN80wvM+PNEkrHj36aBkc7WHRhnHwh0hFfRy\nnRkYafLFGyMrAHpe4Cg6vYtyHBzI24mGvg1LDO/Zpa9FOaxelNJsXAORMVNrElKS\ntPp7AoIBAFLoayc0j24/Nd1oRhzcKlkmWUYwmWQocNB6syZQLMCfNxa3/xYNwmWn\noXhGl+UJ5t1eBkek0TjewfOodDHFxsAAqHgT0C8rzowyR95DnQMITTjcOqc2Vcim\nr3O+MMT2IS5/r8Cf7pHkzQ3kBUd3irzswaPvHHXhov9hGpa3zR5/3hAR1EeYR02E\nsmdNZa6Q5QcOGHuxMqnZFA6bOecOYxX3jiC3uzlN+rlPapEfEcpKNmlBl/B4rFDx\naNOY5C6/5zBA3RY1j9L8GgG8fh8bRkrouN9liifCBNQkQcnMAoW0gOfSX3Y9JAHz\nHD03MoLzakmBTmbF02y95EtyAMeUfGUCggEAbHhjmE1rY1l2SeO3KWw0kA3x/xsQ\neyFKVYwyxThHmgsqx2zbijPIjGFuW62aAnSP7dgCXAL6rFoJq6NO5mnXj16yCC8Q\nTeFlHKSNFZehqRgg94fkl1InTwwMJRNSwU6rp3ZcowsejNysHDMOD94C4YRx1SeY\ncaNXJ6bXFrYUgzXf+XwnezrNBIkkD+xwJx/gAXRysY+XUFsBD75ognjMpd2cGl2X\nD5V1ZDpKXZ+Qi5+0oojuui7Lsj1j+8LrlzqYLF/pxvp9Avy1Zid7gP9dyyQzOdcJ\nkrQCoo8xxx2lkwHd3gsjbAkGzfu6+53OhyFAdX5LHfy/qARBUdkkrT7LrA==\n-----END RSA PRIVATE KEY-----\n",
            "content_base64": null,
            "content_base64sha256": "0x/bw/U/em3QxFtBzKsCwwY1bW1xQpq8qrkGUGGYudw=",
            "content_base64sha512": "8TSwpKMFvH5eSnoFJvtAEHOdleiiYM1B45FG96Mv5j5hx8InI8c23cVTFhzkVWBYVa2n69VMgAEWM50L96VscA==",
            "content_md5": "3d1e0e11cf8ae214f78701c7265bcd7d",
            "content_sha1": "c6dbae16b1ab37b7528f64ef74c2773208613969",
            "content_sha256": "d31fdbc3f53f7a6dd0c45b41ccab02c306356d6d71429abcaab906506198b9dc",
            "content_sha512": "f134b0a4a305bc7e5e4a7a0526fb4010739d95e8a260cd41e39146f7a32fe63e61c7c22723c736ddc553161ce455605855ada7ebd54c800116339d0bf7a56c70",
            "directory_permission": "0777",
            "file_permission": "0777",
            "filename": "ec2/jsp-key.pem",
            "id": "c6dbae16b1ab37b7528f64ef74c2773208613969",
            "sensitive_content": null,
            "source": null
          },
          "sensitive_attributes": [
            [
              {
                "type": "get_attr",
                "value": "content"
              }
            ]
          ],
          "dependencies": [
            "module.ec2.aws_key_pair.key_pair",
            "module.ec2.tls_private_key.key_pair"
          ]
        }
      ]
    },
    {
      "module": "module.ec2",
      "mode": "managed",
      "type": "tls_private_key",
      "name": "key_pair",
      "provider": "provider[\"registry.terraform.io/hashicorp/tls\"]",
      "instances": [
        {
          "schema_version": 1,
          "attributes": {
            "algorithm": "RSA",
            "ecdsa_curve": "P224",
            "id": "10be597db52c6a87ba98bb448f78a2b5a337a569",
            "private_key_openssh": "-----BEGIN OPENSSH PRIVATE KEY-----\nb3BlbnNzaC1rZXktdjEAAAAABG5vbmUAAAAEbm9uZQAAAAAAAAABAAACFwAAAAdz\nc2gtcnNhAAAAAwEAAQAAAgEA1yycIq7piwz9L2TgE2/VoRorkfZqUQYmLR54AZyT\ngaCoRt89xiTrONVOeecOEFa48NZZi8i79W2Yxj+Bt60jy0k2hBq8+nq5KfXATlOw\n2NmQBgXkHFV33lNFvBE2WkMzyiFgWZtrRdDClwshLBqpsBdPw8QYxrChKRfRhNVf\nHKpp+X627uSyEuFFKzLVmLMxWMtU0GJifrSG4QzxHiZ4njK0ZNgSu07+wQ/+h5XH\n7tL8WZdLonF36JBFpIeU4cXR54PleeRJaHjbtf5PJKz6Z/KCjJhhOLf/alJ5Unnq\n5rmEIy4jfluIj/mNmapMqAKmLH6xYcPnr+NBCd5PoQSVmWXibhiqOoLOdTXdYYF+\n/BhzMUUwxaaCXP1dODNpKOQmlRJtIW65t26BSw1obwOUxqbRjh57knaMm3PmzstL\n7OYyEN1zYjtsxQLZhJJKwpCJ7XIoT0ZwZqV36O62fuRIP43fsCZeFSrCO6Ktrlbu\nws0zr7yso/AaJap4H1zLT7sTHG2eJfcCWVSmPHrVl5NN7qJB4xMc+67hAA9Fv+dO\nj2IXOj+7vWv0CBoJ9MZSs75vlpeWtpRWyqcpPKx8kCGsXnw8fE92bCaFhcAt3EWb\nrdveXpSaCPcyH6aILJKuhTXi2ZD7v0gL5kG5U1ItBJkWkNJTKEPfRNOphxvYHkqI\nqFMAAAc4oeJVaaHiVWkAAAAHc3NoLXJzYQAAAgEA1yycIq7piwz9L2TgE2/VoRor\nkfZqUQYmLR54AZyTgaCoRt89xiTrONVOeecOEFa48NZZi8i79W2Yxj+Bt60jy0k2\nhBq8+nq5KfXATlOw2NmQBgXkHFV33lNFvBE2WkMzyiFgWZtrRdDClwshLBqpsBdP\nw8QYxrChKRfRhNVfHKpp+X627uSyEuFFKzLVmLMxWMtU0GJifrSG4QzxHiZ4njK0\nZNgSu07+wQ/+h5XH7tL8WZdLonF36JBFpIeU4cXR54PleeRJaHjbtf5PJKz6Z/KC\njJhhOLf/alJ5Unnq5rmEIy4jfluIj/mNmapMqAKmLH6xYcPnr+NBCd5PoQSVmWXi\nbhiqOoLOdTXdYYF+/BhzMUUwxaaCXP1dODNpKOQmlRJtIW65t26BSw1obwOUxqbR\njh57knaMm3PmzstL7OYyEN1zYjtsxQLZhJJKwpCJ7XIoT0ZwZqV36O62fuRIP43f\nsCZeFSrCO6Ktrlbuws0zr7yso/AaJap4H1zLT7sTHG2eJfcCWVSmPHrVl5NN7qJB\n4xMc+67hAA9Fv+dOj2IXOj+7vWv0CBoJ9MZSs75vlpeWtpRWyqcpPKx8kCGsXnw8\nfE92bCaFhcAt3EWbrdveXpSaCPcyH6aILJKuhTXi2ZD7v0gL5kG5U1ItBJkWkNJT\nKEPfRNOphxvYHkqIqFMAAAADAQABAAACAE4zTkNkokgA3ns9BBrMSC2Wn0Ma9SSh\nQXqgWijryMgRpVash3zdqgcrrqurB3d0rR4KKN0ehQD7ZcyXBAPHDv0wjHmSZh/6\nPhU71ToiPGFzIF6wAWkyvq+0P+HLt58yUT4ixyuJyoDDEBVo3BN1VTpEHp8dQ4vi\nYY/XsjO+gCSg4obkQIOt5fHqoQLEJNCsP0DwFNDvELDP1z0vQOoePTPxZZJI3PXq\nDbgIog6QpurrDv9YdwqAhn2lAUp8Y+VxyYmEa//SscMgOWl5FTZVD2R7xGpobtz4\nMgFoG+OXn4Fe5uEKQagIiCcbIRU5yUY+QDpniPvpAOjxhI+blgEE84DzjoFtm65X\nzuKwg6FuJWtwsTkev2qdxMMWnpHoqRgohl+QG0CX7T0MyuQARSgSRfCm7UlIVuGn\nTDTpX9tUIuVszTJMdtrfBvzJf/YDozBW1AHcm9zunOxQgNtCTBrBCfGMNkiuorpl\n/9x2NcLMa/di5lpzKxhelDGtgUnWqxaSRyMcOAGW644qRvzSvDvH9/CC2ol5T/P/\nqgZAY100LsogUd3nysMFKUu1Dp+dezBehBiWkF1PHxp/4dkjIXpBjVyhL/RsjW8S\nk1IJkKUJROSZ3nTzSdhlV8n6loM8hqFJG8FeYk4vXqUjag/psMkDueXtMGsxrUSx\nImhmkYbG8mrRAAABAGx4Y5hNa2NZdknjtylsNJAN8f8bEHshSlWMMsU4R5oLKsds\n24ozyIxhblutmgJ0j+3YAlwC+qxaCaujTuZp149esggvEE3hZRykjRWXoakYIPeH\n5JdSJ08MDCUTUsFOq6d2XKMLHozcrBwzDg/eAuGEcdUnmHGjVyem1xa2FIM13/l8\nJ3s6zQSJJA/scCcf4AF0crGPl1BbAQ++aIJ4zKXdnBpdlw+VdWQ6Sl2fkIuftKKI\n7rouy7I9Y/vC65c6mCxf6cb6fQL8tWYne4D/XcskMznXCZK0AqKPMccdpZMB3d4L\nI2wJBs37uvudzochQHV+Sx38v6gEQVHZJK0+y6wAAAEBANwvW4ABcYJ9giBR0Rxm\nZ+LlvO/W0hGodwtB5LHhwf3HJaMg4TpYH0On3HWXU2ALoiyLqVkQ83ldhskpHCPH\nYHCLO3BDOQRq8Jlf7LvNBT5aGe25FaGscmVjRI9+y6cB6jqzqChgPJ2W+ds0E6K6\nGEWKkKj4mKsUzJzaRV4MUY2wv3nobi+QSFPxKuYw4HPuzJSjqo49dhLiVz7pC7fp\nMubYL3ElxsSHBXcfL7Cu+Y+VgyA4F1pnbVZdTGk3kqt2pkWgLQHzxf2H4dOw8mik\nkn8yVRFvpPBnK4EMHczk97tkYm22hDj7Bvst5Dy+gzu6K81PmINNXRv+NnkZD5Sa\nkc8AAAEBAPosmjcu1j+cGG4FTGeEFizGYPcrjDbatLRJc6E5qZBsuBZWUzdZetMU\nlNgUFj/V5WBkX4pzQz2cJqR0sE+z6OsqYSgLIUMydNsCuTnbGTI9UYs1cqsWQO8X\nX+pIx0h9A4IULqH42P67PAn1+KmZjPEPXXFpJ9z+d13EH0G9fw4AsLVsRFVwKb8y\nDuAFDnBD71s1ZqxeOpHZJjKaxKf9ktVx6/EfjYmmZW4IUfLvkWhZfpjURdma/tQd\nNIvQJHzxOvK9hpuAKNYYvZo2zrbU3VY7tb5sJsVKmzZEmVkwb6p2cS6Ju8LPN4R2\ndfGW+bIcd9w1y1xOVpHd5qBybhW59j0AAAAAAQID\n-----END OPENSSH PRIVATE KEY-----\n",
            "private_key_pem": "-----BEGIN RSA PRIVATE KEY-----\nMIIJJwIBAAKCAgEA1yycIq7piwz9L2TgE2/VoRorkfZqUQYmLR54AZyTgaCoRt89\nxiTrONVOeecOEFa48NZZi8i79W2Yxj+Bt60jy0k2hBq8+nq5KfXATlOw2NmQBgXk\nHFV33lNFvBE2WkMzyiFgWZtrRdDClwshLBqpsBdPw8QYxrChKRfRhNVfHKpp+X62\n7uSyEuFFKzLVmLMxWMtU0GJifrSG4QzxHiZ4njK0ZNgSu07+wQ/+h5XH7tL8WZdL\nonF36JBFpIeU4cXR54PleeRJaHjbtf5PJKz6Z/KCjJhhOLf/alJ5Unnq5rmEIy4j\nfluIj/mNmapMqAKmLH6xYcPnr+NBCd5PoQSVmWXibhiqOoLOdTXdYYF+/BhzMUUw\nxaaCXP1dODNpKOQmlRJtIW65t26BSw1obwOUxqbRjh57knaMm3PmzstL7OYyEN1z\nYjtsxQLZhJJKwpCJ7XIoT0ZwZqV36O62fuRIP43fsCZeFSrCO6Ktrlbuws0zr7ys\no/AaJap4H1zLT7sTHG2eJfcCWVSmPHrVl5NN7qJB4xMc+67hAA9Fv+dOj2IXOj+7\nvWv0CBoJ9MZSs75vlpeWtpRWyqcpPKx8kCGsXnw8fE92bCaFhcAt3EWbrdveXpSa\nCPcyH6aILJKuhTXi2ZD7v0gL5kG5U1ItBJkWkNJTKEPfRNOphxvYHkqIqFMCAwEA\nAQKCAgBOM05DZKJIAN57PQQazEgtlp9DGvUkoUF6oFoo68jIEaVWrId83aoHK66r\nqwd3dK0eCijdHoUA+2XMlwQDxw79MIx5kmYf+j4VO9U6IjxhcyBesAFpMr6vtD/h\ny7efMlE+IscricqAwxAVaNwTdVU6RB6fHUOL4mGP17IzvoAkoOKG5ECDreXx6qEC\nxCTQrD9A8BTQ7xCwz9c9L0DqHj0z8WWSSNz16g24CKIOkKbq6w7/WHcKgIZ9pQFK\nfGPlccmJhGv/0rHDIDlpeRU2VQ9ke8RqaG7c+DIBaBvjl5+BXubhCkGoCIgnGyEV\nOclGPkA6Z4j76QDo8YSPm5YBBPOA846BbZuuV87isIOhbiVrcLE5Hr9qncTDFp6R\n6KkYKIZfkBtAl+09DMrkAEUoEkXwpu1JSFbhp0w06V/bVCLlbM0yTHba3wb8yX/2\nA6MwVtQB3Jvc7pzsUIDbQkwawQnxjDZIrqK6Zf/cdjXCzGv3YuZacysYXpQxrYFJ\n1qsWkkcjHDgBluuOKkb80rw7x/fwgtqJeU/z/6oGQGNdNC7KIFHd58rDBSlLtQ6f\nnXswXoQYlpBdTx8af+HZIyF6QY1coS/0bI1vEpNSCZClCUTkmd5080nYZVfJ+paD\nPIahSRvBXmJOL16lI2oP6bDJA7nl7TBrMa1EsSJoZpGGxvJq0QKCAQEA3C9bgAFx\ngn2CIFHRHGZn4uW879bSEah3C0HkseHB/ccloyDhOlgfQ6fcdZdTYAuiLIupWRDz\neV2GySkcI8dgcIs7cEM5BGrwmV/su80FPloZ7bkVoaxyZWNEj37LpwHqOrOoKGA8\nnZb52zQToroYRYqQqPiYqxTMnNpFXgxRjbC/eehuL5BIU/Eq5jDgc+7MlKOqjj12\nEuJXPukLt+ky5tgvcSXGxIcFdx8vsK75j5WDIDgXWmdtVl1MaTeSq3amRaAtAfPF\n/Yfh07DyaKSSfzJVEW+k8GcrgQwdzOT3u2RibbaEOPsG+y3kPL6DO7orzU+Yg01d\nG/42eRkPlJqRzwKCAQEA+iyaNy7WP5wYbgVMZ4QWLMZg9yuMNtq0tElzoTmpkGy4\nFlZTN1l60xSU2BQWP9XlYGRfinNDPZwmpHSwT7Po6yphKAshQzJ02wK5OdsZMj1R\nizVyqxZA7xdf6kjHSH0DghQuofjY/rs8CfX4qZmM8Q9dcWkn3P53XcQfQb1/DgCw\ntWxEVXApvzIO4AUOcEPvWzVmrF46kdkmMprEp/2S1XHr8R+NiaZlbghR8u+RaFl+\nmNRF2Zr+1B00i9AkfPE68r2Gm4Ao1hi9mjbOttTdVju1vmwmxUqbNkSZWTBvqnZx\nLom7ws83hHZ18Zb5shx33DXLXE5Wkd3moHJuFbn2PQKCAQBFAUaA0HL9fU4ZyOpr\nJyDpuCxFUiLVy+E7EvSUVvdQDGicPkK34UQzFNl/tOQ5VowFv+Nb+XcEky4ZvxuF\njweHXetL3JVy7/zlZG2x0agSCXTUzsubtorHgZvMCOXUOkJpEULjHH4CuX0mmKSK\nvB29NZbujbJy83rIsZNJzTyF1l272/8kQuiX/h3+tFSzoKRW9RAPse1eL7c+DRVS\nFvCP7jK4GCm6D8LDuW9dxQiLWkUVBN80wvM+PNEkrHj36aBkc7WHRhnHwh0hFfRy\nnRkYafLFGyMrAHpe4Cg6vYtyHBzI24mGvg1LDO/Zpa9FOaxelNJsXAORMVNrElKS\ntPp7AoIBAFLoayc0j24/Nd1oRhzcKlkmWUYwmWQocNB6syZQLMCfNxa3/xYNwmWn\noXhGl+UJ5t1eBkek0TjewfOodDHFxsAAqHgT0C8rzowyR95DnQMITTjcOqc2Vcim\nr3O+MMT2IS5/r8Cf7pHkzQ3kBUd3irzswaPvHHXhov9hGpa3zR5/3hAR1EeYR02E\nsmdNZa6Q5QcOGHuxMqnZFA6bOecOYxX3jiC3uzlN+rlPapEfEcpKNmlBl/B4rFDx\naNOY5C6/5zBA3RY1j9L8GgG8fh8bRkrouN9liifCBNQkQcnMAoW0gOfSX3Y9JAHz\nHD03MoLzakmBTmbF02y95EtyAMeUfGUCggEAbHhjmE1rY1l2SeO3KWw0kA3x/xsQ\neyFKVYwyxThHmgsqx2zbijPIjGFuW62aAnSP7dgCXAL6rFoJq6NO5mnXj16yCC8Q\nTeFlHKSNFZehqRgg94fkl1InTwwMJRNSwU6rp3ZcowsejNysHDMOD94C4YRx1SeY\ncaNXJ6bXFrYUgzXf+XwnezrNBIkkD+xwJx/gAXRysY+XUFsBD75ognjMpd2cGl2X\nD5V1ZDpKXZ+Qi5+0oojuui7Lsj1j+8LrlzqYLF/pxvp9Avy1Zid7gP9dyyQzOdcJ\nkrQCoo8xxx2lkwHd3gsjbAkGzfu6+53OhyFAdX5LHfy/qARBUdkkrT7LrA==\n-----END RSA PRIVATE KEY-----\n",
            "private_key_pem_pkcs8": "-----BEGIN PRIVATE KEY-----\nMIIJQQIBADANBgkqhkiG9w0BAQEFAASCCSswggknAgEAAoICAQDXLJwirumLDP0v\nZOATb9WhGiuR9mpRBiYtHngBnJOBoKhG3z3GJOs41U555w4QVrjw1lmLyLv1bZjG\nP4G3rSPLSTaEGrz6erkp9cBOU7DY2ZAGBeQcVXfeU0W8ETZaQzPKIWBZm2tF0MKX\nCyEsGqmwF0/DxBjGsKEpF9GE1V8cqmn5frbu5LIS4UUrMtWYszFYy1TQYmJ+tIbh\nDPEeJnieMrRk2BK7Tv7BD/6Hlcfu0vxZl0uicXfokEWkh5ThxdHng+V55EloeNu1\n/k8krPpn8oKMmGE4t/9qUnlSeermuYQjLiN+W4iP+Y2ZqkyoAqYsfrFhw+ev40EJ\n3k+hBJWZZeJuGKo6gs51Nd1hgX78GHMxRTDFpoJc/V04M2ko5CaVEm0hbrm3boFL\nDWhvA5TGptGOHnuSdoybc+bOy0vs5jIQ3XNiO2zFAtmEkkrCkIntcihPRnBmpXfo\n7rZ+5Eg/jd+wJl4VKsI7oq2uVu7CzTOvvKyj8BolqngfXMtPuxMcbZ4l9wJZVKY8\netWXk03uokHjExz7ruEAD0W/506PYhc6P7u9a/QIGgn0xlKzvm+Wl5a2lFbKpyk8\nrHyQIaxefDx8T3ZsJoWFwC3cRZut295elJoI9zIfpogskq6FNeLZkPu/SAvmQblT\nUi0EmRaQ0lMoQ99E06mHG9geSoioUwIDAQABAoICAE4zTkNkokgA3ns9BBrMSC2W\nn0Ma9SShQXqgWijryMgRpVash3zdqgcrrqurB3d0rR4KKN0ehQD7ZcyXBAPHDv0w\njHmSZh/6PhU71ToiPGFzIF6wAWkyvq+0P+HLt58yUT4ixyuJyoDDEBVo3BN1VTpE\nHp8dQ4viYY/XsjO+gCSg4obkQIOt5fHqoQLEJNCsP0DwFNDvELDP1z0vQOoePTPx\nZZJI3PXqDbgIog6QpurrDv9YdwqAhn2lAUp8Y+VxyYmEa//SscMgOWl5FTZVD2R7\nxGpobtz4MgFoG+OXn4Fe5uEKQagIiCcbIRU5yUY+QDpniPvpAOjxhI+blgEE84Dz\njoFtm65XzuKwg6FuJWtwsTkev2qdxMMWnpHoqRgohl+QG0CX7T0MyuQARSgSRfCm\n7UlIVuGnTDTpX9tUIuVszTJMdtrfBvzJf/YDozBW1AHcm9zunOxQgNtCTBrBCfGM\nNkiuorpl/9x2NcLMa/di5lpzKxhelDGtgUnWqxaSRyMcOAGW644qRvzSvDvH9/CC\n2ol5T/P/qgZAY100LsogUd3nysMFKUu1Dp+dezBehBiWkF1PHxp/4dkjIXpBjVyh\nL/RsjW8Sk1IJkKUJROSZ3nTzSdhlV8n6loM8hqFJG8FeYk4vXqUjag/psMkDueXt\nMGsxrUSxImhmkYbG8mrRAoIBAQDcL1uAAXGCfYIgUdEcZmfi5bzv1tIRqHcLQeSx\n4cH9xyWjIOE6WB9Dp9x1l1NgC6Isi6lZEPN5XYbJKRwjx2BwiztwQzkEavCZX+y7\nzQU+WhntuRWhrHJlY0SPfsunAeo6s6goYDydlvnbNBOiuhhFipCo+JirFMyc2kVe\nDFGNsL956G4vkEhT8SrmMOBz7syUo6qOPXYS4lc+6Qu36TLm2C9xJcbEhwV3Hy+w\nrvmPlYMgOBdaZ21WXUxpN5KrdqZFoC0B88X9h+HTsPJopJJ/MlURb6TwZyuBDB3M\n5Pe7ZGJttoQ4+wb7LeQ8voM7uivNT5iDTV0b/jZ5GQ+UmpHPAoIBAQD6LJo3LtY/\nnBhuBUxnhBYsxmD3K4w22rS0SXOhOamQbLgWVlM3WXrTFJTYFBY/1eVgZF+Kc0M9\nnCakdLBPs+jrKmEoCyFDMnTbArk52xkyPVGLNXKrFkDvF1/qSMdIfQOCFC6h+Nj+\nuzwJ9fipmYzxD11xaSfc/nddxB9BvX8OALC1bERVcCm/Mg7gBQ5wQ+9bNWasXjqR\n2SYymsSn/ZLVcevxH42JpmVuCFHy75FoWX6Y1EXZmv7UHTSL0CR88TryvYabgCjW\nGL2aNs621N1WO7W+bCbFSps2RJlZMG+qdnEuibvCzzeEdnXxlvmyHHfcNctcTlaR\n3eagcm4VufY9AoIBAEUBRoDQcv19ThnI6msnIOm4LEVSItXL4TsS9JRW91AMaJw+\nQrfhRDMU2X+05DlWjAW/41v5dwSTLhm/G4WPB4dd60vclXLv/OVkbbHRqBIJdNTO\ny5u2iseBm8wI5dQ6QmkRQuMcfgK5fSaYpIq8Hb01lu6NsnLzesixk0nNPIXWXbvb\n/yRC6Jf+Hf60VLOgpFb1EA+x7V4vtz4NFVIW8I/uMrgYKboPwsO5b13FCItaRRUE\n3zTC8z480SSsePfpoGRztYdGGcfCHSEV9HKdGRhp8sUbIysAel7gKDq9i3IcHMjb\niYa+DUsM79mlr0U5rF6U0mxcA5ExU2sSUpK0+nsCggEAUuhrJzSPbj813WhGHNwq\nWSZZRjCZZChw0HqzJlAswJ83Frf/Fg3CZaeheEaX5Qnm3V4GR6TRON7B86h0McXG\nwACoeBPQLyvOjDJH3kOdAwhNONw6pzZVyKavc74wxPYhLn+vwJ/ukeTNDeQFR3eK\nvOzBo+8cdeGi/2EalrfNHn/eEBHUR5hHTYSyZ01lrpDlBw4Ye7EyqdkUDps55w5j\nFfeOILe7OU36uU9qkR8Ryko2aUGX8HisUPFo05jkLr/nMEDdFjWP0vwaAbx+HxtG\nSui432WKJ8IE1CRBycwChbSA59Jfdj0kAfMcPTcygvNqSYFOZsXTbL3kS3IAx5R8\nZQKCAQBseGOYTWtjWXZJ47cpbDSQDfH/GxB7IUpVjDLFOEeaCyrHbNuKM8iMYW5b\nrZoCdI/t2AJcAvqsWgmro07madePXrIILxBN4WUcpI0Vl6GpGCD3h+SXUidPDAwl\nE1LBTqundlyjCx6M3KwcMw4P3gLhhHHVJ5hxo1cnptcWthSDNd/5fCd7Os0EiSQP\n7HAnH+ABdHKxj5dQWwEPvmiCeMyl3ZwaXZcPlXVkOkpdn5CLn7SiiO66LsuyPWP7\nwuuXOpgsX+nG+n0C/LVmJ3uA/13LJDM51wmStAKijzHHHaWTAd3eCyNsCQbN+7r7\nnc6HIUB1fksd/L+oBEFR2SStPsus\n-----END PRIVATE KEY-----\n",
            "public_key_fingerprint_md5": "8b:41:86:23:4e:c9:e4:a4:f2:10:e8:20:28:80:92:a8",
            "public_key_fingerprint_sha256": "SHA256:KT0qgp27ACzhDy4f/zusChbN944DeW7Xi7JZ5zqswmw",
            "public_key_openssh": "ssh-rsa AAAAB3NzaC1yc2EAAAADAQABAAACAQDXLJwirumLDP0vZOATb9WhGiuR9mpRBiYtHngBnJOBoKhG3z3GJOs41U555w4QVrjw1lmLyLv1bZjGP4G3rSPLSTaEGrz6erkp9cBOU7DY2ZAGBeQcVXfeU0W8ETZaQzPKIWBZm2tF0MKXCyEsGqmwF0/DxBjGsKEpF9GE1V8cqmn5frbu5LIS4UUrMtWYszFYy1TQYmJ+tIbhDPEeJnieMrRk2BK7Tv7BD/6Hlcfu0vxZl0uicXfokEWkh5ThxdHng+V55EloeNu1/k8krPpn8oKMmGE4t/9qUnlSeermuYQjLiN+W4iP+Y2ZqkyoAqYsfrFhw+ev40EJ3k+hBJWZZeJuGKo6gs51Nd1hgX78GHMxRTDFpoJc/V04M2ko5CaVEm0hbrm3boFLDWhvA5TGptGOHnuSdoybc+bOy0vs5jIQ3XNiO2zFAtmEkkrCkIntcihPRnBmpXfo7rZ+5Eg/jd+wJl4VKsI7oq2uVu7CzTOvvKyj8BolqngfXMtPuxMcbZ4l9wJZVKY8etWXk03uokHjExz7ruEAD0W/506PYhc6P7u9a/QIGgn0xlKzvm+Wl5a2lFbKpyk8rHyQIaxefDx8T3ZsJoWFwC3cRZut295elJoI9zIfpogskq6FNeLZkPu/SAvmQblTUi0EmRaQ0lMoQ99E06mHG9geSoioUw==\n",
            "public_key_pem": "-----BEGIN PUBLIC KEY-----\nMIICIjANBgkqhkiG9w0BAQEFAAOCAg8AMIICCgKCAgEA1yycIq7piwz9L2TgE2/V\noRorkfZqUQYmLR54AZyTgaCoRt89xiTrONVOeecOEFa48NZZi8i79W2Yxj+Bt60j\ny0k2hBq8+nq5KfXATlOw2NmQBgXkHFV33lNFvBE2WkMzyiFgWZtrRdDClwshLBqp\nsBdPw8QYxrChKRfRhNVfHKpp+X627uSyEuFFKzLVmLMxWMtU0GJifrSG4QzxHiZ4\nnjK0ZNgSu07+wQ/+h5XH7tL8WZdLonF36JBFpIeU4cXR54PleeRJaHjbtf5PJKz6\nZ/KCjJhhOLf/alJ5Unnq5rmEIy4jfluIj/mNmapMqAKmLH6xYcPnr+NBCd5PoQSV\nmWXibhiqOoLOdTXdYYF+/BhzMUUwxaaCXP1dODNpKOQmlRJtIW65t26BSw1obwOU\nxqbRjh57knaMm3PmzstL7OYyEN1zYjtsxQLZhJJKwpCJ7XIoT0ZwZqV36O62fuRI\nP43fsCZeFSrCO6Ktrlbuws0zr7yso/AaJap4H1zLT7sTHG2eJfcCWVSmPHrVl5NN\n7qJB4xMc+67hAA9Fv+dOj2IXOj+7vWv0CBoJ9MZSs75vlpeWtpRWyqcpPKx8kCGs\nXnw8fE92bCaFhcAt3EWbrdveXpSaCPcyH6aILJKuhTXi2ZD7v0gL5kG5U1ItBJkW\nkNJTKEPfRNOphxvYHkqIqFMCAwEAAQ==\n-----END PUBLIC KEY-----\n",
            "rsa_bits": 4096
          },
          "sensitive_attributes": []
        }
      ]
    },
    {
      "module": "module.iam",
      "mode": "managed",
      "type": "aws_iam_instance_profile",
      "name": "private",
      "provider": "provider[\"registry.terraform.io/hashicorp/aws\"]",
      "instances": [
        {
          "schema_version": 0,
          "attributes": {
            "arn": "arn:aws:iam::057845469470:instance-profile/jsp-private",
            "create_date": "2023-10-27T07:30:00Z",
            "id": "jsp-private",
            "name": "jsp-private",
            "name_prefix": "",
            "path": "/",
            "role": "jsp-private-role",
            "tags": null,
            "tags_all": {},
            "unique_id": "AIPAQ25632EPFIX7MJJCN"
          },
          "sensitive_attributes": [],
          "private": "bnVsbA==",
          "dependencies": [
            "module.iam.aws_iam_role.jsp_private"
          ]
        }
      ]
    },
    {
      "module": "module.iam",
      "mode": "managed",
      "type": "aws_iam_role",
      "name": "jsp_private",
      "provider": "provider[\"registry.terraform.io/hashicorp/aws\"]",
      "instances": [
        {
          "schema_version": 0,
          "attributes": {
            "arn": "arn:aws:iam::057845469470:role/jsp-private-role",
            "assume_role_policy": "{\"Statement\":[{\"Action\":\"sts:AssumeRole\",\"Effect\":\"Allow\",\"Principal\":{\"Service\":\"ec2.amazonaws.com\"},\"Sid\":\"\"}],\"Version\":\"2012-10-17\"}",
            "create_date": "2023-10-27T07:29:59Z",
            "description": "",
            "force_detach_policies": false,
            "id": "jsp-private-role",
            "inline_policy": [],
            "managed_policy_arns": [],
            "max_session_duration": 3600,
            "name": "jsp-private-role",
            "name_prefix": "",
            "path": "/",
            "permissions_boundary": "",
            "tags": null,
            "tags_all": {},
            "unique_id": "AROAQ25632EPMJPQ3CQQJ"
          },
          "sensitive_attributes": [],
          "private": "bnVsbA=="
        }
      ]
    },
    {
      "module": "module.iam",
      "mode": "managed",
      "type": "aws_iam_role_policy_attachment",
      "name": "jsp_private_for_s3",
      "provider": "provider[\"registry.terraform.io/hashicorp/aws\"]",
      "instances": [
        {
          "schema_version": 0,
          "attributes": {
            "id": "jsp-private-role-20231027073000845200000002",
            "policy_arn": "arn:aws:iam::aws:policy/AmazonS3FullAccess",
            "role": "jsp-private-role"
          },
          "sensitive_attributes": [],
          "private": "bnVsbA==",
          "dependencies": [
            "module.iam.aws_iam_role.jsp_private"
          ]
        }
      ]
    },
    {
      "module": "module.iam",
      "mode": "managed",
      "type": "aws_iam_role_policy_attachment",
      "name": "jsp_private_for_ssm",
      "provider": "provider[\"registry.terraform.io/hashicorp/aws\"]",
      "instances": [
        {
          "schema_version": 0,
          "attributes": {
            "id": "jsp-private-role-20231027073000790000000001",
            "policy_arn": "arn:aws:iam::aws:policy/AmazonSSMManagedInstanceCore",
            "role": "jsp-private-role"
          },
          "sensitive_attributes": [],
          "private": "bnVsbA==",
          "dependencies": [
            "module.iam.aws_iam_role.jsp_private"
          ]
        }
      ]
    },
    {
      "module": "module.sg",
      "mode": "managed",
      "type": "aws_security_group",
      "name": "private",
      "provider": "provider[\"registry.terraform.io/hashicorp/aws\"]",
      "instances": [
        {
          "schema_version": 1,
          "attributes": {
            "arn": "arn:aws:ec2:ap-northeast-2:057845469470:security-group/sg-04ee57ddcc72a1984",
            "description": "private security group for jsp",
            "egress": [
              {
                "cidr_blocks": [
                  "0.0.0.0/0"
                ],
                "description": "",
                "from_port": 0,
                "ipv6_cidr_blocks": [],
                "prefix_list_ids": [],
                "protocol": "-1",
                "security_groups": [],
                "self": false,
                "to_port": 0
              }
            ],
            "id": "sg-04ee57ddcc72a1984",
            "ingress": [
              {
                "cidr_blocks": [
                  "211.115.223.215/32"
                ],
                "description": "From jsp HTTP(random test ip)",
                "from_port": 3306,
                "ipv6_cidr_blocks": [],
                "prefix_list_ids": [],
                "protocol": "tcp",
                "security_groups": [],
                "self": false,
                "to_port": 3306
              },
              {
                "cidr_blocks": [
                  "211.115.223.215/32"
                ],
                "description": "From jsp SMTP(random test ip)",
                "from_port": 25,
                "ipv6_cidr_blocks": [],
                "prefix_list_ids": [],
                "protocol": "tcp",
                "security_groups": [],
                "self": false,
                "to_port": 25
              }
            ],
            "name": "jsp-private-sg",
            "name_prefix": "",
            "owner_id": "057845469470",
            "revoke_rules_on_delete": false,
            "tags": {
              "MadeBy": "jsp",
              "Name": "jsp-private-sg"
            },
            "tags_all": {
              "MadeBy": "jsp",
              "Name": "jsp-private-sg"
            },
            "timeouts": null,
            "vpc_id": "vpc-0fec3f70fae046c12"
          },
          "sensitive_attributes": [],
          "private": "eyJlMmJmYjczMC1lY2FhLTExZTYtOGY4OC0zNDM2M2JjN2M0YzAiOnsiY3JlYXRlIjo2MDAwMDAwMDAwMDAsImRlbGV0ZSI6OTAwMDAwMDAwMDAwfSwic2NoZW1hX3ZlcnNpb24iOiIxIn0=",
          "dependencies": [
            "module.vpc.aws_vpc.vpc"
          ]
        }
      ]
    },
    {
      "module": "module.sg",
      "mode": "managed",
      "type": "aws_security_group",
      "name": "public",
      "provider": "provider[\"registry.terraform.io/hashicorp/aws\"]",
      "instances": [
        {
          "schema_version": 1,
          "attributes": {
            "arn": "arn:aws:ec2:ap-northeast-2:057845469470:security-group/sg-0e1f399edbaa9a93e",
            "description": "public security group for jsp",
            "egress": [
              {
                "cidr_blocks": [
                  "0.0.0.0/0"
                ],
                "description": "",
                "from_port": 0,
                "ipv6_cidr_blocks": [],
                "prefix_list_ids": [],
                "protocol": "-1",
                "security_groups": [],
                "self": false,
                "to_port": 0
              }
            ],
            "id": "sg-0e1f399edbaa9a93e",
            "ingress": [
              {
                "cidr_blocks": [
                  "211.115.223.215/32"
                ],
                "description": "From jsp RDP(random test ip)",
                "from_port": 3389,
                "ipv6_cidr_blocks": [],
                "prefix_list_ids": [],
                "protocol": "tcp",
                "security_groups": [],
                "self": false,
                "to_port": 3389
              },
              {
                "cidr_blocks": [
                  "211.115.223.215/32"
                ],
                "description": "From jsp SSH(random test ip)",
                "from_port": 22,
                "ipv6_cidr_blocks": [],
                "prefix_list_ids": [],
                "protocol": "tcp",
                "security_groups": [],
                "self": false,
                "to_port": 22
              },
              {
                "cidr_blocks": [],
                "description": "Self Refer",
                "from_port": 0,
                "ipv6_cidr_blocks": [],
                "prefix_list_ids": [],
                "protocol": "-1",
                "security_groups": [],
                "self": true,
                "to_port": 0
              }
            ],
            "name": "jsp-public-sg",
            "name_prefix": "",
            "owner_id": "057845469470",
            "revoke_rules_on_delete": false,
            "tags": {
              "MadeBy": "jsp",
              "Name": "jsp-public-sg"
            },
            "tags_all": {
              "MadeBy": "jsp",
              "Name": "jsp-public-sg"
            },
            "timeouts": null,
            "vpc_id": "vpc-0fec3f70fae046c12"
          },
          "sensitive_attributes": [],
          "private": "eyJlMmJmYjczMC1lY2FhLTExZTYtOGY4OC0zNDM2M2JjN2M0YzAiOnsiY3JlYXRlIjo2MDAwMDAwMDAwMDAsImRlbGV0ZSI6OTAwMDAwMDAwMDAwfSwic2NoZW1hX3ZlcnNpb24iOiIxIn0=",
          "dependencies": [
            "module.vpc.aws_vpc.vpc"
          ]
        }
      ]
    },
    {
      "module": "module.vpc",
      "mode": "managed",
      "type": "aws_eip",
      "name": "nat",
      "provider": "provider[\"registry.terraform.io/hashicorp/aws\"]",
      "instances": [
        {
          "schema_version": 0,
          "attributes": {
            "address": null,
            "allocation_id": "eipalloc-05f2cac7fee821288",
            "associate_with_private_ip": null,
            "association_id": "",
            "carrier_ip": "",
            "customer_owned_ip": "",
            "customer_owned_ipv4_pool": "",
            "domain": "vpc",
            "id": "eipalloc-05f2cac7fee821288",
            "instance": "",
            "network_border_group": "ap-northeast-2",
            "network_interface": "",
            "private_dns": null,
            "private_ip": "",
            "public_dns": "ec2-3-37-39-46.ap-northeast-2.compute.amazonaws.com",
            "public_ip": "3.37.39.46",
            "public_ipv4_pool": "amazon",
            "tags": {
              "MadeBy": "jsp",
              "Name": "jsp-nat-eip-2a"
            },
            "tags_all": {
              "MadeBy": "jsp",
              "Name": "jsp-nat-eip-2a"
            },
            "timeouts": null,
            "vpc": true
          },
          "sensitive_attributes": [],
          "private": "eyJlMmJmYjczMC1lY2FhLTExZTYtOGY4OC0zNDM2M2JjN2M0YzAiOnsiZGVsZXRlIjoxODAwMDAwMDAwMDAsInJlYWQiOjkwMDAwMDAwMDAwMCwidXBkYXRlIjozMDAwMDAwMDAwMDB9fQ=="
        }
      ]
    },
    {
      "module": "module.vpc",
      "mode": "managed",
      "type": "aws_internet_gateway",
      "name": "this",
      "provider": "provider[\"registry.terraform.io/hashicorp/aws\"]",
      "instances": [
        {
          "schema_version": 0,
          "attributes": {
            "arn": "arn:aws:ec2:ap-northeast-2:057845469470:internet-gateway/igw-0abba93befdb3d2d5",
            "id": "igw-0abba93befdb3d2d5",
            "owner_id": "057845469470",
            "tags": {
              "MadeBy": "jsp",
              "Name": "jsp-igw"
            },
            "tags_all": {
              "MadeBy": "jsp",
              "Name": "jsp-igw"
            },
            "timeouts": null,
            "vpc_id": "vpc-0fec3f70fae046c12"
          },
          "sensitive_attributes": [],
          "private": "eyJlMmJmYjczMC1lY2FhLTExZTYtOGY4OC0zNDM2M2JjN2M0YzAiOnsiY3JlYXRlIjoxMjAwMDAwMDAwMDAwLCJkZWxldGUiOjEyMDAwMDAwMDAwMDAsInVwZGF0ZSI6MTIwMDAwMDAwMDAwMH19",
          "dependencies": [
            "module.vpc.aws_vpc.vpc"
          ]
        }
      ]
    },
    {
      "module": "module.vpc",
      "mode": "managed",
      "type": "aws_nat_gateway",
      "name": "nat_gw",
      "provider": "provider[\"registry.terraform.io/hashicorp/aws\"]",
      "instances": [
        {
          "schema_version": 0,
          "attributes": {
            "allocation_id": "eipalloc-05f2cac7fee821288",
            "association_id": "eipassoc-04c242adef10cb5d1",
            "connectivity_type": "public",
            "id": "nat-088b4efe94b306a32",
            "network_interface_id": "eni-0912e15366f0600cd",
            "private_ip": "10.10.0.148",
            "public_ip": "3.37.39.46",
            "secondary_allocation_ids": null,
            "secondary_private_ip_address_count": 0,
            "secondary_private_ip_addresses": [],
            "subnet_id": "subnet-0d131410571d18fb4",
            "tags": {
              "MadeBy": "jsp",
              "Name": "jsp-nat-2a"
            },
            "tags_all": {
              "MadeBy": "jsp",
              "Name": "jsp-nat-2a"
            },
            "timeouts": null
          },
          "sensitive_attributes": [],
          "private": "eyJlMmJmYjczMC1lY2FhLTExZTYtOGY4OC0zNDM2M2JjN2M0YzAiOnsiY3JlYXRlIjo2MDAwMDAwMDAwMDAsImRlbGV0ZSI6MTgwMDAwMDAwMDAwMCwidXBkYXRlIjo2MDAwMDAwMDAwMDB9fQ==",
          "dependencies": [
            "module.vpc.aws_eip.nat",
            "module.vpc.aws_subnet.public",
            "module.vpc.aws_vpc.vpc"
          ]
        }
      ]
    },
    {
      "module": "module.vpc",
      "mode": "managed",
      "type": "aws_route_table",
      "name": "private",
      "provider": "provider[\"registry.terraform.io/hashicorp/aws\"]",
      "instances": [
        {
          "schema_version": 0,
          "attributes": {
            "arn": "arn:aws:ec2:ap-northeast-2:057845469470:route-table/rtb-0b7fcc463c1a0d536",
            "id": "rtb-0b7fcc463c1a0d536",
            "owner_id": "057845469470",
            "propagating_vgws": [],
            "route": [
              {
                "carrier_gateway_id": "",
                "cidr_block": "0.0.0.0/0",
                "core_network_arn": "",
                "destination_prefix_list_id": "",
                "egress_only_gateway_id": "",
                "gateway_id": "",
                "ipv6_cidr_block": "",
                "local_gateway_id": "",
                "nat_gateway_id": "nat-088b4efe94b306a32",
                "network_interface_id": "",
                "transit_gateway_id": "",
                "vpc_endpoint_id": "",
                "vpc_peering_connection_id": ""
              }
            ],
            "tags": {
              "MadeBy": "jsp",
              "Name": "jsp-pri-rt"
            },
            "tags_all": {
              "MadeBy": "jsp",
              "Name": "jsp-pri-rt"
            },
            "timeouts": null,
            "vpc_id": "vpc-0fec3f70fae046c12"
          },
          "sensitive_attributes": [],
          "private": "eyJlMmJmYjczMC1lY2FhLTExZTYtOGY4OC0zNDM2M2JjN2M0YzAiOnsiY3JlYXRlIjozMDAwMDAwMDAwMDAsImRlbGV0ZSI6MzAwMDAwMDAwMDAwLCJ1cGRhdGUiOjEyMDAwMDAwMDAwMH19",
          "dependencies": [
            "module.vpc.aws_eip.nat",
            "module.vpc.aws_nat_gateway.nat_gw",
            "module.vpc.aws_subnet.public",
            "module.vpc.aws_vpc.vpc"
          ]
        }
      ]
    },
    {
      "module": "module.vpc",
      "mode": "managed",
      "type": "aws_route_table",
      "name": "public",
      "provider": "provider[\"registry.terraform.io/hashicorp/aws\"]",
      "instances": [
        {
          "schema_version": 0,
          "attributes": {
            "arn": "arn:aws:ec2:ap-northeast-2:057845469470:route-table/rtb-0bf412942803a728b",
            "id": "rtb-0bf412942803a728b",
            "owner_id": "057845469470",
            "propagating_vgws": [],
            "route": [
              {
                "carrier_gateway_id": "",
                "cidr_block": "0.0.0.0/0",
                "core_network_arn": "",
                "destination_prefix_list_id": "",
                "egress_only_gateway_id": "",
                "gateway_id": "igw-0abba93befdb3d2d5",
                "ipv6_cidr_block": "",
                "local_gateway_id": "",
                "nat_gateway_id": "",
                "network_interface_id": "",
                "transit_gateway_id": "",
                "vpc_endpoint_id": "",
                "vpc_peering_connection_id": ""
              }
            ],
            "tags": {
              "MadeBy": "jsp",
              "Name": "jsp-pub-rt"
            },
            "tags_all": {
              "MadeBy": "jsp",
              "Name": "jsp-pub-rt"
            },
            "timeouts": null,
            "vpc_id": "vpc-0fec3f70fae046c12"
          },
          "sensitive_attributes": [],
          "private": "eyJlMmJmYjczMC1lY2FhLTExZTYtOGY4OC0zNDM2M2JjN2M0YzAiOnsiY3JlYXRlIjozMDAwMDAwMDAwMDAsImRlbGV0ZSI6MzAwMDAwMDAwMDAwLCJ1cGRhdGUiOjEyMDAwMDAwMDAwMH19",
          "dependencies": [
            "module.vpc.aws_internet_gateway.this",
            "module.vpc.aws_vpc.vpc"
          ]
        }
      ]
    },
    {
      "module": "module.vpc",
      "mode": "managed",
      "type": "aws_route_table_association",
      "name": "private",
      "provider": "provider[\"registry.terraform.io/hashicorp/aws\"]",
      "instances": [
        {
          "index_key": "pri_sub_2a",
          "schema_version": 0,
          "attributes": {
            "gateway_id": "",
            "id": "rtbassoc-0a8855ded6bda6860",
            "route_table_id": "rtb-0b7fcc463c1a0d536",
            "subnet_id": "subnet-039db7c35b5743278",
            "timeouts": null
          },
          "sensitive_attributes": [],
          "private": "eyJlMmJmYjczMC1lY2FhLTExZTYtOGY4OC0zNDM2M2JjN2M0YzAiOnsiY3JlYXRlIjozMDAwMDAwMDAwMDAsImRlbGV0ZSI6MzAwMDAwMDAwMDAwLCJ1cGRhdGUiOjEyMDAwMDAwMDAwMH19",
          "dependencies": [
            "module.vpc.aws_eip.nat",
            "module.vpc.aws_nat_gateway.nat_gw",
            "module.vpc.aws_route_table.private",
            "module.vpc.aws_subnet.private",
            "module.vpc.aws_subnet.public",
            "module.vpc.aws_vpc.vpc"
          ]
        },
        {
          "index_key": "pri_sub_2c",
          "schema_version": 0,
          "attributes": {
            "gateway_id": "",
            "id": "rtbassoc-02103f60156cab051",
            "route_table_id": "rtb-0b7fcc463c1a0d536",
            "subnet_id": "subnet-0a8bef1abc953c136",
            "timeouts": null
          },
          "sensitive_attributes": [],
          "private": "eyJlMmJmYjczMC1lY2FhLTExZTYtOGY4OC0zNDM2M2JjN2M0YzAiOnsiY3JlYXRlIjozMDAwMDAwMDAwMDAsImRlbGV0ZSI6MzAwMDAwMDAwMDAwLCJ1cGRhdGUiOjEyMDAwMDAwMDAwMH19",
          "dependencies": [
            "module.vpc.aws_eip.nat",
            "module.vpc.aws_nat_gateway.nat_gw",
            "module.vpc.aws_route_table.private",
            "module.vpc.aws_subnet.private",
            "module.vpc.aws_subnet.public",
            "module.vpc.aws_vpc.vpc"
          ]
        }
      ]
    },
    {
      "module": "module.vpc",
      "mode": "managed",
      "type": "aws_route_table_association",
      "name": "public",
      "provider": "provider[\"registry.terraform.io/hashicorp/aws\"]",
      "instances": [
        {
          "index_key": "pub_sub_2a",
          "schema_version": 0,
          "attributes": {
            "gateway_id": "",
            "id": "rtbassoc-0209e163fd789effe",
            "route_table_id": "rtb-0bf412942803a728b",
            "subnet_id": "subnet-0d131410571d18fb4",
            "timeouts": null
          },
          "sensitive_attributes": [],
          "private": "eyJlMmJmYjczMC1lY2FhLTExZTYtOGY4OC0zNDM2M2JjN2M0YzAiOnsiY3JlYXRlIjozMDAwMDAwMDAwMDAsImRlbGV0ZSI6MzAwMDAwMDAwMDAwLCJ1cGRhdGUiOjEyMDAwMDAwMDAwMH19",
          "dependencies": [
            "module.vpc.aws_internet_gateway.this",
            "module.vpc.aws_route_table.public",
            "module.vpc.aws_subnet.public",
            "module.vpc.aws_vpc.vpc"
          ]
        },
        {
          "index_key": "pub_sub_2c",
          "schema_version": 0,
          "attributes": {
            "gateway_id": "",
            "id": "rtbassoc-031f1294a46eadfc3",
            "route_table_id": "rtb-0bf412942803a728b",
            "subnet_id": "subnet-0f98d7470a89bfa69",
            "timeouts": null
          },
          "sensitive_attributes": [],
          "private": "eyJlMmJmYjczMC1lY2FhLTExZTYtOGY4OC0zNDM2M2JjN2M0YzAiOnsiY3JlYXRlIjozMDAwMDAwMDAwMDAsImRlbGV0ZSI6MzAwMDAwMDAwMDAwLCJ1cGRhdGUiOjEyMDAwMDAwMDAwMH19",
          "dependencies": [
            "module.vpc.aws_internet_gateway.this",
            "module.vpc.aws_route_table.public",
            "module.vpc.aws_subnet.public",
            "module.vpc.aws_vpc.vpc"
          ]
        }
      ]
    },
    {
      "module": "module.vpc",
      "mode": "managed",
      "type": "aws_subnet",
      "name": "private",
      "provider": "provider[\"registry.terraform.io/hashicorp/aws\"]",
      "instances": [
        {
          "index_key": "pri_sub_2a",
          "schema_version": 1,
          "attributes": {
            "arn": "arn:aws:ec2:ap-northeast-2:057845469470:subnet/subnet-039db7c35b5743278",
            "assign_ipv6_address_on_creation": false,
            "availability_zone": "ap-northeast-2a",
            "availability_zone_id": "apne2-az1",
            "cidr_block": "10.10.10.0/24",
            "customer_owned_ipv4_pool": "",
            "enable_dns64": false,
            "enable_lni_at_device_index": 0,
            "enable_resource_name_dns_a_record_on_launch": false,
            "enable_resource_name_dns_aaaa_record_on_launch": false,
            "id": "subnet-039db7c35b5743278",
            "ipv6_cidr_block": "",
            "ipv6_cidr_block_association_id": "",
            "ipv6_native": false,
            "map_customer_owned_ip_on_launch": false,
            "map_public_ip_on_launch": false,
            "outpost_arn": "",
            "owner_id": "057845469470",
            "private_dns_hostname_type_on_launch": "ip-name",
            "tags": {
              "MadeBy": "jsp",
              "Name": "jsp-pri-sub-2a"
            },
            "tags_all": {
              "MadeBy": "jsp",
              "Name": "jsp-pri-sub-2a"
            },
            "timeouts": null,
            "vpc_id": "vpc-0fec3f70fae046c12"
          },
          "sensitive_attributes": [],
          "private": "eyJlMmJmYjczMC1lY2FhLTExZTYtOGY4OC0zNDM2M2JjN2M0YzAiOnsiY3JlYXRlIjo2MDAwMDAwMDAwMDAsImRlbGV0ZSI6MTIwMDAwMDAwMDAwMH0sInNjaGVtYV92ZXJzaW9uIjoiMSJ9",
          "dependencies": [
            "module.vpc.aws_vpc.vpc"
          ]
        },
        {
          "index_key": "pri_sub_2c",
          "schema_version": 1,
          "attributes": {
            "arn": "arn:aws:ec2:ap-northeast-2:057845469470:subnet/subnet-0a8bef1abc953c136",
            "assign_ipv6_address_on_creation": false,
            "availability_zone": "ap-northeast-2c",
            "availability_zone_id": "apne2-az3",
            "cidr_block": "10.10.11.0/24",
            "customer_owned_ipv4_pool": "",
            "enable_dns64": false,
            "enable_lni_at_device_index": 0,
            "enable_resource_name_dns_a_record_on_launch": false,
            "enable_resource_name_dns_aaaa_record_on_launch": false,
            "id": "subnet-0a8bef1abc953c136",
            "ipv6_cidr_block": "",
            "ipv6_cidr_block_association_id": "",
            "ipv6_native": false,
            "map_customer_owned_ip_on_launch": false,
            "map_public_ip_on_launch": false,
            "outpost_arn": "",
            "owner_id": "057845469470",
            "private_dns_hostname_type_on_launch": "ip-name",
            "tags": {
              "MadeBy": "jsp",
              "Name": "jsp-pri-sub-2c"
            },
            "tags_all": {
              "MadeBy": "jsp",
              "Name": "jsp-pri-sub-2c"
            },
            "timeouts": null,
            "vpc_id": "vpc-0fec3f70fae046c12"
          },
          "sensitive_attributes": [],
          "private": "eyJlMmJmYjczMC1lY2FhLTExZTYtOGY4OC0zNDM2M2JjN2M0YzAiOnsiY3JlYXRlIjo2MDAwMDAwMDAwMDAsImRlbGV0ZSI6MTIwMDAwMDAwMDAwMH0sInNjaGVtYV92ZXJzaW9uIjoiMSJ9",
          "dependencies": [
            "module.vpc.aws_vpc.vpc"
          ]
        }
      ]
    },
    {
      "module": "module.vpc",
      "mode": "managed",
      "type": "aws_subnet",
      "name": "public",
      "provider": "provider[\"registry.terraform.io/hashicorp/aws\"]",
      "instances": [
        {
          "index_key": "pub_sub_2a",
          "schema_version": 1,
          "attributes": {
            "arn": "arn:aws:ec2:ap-northeast-2:057845469470:subnet/subnet-0d131410571d18fb4",
            "assign_ipv6_address_on_creation": false,
            "availability_zone": "ap-northeast-2a",
            "availability_zone_id": "apne2-az1",
            "cidr_block": "10.10.0.0/24",
            "customer_owned_ipv4_pool": "",
            "enable_dns64": false,
            "enable_lni_at_device_index": 0,
            "enable_resource_name_dns_a_record_on_launch": false,
            "enable_resource_name_dns_aaaa_record_on_launch": false,
            "id": "subnet-0d131410571d18fb4",
            "ipv6_cidr_block": "",
            "ipv6_cidr_block_association_id": "",
            "ipv6_native": false,
            "map_customer_owned_ip_on_launch": false,
            "map_public_ip_on_launch": true,
            "outpost_arn": "",
            "owner_id": "057845469470",
            "private_dns_hostname_type_on_launch": "ip-name",
            "tags": {
              "MadeBy": "jsp",
              "Name": "jsp-pub-sub-2a"
            },
            "tags_all": {
              "MadeBy": "jsp",
              "Name": "jsp-pub-sub-2a"
            },
            "timeouts": null,
            "vpc_id": "vpc-0fec3f70fae046c12"
          },
          "sensitive_attributes": [],
          "private": "eyJlMmJmYjczMC1lY2FhLTExZTYtOGY4OC0zNDM2M2JjN2M0YzAiOnsiY3JlYXRlIjo2MDAwMDAwMDAwMDAsImRlbGV0ZSI6MTIwMDAwMDAwMDAwMH0sInNjaGVtYV92ZXJzaW9uIjoiMSJ9",
          "dependencies": [
            "module.vpc.aws_vpc.vpc"
          ]
        },
        {
          "index_key": "pub_sub_2c",
          "schema_version": 1,
          "attributes": {
            "arn": "arn:aws:ec2:ap-northeast-2:057845469470:subnet/subnet-0f98d7470a89bfa69",
            "assign_ipv6_address_on_creation": false,
            "availability_zone": "ap-northeast-2c",
            "availability_zone_id": "apne2-az3",
            "cidr_block": "10.10.1.0/24",
            "customer_owned_ipv4_pool": "",
            "enable_dns64": false,
            "enable_lni_at_device_index": 0,
            "enable_resource_name_dns_a_record_on_launch": false,
            "enable_resource_name_dns_aaaa_record_on_launch": false,
            "id": "subnet-0f98d7470a89bfa69",
            "ipv6_cidr_block": "",
            "ipv6_cidr_block_association_id": "",
            "ipv6_native": false,
            "map_customer_owned_ip_on_launch": false,
            "map_public_ip_on_launch": true,
            "outpost_arn": "",
            "owner_id": "057845469470",
            "private_dns_hostname_type_on_launch": "ip-name",
            "tags": {
              "MadeBy": "jsp",
              "Name": "jsp-pub-sub-2c"
            },
            "tags_all": {
              "MadeBy": "jsp",
              "Name": "jsp-pub-sub-2c"
            },
            "timeouts": null,
            "vpc_id": "vpc-0fec3f70fae046c12"
          },
          "sensitive_attributes": [],
          "private": "eyJlMmJmYjczMC1lY2FhLTExZTYtOGY4OC0zNDM2M2JjN2M0YzAiOnsiY3JlYXRlIjo2MDAwMDAwMDAwMDAsImRlbGV0ZSI6MTIwMDAwMDAwMDAwMH0sInNjaGVtYV92ZXJzaW9uIjoiMSJ9",
          "dependencies": [
            "module.vpc.aws_vpc.vpc"
          ]
        }
      ]
    },
    {
      "module": "module.vpc",
      "mode": "managed",
      "type": "aws_vpc",
      "name": "vpc",
      "provider": "provider[\"registry.terraform.io/hashicorp/aws\"]",
      "instances": [
        {
          "schema_version": 1,
          "attributes": {
            "arn": "arn:aws:ec2:ap-northeast-2:057845469470:vpc/vpc-0fec3f70fae046c12",
            "assign_generated_ipv6_cidr_block": false,
            "cidr_block": "10.10.0.0/16",
            "default_network_acl_id": "acl-0ee124c2b6d7c9984",
            "default_route_table_id": "rtb-04e7ef7ce35086571",
            "default_security_group_id": "sg-0eb7d049b8bbc10f4",
            "dhcp_options_id": "dopt-2cbef647",
            "enable_dns_hostnames": true,
            "enable_dns_support": true,
            "enable_network_address_usage_metrics": false,
            "id": "vpc-0fec3f70fae046c12",
            "instance_tenancy": "default",
            "ipv4_ipam_pool_id": null,
            "ipv4_netmask_length": null,
            "ipv6_association_id": "",
            "ipv6_cidr_block": "",
            "ipv6_cidr_block_network_border_group": "",
            "ipv6_ipam_pool_id": "",
            "ipv6_netmask_length": 0,
            "main_route_table_id": "rtb-04e7ef7ce35086571",
            "owner_id": "057845469470",
            "tags": {
              "MadeBy": "jsp",
              "Name": "jsp-vpc"
            },
            "tags_all": {
              "MadeBy": "jsp",
              "Name": "jsp-vpc"
            }
          },
          "sensitive_attributes": [],
          "private": "eyJzY2hlbWFfdmVyc2lvbiI6IjEifQ=="
        }
      ]
    }
  ],
  "check_results": null
}
